{
  "version": 4,
  "terraform_version": "1.5.0",
  "serial": 1258,
  "lineage": "65212082-24fb-157a-d528-560f50e9b3f6",
  "outputs": {
    "adminserver_nsg_id": {
      "value": "ocid1.networksecuritygroup.oc1.iad.aaaaaaaatcjfgxnfqjbfqpmmmebkfncmwb4efmvegwlod7byfbfq3mtzeqhq",
      "type": "string"
    },
    "joi_wlsserver_instance_ips": {
      "value": [
        {
          "testdomain-vms": {
            "ocid1.instance.oc1.iad.anuwcljtdoggtjacoes4tquv7atgpnjhun7ri3zgbtyx6ec22ydgvcn5staq": "10.0.111.149",
            "ocid1.instance.oc1.iad.anuwcljtdoggtjacqajuwvkpmtz6kjgcfsyoet3zrq7qfylhgvnhpbwr4q6a": "10.0.96.183"
          }
        }
      ],
      "type": [
        "tuple",
        [
          [
            "object",
            {
              "testdomain-vms": [
                "object",
                {
                  "ocid1.instance.oc1.iad.anuwcljtdoggtjacoes4tquv7atgpnjhun7ri3zgbtyx6ec22ydgvcn5staq": "string",
                  "ocid1.instance.oc1.iad.anuwcljtdoggtjacqajuwvkpmtz6kjgcfsyoet3zrq7qfylhgvnhpbwr4q6a": "string"
                }
              ]
            }
          ]
        ]
      ]
    },
    "managedserver_nsg_id": {
      "value": "ocid1.networksecuritygroup.oc1.iad.aaaaaaaasbjpcx57kxee5nsxxkpszahegcu6art6try5tpi5yqul6pp6acaa",
      "type": "string"
    },
    "state_id": {
      "value": "uyzemt",
      "type": "string"
    },
    "weblogic_instances_private_ips": {
      "value": {
        "testdomain-vms": {
          "ocid1.instance.oc1.iad.anuwcljtdoggtjacoes4tquv7atgpnjhun7ri3zgbtyx6ec22ydgvcn5staq": "10.0.111.149",
          "ocid1.instance.oc1.iad.anuwcljtdoggtjacqajuwvkpmtz6kjgcfsyoet3zrq7qfylhgvnhpbwr4q6a": "10.0.96.183"
        }
      },
      "type": [
        "object",
        {
          "testdomain-vms": [
            "object",
            {
              "ocid1.instance.oc1.iad.anuwcljtdoggtjacoes4tquv7atgpnjhun7ri3zgbtyx6ec22ydgvcn5staq": "string",
              "ocid1.instance.oc1.iad.anuwcljtdoggtjacqajuwvkpmtz6kjgcfsyoet3zrq7qfylhgvnhpbwr4q6a": "string"
            }
          ]
        }
      ]
    },
    "wls_domain_name": {
      "value": "testdomain",
      "type": "string"
    },
    "wlserver_config_changes": {
      "value": {
        "lakemigcoherence-2.lakewlsprivates.lakevcn.oraclevcn.com": "lakemigcoherence-2",
        "lakemigcoherence.lakewlsprivates.lakevcn.oraclevcn.com": "lakemigcoherence"
      },
      "type": [
        "object",
        {
          "lakemigcoherence-2.lakewlsprivates.lakevcn.oraclevcn.com": "string",
          "lakemigcoherence.lakewlsprivates.lakevcn.oraclevcn.com": "string"
        }
      ]
    },
    "wlsserver_image_id": {
      "value": "none",
      "type": "string"
    },
    "wlsserver_pool_ids": {
      "value": [],
      "type": [
        "tuple",
        []
      ]
    },
    "wlsserver_pool_mode": {
      "value": "Instances",
      "type": "string"
    },
    "wlsserver_pool_size": {
      "value": 1,
      "type": "number"
    },
    "wlsserver_shape": {
      "value": "VM.Standard.E4.Flex",
      "type": "string"
    },
    "wlsserver_subnet_id": {
      "value": "ocid1.subnet.oc1.iad.aaaaaaaadehg4ndpgnp7gjo4oqoubmfcihn5wu7xcmwpakodgzetp47mgmha",
      "type": "string"
    }
  },
  "resources": [
    {
      "mode": "data",
      "type": "oci_identity_region_subscriptions",
      "name": "home",
      "provider": "provider[\"registry.terraform.io/oracle/oci\"]",
      "instances": [
        {
          "schema_version": 0,
          "attributes": {
            "filter": [
              {
                "name": "is_home_region",
                "regex": false,
                "values": [
                  "true"
                ]
              }
            ],
            "id": "IdentityRegionSubscriptionsDataSource-3236369136",
            "region_subscriptions": [
              {
                "is_home_region": true,
                "region_key": "IAD",
                "region_name": "us-ashburn-1",
                "state": "READY",
                "tenancy_id": ""
              }
            ],
            "tenancy_id": "ocid1.tenancy.oc1..aaaaaaaalwkamojx2qgmih3uq52wbxtjyaqqanjwfvcf56n5c2ugmhnefz5q"
          },
          "sensitive_attributes": []
        }
      ]
    },
    {
      "mode": "data",
      "type": "oci_secrets_secretbundle",
      "name": "ssh_key",
      "provider": "provider[\"registry.terraform.io/oracle/oci\"]",
      "instances": [
        {
          "schema_version": 0,
          "attributes": {
            "id": "SecretsSecretbundleDataSource-1458993438",
            "metadata": {},
            "secret_bundle_content": [
              {
                "content": "LS0tLS1CRUdJTiBPUEVOU1NIIFBSSVZBVEUgS0VZLS0tLS0KYjNCbGJuTnphQzFyWlhrdGRqRUFBQUFBQkc1dmJtVUFBQUFFYm05dVpRQUFBQUFBQUFBQkFBQUNGd0FBQUFkemMyZ3RjbgpOaEFBQUFBd0VBQVFBQUFnRUF4R2pWV0dkbTE2bERaM1RNalgvcFM5YmJCdi9VQ2FzMEJjckZVUWJXUk1SYiswS04vaERQCktmaUJwb0RJTUNLSFNUTk4zSnNwSDgySk5SWThFZFZjVzhjZ2xwcFptV3M5VXFvRmNEd3VUTnl2d2RaNkNIMGlPQXd0VjEKYXBXVnN4YkNMSTZ6UUpYZkZBVSs3Rkp3eWZFYi93RWZRVHlENVVpSFRnZnQzQUcxdWhMYVprcjYweDRBVm5uOS9PLzlydgpIdm40QVJqL2pWVkdJUmZLcDQ3ellKYlVzZU5PY3lOb0c3WHJoRkhHa1NXTXI2ZFh4bHhEbWRsWlpCR2N4ZG5BRlA1T05QClVpdGVwQ3ptbGJnNHVvcWlORjlTVi9vb0kwZlVheEN1QXZoM2hHbEIxTjBiczcvSEFIZyswM1JwQ0FpNTIweVRpdmhhajIKSVpwYmpDa2JwNUVvU3d0ZnRCQzd0RDZjZnF5RE94dUtZd29Dd1c0eWhpak4zUkk2MW1ZODZMaER5dVZOUFVqSEFnK2FmZAp4Yms1VVJkREpkSUdSbUF2dEhLTVBLak5sOEZCUFJLRkNTcTZRS3dCVmZ1Z3JNanlVenFpNCtwcHFyajd3M28vM0d1S2hkCm81RnZKK3ladkR1RlloeDNnaTNnNWRSK20zajBhSDZwVDBZN0VObHlYZjhnVWcyN1F4a1VML3lZbXF1TU8xUkl3Y2FkRmgKTDloVVF0VGNKV05VOVQ3SXRCZGpxY0p3bDlqVFhtU1hsNGIwRGFJVjlxbnNhaGgvQzBZV0JjMmE2N3FwdmdwYlp1NGkyaQpLZk05VXpqTng3TlFpTzZqNXdINFo1LzJmUmk2cWl4R1R2Z0JMWGYzOUhBQ1dIUTBrRjU2TjV3REszWGprZnEyZEJiYVhmClVBQUFkUWlJQkE4b2lBUVBJQUFBQUhjM05vTFhKellRQUFBZ0VBeEdqVldHZG0xNmxEWjNUTWpYL3BTOWJiQnYvVUNhczAKQmNyRlVRYldSTVJiKzBLTi9oRFBLZmlCcG9ESU1DS0hTVE5OM0pzcEg4MkpOUlk4RWRWY1c4Y2dscHBabVdzOVVxb0ZjRAp3dVROeXZ3ZFo2Q0gwaU9Bd3RWMWFwV1ZzeGJDTEk2elFKWGZGQVUrN0ZKd3lmRWIvd0VmUVR5RDVVaUhUZ2Z0M0FHMXVoCkxhWmtyNjB4NEFWbm45L08vOXJ2SHZuNEFSai9qVlZHSVJmS3A0N3pZSmJVc2VOT2N5Tm9HN1hyaEZIR2tTV01yNmRYeGwKeERtZGxaWkJHY3hkbkFGUDVPTlBVaXRlcEN6bWxiZzR1b3FpTkY5U1Yvb29JMGZVYXhDdUF2aDNoR2xCMU4wYnM3L0hBSApnKzAzUnBDQWk1MjB5VGl2aGFqMklacGJqQ2ticDVFb1N3dGZ0QkM3dEQ2Y2ZxeURPeHVLWXdvQ3dXNHloaWpOM1JJNjFtClk4NkxoRHl1Vk5QVWpIQWcrYWZkeGJrNVVSZERKZElHUm1BdnRIS01QS2pObDhGQlBSS0ZDU3E2UUt3QlZmdWdyTWp5VXoKcWk0K3BwcXJqN3czby8zR3VLaGRvNUZ2Sit5WnZEdUZZaHgzZ2kzZzVkUittM2owYUg2cFQwWTdFTmx5WGY4Z1VnMjdReAprVUwveVltcXVNTzFSSXdjYWRGaEw5aFVRdFRjSldOVTlUN0l0QmRqcWNKd2w5alRYbVNYbDRiMERhSVY5cW5zYWhoL0MwCllXQmMyYTY3cXB2Z3BiWnU0aTJpS2ZNOVV6ak54N05RaU82ajV3SDRaNS8yZlJpNnFpeEdUdmdCTFhmMzlIQUNXSFEwa0YKNTZONXdESzNYamtmcTJkQmJhWGZVQUFBQURBUUFCQUFBQ0FDTWlDWCt0eDJTdVgyTkRMay9sWUlyelhPeU1tSlkrTEtrWQprMkVpRXZQc0YvUUMvTGxFc25uMGZPU1d4cmh0aEx1Z1ZMNHdkeE84UlYzY28xUWhVVXNOZkpQVCtsRUtNTWIzcU05aHhICnAxUTI4dCtWaEpZZlNhb1FXdGQ4K0hFM2tmWThkRzRLSVFSSXgrK244NHI3K1NFTlIxVDVDVExiWFhDazFIUjFUZGVDQmQKVWtkbWVMUjA0d3RqRW5rTDVaZ3A2S1h4bmN6ZlF4TXFXVkxOckZWTHhiSW9VZUVncFQvSHMrQlFiRytNUXZVc3Z2TzVqMQpJVzRmbVhlTzZmTzgvRmlhSEpjN01NdTNTR3Zocnl3WEhscTE3bG5VWXBlbEFxZEFMWkJVZDdTVXkzVFROR0JiM3JJRDBHCkVzd3Bqd1RxYWV0UW0zMFNNeXpobXB5Z3dkUlFWVnFmdGhpZkdzK2U4MnNReFdVZFgweW9XcWhkb290SG5qZHlRNkhydk0KTStEL3I4SGJoZEdlUnJ6YmFtYWZFZjhPWCtMcnM1eVErVTBLWUJmQXFJWmlENmE3Z1M1TCtudVN0WWRpbWNvVk1Bclk1RwpQRjFGSWVoNkN2K25GNVN0dVMyTG0va0IrK0JmN3QzVVdPQUZYeGtySXh6R3c2OHZVdWI5QXRKWldmRm1ocEhPME9mLzNjCi9EalZjYjAvRi9DWHgzbGtGQkQvVjkvTVFBUGFzRm96RnRiM3RDbk9VclhOODVJVERPbjZ6S05Ud1A1Vk9paGprS293bU0KTk5IZXE0ei9GUEZDZiswL2o0eWpxMXFWWWtEQjRuNkNwZm1rdkFhS0FoMk9CbUVmOUoxbXJvaEFkQ0Q1MHd2QmJIdDVCWgp3YTY0Y2ZiNU9kRm1OcGNBUEZBQUFCQVFEWkZGcmI1NkR5TThaZmFPUkpGd1FKYWJBb2ZPTEo1R3ZvMzBNQk51MDBIazZvCnBoWmhsaWNLbHU1dDFBUDFIYi96WW5nWWpBdjUxdjVTd1RjUHNUUXNTRUFsYXNmRlBqSkIrakJrTVNQOSs2c3JxVkhQOVQKWUx0ZDk1bmU4bWVMOUtjRHRXdkFMMkM2M0RoVmxUWWZkNS8yaDE0dnYwbC9saFFaandqOWsvYTJCaUFta1puQjBBU1BwYwo5RVI4TFNzeEVPcTNhUlQ2ZVZMMjhMWWE1Yzhsakc2bzVxTUJ5Q2xjVTBIUVYrR294ZVFKRklING9GZzBaa3oweWVGdC9vCmVEbGFxUm5OM3FWUXdHRXlodW4wQ2FRckhtRWxUVDR3dnFFQ0JnUGhUZlYrVGFwNnNOVytCWmZXYW9tV2JSSm1LblF2czEKc04xMk5pcWFyY0w1SEZZWkFBQUJBUURqUTVSY3MybC9BWmEwd2JHZ0VYNkRTMHp3RlBWUTdRVWhxLzkzZmRBcTdQdzRZZQpKVDV3N29wNnpWMWw4N0RtUENKU0c5TEg5Vk5qaFlyVFl3SVFrQkszYjUya25QTXM1eWQrM3FWQjdQQzBUZno1TXZIWVdGCjRQNjJObGM2TWlxUVo5SjIwbDQxWU53UCtwMjlGcTdqOXlHUWxFZ0VHV1Z5ZGhEeGZZcGVJeVYvQ2RHYm1VNUNMZmQxS08KY2hCSTl5YTBLL0hpRFdmNTV5cmplSmE1aDFFbHhZUVRkMEp4SFNQb1RIUzZWb01iRnp3clliQmlJaVloSGUvZzRwdHJwUwplVWpPVjdEelNMRHJWd1ArY1MybFFydFJOS3l6UlU5aGxYRXVrc1dRNGwzSnNKaFdoVzBSZnkxaXFhUzdyRE50RjlBM1MwCkJFa3lPYTUxdkZEdndIQUFBQkFRRGRQb0tPRTJ3UVBsalBlTFQ2eWlNVk1PbkhaZjhld2lkaHVaR1ppUnplZDJnRUNhRXoKZ1RTVXllUy9iaElCV2ZNdkdTMTJveUszOWpoWldva2UrOTBRSTRMYzJSZ09MNXo3T1ZvQlFsOTlvOUZRUnBFU2dkQnlWcgovWURIeTlJaGFkVFhkZzhIL0djZ1F2STlTb213T1djMS9PM0ZTQjRlUk01d3ZCNk9MMWw3UmFGMmxnaWJYQmtYcFd6Vmo2ClN1ODZzMEJyZVVNSlBCZm85MDFSWjBiWm85U0pYckxjWVBRYXlvb1VxeWEvSXFLWUlwMmZFeWNia2hUbFVLVmg0UVF2RnkKRWc0OFU4QStRdkgrMTYyNFBKNW1tOE5GcHRYZGZzRlJBSkg1ZitqZlhtME9nbXpXR2F1R3lhUTBub2hxOFArZy9iaGFCUQpISXRjSGs5clNvOGpBQUFBRTJwdmNuUnBlbWxBYW05eWRHbDZhUzF0WVdNQkFnTUVCUVlICi0tLS0tRU5EIE9QRU5TU0ggUFJJVkFURSBLRVktLS0tLQ==",
                "content_type": "BASE64"
              }
            ],
            "secret_id": "ocid1.vaultsecret.oc1.iad.amaaaaaadoggtjaacge2rlm7z6d54xo5cvtlo26mrptgzubena6obxfhuihq",
            "secret_version_name": null,
            "stage": null,
            "stages": [
              "CURRENT",
              "LATEST"
            ],
            "time_created": "2024-08-15 14:29:55.503 +0000 UTC",
            "time_of_deletion": null,
            "time_of_expiry": null,
            "version_name": null,
            "version_number": "1"
          },
          "sensitive_attributes": []
        }
      ]
    },
    {
      "module": "module.wls",
      "mode": "data",
      "type": "oci_containerengine_node_pool_option",
      "name": "wls",
      "provider": "provider[\"registry.terraform.io/oracle/oci\"]",
      "instances": [
        {
          "index_key": 0,
          "schema_version": 0,
          "attributes": {
            "compartment_id": "ocid1.compartment.oc1..aaaaaaaaedp6oipcdpkx3md6c3ecdfltlq7wl7lb5q2oj4756edqk2lvj5zq",
            "id": "ContainerengineNodePoolOptionDataSource-2719242743",
            "images": [
              "Oracle-Linux-7.4",
              "Oracle-Linux-7.5",
              "Oracle-Linux-7.6"
            ],
            "kubernetes_versions": [
              "v1.27.2",
              "v1.27.10",
              "v1.28.2",
              "v1.29.1",
              "v1.30.1"
            ],
            "node_pool_option_id": "all",
            "shapes": [
              "BM.GPU.A10.4",
              "BM.GPU3.8",
              "BM.Standard.A1.160",
              "BM.Standard.E2.64",
              "BM.Standard.E3.128",
              "BM.Standard.E4.128",
              "BM.Standard.E5.192",
              "BM.Standard1.36",
              "BM.Standard2.52",
              "BM.Standard3.64",
              "VM.GPU.A10.1",
              "VM.GPU.A10.2",
              "VM.GPU3.1",
              "VM.GPU3.2",
              "VM.GPU3.4",
              "VM.Standard.A1.Flex",
              "VM.Standard.A2.Flex",
              "VM.Standard.AMD.Generic",
              "VM.Standard.Ampere.Generic",
              "VM.Standard.E2.1",
              "VM.Standard.E2.2",
              "VM.Standard.E2.4",
              "VM.Standard.E2.8",
              "VM.Standard.E3.Flex",
              "VM.Standard.E4.Flex",
              "VM.Standard.E5.Flex",
              "VM.Standard.Intel.Generic",
              "VM.Standard.x86.Generic",
              "VM.Standard1.1",
              "VM.Standard1.16",
              "VM.Standard1.2",
              "VM.Standard1.4",
              "VM.Standard1.8",
              "VM.Standard2.1",
              "VM.Standard2.16",
              "VM.Standard2.2",
              "VM.Standard2.24",
              "VM.Standard2.4",
              "VM.Standard2.8",
              "VM.Standard3.Flex"
            ],
            "sources": [
              {
                "image_id": "ocid1.image.oc1.iad.aaaaaaaagmsjxcib2l7pq2qrluxdyi4uglzeg5u76j33z2i2k7qhc6mlphhq",
                "source_name": "Oracle-Linux-8.9-aarch64-2024.05.29-0-OKE-1.30.1-707",
                "source_type": "IMAGE"
              },
              {
                "image_id": "ocid1.image.oc1.iad.aaaaaaaa7u5j3kdi6klo2ngkhf4qmo54banqwtp3drs3zvflyezhitive4nq",
                "source_name": "Oracle-Linux-8.9-aarch64-2024.05.29-0-OKE-1.29.1-707",
                "source_type": "IMAGE"
              },
              {
                "image_id": "ocid1.image.oc1.iad.aaaaaaaa3sipwtvxmkuygtyb6ptdqarpvxmhr7dwmcsvwnj7rgv6zbsiwbiq",
                "source_name": "Oracle-Linux-8.9-aarch64-2024.05.29-0-OKE-1.28.2-707",
                "source_type": "IMAGE"
              },
              {
                "image_id": "ocid1.image.oc1.iad.aaaaaaaawtuhlgakx7nd2q2liwuqcqsno2sa6aw3twn4amekzchcmwbkio7a",
                "source_name": "Oracle-Linux-8.9-aarch64-2024.05.29-0-OKE-1.27.10-707",
                "source_type": "IMAGE"
              },
              {
                "image_id": "ocid1.image.oc1.iad.aaaaaaaahlop3h45zzpfcjdrmzqg3yebrnsdrblicwyr57jb4o7f6pxhu7dq",
                "source_name": "Oracle-Linux-8.9-aarch64-2024.04.19-0-OKE-1.29.1-693",
                "source_type": "IMAGE"
              },
              {
                "image_id": "ocid1.image.oc1.iad.aaaaaaaawzdqbqw743tkhewxwp7423qpvogurivn3p647hdlhj5bas527yzq",
                "source_name": "Oracle-Linux-8.9-aarch64-2024.04.19-0-OKE-1.28.2-693",
                "source_type": "IMAGE"
              },
              {
                "image_id": "ocid1.image.oc1.iad.aaaaaaaahypxyiwk7bden2d36gvpwcf4y4vhabtbptetfqk5xoqnklp6cadq",
                "source_name": "Oracle-Linux-8.9-aarch64-2024.04.19-0-OKE-1.27.2-693",
                "source_type": "IMAGE"
              },
              {
                "image_id": "ocid1.image.oc1.iad.aaaaaaaav3ypkqzvvjodsamrpkchbxg26qu6iv7pz7edyngms3k7ph274vca",
                "source_name": "Oracle-Linux-8.9-aarch64-2024.04.19-0-OKE-1.27.10-693",
                "source_type": "IMAGE"
              },
              {
                "image_id": "ocid1.image.oc1.iad.aaaaaaaaiufzf6s2w7fekbjqjwe2bfca4quyqxgllpihytzx2n77zukhy4za",
                "source_name": "Oracle-Linux-8.9-aarch64-2024.01.26-0-OKE-1.28.2-679",
                "source_type": "IMAGE"
              },
              {
                "image_id": "ocid1.image.oc1.iad.aaaaaaaaym43ul4fdywppywut6576j2ktzjljg3o2vo27i6be5qvdj6dwlya",
                "source_name": "Oracle-Linux-8.9-aarch64-2024.01.26-0-OKE-1.27.2-679",
                "source_type": "IMAGE"
              },
              {
                "image_id": "ocid1.image.oc1.iad.aaaaaaaapqlbhuoi7ngl6no37eezmyhfxesgf2n5tb2yvboeohdodxq75hpa",
                "source_name": "Oracle-Linux-8.9-Gen2-GPU-2024.05.29-0-OKE-1.30.1-707",
                "source_type": "IMAGE"
              },
              {
                "image_id": "ocid1.image.oc1.iad.aaaaaaaa5nts3gtlrcuf4zqlgm2f6qo7nhtr6muy3cwthpl2gfrmo3yl7yxq",
                "source_name": "Oracle-Linux-8.9-Gen2-GPU-2024.05.29-0-OKE-1.29.1-707",
                "source_type": "IMAGE"
              },
              {
                "image_id": "ocid1.image.oc1.iad.aaaaaaaa2t3i4wyanmqmw6mgayuqgdnphg57ulhvxuhukorw3jh3isriowca",
                "source_name": "Oracle-Linux-8.9-Gen2-GPU-2024.05.29-0-OKE-1.28.2-707",
                "source_type": "IMAGE"
              },
              {
                "image_id": "ocid1.image.oc1.iad.aaaaaaaarz2rhnnxco6w5bztazihatj3o43bhuspihbsmzi6m6j4e54lkjta",
                "source_name": "Oracle-Linux-8.9-Gen2-GPU-2024.05.29-0-OKE-1.27.10-707",
                "source_type": "IMAGE"
              },
              {
                "image_id": "ocid1.image.oc1.iad.aaaaaaaawp6vk4oea77ajji2tnsrgej3xw6n7ossluzau5nsfdsv6mozsayq",
                "source_name": "Oracle-Linux-8.9-Gen2-GPU-2024.04.19-0-OKE-1.29.1-693",
                "source_type": "IMAGE"
              },
              {
                "image_id": "ocid1.image.oc1.iad.aaaaaaaa6pp7aopo23dsrqsvijunsu3dreqopspkgrdfuwdwrmwv2slveuga",
                "source_name": "Oracle-Linux-8.9-Gen2-GPU-2024.04.19-0-OKE-1.28.2-693",
                "source_type": "IMAGE"
              },
              {
                "image_id": "ocid1.image.oc1.iad.aaaaaaaaslketqi3ewqd6x4o25docnnnvx2ucljf35pm4tuvg4taun5xsu7q",
                "source_name": "Oracle-Linux-8.9-Gen2-GPU-2024.04.19-0-OKE-1.27.2-693",
                "source_type": "IMAGE"
              },
              {
                "image_id": "ocid1.image.oc1.iad.aaaaaaaaajspvp3mzdna7zb5hcr7lfx3waoi5q4tdu2knwqpl2wm4ueigula",
                "source_name": "Oracle-Linux-8.9-Gen2-GPU-2024.04.19-0-OKE-1.27.10-693",
                "source_type": "IMAGE"
              },
              {
                "image_id": "ocid1.image.oc1.iad.aaaaaaaa65bz2g65wuzqygkqvoboylgi4le2qc3cnjluol3n2f7dwpsywktq",
                "source_name": "Oracle-Linux-8.9-Gen2-GPU-2024.01.26-0-OKE-1.28.2-679",
                "source_type": "IMAGE"
              },
              {
                "image_id": "ocid1.image.oc1.iad.aaaaaaaarrdg5xqsswks675ylzlhnhzdwwjv5y5tk4c2rm2ucb2hsksfd7ua",
                "source_name": "Oracle-Linux-8.9-Gen2-GPU-2024.01.26-0-OKE-1.27.2-679",
                "source_type": "IMAGE"
              },
              {
                "image_id": "ocid1.image.oc1.iad.aaaaaaaa5camts3hrqd52njbcuqgayxlfz5wkqb2oqqucrd2tf66znifblvq",
                "source_name": "Oracle-Linux-8.9-2024.05.29-0-OKE-1.30.1-707",
                "source_type": "IMAGE"
              },
              {
                "image_id": "ocid1.image.oc1.iad.aaaaaaaalenaaht4hjtzeeiamhpllbvt4prf4srltfonidzh27jw4ykmn3qa",
                "source_name": "Oracle-Linux-8.9-2024.05.29-0-OKE-1.29.1-707",
                "source_type": "IMAGE"
              },
              {
                "image_id": "ocid1.image.oc1.iad.aaaaaaaasjor4ab4pullmheml5lnxuy2qhwpuz4dsd5crb77ub7ix4rseoja",
                "source_name": "Oracle-Linux-8.9-2024.05.29-0-OKE-1.28.2-707",
                "source_type": "IMAGE"
              },
              {
                "image_id": "ocid1.image.oc1.iad.aaaaaaaalagim7akgrndqjc24stsmv5zyx2n6iinp65n4cigrlr54n4t4xaq",
                "source_name": "Oracle-Linux-8.9-2024.05.29-0-OKE-1.27.10-707",
                "source_type": "IMAGE"
              },
              {
                "image_id": "ocid1.image.oc1.iad.aaaaaaaapfa4lupwlpioa4xpq2hlf76veajj6jrhrrx2cjaizb7eagscggda",
                "source_name": "Oracle-Linux-8.9-2024.04.19-0-OKE-1.29.1-693",
                "source_type": "IMAGE"
              },
              {
                "image_id": "ocid1.image.oc1.iad.aaaaaaaawugy7qiogvat4ipqkf7ynusuyij723yuvwhnrwpxrcwdsfhg4sia",
                "source_name": "Oracle-Linux-8.9-2024.04.19-0-OKE-1.28.2-693",
                "source_type": "IMAGE"
              },
              {
                "image_id": "ocid1.image.oc1.iad.aaaaaaaabi6xxexmj7nmi5wyfqjss7sazpjdxzq7hz32koowx6uv73j74pgq",
                "source_name": "Oracle-Linux-8.9-2024.04.19-0-OKE-1.27.2-693",
                "source_type": "IMAGE"
              },
              {
                "image_id": "ocid1.image.oc1.iad.aaaaaaaapq2thbmxl2olcb5wks2elsqsdr4c7a4mdnkbs6pskz63t363olta",
                "source_name": "Oracle-Linux-8.9-2024.04.19-0-OKE-1.27.10-693",
                "source_type": "IMAGE"
              },
              {
                "image_id": "ocid1.image.oc1.iad.aaaaaaaam6zxgcfwlyahvzmg32r526ckcosvkamzkb4vxceh7ywjslntbjmq",
                "source_name": "Oracle-Linux-8.9-2024.01.26-0-OKE-1.28.2-679",
                "source_type": "IMAGE"
              },
              {
                "image_id": "ocid1.image.oc1.iad.aaaaaaaargruqwcgajz74z4b3w55xbgwkd7zp7gp7fgbcamgq33kni5qmfca",
                "source_name": "Oracle-Linux-8.9-2024.01.26-0-OKE-1.27.2-679",
                "source_type": "IMAGE"
              },
              {
                "image_id": "ocid1.image.oc1.iad.aaaaaaaaenplpymmtpknora43nn6xacmuwpymgifbt7ioyvbhtcqzfrukboq",
                "source_name": "Oracle-Linux-8.8-aarch64-2023.12.13-0-OKE-1.27.2-668",
                "source_type": "IMAGE"
              },
              {
                "image_id": "ocid1.image.oc1.iad.aaaaaaaafanhtjsrjy23hvn7nipyryxtwugwwc3qhkcouq7de7rmduu4nlpa",
                "source_name": "Oracle-Linux-8.8-Gen2-GPU-2023.12.13-0-OKE-1.27.2-668",
                "source_type": "IMAGE"
              },
              {
                "image_id": "ocid1.image.oc1.iad.aaaaaaaalntjmkiesyzefnn52bdasmrpcitbosfuexmtugjujcahvt2mkzqq",
                "source_name": "Oracle-Linux-8.8-2023.12.13-0-OKE-1.27.2-668",
                "source_type": "IMAGE"
              },
              {
                "image_id": "ocid1.image.oc1.iad.aaaaaaaa35afxc4q57i6xnd275vmtr57zjrccp3lyr26mwl4yfpx4lpb2koq",
                "source_name": "Oracle-Linux-8.10-aarch64-2024.06.30-0-OKE-1.30.1-716",
                "source_type": "IMAGE"
              },
              {
                "image_id": "ocid1.image.oc1.iad.aaaaaaaabnytlakzsgdfnxzd2nqm676scsjy3npqs3m5aqk6gecmwf2tpl5q",
                "source_name": "Oracle-Linux-8.10-aarch64-2024.06.30-0-OKE-1.29.1-716",
                "source_type": "IMAGE"
              },
              {
                "image_id": "ocid1.image.oc1.iad.aaaaaaaa66kgf6vkguwhpqzecpj2aw5iv6m7aoi5kdky2snlw5shewuzwjhq",
                "source_name": "Oracle-Linux-8.10-aarch64-2024.06.30-0-OKE-1.27.10-716",
                "source_type": "IMAGE"
              },
              {
                "image_id": "ocid1.image.oc1.iad.aaaaaaaat4dyg63ke4jg5gvh7xbjlqdfggidzip3yjinvkvkrtcuddwa44dq",
                "source_name": "Oracle-Linux-8.10-Gen2-GPU-2024.06.30-0-OKE-1.30.1-716",
                "source_type": "IMAGE"
              },
              {
                "image_id": "ocid1.image.oc1.iad.aaaaaaaavnul3bfxwpr4uplbmtsbjbgwzmntn4o36pbwyrfn7xqzkxetp2fq",
                "source_name": "Oracle-Linux-8.10-Gen2-GPU-2024.06.30-0-OKE-1.29.1-716",
                "source_type": "IMAGE"
              },
              {
                "image_id": "ocid1.image.oc1.iad.aaaaaaaa2zoqzklxgaip2jtz25pjg7wtge6ijjzr5eyrsxvuybiphpij7uaa",
                "source_name": "Oracle-Linux-8.10-Gen2-GPU-2024.06.30-0-OKE-1.27.10-716",
                "source_type": "IMAGE"
              },
              {
                "image_id": "ocid1.image.oc1.iad.aaaaaaaa3mw56urimjwfb2cpqzuqffk44nm5q27bm2r2qheiej43jwjp3wfa",
                "source_name": "Oracle-Linux-8.10-2024.06.30-0-OKE-1.30.1-716",
                "source_type": "IMAGE"
              },
              {
                "image_id": "ocid1.image.oc1.iad.aaaaaaaagtxtmoqfelicvz6btgplevuaa5q4sinil3v73li5zx26gz3pzrga",
                "source_name": "Oracle-Linux-8.10-2024.06.30-0-OKE-1.29.1-716",
                "source_type": "IMAGE"
              },
              {
                "image_id": "ocid1.image.oc1.iad.aaaaaaaamchthq36gq6hu6at6xkvyi3ynw2sp3unfff2otohebep625x5vnq",
                "source_name": "Oracle-Linux-8.10-2024.06.30-0-OKE-1.27.10-716",
                "source_type": "IMAGE"
              },
              {
                "image_id": "ocid1.image.oc1.iad.aaaaaaaamhuiz7vfzw4g2mmly5ym4czz7txrpypp2woxugbkemgmmthvctea",
                "source_name": "Oracle-Linux-7.9-aarch64-2024.06.30-0-OKE-1.30.1-716",
                "source_type": "IMAGE"
              },
              {
                "image_id": "ocid1.image.oc1.iad.aaaaaaaauwh656phj5fbncb23di3g2u3x6vupx26ab2wxz5eicrtst3hjbhq",
                "source_name": "Oracle-Linux-7.9-aarch64-2024.06.30-0-OKE-1.29.1-716",
                "source_type": "IMAGE"
              },
              {
                "image_id": "ocid1.image.oc1.iad.aaaaaaaaft37ydqfvst2cgv5o2oyrbgopugvcfej2xlg6jpybcq6lv4gmykq",
                "source_name": "Oracle-Linux-7.9-aarch64-2024.06.30-0-OKE-1.27.10-716",
                "source_type": "IMAGE"
              },
              {
                "image_id": "ocid1.image.oc1.iad.aaaaaaaa7hebpmelwzjk7tbggllrvcxbv2ex2lhuys2shrkksxcumm4p33xq",
                "source_name": "Oracle-Linux-7.9-aarch64-2024.05.29-0-OKE-1.30.1-707",
                "source_type": "IMAGE"
              },
              {
                "image_id": "ocid1.image.oc1.iad.aaaaaaaa6lmsymqv4mc5txqdzg2evcfnfkyclsdbllknomnqct7dc3vjrfsq",
                "source_name": "Oracle-Linux-7.9-aarch64-2024.05.29-0-OKE-1.29.1-707",
                "source_type": "IMAGE"
              },
              {
                "image_id": "ocid1.image.oc1.iad.aaaaaaaafl3igemsrbivboqtpy7gd4fopaazrzipxhthpb5cuo4xa4v3cxda",
                "source_name": "Oracle-Linux-7.9-aarch64-2024.05.29-0-OKE-1.28.2-707",
                "source_type": "IMAGE"
              },
              {
                "image_id": "ocid1.image.oc1.iad.aaaaaaaau54sfwro7zeics56afwxfb6vrgtfjdw3unkebmc2kzjrln4cqxwa",
                "source_name": "Oracle-Linux-7.9-aarch64-2024.05.29-0-OKE-1.27.10-707",
                "source_type": "IMAGE"
              },
              {
                "image_id": "ocid1.image.oc1.iad.aaaaaaaaus2flkp6nhxq6lozzajkiwj7uphenmzpwbix3yq2docvhjjdzvqq",
                "source_name": "Oracle-Linux-7.9-aarch64-2024.04.19-0-OKE-1.29.1-693",
                "source_type": "IMAGE"
              },
              {
                "image_id": "ocid1.image.oc1.iad.aaaaaaaatjkeoig6zyavfshnlg6gnmmtpjb23fj2ichttkwqzdxjoksg5tta",
                "source_name": "Oracle-Linux-7.9-aarch64-2024.04.19-0-OKE-1.28.2-693",
                "source_type": "IMAGE"
              },
              {
                "image_id": "ocid1.image.oc1.iad.aaaaaaaasrrdzjixui7o5fnk33edxfaxvpwynvqnymj4a26izfnupx5254ga",
                "source_name": "Oracle-Linux-7.9-aarch64-2024.04.19-0-OKE-1.27.2-693",
                "source_type": "IMAGE"
              },
              {
                "image_id": "ocid1.image.oc1.iad.aaaaaaaakg3vqgjhqdtg7wblrl5aefxaveicwr3n7gtwndrhostgyevmg6kq",
                "source_name": "Oracle-Linux-7.9-aarch64-2024.04.19-0-OKE-1.27.10-693",
                "source_type": "IMAGE"
              },
              {
                "image_id": "ocid1.image.oc1.iad.aaaaaaaa3b4ryauu2xmgrtm477k7clhlpsih2aiqsu4nbrmz6dljnjjr6dea",
                "source_name": "Oracle-Linux-7.9-aarch64-2024.01.23-0-OKE-1.28.2-679",
                "source_type": "IMAGE"
              },
              {
                "image_id": "ocid1.image.oc1.iad.aaaaaaaaynh3zvy5n53iq3noyvvaw5fkvcle76aknph5y7nxbtf4kvav4lra",
                "source_name": "Oracle-Linux-7.9-aarch64-2024.01.23-0-OKE-1.27.2-679",
                "source_type": "IMAGE"
              },
              {
                "image_id": "ocid1.image.oc1.iad.aaaaaaaa4uwrxtbt3r63bjmtw777t5h6abkkrhwkd66vsemtrj7il5zse44q",
                "source_name": "Oracle-Linux-7.9-aarch64-2023.12.08-0-OKE-1.27.2-668",
                "source_type": "IMAGE"
              },
              {
                "image_id": "ocid1.image.oc1.iad.aaaaaaaabok3iah76hcp7ctf6zatgy4tkzd4h2arnqiprrghwwdb5q2q7xya",
                "source_name": "Oracle-Linux-7.9-Gen2-GPU-2024.06.30-0-OKE-1.30.1-716",
                "source_type": "IMAGE"
              },
              {
                "image_id": "ocid1.image.oc1.iad.aaaaaaaatsnwfeaowzufboxhyig6ko6rx3ummkofuauinfsyyzdrxewi74pq",
                "source_name": "Oracle-Linux-7.9-Gen2-GPU-2024.06.30-0-OKE-1.29.1-716",
                "source_type": "IMAGE"
              },
              {
                "image_id": "ocid1.image.oc1.iad.aaaaaaaaltukqrujjlj722h3dbxpd2fvcih3ledscwmdvkcn77n7u52id5ka",
                "source_name": "Oracle-Linux-7.9-Gen2-GPU-2024.06.30-0-OKE-1.27.10-716",
                "source_type": "IMAGE"
              },
              {
                "image_id": "ocid1.image.oc1.iad.aaaaaaaa5radw6tsprsec7p7h4ofskznxohrbcn4rn2kpni5gopcrykfxmea",
                "source_name": "Oracle-Linux-7.9-Gen2-GPU-2024.05.29-0-OKE-1.30.1-707",
                "source_type": "IMAGE"
              },
              {
                "image_id": "ocid1.image.oc1.iad.aaaaaaaafrbs3v5gh4nodt74j6n63n4r3jhsk5cprpspiwz5why4zsljuwaa",
                "source_name": "Oracle-Linux-7.9-Gen2-GPU-2024.05.29-0-OKE-1.29.1-707",
                "source_type": "IMAGE"
              },
              {
                "image_id": "ocid1.image.oc1.iad.aaaaaaaajovid2gbh552qfhc2cy5jvtzagwcmht67xpktj34jbea3utpsm4a",
                "source_name": "Oracle-Linux-7.9-Gen2-GPU-2024.05.29-0-OKE-1.28.2-707",
                "source_type": "IMAGE"
              },
              {
                "image_id": "ocid1.image.oc1.iad.aaaaaaaad3rqaonl6lr3y5gvh74bp2fhm5fhnxrhvapnrwrbeocm3ulbcuka",
                "source_name": "Oracle-Linux-7.9-Gen2-GPU-2024.05.29-0-OKE-1.27.10-707",
                "source_type": "IMAGE"
              },
              {
                "image_id": "ocid1.image.oc1.iad.aaaaaaaacxbwuih5glldckausksyqezfqrnghva5khzt56rvhr23gqsgjp4q",
                "source_name": "Oracle-Linux-7.9-Gen2-GPU-2024.04.19-0-OKE-1.29.1-693",
                "source_type": "IMAGE"
              },
              {
                "image_id": "ocid1.image.oc1.iad.aaaaaaaadhcniqagyxvtdyqcft2qxuojawkn6wfpqjgphl5wpdm2oqhxfmoq",
                "source_name": "Oracle-Linux-7.9-Gen2-GPU-2024.04.19-0-OKE-1.28.2-693",
                "source_type": "IMAGE"
              },
              {
                "image_id": "ocid1.image.oc1.iad.aaaaaaaaxlzf3bwis3qdm5opujyrhrsqgarlnjfg34jty77pa4r7b6rl3s5a",
                "source_name": "Oracle-Linux-7.9-Gen2-GPU-2024.04.19-0-OKE-1.27.2-693",
                "source_type": "IMAGE"
              },
              {
                "image_id": "ocid1.image.oc1.iad.aaaaaaaae5ovqwgbngrvtynjytmrxbemjtevvnyi6twfiqinrmm2ez27vjka",
                "source_name": "Oracle-Linux-7.9-Gen2-GPU-2024.04.19-0-OKE-1.27.10-693",
                "source_type": "IMAGE"
              },
              {
                "image_id": "ocid1.image.oc1.iad.aaaaaaaabcv4k4d4ctf6rsst7rvnrxbwbbbmxatqstp7bonubmscn6xy32ma",
                "source_name": "Oracle-Linux-7.9-Gen2-GPU-2024.01.23-0-OKE-1.28.2-679",
                "source_type": "IMAGE"
              },
              {
                "image_id": "ocid1.image.oc1.iad.aaaaaaaayqb7lsyzpqk53mmpophgvree4nvjwzerzglbs25fpwegn5catjza",
                "source_name": "Oracle-Linux-7.9-Gen2-GPU-2024.01.23-0-OKE-1.27.2-679",
                "source_type": "IMAGE"
              },
              {
                "image_id": "ocid1.image.oc1.iad.aaaaaaaaqjuccrzo35amtgpbcuzmkmzaesjeo6jxe6f3ateml4uyvxzbcqcq",
                "source_name": "Oracle-Linux-7.9-Gen2-GPU-2023.12.08-0-OKE-1.27.2-668",
                "source_type": "IMAGE"
              },
              {
                "image_id": "ocid1.image.oc1.iad.aaaaaaaay5wonoqpqwv6uuv2qtzcgl64eovvagx3fcelbxgu3vxwsciy3pqq",
                "source_name": "Oracle-Linux-7.9-2024.06.30-0-OKE-1.30.1-716",
                "source_type": "IMAGE"
              },
              {
                "image_id": "ocid1.image.oc1.iad.aaaaaaaavlyyg2zyg5osnl2ksqsuzk5xctcmdgmegmc4xyi4tx5lpdaygcbq",
                "source_name": "Oracle-Linux-7.9-2024.06.30-0-OKE-1.29.1-716",
                "source_type": "IMAGE"
              },
              {
                "image_id": "ocid1.image.oc1.iad.aaaaaaaae7oq3nzuuu67yjqgbbokknucv5obxvbcetvi3ljqzb76dljagu6q",
                "source_name": "Oracle-Linux-7.9-2024.06.30-0-OKE-1.27.10-716",
                "source_type": "IMAGE"
              },
              {
                "image_id": "ocid1.image.oc1.iad.aaaaaaaavj3jyljkoleuxbypchxacaj5xxxbtvtxankdltkv4frljut2v56q",
                "source_name": "Oracle-Linux-7.9-2024.05.29-0-OKE-1.30.1-707",
                "source_type": "IMAGE"
              },
              {
                "image_id": "ocid1.image.oc1.iad.aaaaaaaa3tsjgjcu4xeowm5jukjpnsx3gpywtf5y5u2am6n5amqsgt4tvtza",
                "source_name": "Oracle-Linux-7.9-2024.05.29-0-OKE-1.29.1-707",
                "source_type": "IMAGE"
              },
              {
                "image_id": "ocid1.image.oc1.iad.aaaaaaaagy7yj6nmyaguhacomgdvzmvlkcgkzffru7xiv7t6fsh6vl7mzasa",
                "source_name": "Oracle-Linux-7.9-2024.05.29-0-OKE-1.28.2-707",
                "source_type": "IMAGE"
              },
              {
                "image_id": "ocid1.image.oc1.iad.aaaaaaaamueto52wevfzqzxmppfffslt7kp2u67jiyiuv22ej26fatxwirla",
                "source_name": "Oracle-Linux-7.9-2024.05.29-0-OKE-1.27.10-707",
                "source_type": "IMAGE"
              },
              {
                "image_id": "ocid1.image.oc1.iad.aaaaaaaa27eunotorl4tbzbnyionaobb26uczsglzitve3jfmjix7mfelgia",
                "source_name": "Oracle-Linux-7.9-2024.04.19-0-OKE-1.29.1-693",
                "source_type": "IMAGE"
              },
              {
                "image_id": "ocid1.image.oc1.iad.aaaaaaaanrq7onqggxjg3whjbubu4rlrn2itmok25cc2v3ferbpavrugp64a",
                "source_name": "Oracle-Linux-7.9-2024.04.19-0-OKE-1.28.2-693",
                "source_type": "IMAGE"
              },
              {
                "image_id": "ocid1.image.oc1.iad.aaaaaaaaiv2fenjp4cf3pdwywl2f6evyimpaknijrekyklgjv7sfvwacjt3a",
                "source_name": "Oracle-Linux-7.9-2024.04.19-0-OKE-1.27.2-693",
                "source_type": "IMAGE"
              },
              {
                "image_id": "ocid1.image.oc1.iad.aaaaaaaazzk72oej4zazze57g4lrcefxmkg353ufzkqef6fuwur2eibgm5za",
                "source_name": "Oracle-Linux-7.9-2024.04.19-0-OKE-1.27.10-693",
                "source_type": "IMAGE"
              },
              {
                "image_id": "ocid1.image.oc1.iad.aaaaaaaamgzbouwozvwkzzg4zcvfnlynouf7ezbhwkhbltb5eeowtflom2ha",
                "source_name": "Oracle-Linux-7.9-2024.01.23-0-OKE-1.28.2-679",
                "source_type": "IMAGE"
              },
              {
                "image_id": "ocid1.image.oc1.iad.aaaaaaaarbqzx2wfq626ginhrrldb7anv4a6flfgpi5qg7tvbpiciuzartya",
                "source_name": "Oracle-Linux-7.9-2024.01.23-0-OKE-1.27.2-679",
                "source_type": "IMAGE"
              },
              {
                "image_id": "ocid1.image.oc1.iad.aaaaaaaa4zjkaobqtatqaeb4qvouqre7e6sq2onzyympo6f3zaeomxvatura",
                "source_name": "Oracle-Linux-7.9-2023.12.08-0-OKE-1.27.2-668",
                "source_type": "IMAGE"
              },
              {
                "image_id": "ocid1.image.oc1.iad.aaaaaaaadmmhdbc5l6v6ixjp6r6l6uf7rorcorf7zhc3fxenaaqqotkjkijq",
                "source_name": "Oracle-Linux-8.9-aarch64-2024.05.29-0",
                "source_type": "IMAGE"
              },
              {
                "image_id": "ocid1.image.oc1.iad.aaaaaaaafvlro7bglbnrctpymweo2xt2q4lv3kgmtqwhpeme55d75fwyufpq",
                "source_name": "Oracle-Linux-8.9-Gen2-GPU-2024.05.29-0",
                "source_type": "IMAGE"
              },
              {
                "image_id": "ocid1.image.oc1.iad.aaaaaaaaxtzkhdlxbktlkhiausqz7qvqg7d5jqbrgy6empmrojtdktwfv7fq",
                "source_name": "Oracle-Linux-8.9-2024.05.29-0",
                "source_type": "IMAGE"
              },
              {
                "image_id": "ocid1.image.oc1.iad.aaaaaaaaraxxl6yrjswsxem67tmf4s3ihx44xbfq2ceqlp7rgcoroqinopfa",
                "source_name": "Oracle-Linux-8.10-aarch64-2024.07.31-0",
                "source_type": "IMAGE"
              },
              {
                "image_id": "ocid1.image.oc1.iad.aaaaaaaa4gprini6fxqomtsc7hawjq6do2wvxnxagmerp4krckem3yefjmxa",
                "source_name": "Oracle-Linux-8.10-aarch64-2024.06.30-0",
                "source_type": "IMAGE"
              },
              {
                "image_id": "ocid1.image.oc1.iad.aaaaaaaaa46f3u2rfoj3sn5m2ioj72kdetnr3j7h4kcl3lqrzqktungmtt7q",
                "source_name": "Oracle-Linux-8.10-Gen2-GPU-2024.07.31-0",
                "source_type": "IMAGE"
              },
              {
                "image_id": "ocid1.image.oc1.iad.aaaaaaaace5a5jq7iin22p6olwinf3qsxjxnzi5gifelk4barb54mfurtsoa",
                "source_name": "Oracle-Linux-8.10-Gen2-GPU-2024.06.30-0",
                "source_type": "IMAGE"
              },
              {
                "image_id": "ocid1.image.oc1.iad.aaaaaaaaos3mbobav5crphacln3i4vdfbukc2jgn7tgfbkf5lwpijg7rvehq",
                "source_name": "Oracle-Linux-8.10-2024.07.31-0",
                "source_type": "IMAGE"
              },
              {
                "image_id": "ocid1.image.oc1.iad.aaaaaaaa6uqjfy73o5jvx47jvuwhpczh4euram4nxy37744agjoymonbhtrq",
                "source_name": "Oracle-Linux-8.10-2024.06.30-0",
                "source_type": "IMAGE"
              },
              {
                "image_id": "ocid1.image.oc1.iad.aaaaaaaago3qrk4csawunmztzg6iqpmobfrzmyljn7m2slldy4txz3e47eha",
                "source_name": "Oracle-Linux-7.9-aarch64-2024.07.31-0",
                "source_type": "IMAGE"
              },
              {
                "image_id": "ocid1.image.oc1.iad.aaaaaaaaosrqrxxuyzag6kidaq66iqmqxyx7ws6sscihkoqwhbeijhjfg4ga",
                "source_name": "Oracle-Linux-7.9-aarch64-2024.06.30-0",
                "source_type": "IMAGE"
              },
              {
                "image_id": "ocid1.image.oc1.iad.aaaaaaaa342fk3g4ryfq6gfxqsougs2i6ahosbloarc6jyxpkm4c4u7zje3a",
                "source_name": "Oracle-Linux-7.9-aarch64-2024.05.29-0",
                "source_type": "IMAGE"
              },
              {
                "image_id": "ocid1.image.oc1.iad.aaaaaaaalw5vstfnqedn3xwdqntxu6qp6wn5kgfdfkrbrzw7ylqee5rw6kvq",
                "source_name": "Oracle-Linux-7.9-Gen2-GPU-2024.07.31-0",
                "source_type": "IMAGE"
              },
              {
                "image_id": "ocid1.image.oc1.iad.aaaaaaaa4jwprt577jzwg6b5hzudocwkeaf4jrcrh424amd3ripamuignwva",
                "source_name": "Oracle-Linux-7.9-Gen2-GPU-2024.06.30-0",
                "source_type": "IMAGE"
              },
              {
                "image_id": "ocid1.image.oc1.iad.aaaaaaaareeojotfzccrtgkxp6vhyjocl5sbtwpc3lq4db2xqhsxtu5kga4a",
                "source_name": "Oracle-Linux-7.9-Gen2-GPU-2024.05.29-0",
                "source_type": "IMAGE"
              },
              {
                "image_id": "ocid1.image.oc1.iad.aaaaaaaa4w2rautf65sakyefxvgv2bqy7xoijxnkptiy6fhdkcvbhzrupg2q",
                "source_name": "Oracle-Linux-7.9-2024.07.31-0",
                "source_type": "IMAGE"
              },
              {
                "image_id": "ocid1.image.oc1.iad.aaaaaaaaibl6w2vwkohcehuhudlg7oilpyfovulvpvxe2hj6yc4o2vbr5hea",
                "source_name": "Oracle-Linux-7.9-2024.06.30-0",
                "source_type": "IMAGE"
              },
              {
                "image_id": "ocid1.image.oc1.iad.aaaaaaaacsr4e5mv747v7rhadrl5skqya4h3wbbablicxnkbegrcmk6mif3q",
                "source_name": "Oracle-Linux-7.9-2024.05.29-0",
                "source_type": "IMAGE"
              },
              {
                "image_id": "ocid1.image.oc1.iad.aaaaaaaay66pu7z27ltbx2uuatzgfywzixbp34wx7xoze52pk33psz47vlfa",
                "source_name": "Oracle-Linux-7.6",
                "source_type": "IMAGE"
              }
            ]
          },
          "sensitive_attributes": []
        }
      ]
    },
    {
      "module": "module.wls",
      "mode": "data",
      "type": "oci_core_vcn",
      "name": "oke",
      "provider": "provider[\"registry.terraform.io/oracle/oci\"]",
      "instances": [
        {
          "index_key": 0,
          "schema_version": 0,
          "attributes": {
            "byoipv6cidr_blocks": [],
            "byoipv6cidr_details": null,
            "cidr_block": "10.0.0.0/16",
            "cidr_blocks": [
              "10.0.0.0/16"
            ],
            "compartment_id": "ocid1.compartment.oc1..aaaaaaaaedp6oipcdpkx3md6c3ecdfltlq7wl7lb5q2oj4756edqk2lvj5zq",
            "default_dhcp_options_id": "ocid1.dhcpoptions.oc1.iad.aaaaaaaani2hbexphz4x3r3vh3antlvqdj3fecdgzdl3yis3alpxh7cxxe2q",
            "default_route_table_id": "ocid1.routetable.oc1.iad.aaaaaaaahsk5epz5ttbav46pzz3paqnyrrjrld7gd5gcyrpv5a5ygb6lmyda",
            "default_security_list_id": "ocid1.securitylist.oc1.iad.aaaaaaaa32evyjvva2yikgnse4qorj26nxocwsruhmt2djjeib2mtouc6wqq",
            "defined_tags": {
              "Oracle-Tags.CreatedBy": "oracleidentitycloudservice/julian.ortiz@oracle.com",
              "Oracle-Tags.CreatedOn": "2024-08-16T03:10:59.872Z"
            },
            "display_name": "wls-paymxu",
            "dns_label": "paymxu",
            "freeform_tags": {
              "role": "network",
              "state_id": "paymxu"
            },
            "id": "ocid1.vcn.oc1.iad.amaaaaaadoggtjaaqfwhkrsz3xrnexcypypm4rsdirq36ur6zisxoulhcf6a",
            "ipv6cidr_blocks": [],
            "ipv6private_cidr_blocks": [],
            "is_ipv6enabled": null,
            "is_oracle_gua_allocation_enabled": null,
            "state": "AVAILABLE",
            "time_created": "2024-08-16 03:11:00.144 +0000 UTC",
            "vcn_domain_name": "paymxu.oraclevcn.com",
            "vcn_id": "ocid1.vcn.oc1.iad.amaaaaaadoggtjaaqfwhkrsz3xrnexcypypm4rsdirq36ur6zisxoulhcf6a"
          },
          "sensitive_attributes": []
        }
      ]
    },
    {
      "module": "module.wls",
      "mode": "data",
      "type": "oci_identity_availability_domains",
      "name": "all",
      "provider": "provider[\"registry.terraform.io/oracle/oci\"]",
      "instances": [
        {
          "schema_version": 0,
          "attributes": {
            "availability_domains": [
              {
                "compartment_id": "ocid1.compartment.oc1..aaaaaaaaedp6oipcdpkx3md6c3ecdfltlq7wl7lb5q2oj4756edqk2lvj5zq",
                "id": "ocid1.availabilitydomain.oc1..aaaaaaaaztunlny6ae4yw2vghp5go2zceaonwp6wiioe3tnh2vlaxjjl2n3a",
                "name": "zQRV:US-ASHBURN-AD-1"
              },
              {
                "compartment_id": "ocid1.compartment.oc1..aaaaaaaaedp6oipcdpkx3md6c3ecdfltlq7wl7lb5q2oj4756edqk2lvj5zq",
                "id": "ocid1.availabilitydomain.oc1..aaaaaaaatrwxaogr7dl4yschqtrmqrdv6uzis3mgbnomiagqrfhcb7mxsfdq",
                "name": "zQRV:US-ASHBURN-AD-2"
              },
              {
                "compartment_id": "ocid1.compartment.oc1..aaaaaaaaedp6oipcdpkx3md6c3ecdfltlq7wl7lb5q2oj4756edqk2lvj5zq",
                "id": "ocid1.availabilitydomain.oc1..aaaaaaaauvt2n7pijol7uqgdnnsoojcukrijtmcltvfwxazmitk235wyohta",
                "name": "zQRV:US-ASHBURN-AD-3"
              }
            ],
            "compartment_id": "ocid1.compartment.oc1..aaaaaaaaedp6oipcdpkx3md6c3ecdfltlq7wl7lb5q2oj4756edqk2lvj5zq",
            "filter": null,
            "id": "IdentityAvailabilityDomainsDataSource-3886812946"
          },
          "sensitive_attributes": []
        }
      ]
    },
    {
      "module": "module.wls",
      "mode": "data",
      "type": "oci_load_balancer_load_balancers",
      "name": "existing_load_balancers_data_source",
      "provider": "provider[\"registry.terraform.io/oracle/oci\"]",
      "instances": [
        {
          "schema_version": 0,
          "attributes": {
            "compartment_id": "ocid1.compartment.oc1..aaaaaaaaedp6oipcdpkx3md6c3ecdfltlq7wl7lb5q2oj4756edqk2lvj5zq",
            "detail": null,
            "display_name": null,
            "filter": null,
            "id": "LoadBalancerLoadBalancersDataSource-3886812946",
            "load_balancers": [],
            "state": null
          },
          "sensitive_attributes": []
        }
      ]
    },
    {
      "module": "module.wls",
      "mode": "data",
      "type": "oci_objectstorage_bucket",
      "name": "wls_archives",
      "provider": "provider[\"registry.terraform.io/oracle/oci\"]",
      "instances": [
        {
          "schema_version": 0,
          "attributes": {
            "access_type": "NoPublicAccess",
            "approximate_count": "12",
            "approximate_size": "3817519748",
            "auto_tiering": "Disabled",
            "bucket_id": "ocid1.bucket.oc1.iad.aaaaaaaambfs2mzlvc7zxzeqaklcepp6okktzhx2avecyrmtg4uzptiodgya",
            "compartment_id": "ocid1.compartment.oc1..aaaaaaaaedp6oipcdpkx3md6c3ecdfltlq7wl7lb5q2oj4756edqk2lvj5zq",
            "created_by": "ocid1.user.oc1..aaaaaaaae3orfqjpxwbjwqrqemxlsoowg2nxdhieprul4s5b7y555gimhroa",
            "defined_tags": {
              "Oracle-Tags.CreatedBy": "oracleidentitycloudservice/julian.ortiz@oracle.com",
              "Oracle-Tags.CreatedOn": "2024-08-19T19:48:29.792Z"
            },
            "etag": "f0b401e8-748a-4576-9368-87354615ac1b",
            "freeform_tags": {},
            "id": "2024-08-27 03:47:54.452707 +0000 UTC",
            "is_read_only": false,
            "kms_key_id": null,
            "metadata": {},
            "name": "testdomain",
            "namespace": "idi2cuxxbkto",
            "object_events_enabled": false,
            "object_lifecycle_policy_etag": null,
            "replication_enabled": false,
            "retention_rules": [],
            "storage_tier": "Standard",
            "time_created": "2024-08-19 19:48:29.799 +0000 UTC",
            "versioning": "Disabled"
          },
          "sensitive_attributes": []
        }
      ]
    },
    {
      "module": "module.wls",
      "mode": "data",
      "type": "oci_objectstorage_namespace",
      "name": "oss_namespace",
      "provider": "provider[\"registry.terraform.io/oracle/oci\"]",
      "instances": [
        {
          "schema_version": 0,
          "attributes": {
            "compartment_id": null,
            "id": "ObjectStorageNamespaceDataSource-0",
            "namespace": "idi2cuxxbkto"
          },
          "sensitive_attributes": []
        }
      ]
    },
    {
      "module": "module.wls",
      "mode": "managed",
      "type": "random_string",
      "name": "state_id",
      "provider": "provider[\"registry.terraform.io/hashicorp/random\"]",
      "instances": [
        {
          "schema_version": 2,
          "attributes": {
            "id": "uyzemt",
            "keepers": null,
            "length": 6,
            "lower": true,
            "min_lower": 0,
            "min_numeric": 0,
            "min_special": 0,
            "min_upper": 0,
            "number": false,
            "numeric": false,
            "override_special": null,
            "result": "uyzemt",
            "special": false,
            "upper": false
          },
          "sensitive_attributes": []
        }
      ]
    },
    {
      "module": "module.wls.module.iam",
      "mode": "data",
      "type": "oci_identity_tag_namespaces",
      "name": "wls",
      "provider": "provider[\"registry.terraform.io/oracle/oci\"].home",
      "instances": [
        {
          "index_key": 0,
          "schema_version": 0,
          "attributes": {
            "compartment_id": "ocid1.compartment.oc1..aaaaaaaaedp6oipcdpkx3md6c3ecdfltlq7wl7lb5q2oj4756edqk2lvj5zq",
            "filter": [
              {
                "name": "name",
                "regex": false,
                "values": [
                  "oke"
                ]
              }
            ],
            "id": "IdentityTagNamespacesDataSource-2195400414",
            "include_subcompartments": null,
            "state": "ACTIVE",
            "tag_namespaces": []
          },
          "sensitive_attributes": []
        }
      ]
    },
    {
      "module": "module.wls.module.network",
      "mode": "data",
      "type": "oci_core_services",
      "name": "all_oci_services",
      "provider": "provider[\"registry.terraform.io/oracle/oci\"]",
      "instances": [
        {
          "schema_version": 0,
          "attributes": {
            "filter": [
              {
                "name": "name",
                "regex": true,
                "values": [
                  "All .* Services In Oracle Services Network"
                ]
              }
            ],
            "id": "CoreServicesDataSource-0",
            "services": [
              {
                "cidr_block": "all-iad-services-in-oracle-services-network",
                "description": "All IAD Services In Oracle Services Network",
                "id": "ocid1.service.oc1.iad.aaaaaaaam4zfmy2rjue6fmglumm3czgisxzrnvrwqeodtztg7hwa272mlfna",
                "name": "All IAD Services In Oracle Services Network"
              }
            ]
          },
          "sensitive_attributes": []
        }
      ]
    },
    {
      "module": "module.wls.module.utilities[0]",
      "mode": "managed",
      "type": "null_resource",
      "name": "await_node_readiness",
      "provider": "provider[\"registry.terraform.io/hashicorp/null\"]",
      "instances": [
        {
          "index_key": "testdomain-vms-0",
          "schema_version": 0,
          "attributes": {
            "id": "3223600756677355307",
            "triggers": {
              "expected_node_count": "2"
            }
          },
          "sensitive_attributes": [],
          "dependencies": [
            "data.oci_identity_region_subscriptions.home",
            "module.wls.data.oci_containerengine_node_pool_option.wls",
            "module.wls.data.oci_core_images.bastion",
            "module.wls.data.oci_core_vcn.oke",
            "module.wls.data.oci_identity_availability_domains.all",
            "module.wls.module.bastion.data.cloudinit_config.bastion",
            "module.wls.module.bastion.null_resource.await_cloudinit",
            "module.wls.module.bastion.oci_core_instance.bastion",
            "module.wls.module.iam.data.oci_identity_tag_namespaces.wls",
            "module.wls.module.iam.data.oci_identity_tags.wls",
            "module.wls.module.iam.oci_identity_dynamic_group.wlsservers",
            "module.wls.module.iam.oci_identity_policy.wlsdomain",
            "module.wls.module.iam.oci_identity_tag.wls",
            "module.wls.module.iam.oci_identity_tag_namespace.wls",
            "module.wls.module.iam.time_sleep.await_iam_resources",
            "module.wls.module.network.oci_core_network_security_group.adminservers",
            "module.wls.module.network.oci_core_network_security_group.bastion",
            "module.wls.module.network.oci_core_network_security_group.wlsservers",
            "module.wls.module.network.oci_core_subnet.wls",
            "module.wls.module.wlsservers.data.cloudinit_config.wlsservers",
            "module.wls.module.wlsservers.data.oci_core_shapes.wls",
            "module.wls.module.wlsservers.data.oci_identity_fault_domains.all",
            "module.wls.module.wlsservers.oci_core_instance.wlsservers",
            "module.wls.random_string.state_id"
          ]
        },
        {
          "index_key": "testdomain-vms-1",
          "schema_version": 0,
          "attributes": {
            "id": "1513123831633306023",
            "triggers": {
              "expected_node_count": "2"
            }
          },
          "sensitive_attributes": [],
          "dependencies": [
            "data.oci_identity_region_subscriptions.home",
            "module.wls.data.oci_containerengine_node_pool_option.wls",
            "module.wls.data.oci_core_images.bastion",
            "module.wls.data.oci_core_vcn.oke",
            "module.wls.data.oci_identity_availability_domains.all",
            "module.wls.module.bastion.data.cloudinit_config.bastion",
            "module.wls.module.bastion.null_resource.await_cloudinit",
            "module.wls.module.bastion.oci_core_instance.bastion",
            "module.wls.module.iam.data.oci_identity_tag_namespaces.wls",
            "module.wls.module.iam.data.oci_identity_tags.wls",
            "module.wls.module.iam.oci_identity_dynamic_group.wlsservers",
            "module.wls.module.iam.oci_identity_policy.wlsdomain",
            "module.wls.module.iam.oci_identity_tag.wls",
            "module.wls.module.iam.oci_identity_tag_namespace.wls",
            "module.wls.module.iam.time_sleep.await_iam_resources",
            "module.wls.module.network.oci_core_network_security_group.adminservers",
            "module.wls.module.network.oci_core_network_security_group.bastion",
            "module.wls.module.network.oci_core_network_security_group.wlsservers",
            "module.wls.module.network.oci_core_subnet.wls",
            "module.wls.module.wlsservers.data.cloudinit_config.wlsservers",
            "module.wls.module.wlsservers.data.oci_core_shapes.wls",
            "module.wls.module.wlsservers.data.oci_identity_fault_domains.all",
            "module.wls.module.wlsservers.oci_core_instance.wlsservers",
            "module.wls.random_string.state_id"
          ]
        }
      ]
    },
    {
      "module": "module.wls.module.utilities[0]",
      "mode": "managed",
      "type": "null_resource",
      "name": "restore_wls_archives",
      "provider": "provider[\"registry.terraform.io/hashicorp/null\"]",
      "instances": [
        {
          "index_key": "testdomain-vms-0",
          "schema_version": 0,
          "attributes": {
            "id": "8532394065681973752",
            "triggers": null
          },
          "sensitive_attributes": [],
          "dependencies": [
            "data.oci_identity_region_subscriptions.home",
            "module.wls.data.oci_containerengine_node_pool_option.wls",
            "module.wls.data.oci_core_images.bastion",
            "module.wls.data.oci_core_vcn.oke",
            "module.wls.data.oci_identity_availability_domains.all",
            "module.wls.module.bastion.data.cloudinit_config.bastion",
            "module.wls.module.bastion.null_resource.await_cloudinit",
            "module.wls.module.bastion.oci_core_instance.bastion",
            "module.wls.module.iam.data.oci_identity_tag_namespaces.wls",
            "module.wls.module.iam.data.oci_identity_tags.wls",
            "module.wls.module.iam.oci_identity_dynamic_group.wlsservers",
            "module.wls.module.iam.oci_identity_policy.wlsdomain",
            "module.wls.module.iam.oci_identity_tag.wls",
            "module.wls.module.iam.oci_identity_tag_namespace.wls",
            "module.wls.module.iam.time_sleep.await_iam_resources",
            "module.wls.module.network.oci_core_network_security_group.adminservers",
            "module.wls.module.network.oci_core_network_security_group.bastion",
            "module.wls.module.network.oci_core_network_security_group.wlsservers",
            "module.wls.module.network.oci_core_subnet.wls",
            "module.wls.module.utilities.null_resource.await_node_readiness",
            "module.wls.module.wlsservers.data.cloudinit_config.wlsservers",
            "module.wls.module.wlsservers.data.oci_core_shapes.wls",
            "module.wls.module.wlsservers.data.oci_identity_fault_domains.all",
            "module.wls.module.wlsservers.oci_core_instance.wlsservers",
            "module.wls.random_string.state_id"
          ]
        },
        {
          "index_key": "testdomain-vms-1",
          "schema_version": 0,
          "attributes": {
            "id": "7693877678438730587",
            "triggers": null
          },
          "sensitive_attributes": [],
          "dependencies": [
            "data.oci_identity_region_subscriptions.home",
            "module.wls.data.oci_containerengine_node_pool_option.wls",
            "module.wls.data.oci_core_images.bastion",
            "module.wls.data.oci_core_vcn.oke",
            "module.wls.data.oci_identity_availability_domains.all",
            "module.wls.module.bastion.data.cloudinit_config.bastion",
            "module.wls.module.bastion.null_resource.await_cloudinit",
            "module.wls.module.bastion.oci_core_instance.bastion",
            "module.wls.module.iam.data.oci_identity_tag_namespaces.wls",
            "module.wls.module.iam.data.oci_identity_tags.wls",
            "module.wls.module.iam.oci_identity_dynamic_group.wlsservers",
            "module.wls.module.iam.oci_identity_policy.wlsdomain",
            "module.wls.module.iam.oci_identity_tag.wls",
            "module.wls.module.iam.oci_identity_tag_namespace.wls",
            "module.wls.module.iam.time_sleep.await_iam_resources",
            "module.wls.module.network.oci_core_network_security_group.adminservers",
            "module.wls.module.network.oci_core_network_security_group.bastion",
            "module.wls.module.network.oci_core_network_security_group.wlsservers",
            "module.wls.module.network.oci_core_subnet.wls",
            "module.wls.module.utilities.null_resource.await_node_readiness",
            "module.wls.module.wlsservers.data.cloudinit_config.wlsservers",
            "module.wls.module.wlsservers.data.oci_core_shapes.wls",
            "module.wls.module.wlsservers.data.oci_identity_fault_domains.all",
            "module.wls.module.wlsservers.oci_core_instance.wlsservers",
            "module.wls.random_string.state_id"
          ]
        }
      ]
    },
    {
      "module": "module.wls.module.utilities[0]",
      "mode": "managed",
      "type": "null_resource",
      "name": "update_wls_config",
      "provider": "provider[\"registry.terraform.io/hashicorp/null\"]",
      "instances": [
        {
          "index_key": "testdomain-vms-0",
          "schema_version": 0,
          "attributes": {
            "id": "7114117196074645654",
            "triggers": {
              "update_config_commands": "\"#!/usr/bin/env bash\\n# Copyright (c) 2024 Oracle Corporation and/or its affiliates.\\n# Licensed under the Universal Permissive License v 1.0 as shown at https://oss.oracle.com/licenses/upl\\n# shellcheck disable=SC1091\\nset -o pipefail\\n\\n#Domain = /opt/domains/testdomain\\n#user = domain\\n#XPATH map old/new: object oci_host_listen_address\\n\\nLOG_FILE='wls_update_domain_config.log'\\n\\nfunction log(){\\n    timestamp=$(date +'%Y-%m-%d %H:%M:%S')\\n    level=$1\\n    message=$2\\n    echo \\\"$timestamp\\\" [\\\"${level^^}\\\"] \\\"$message\\\" | tee -a \\\"$LOG_FILE\\\"\\n}\\n\\n\\nfunction update_wls_config() {\\n    log \\\"info\\\" \\\"Attempting to update Weblogic Configuration with new hostnames\\\"\\n    \\n        sudo su - domain -c 'grep --include=\\\\*.{xml,properties} -rnl \\\"/opt/domains/testdomain\\\" -e \\\"lakemigcoherence-2.lakewlsprivates.lakevcn.oraclevcn.com\\\"' \\u003e\\u003e \\\"$LOG_FILE\\\" 2\\u003e\\u00261;\\n        sudo su - domain -c 'grep --include=\\\\*.{xml,properties} -rwl \\\"/opt/domains/testdomain\\\" -e \\\"lakemigcoherence-2.lakewlsprivates.lakevcn.oraclevcn.com\\\" | xargs sed -i \\\"s/lakemigcoherence-2.lakewlsprivates.lakevcn.oraclevcn.com/lakemigcoherence-2/g\\\"' \\u003e\\u003e \\\"$LOG_FILE\\\" 2\\u003e\\u00261;\\n    \\n        sudo su - domain -c 'grep --include=\\\\*.{xml,properties} -rnl \\\"/opt/domains/testdomain\\\" -e \\\"lakemigcoherence.lakewlsprivates.lakevcn.oraclevcn.com\\\"' \\u003e\\u003e \\\"$LOG_FILE\\\" 2\\u003e\\u00261;\\n        sudo su - domain -c 'grep --include=\\\\*.{xml,properties} -rwl \\\"/opt/domains/testdomain\\\" -e \\\"lakemigcoherence.lakewlsprivates.lakevcn.oraclevcn.com\\\" | xargs sed -i \\\"s/lakemigcoherence.lakewlsprivates.lakevcn.oraclevcn.com/lakemigcoherence/g\\\"' \\u003e\\u003e \\\"$LOG_FILE\\\" 2\\u003e\\u00261;\\n        log \\\"info\\\" \\\"Weblogic config updated.\\\"\\n}\\n\\n\\ntime update_wls_config || { echo \\\"Error Updating Weblogic configuration. Check logs.\\\" 1\\u003e\\u00262; exit 1; }\""
            }
          },
          "sensitive_attributes": [],
          "dependencies": [
            "data.oci_identity_region_subscriptions.home",
            "module.wls.data.oci_containerengine_node_pool_option.wls",
            "module.wls.data.oci_core_images.bastion",
            "module.wls.data.oci_core_vcn.oke",
            "module.wls.data.oci_identity_availability_domains.all",
            "module.wls.module.bastion.data.cloudinit_config.bastion",
            "module.wls.module.bastion.null_resource.await_cloudinit",
            "module.wls.module.bastion.oci_core_instance.bastion",
            "module.wls.module.iam.data.oci_identity_tag_namespaces.wls",
            "module.wls.module.iam.data.oci_identity_tags.wls",
            "module.wls.module.iam.oci_identity_dynamic_group.wlsservers",
            "module.wls.module.iam.oci_identity_policy.wlsdomain",
            "module.wls.module.iam.oci_identity_tag.wls",
            "module.wls.module.iam.oci_identity_tag_namespace.wls",
            "module.wls.module.iam.time_sleep.await_iam_resources",
            "module.wls.module.network.oci_core_network_security_group.adminservers",
            "module.wls.module.network.oci_core_network_security_group.bastion",
            "module.wls.module.network.oci_core_network_security_group.wlsservers",
            "module.wls.module.network.oci_core_subnet.wls",
            "module.wls.module.utilities.null_resource.await_node_readiness",
            "module.wls.module.utilities.null_resource.restore_wls_archives",
            "module.wls.module.wlsservers.data.cloudinit_config.wlsservers",
            "module.wls.module.wlsservers.data.oci_core_shapes.wls",
            "module.wls.module.wlsservers.data.oci_identity_fault_domains.all",
            "module.wls.module.wlsservers.oci_core_instance.wlsservers",
            "module.wls.random_string.state_id"
          ]
        },
        {
          "index_key": "testdomain-vms-1",
          "schema_version": 0,
          "attributes": {
            "id": "4480736856501437242",
            "triggers": {
              "update_config_commands": "\"#!/usr/bin/env bash\\n# Copyright (c) 2024 Oracle Corporation and/or its affiliates.\\n# Licensed under the Universal Permissive License v 1.0 as shown at https://oss.oracle.com/licenses/upl\\n# shellcheck disable=SC1091\\nset -o pipefail\\n\\n#Domain = /opt/domains/testdomain\\n#user = domain\\n#XPATH map old/new: object oci_host_listen_address\\n\\nLOG_FILE='wls_update_domain_config.log'\\n\\nfunction log(){\\n    timestamp=$(date +'%Y-%m-%d %H:%M:%S')\\n    level=$1\\n    message=$2\\n    echo \\\"$timestamp\\\" [\\\"${level^^}\\\"] \\\"$message\\\" | tee -a \\\"$LOG_FILE\\\"\\n}\\n\\n\\nfunction update_wls_config() {\\n    log \\\"info\\\" \\\"Attempting to update Weblogic Configuration with new hostnames\\\"\\n    \\n        sudo su - domain -c 'grep --include=\\\\*.{xml,properties} -rnl \\\"/opt/domains/testdomain\\\" -e \\\"lakemigcoherence-2.lakewlsprivates.lakevcn.oraclevcn.com\\\"' \\u003e\\u003e \\\"$LOG_FILE\\\" 2\\u003e\\u00261;\\n        sudo su - domain -c 'grep --include=\\\\*.{xml,properties} -rwl \\\"/opt/domains/testdomain\\\" -e \\\"lakemigcoherence-2.lakewlsprivates.lakevcn.oraclevcn.com\\\" | xargs sed -i \\\"s/lakemigcoherence-2.lakewlsprivates.lakevcn.oraclevcn.com/lakemigcoherence-2/g\\\"' \\u003e\\u003e \\\"$LOG_FILE\\\" 2\\u003e\\u00261;\\n    \\n        sudo su - domain -c 'grep --include=\\\\*.{xml,properties} -rnl \\\"/opt/domains/testdomain\\\" -e \\\"lakemigcoherence.lakewlsprivates.lakevcn.oraclevcn.com\\\"' \\u003e\\u003e \\\"$LOG_FILE\\\" 2\\u003e\\u00261;\\n        sudo su - domain -c 'grep --include=\\\\*.{xml,properties} -rwl \\\"/opt/domains/testdomain\\\" -e \\\"lakemigcoherence.lakewlsprivates.lakevcn.oraclevcn.com\\\" | xargs sed -i \\\"s/lakemigcoherence.lakewlsprivates.lakevcn.oraclevcn.com/lakemigcoherence/g\\\"' \\u003e\\u003e \\\"$LOG_FILE\\\" 2\\u003e\\u00261;\\n        log \\\"info\\\" \\\"Weblogic config updated.\\\"\\n}\\n\\n\\ntime update_wls_config || { echo \\\"Error Updating Weblogic configuration. Check logs.\\\" 1\\u003e\\u00262; exit 1; }\""
            }
          },
          "sensitive_attributes": [],
          "dependencies": [
            "data.oci_identity_region_subscriptions.home",
            "module.wls.data.oci_containerengine_node_pool_option.wls",
            "module.wls.data.oci_core_images.bastion",
            "module.wls.data.oci_core_vcn.oke",
            "module.wls.data.oci_identity_availability_domains.all",
            "module.wls.module.bastion.data.cloudinit_config.bastion",
            "module.wls.module.bastion.null_resource.await_cloudinit",
            "module.wls.module.bastion.oci_core_instance.bastion",
            "module.wls.module.iam.data.oci_identity_tag_namespaces.wls",
            "module.wls.module.iam.data.oci_identity_tags.wls",
            "module.wls.module.iam.oci_identity_dynamic_group.wlsservers",
            "module.wls.module.iam.oci_identity_policy.wlsdomain",
            "module.wls.module.iam.oci_identity_tag.wls",
            "module.wls.module.iam.oci_identity_tag_namespace.wls",
            "module.wls.module.iam.time_sleep.await_iam_resources",
            "module.wls.module.network.oci_core_network_security_group.adminservers",
            "module.wls.module.network.oci_core_network_security_group.bastion",
            "module.wls.module.network.oci_core_network_security_group.wlsservers",
            "module.wls.module.network.oci_core_subnet.wls",
            "module.wls.module.utilities.null_resource.await_node_readiness",
            "module.wls.module.utilities.null_resource.restore_wls_archives",
            "module.wls.module.wlsservers.data.cloudinit_config.wlsservers",
            "module.wls.module.wlsservers.data.oci_core_shapes.wls",
            "module.wls.module.wlsservers.data.oci_identity_fault_domains.all",
            "module.wls.module.wlsservers.oci_core_instance.wlsservers",
            "module.wls.random_string.state_id"
          ]
        }
      ]
    },
    {
      "module": "module.wls.module.wlsservers[0]",
      "mode": "data",
      "type": "cloudinit_config",
      "name": "wlsservers",
      "provider": "provider[\"registry.terraform.io/hashicorp/cloudinit\"]",
      "instances": [
        {
          "index_key": "testdomain-vms-0",
          "schema_version": 0,
          "attributes": {
            "base64_encode": true,
            "boundary": "MIMEBOUNDARY",
            "gzip": true,
            "id": "1047360603",
            "part": [
              {
                "content": "#!/usr/bin/env bash\n# example\n#adminserver_ip=\"10.0.0.1\"\n#ca_base64=\"LS0tLS1...LS0tCg==\"\n",
                "content_type": "text/x-shellscript",
                "filename": null,
                "merge_type": "list(append)+dict(no_replace,recurse_list)+str(append)"
              },
              {
                "content": "{\"timezone\":\"Etc/UTC\"}",
                "content_type": "text/cloud-config",
                "filename": "10-timezone.yml",
                "merge_type": null
              },
              {
                "content": "{\"bootcmd\":[\"if [[ -f /usr/libexec/oci-growfs ]]; then /usr/libexec/oci-growfs -y; fi\"],\"growpart\":{\"devices\":[\"/\"],\"ignore_growroot_disabled\":false,\"mode\":\"auto\"},\"resize_rootfs\":true}",
                "content_type": "text/cloud-config",
                "filename": "10-growpart.yml",
                "merge_type": "list(append)+dict(no_replace,recurse_list)+str(append)"
              },
              {
                "content": "{\"packages\":[\"ocifs\"]}",
                "content_type": "text/cloud-config",
                "filename": "10-packages.yml",
                "merge_type": "list(append)+dict(no_replace,recurse_list)+str(append)"
              },
              {
                "content": "{\"users\":[\"default\",{\"gecos\":\"Ilom User\",\"groups\":\"wheel,users,adm,systemd-journal\",\"name\":\"ilom\",\"passwd\":\"dD/kDJqv.yxxg\",\"selinux-user\":\"staff_u\",\"sudo\":[\"ALL=(ALL) NOPASSWD:ALL\"]},{\"name\":\"domain\",\"uid\":1001}]}",
                "content_type": "text/cloud-config",
                "filename": "20-user.yml",
                "merge_type": "list(append)+dict(no_replace,recurse_list)+str(append)"
              },
              {
                "content": "{\"device_aliases\":{\"disk1\":\"/dev/oracleoci/oraclevdb\",\"disk2\":\"/dev/oracleoci/oraclevdc\",\"disk3\":\"/dev/oracleoci/oraclevdd\"},\"disk_setup\":{\"disk1\":{\"layout\":true,\"overwrite\":true,\"table_type\":\"gpt\"},\"disk2\":{\"layout\":true,\"overwrite\":true,\"table_type\":\"gpt\"},\"disk3\":{\"layout\":true,\"overwrite\":true,\"table_type\":\"gpt\"}},\"mounts\":[[\"/dev/oracleoci/oraclevdb\",\"/opt/middleware\",\"xfs\",\"defaults,_netdev,nofail,x-systemd.device-timeout=30s,x-systemd.makefs\",\"0\",\"2\"],[\"/dev/oracleoci/oraclevdc\",\"/opt/jdk\",\"xfs\",\"defaults,_netdev,nofail,x-systemd.device-timeout=30s,x-systemd.makefs\",\"0\",\"2\"],[\"/dev/oracleoci/oraclevdd\",\"/opt/domains\",\"xfs\",\"defaults,_netdev,nofail,x-systemd.device-timeout=30s,x-systemd.makefs\",\"0\",\"2\"]],\"mounts_default_fields\":[\"None\",\"None\",\"auto\",\"defaults,_netdev,nofail\",\"0\",\"2\"]}",
                "content_type": "text/cloud-config",
                "filename": "40-disk-setup.yml",
                "merge_type": "list(append)+dict(no_replace,recurse_list)+str(append)"
              },
              {
                "content": "#!/usr/bin/env bash\n# Copyright (c) 2024 Oracle Corporation and/or its affiliates.\n# Licensed under the Universal Permissive License v 1.0 as shown at https://oss.oracle.com/licenses/upl\n# shellcheck disable=SC1091\nset -o pipefail\n\nfunction log(){\n    timestamp=$(date +'%Y-%m-%d %H:%M:%S')\n    level=$1\n    message=$2\n    echo \"$timestamp\" [\"${level^^}\"] \"$message\"\n}\n\nfunction run_wls_init() { # Initialize wls worker node\n#  if [[ -f /etc/systemd/system/wls-init.service ]]; then\n#    systemctl --no-block enable --now wls-init.service\n#  elif [[ -f /etc/wls/wls-functions.sh ]] \u0026\u0026 [[ -f /etc/wls/wls-install.sh ]]; then\n#    source /etc/wls/wls-functions.sh\n#  else # Retrieve base64-encoded script content from http, e.g. instance metadata\n#    local wls_init_url='http://169.254.169.254/opc/v2/instance/metadata/wls_init_script'\n#    curl --fail -H \"Authorization: Bearer Oracle\" -L0 \"${wls_init_url}\" \\\n#      | base64 --decode \u003e/var/run/wls-init.sh \u0026\u0026 bash /var/run/wls-init.sh\n#  fi\n enabled_weblogic_ports;\n install_required_libraries;\n configure_coherence_ports;\n}\n\nfunction enabled_weblogic_ports(){\n  log \"info\" \"Opening firewalld ports\"\n\n            log \"info\" \"Running firewall-offline-cmd --add-port=8775/tcp\"\n       if ! firewall-offline-cmd --add-port=\"8775\"/tcp ; then\n                 log \"error\" \"Failure opening port 8775\"\n                 FAILURE='true'\n       fi\n            log \"info\" \"Running firewall-offline-cmd --add-port=8776/tcp\"\n       if ! firewall-offline-cmd --add-port=\"8776\"/tcp ; then\n                 log \"error\" \"Failure opening port 8776\"\n                 FAILURE='true'\n       fi\n            log \"info\" \"Running firewall-offline-cmd --add-port=8876/tcp\"\n       if ! firewall-offline-cmd --add-port=\"8876\"/tcp ; then\n                 log \"error\" \"Failure opening port 8876\"\n                 FAILURE='true'\n       fi\n            log \"info\" \"Running firewall-offline-cmd --add-port=9875/tcp\"\n       if ! firewall-offline-cmd --add-port=\"9875\"/tcp ; then\n                 log \"error\" \"Failure opening port 9875\"\n                 FAILURE='true'\n       fi\n            log \"info\" \"Running firewall-offline-cmd --add-port=8675/tcp\"\n       if ! firewall-offline-cmd --add-port=\"8675\"/tcp ; then\n                 log \"error\" \"Failure opening port 8675\"\n                 FAILURE='true'\n       fi\n            log \"info\" \"Running firewall-offline-cmd --add-port=8676/tcp\"\n       if ! firewall-offline-cmd --add-port=\"8676\"/tcp ; then\n                 log \"error\" \"Failure opening port 8676\"\n                 FAILURE='true'\n       fi\n            log \"info\" \"Running firewall-offline-cmd --add-port=9071/tcp\"\n       if ! firewall-offline-cmd --add-port=\"9071\"/tcp ; then\n                 log \"error\" \"Failure opening port 9071\"\n                 FAILURE='true'\n       fi\n            log \"info\" \"Running firewall-offline-cmd --add-port=9072/tcp\"\n       if ! firewall-offline-cmd --add-port=\"9072\"/tcp ; then\n                 log \"error\" \"Failure opening port 9072\"\n                 FAILURE='true'\n       fi\n     }\n\nfunction install_required_libraries() {\n  os_version=$(grep ^VERSION= /etc/os-release | cut -d'\"' -f2 | cut -d\".\" -f1)\n  if [[ \"$os_version\" == \"7\" ]]; then\n      log \"info\" \"Installing compat-libstdc++-33\"\n      if ! yum install -y  compat-libstdc++-33 ; then\n          log \"error\" \"Failed to install compat-libstdc++-33\"\n          FAILURE='true'\n      fi\n  fi\n}\n\nfunction configure_coherence_ports() {\n  log \"info\" \"Opening Coherence fixed ports 32768-60999 tcp and udp\"\n  log \"info\" \"Running firewall-offline-cmd --add-port=32768-60999/tcp\"\n  if ! firewall-offline-cmd --add-port=32768-60999/tcp ; then\n      log \"error\" \"Failure opening tcp ports 32768-60999\"\n      FAILURE='true'\n  fi\n  log \"info\" \"Running firewall-offline-cmd --add-port=32768-60999/udp\"\n  if ! firewall-offline-cmd --add-port=32768-60999/udp ; then\n      log \"error\" \"Failure opening udp ports 32768-60999\"\n      FAILURE='true'\n  fi\n\n  log \"info\" \"Opening Coherence fixed tcp port 7\"\n  log \"info\" \"Running firewall-offline-cmd --add-port=7/tcp\"\n  if ! firewall-offline-cmd --add-port=7/tcp ; then\n      log \"error\" \"Failure opening tcp ports 7\"\n      FAILURE='true'\n  fi\n\n  log \"info\" \"Restarting firewalld\"\n  if ! systemctl restart firewalld ; then\n      log \"error\" \"Failed restarting firewalld\"\n      FAILURE='true'\n  fi\n\n  log \"info\" \"Restarting firewalld\"\n  if ! systemctl restart firewalld ; then\n      log \"error\" \"Failed restarting firewalld\"\n      FAILURE='true'\n  fi\n}\n\n\n\ntime run_wls_init || { echo \"Error in wls startup\" 1\u003e\u00262; exit 1; }",
                "content_type": "text/x-shellscript",
                "filename": "60-wls-network.sh",
                "merge_type": "list(append)+dict(no_replace,recurse_list)+str(append)"
              },
              {
                "content": "#!/usr/bin/env bash\n# Copyright (c) 2024 Oracle Corporation and/or its affiliates.\n# Licensed under the Universal Permissive License v 1.0 as shown at https://oss.domain.com/licenses/upl\n# shellcheck disable=SC1091 # Ignore unresolved file path present on base images\n\nset -o pipefail\n\n#Required vars\n# 1001\n# 1001\n# SSH_PUB_KEY\n# $user\n# $group\n\nFAILURE='false'\n\nGROUP_ID=1001\nUSER_UID=1001\nSSH_PUB_KEY=\"ssh-ed25519 AAAAC3NzaC1lZDI1NTE5AAAAIBWGynOU6M+ioXE8uE0wK583k9Hj3Ol06vd5fpXmGAk/ mia@maquito\n\"\n\nfunction log(){\n    timestamp=$(date +'%Y-%m-%d %H:%M:%S')\n    level=$1\n    message=$2\n    echo \"$timestamp\" [\"${level^^}\"] \"$message\"\n}\n\nfunction change_gid() {\n    new_gid=$1\n    used_by=$2\n    old_gid=$(grep ^\"$used_by\": /etc/group | cut -d \":\" -f 3)\n    log \"info\" \"Running groupmod -g $new_gid $used_by\"\n\n    if ! groupmod -g \"$new_gid\" \"$used_by\" ; then\n        log \"error\" \"Could not change GID for group $used_by\"\n        return 1\n    fi\n    log \"info\" \"Changing ownership of all files owned by group $used_by to new GID $new_gid\"\n    log \"info\" \"Running find / -path /sys -prune -o -path /proc -prune -o -group $old_gid -exec chgrp -h $used_by {} \\;\"\n\n    # the following convoluted and (apparently) superflous line of code is used to mitigate false\n    # failures caused by some temporary files found by find that are deleted before find stats them\n    # GitLab issue #12\n    if ! find / -path /sys -prune -o -path /proc -prune -o -group \"$old_gid\" -print0 |  xargs -0 -i bash -c \"if test -e {}; then chgrp -h $used_by {}; fi\" ; then\n        log \"error\" \"Could not change ownership of all files owned by group $used_by to new GID $new_gid\"\n        return 1\n    fi\n    return 0\n}\n\nfunction shift_gid() {\n    gid=$1\n    used_by=$(grep \"$gid\" /etc/group | cut -d \":\" -f 1)\n    new_gid=$gid\n    available=0\n    while [[ $available -eq 0 ]]; do\n        new_gid=$((new_gid+1));\n        if ! grep -q $new_gid /etc/group; then\n            log \"info\" \"GID $new_gid is available - changing GID for group $used_by\"\n            available=1\n        fi\n    done\n    change_gid \"$new_gid\" \"$used_by\"\n}\n\nfunction change_group_id() {\n    group_name=$1\n    group_gid=$2\n    log \"info\" \"Checking if GID $group_gid is used by a different group\"\n    if grep -q \"$group_gid\" /etc/group; then\n        used_by=$(grep \"$group_gid\" /etc/group | cut -d \":\" -f 1)\n        log \"warn\" \"GID $group_gid is already used by $used_by - shifting GIDs\"\n        if ! shift_gid \"$group_gid\"; then\n            log \"error\" \"Could not shift GID of group $used_by\"\n            log \"error\" \"Failed changing $group_name GID to $group_gid\"\n            return 1\n        else\n            log \"info\" \"Successfully shifted $used_by GID\"\n            log \"info\" \"Changing $group_name GID to $group_gid\"\n        fi\n    else\n        log \"info\" \"GID $group_gid is available - changing $group_name GID to $group_gid\"\n    fi\n    if ! change_gid \"$group_gid\" \"$group_name\"; then\n        log \"error\" \"Failure encountered when trying to change $group_name GID to $group_gid\"\n        return 1\n    fi\n    return 0\n}\n\nfunction create_group() {\n    group_name=$1\n    group_gid=$2\n    log \"info\" \"Checking if GID $group_gid is used by a different group\"\n    if grep -q \"$group_gid\" /etc/group; then\n        used_by=$(grep \"$group_gid\" /etc/group | cut -d \":\" -f 1)\n        log \"warn\" \"GID $group_gid is already used by $used_by - shifting GIDs\"\n        if ! shift_gid \"$group_gid\"; then\n            log \"error\" \"Could not shift GID of group $used_by\"\n            log \"error\" \"Failed creating group $group_name with GID $group_gid\"\n            return 1\n        else\n            log \"info\" \"Successfully shifted $used_by GID\"\n        fi\n    else\n        log \"info\" \"GID $group_gid not used by another group\"\n    fi\n    log \"info\" \"Creating $group_name with GID $group_gid\"\n    log \"info\" \"Running groupadd $group_name -g $group_gid\"\n    if ! groupadd \"$group_name\" -g \"$group_gid\" ; then\n        log \"error\" \"Could not create group $group_name with GID $group_gid\"\n        return 1\n    fi\n    log \"info\" \"Created group $group_name with GID $group_gid\"\n    return 0\n}\n\nfunction change_uid() {\n    new_uid=$1\n    used_by=$2\n    old_uid=$(grep ^\"$used_by\": /etc/passwd | cut -d \":\" -f 3)\n    log \"info\" \"Running usermod -u $new_uid $used_by\"\n\n    if ! usermod -u \"$new_uid\" \"$used_by\" ; then\n        log \"error\" \"Could not change UID for user $used_by\"\n        return 1\n    fi\n    log \"info\" \"Changing ownership of all files owned by user $used_by to new UID $new_uid\"\n    log \"info\" \"Running find / -path /sys -prune -o -path /proc -prune -o -user $old_uid -exec chown -h $used_by {} \\;\"\n    # the following convoluted and (apparently) superflous line of code is used to mitigate false\n    # failures caused by some temporary files found by find that are deleted before find stats them\n    # GitLab issue #12\n    if ! find / -path /sys -prune -o -path /proc -prune -o -user \"$old_uid\" -print0 | xargs -0 -i bash -c \"if test -e {}; then chown -h $used_by {}; fi\" ; then\n        log \"error\" \"Could not change ownership of all files owned by user $used_by to new UID $new_uid\"\n        return 1\n    fi\n    return 0\n}\n\nfunction shift_uid() {\n    uid=$1\n    used_by=$(id -u \"$user_id\" -n)\n    new_uid=$uid\n    available=0\n    while [[ $available -eq 0 ]]; do\n        new_uid=$((new_uid+1));\n        if ! id -u \"$new_uid\" -n \u003e /dev/null 2\u003e\u00261; then\n            log \"info\" \"UID $new_uid is available - changing UID for user $used_by\"\n            available=1\n        fi\n    done\n    change_uid \"$new_uid\" \"$used_by\"\n}\n\nfunction change_user_id() {\n    user_name=$1\n    user_id=$2\n    log \"info\" \"Checking if UID $user_id is used by another user\"\n    if id \"$user_id\" \u003e /dev/null 2\u003e\u00261; then\n        used_by=$(id -u \"$user_id\" -n)\n        log \"warn\" \"UID $user_id used by user $used_by - shifting UIDs\"\n        if ! shift_uid \"$user_id\"; then\n            log \"error\" \"Failures encountered when trying to shift UID\"\n            return 1\n        else\n            log \"info\" \"Successfully shifted user $used_by UID\"\n            log \"info\" \"Changing $user_name UID to $user_id\"\n        fi\n    else\n        log \"info\" \"UID $user_id not used by any other user\"\n    fi\n    log \"info\" \"Changing user $user_name UID to $user_id\"\n    if ! change_uid \"$user_id\" \"$user_name\"; then\n        log \"error\" \"Encountered failures when trying to change user $user_name UID to $user_id\"\n        return 1\n    fi\n    log \"info\" \"Successfully changed user $user_name UID to $user_id\"\n    return 0\n}\n\nfunction create_user() {\n    user_name=$1\n    user_id=$2\n    log \"info\" \"Checking if UID $user_id is used by a another user\"\n    if id \"$user_id\" \u003e /dev/null 2\u003e\u00261; then\n        used_by=$(id -u \"$user_id\" -n)\n        log \"warn\" \"UID $user_id is already used by $used_by - shifting UIDs\"\n        if ! shift_uid \"$user_id\"; then\n            log \"error\" \"Could not shift UID of user $used_by\"\n            return 1\n        else\n            log \"info\" \"Successfully shifted $used_by UID\"\n        fi\n    else\n        log \"info\" \"GID $user_id not used by another user\"\n    fi\n    log \"info\" \"Creating $user_name with UID $user_id\"\n    log \"info\" \"Running useradd -u $user_id $user_name\"\n    if ! useradd -u \"$user_id\" \"$user_name\" ; then\n        log \"error\" \"Could not create user $user_name with UID $user_id\"\n        return 1\n    fi\n    log \"info\" \"Created user $user_name with UID $user_id\"\n    return 0\n}\n\nfunction myexit() {\n    if [[ $FAILURE == 'true' ]]; then\n        echo \"Error restoring wls archives during startup\" 1\u003e\u00262;\n        exit 1\n    else\n        echo \"User setup SUCCESS\" 1\u003e\u00262;\n        exit 0\n    fi\n}\n\n#INIT PROGRAM\n\nif [[ -z \"$GROUP_ID\" ]] || [[ \"z$GROUP_ID\" == \"z\" ]]; then\n    log \"error\" \"GROUP_ID has invalid value: [$GROUP_ID]\"\n    FAILURE='true'\n    myexit\nfi\n\nif [[ -z \"$USER_UID\" ]] || [[ \"z$USER_UID\" == \"z\" ]]; then\n    log \"error\" \"USER_UID has invalid value: [$USER_UID]\"\n    FAILURE='true'\n    myexit\nfi\n\n\nlog \"info\" \"Verifying domain group exists and has proper GID\"\nif grep -q domain /etc/group; then\n    log \"info\" \"domain group exists - checking GID\"\n    if grep domain /etc/group | grep -q \"$GROUP_ID\"; then\n        log \"info\" \"domain has proper GID\"\n    else\n        log \"info\" \"domain exists, but has different GID than on-prem - changing GID\"\n        if ! change_group_id \"domain\" \"$GROUP_ID\"; then\n            FAILURE='true'\n            myexit\n        fi\n    fi\nelse\n    log \"info\" \"domain does not exist - creating with GID $GROUP_ID\"\n    if ! create_group  \"domain\" \"$GROUP_ID\"; then\n        FAILURE='true'\n        myexit\n    fi\nfi\n\nis_domain_valid=\"true\"\nlog \"info\" \"Verifying domain user exists and has proper UID\"\nif grep -q ^domain: /etc/passwd; then\n    log \"info\" \"domain user exists - checking UID\"\n    is_domain_uid=$(grep ^domain: /etc/passwd | cut -d \":\" -f 3)\n    if [[ \"$is_domain_uid\" == \"$USER_UID\" ]]; then\n        log \"info\" \"domain user has proper UID ($USER_UID)\"\n    else\n        log \"warn\" \"domain user has different UID - changing\"\n        if ! change_user_id \"domain\" \"$USER_UID\"; then\n            FAILURE='true'\n            is_domain_valid=\"false\"\n            myexit\n        fi\n    fi\nelse\n    log \"info\" \"User domain does not exist - creating with UID $USER_UID\"\n    if ! create_user \"domain\" \"$USER_UID\"; then\n        FAILURE='true'\n        is_domain_valid=\"false\"\n        myexit\n    fi\nfi\n\nif [[ \"$is_domain_valid\" == \"true\" ]]; then\n    log \"info\" \"Making sure user domain has the proper groups associated\"\n    log \"info\" \"Running usermod domain -g domain domain\"\n    if ! usermod -g domain domain ; then\n        FAILURE='true'\n        log \"error\" \"Failed to associate proper groups to domain user\"\n        myexit\n    else\n        log \"info\" \"Proper groups associated to user domain\"\n    fi\nfi\n\nlog \"info\" \"Creating /home/domain/.ssh directory\"\nif ! mkdir -p /home/domain/.ssh ; then\n    log \"error\" \"Failed creating /home/domain/.ssh directory\"\n    FAILURE='true'\n    myexit\nelse\n    log \"info\" \"Adding ssh public key to 'domain' authorized hosts\"\n    echo \"$SSH_PUB_KEY\" \u003e\u003e /home/domain/.ssh/authorized_keys\nfi\n\nlog \"info\" \"Setting .ssh directory and contents correct permissions\"\nchown -R domain:domain /home/domain/.ssh\nchmod 700 /home/domain/.ssh\nchmod 600 /home/domain/.ssh/authorized_keys\n",
                "content_type": "text/x-shellscript",
                "filename": "65-user-change-id.yml",
                "merge_type": "list(append)+dict(no_replace,recurse_list)+str(append)"
              },
              {
                "content": "#!/usr/bin/env bash\n# Copyright (c) 2024 Oracle Corporation and/or its affiliates.\n# Licensed under the Universal Permissive License v 1.0 as shown at https://oss.oracle.com/licenses/upl\n# shellcheck disable=SC1091\nset -o pipefail\n\n#TEMP_MOUNT_POINT=/home/domain/oss\n#BUCKET_NAME=testdomain\n#USER=domain\n\nfunction log(){\n    timestamp=$(date +'%Y-%m-%d %H:%M:%S')\n    level=$1\n    message=$2\n#    echo \"$timestamp\" [\"${level^^}\"] \"$$message\" | tee -a \"$LOG_FILE\"\n    echo \"$timestamp\" [\"${level^^}\"] \"$message\"\n}\n\n\nfunction configure_ocifs(){\n  log \"info\" \"Checking if ocifs is installed\"\n  log \"info\" \"Running rpm -qa | grep -q ocifs\"\n  if ! rpm -qa | grep -i ocifs; then\n      log \"error\" \"ocifs is not installed - will not mount OCI Object Storage systems\"\n      FAILURE='true'\n  else\n      log \"info\" \"OCIFS installed - configuring mount point OCI file systems\"\n      su -c 'mkdir -p /home/domain/oss' - domain\n      if ! su -c '/usr/bin/ocifs --auth=instance_principal testdomain /home/domain/oss' - domain ; then\n          log \"error\" \"Failed to mount OCI OSS bucket\"\n          FAILURE='true'\n      fi\n  fi\n}\n\ntime configure_ocifs || { echo \"Error configuring ocifs in startup\" 1\u003e\u00262; exit 1; }\n\nfunction restore_archives() {\n    log \"info\" \"Attemting to restore archives...\"\n    chown -R domain:domain /opt/domains\n    chown -R domain:domain /opt/middleware\n    chown -R domain:domain /opt/jdk\n}\n\n\ntime restore_archives || { echo \"Error restoring wls archives during startup\" 1\u003e\u00262; exit 1; }",
                "content_type": "text/x-shellscript",
                "filename": "70-wls-restore.sh",
                "merge_type": "list(append)+dict(no_replace,recurse_list)+str(append)"
              }
            ],
            "rendered": "H4sIAAAAAAAA/+x8a3PbNrPwd87kP2xhp7Ynoi5OYyfKKPO6jpv6rS8ZO+rTnjyuBiKXEmqSYABQsuL4v58BeBEpUbJ8SU4z0+SDTXKx913sLkHv81BhqOwPkwjbEMS+YhEVqhGwK3RfQ5/HoUvFpEOOD48Pfj7tnrzdO/uTWPrK/h2FZDxsQ6vefGI9sWy7CPTEynELGkoPhX0QOtxl4aANu32mCgCGuMIr1biy5RB9XzqCReqJdcwCnKHzh32MYoDpIp9JtUmjCEN365nLHLUZ8p7AyKcO1gQ6sZDY00Bbz6QSGaTmdu2HRixFo8/CBoYj6FM5tNYAr2gQ+WitUTdgoUQxQtFjUYe0mnX9v0WsNYf2+lTizk8dcnTeVEfnrXq9rn/bH3Q6ZIki3jIZccmUEYYqRZ1hgKF6DR7zMaQBajK2YgF+5iHWJ4FP7qdFx+exazs89NigUolPrGuS0SFtcqCcRvfDPrl5KO8Dwcfaf74m74/lANekz7lyApe0PxLmwcePYHtgnMJnfbxCp8EdZkTyJFxcvAY1xHAhgD3RuiAXNZIpgbSviYsj5qDUJBr6GRuEXGBPgwjOVc9lkvZ9dEnbo77EGgm4qy1CY8XJTY0IlOwz9jSsJ0lbiRgfbKSIOpd0gPL7MFLGrVYhd5gnycXDNLDdtGOJ4vuQXnNqRHfRo7GvSO2aDNDhkrTJoc8D6EoUxPhcHOmb4yGiXzPLatQNanIiFQau/TePRUh9UiNaC6RNmM8DUiMRlXLskjZx3zYu3/7/T6P65OpqQGpEos/C+MroirSJVNTzerF+ELtcc7R3dNTZ3Ds62oKT0/d75+f/edveOzoiFze164yGywPKQlIjMXNJu9Vstm4eaLyfmrbL5KUtUcXR92HCJAX0qM+o1G58TbQELdImDRdHDS6o4yN3WPrbyO2TmgHZXgzipCDPF4O4On1omJ7RVYHuNfHphMcqSSc1wkcoxoIpzG4onZJ6ahJpGw4ilWHafsDa5/dae6MTYhwqHQIfl+mrwSNdtLiuj2MqkNTIlSe1kpKwkbVeiMrFUS3kHmV+7cpOA6OemMfsujxWnedNWXgY0Es0eJqkRrbJRW0hE07GxN/u5ben7mbUk4iTX4uDi8wevRRxz2PouyZDnehaopb9MBvYQvpTjA9LBztNe+xLO0Q15uKyLof3TAf/12XnPo8mgg2GCjadLdhubv8Ep8a0sM9FxAXVSgAaug0ugCkJ1POYz6hCWbfW4Ig5GEp0IQ5dFLpOgW7IRigk9eE9ioBJyUaYwcFIywRUghzycQhUwVCpSLYbDS5lPXGqusODhp8skI048q01MEpyhuhcQlq4dM73W81XLUuiAptDxCLU9rUsLw4dw7TPB5tb1xYAgPYxqWgQddY3XaoQnm08/dN+GthPXXj6a/vpcfvp+caWAfVxhH5nvWUuApSSDrCzvm0u0RlyIOs5NgIfyfq1WfHXXzfkAsh6uoJYNwVORBz2xr7ssZCpzS24hjU4DJli1GefEca+BO1EKCDkLlprANOiEJXTSGMi/dnQfqcx1XWTwBzMK0S9EiCBcpQPth1yu+9z5xIw1Dozd8Ywi0CvQ79Mc+xLQyiTQdblEC4u4Mcfq6BYKBX1/QSmxAyPhYOLUSakJcIanKESDEcISYtjow4edCEJDXCS2AFP8MA4TQ2wPqiDIR06CAEq6lJFE8I+d6gPmdJ7sfA7G3pVu9Fo7byqb7/4qZ7+bPDIaYy2GxmiRoaoka9OWNhIMDux0KrVzgb2r0D2YjXkgn2mSbr4GalAkQYRAfuoCWT9usjIDYH/JqgAvqTSgm27qOWFN40RFQ0RhwU7D7XadcBC1UONy2NWamO3N8a+zwfM6UVcKPnagtQ6PYGfYibQ7fmsL6hgqB8mlUgssOfwIQoMHcwWFl24GnkSXz4fAGGhxwmQ0whDFg7AYwLH1PddMIDEsqDwr7jiLA5LK2zueT4L0XYCF2ybuq6tUXRe7u6+aCgnIhkm5sEPt64iehnR6yD1S5j9Z5hBIbggQH6hzI8FAk/l0EjA4Jhf+Mve4VH37KCzoYuIjey5NsXDRd25n6g7jyDqzjcV9eX9RH35CKK+/Laivnp5LwfWyx4qqsHxLa26c79Y3XmEWN355qLey4F3HsGBd76xAzd3W/dx4OZu68EOrHF8W1G37yfq9iOIun1nUYtb9eLtXteeFgCXvVHSYnTWNwcCI/jr94Oz88PTk05SqXFpC/SRSoQv4MQKbHeDbIDtbefXpE7A9lq6Zk4KR7I+RUug0wGyS6bF4LwlDhMutdgODyKqbJ/1pXKdZ8/s588zBRi1T+IgEwrsCVTBz+t7TtHoguI5niU0F2rbKNtjpbpoYfmU6rqqNtrPIMFjV5hWSPB8e3fnpb3TfPXqFWgPoqELsWs88D4eXECXOfJKPjyzDuYNuMh7NfScKJlS5xRqlPlQwVL93Fmw2L2LYBr6ToKtaPdMYbB7XyPv3sm0u/c26O4dpD3TvbFQpSYgZ3HanIoErNAoLGcM3WzJHObvjrEby7IsxQIsTQbgyxe4TmcMB5oAsNAMBwzyOCLQevPj9mvAK6ag9RoeOMB6YQbstjOk4QBt5j5gpv3vEKswxEoGoXcaYsEaHJrXcxCHAiX3R+gaU0FE1RAigRJDBTw00wJgAR2gtOZHX2tn6ZYPIyqktQatZrM1/XF+/mvvfffn3m8Hf1prsK7Nr3+aNziWlTuqeR+4YVnvzk6773uHbztmeff84KzXza4KqDpEyqGN7vaLF61XsLe3t7f//OQz3W/5//P2sHXy4eCFvnf483/eTcLT7s7xM8b/OHgZHzTHv714+fzy1a9/Pz/1mzsj94UX/RG827tsQMDo/wvop5gpbpF/5EQviZregLnpPg8Q4lhfZ4RiiW6vP8kIcd9NnqYFF1lPAUg7qbmMFfLyCkhb11fwPBWhYm8wCwLugj2A9ZQ45FiTeYtJbUVAkkESmHIwWzyVUtw+j30XQq5SmeHd4VvwuEjQFghmqwWqWISQaCGtT4v872s0WgA+DlHIIYuAe6BrMu3x0tx2oT+ZIaCLtxDHhnwuxELleCx0oQG2iZ+GnEiwIxGHqOMlvRkJ7hTvpuRSQ4GNV+iAMxyICOzhlI3rG/jv61S9ayZXeNz3+TgpZMMR92OFrqnedOKiAkPlT7ZAxhEKz+exBL03a5nNvI9J4ypavIApNtC+bCIwpeAlm7IEhxq4/gQkDxAUBjqziUmqNo/HoXlqRFdDqoAKBBd91Pz00dP5xTyUiiqpWQ9SGu+YOqJ9YFLGCGutbavQ8dxTjyRTJNHPWKia8AXgioqBBLsJNkvmmbYDhHmgUCqwEa5v0rMOVXo3pxzu5quP5WKL/Dq91yzlBjlkniqlhqq0kOQBsm5UtCQDtLbK2WXAXHODjijzzR7SNNfjod4vPn6E9fwJ2PgJmqYJc3kuR45pczP99Vlra+t1/jzNGRiB/WmaWKYcVnS2xQgsKk87d4GbxCo6UG7LIWUBW/n9VO0uD5PwmKbh6sxWmbM1zV7ROuaGqYpSIyV3jJK2K/IXOpdaCOYlnpJD57HcnwAFl3meLvdVgo5kQZWplkwXksXqnfeXqkWLvCbnfUxFmBmnxC/1BVJ3kvOdx4Kd+HFqLUnK/pH7eImjRa4xH59mvVEf95Z6QVW5nbvR+tR0BpfiBenKeErRa3b+LMVWOfF57DgopRf7/iThFad7qyZVweTs9rYic6lLl9iZi6eyyaoiagVqKSVjv1LgFFyKFPDMmrOyV8TQ4XGoUBedY525lZiY3pFnOXhFPaycXh2BVKVh/G8Mf7cxrK2Yl7ElJxkzNZyxyjeK5TvGolZC7ishV0MURT+pqn0zqVeSd2HVT123hMEezK2dVv4auBTWSR9Q8MEVSyoTd3e1163dgMHq3gVtdVZIElo805DFSxuyeFlDlpxPvEtHphtq02fFSQUUL2jICnAkA7x/P9ZNaymN9Wu2YyX8Wanczaq9+JG7sYRaaqS8GePjsKoZg397sSVaJJkai63YHTqxeaV/hU5sRe+6U6WQbHDFlFCVDjZZGomahZ7RUrhVTiDxY/Rc8bTniit7LjabEewQ3oA5dxnGvg/bb35s3dJ8FRW2sFS8JWHA3XqvOO+94tt7r1TFU3vo62LVlgLcVrMZOVPYUsWW7sLm6HgWOYbB3Li3aHQFt4CZgqzETMZJ2Z8LhVh3USEWl/i8rQz7JUtFSwrwpEDrznYrj1A+laWbo1DdD+XGNubTbUAm7MoFWEnV5fJrArOmX7bZ5QIs46jYKZWtk/16a5t0ULBOvntU90krsbQo/y20WILcXQ37sn5LA369uP0HRO6KjdQjxe9sG9VN2qglOfkxu57unbue6qBbJeTylmfqfKa0Lyp/cemoAXQHo2vqjIdC7JWL6hRwQZzerc+ZDZgFPK8SkFmPsyLKyigMJniVHB7PRNZlR/rODjodSN4vz564gdL7ZIFScaHVOvYlUOEM2QgluLG5V37NPEVgXjfPu0iCuKtlMt/5wHl3f//g/LxyfTPTzY1lrR2eHH6A92en7872ji0rPXf+Gch69saRwMUFfPlijhV9LtztdIB8njlVVLJiBgpDKoGFI+ozF0bUj7ENH3NEF4meK874JFq2PFZiK3v1WWZrevdWtjLQaraypyuxZRUd63cUzDPbSPLSOe2i8YpJJU3bowlGgkcokklHYXaVLqmcWhWJVKHW1WSa1fMBSoZ6Di98KczLcmNWBWOZ4izvS5NUuibhrwb9WJn10wGeGT0OaQg8tCOBwczriJmUPvOuIMNPlkiwwHbZv9SGM0nXY1YuUoU4LkdpkpKRS7OcZdPpdCTnp1CzFEaksArvC/gu8OyxJCpkL8HWM07cIXoBWe6UJu1V+2R3xif/SpaUJjDL3bKIvOCV+QY3Zbg47Kkgs2jQk51uLCFKYr6UGG73Z8NqWXjYzHFsLXLwtFaZRTL1bI1n6szVjpxtnQVfyJm/mx/PeYAZkJAH+LrZQlZzeLNZ5ozPOXwy7rhdxAXi3SZaRTjMOYdZmbiHCY2KXSEV+5gaT5WxSIuNQtpTQ8y8JPm+GqiU3GG6jFheKwXczRDZg6lWjUYqJpAzILMl0gJFLThbm/M4w7vixVRQqc+Fef39Ai1opAWtkaJVKsvPxpAHmH6l2qhLOQSXCXQUFxOTgn6A4NJlAuyoAnTRxj77MmMpkQUKTbVQGRp7rmt8RA4hivs+c+ASzXRsI6GxATT9+gxdGHKp0tYkPdZUOKVF4M2befYa0+W9S5zIOfWdozKClWUxaTz9IE+Cw4W+D1F6Uo6Hkljp2PAstU87qwpmObCcoXbE3WZz4bOdqmdznD/oMORu8jVvUh/jv1/z/nO+5l37cHD8vnd82j350Ht/enjyoVNyBS6ltfZzd/+3gw+9k73jg45CqZJn1ppO/5304msdIlyD1U4R5scI4QsoRLApkPWj03e9Xw6PDkpBu+pZxKpvEMyfKZn/KLM4gjEgwGT2JUSyoVRtJyIKwP5EC+V78ldQsiPTs89Z8nzxaemctN7gc/Jgw5j5vrlpPvGH0/1DOO3/rXPKueKCDjA9ni0XHqou7B+lk/f7h7+cl0hlutICJtQizlKa5sTtDCUZg+3ARvXewKXcADtNcVah6kpX5SGaSG7bOml1sg+Ne5FgocMi6sPUa5cQWPkbl4IWz8+hHzuXqO7ycYs5mT7jVPOH04uaTC0bLjyqXvwYPkmyvWz8kM80ShufUhiodECarsgHFvV6naSvIKo3mcLfo7gVbvqnO24F/du9NIGXnNyfEWNeQXeZtiw+1G/bT6z/DQAA///iYpTXLE0AAA=="
          },
          "sensitive_attributes": []
        },
        {
          "index_key": "testdomain-vms-1",
          "schema_version": 0,
          "attributes": {
            "base64_encode": true,
            "boundary": "MIMEBOUNDARY",
            "gzip": true,
            "id": "425800136",
            "part": [
              {
                "content": "#!/usr/bin/env bash\n# example\n#adminserver_ip=\"10.0.0.1\"\n#ca_base64=\"LS0tLS1...LS0tCg==\"\n",
                "content_type": "text/x-shellscript",
                "filename": null,
                "merge_type": "list(append)+dict(no_replace,recurse_list)+str(append)"
              },
              {
                "content": "{\"timezone\":\"Etc/UTC\"}",
                "content_type": "text/cloud-config",
                "filename": "10-timezone.yml",
                "merge_type": null
              },
              {
                "content": "{\"bootcmd\":[\"if [[ -f /usr/libexec/oci-growfs ]]; then /usr/libexec/oci-growfs -y; fi\"],\"growpart\":{\"devices\":[\"/\"],\"ignore_growroot_disabled\":false,\"mode\":\"auto\"},\"resize_rootfs\":true}",
                "content_type": "text/cloud-config",
                "filename": "10-growpart.yml",
                "merge_type": "list(append)+dict(no_replace,recurse_list)+str(append)"
              },
              {
                "content": "{\"packages\":[\"ocifs\"]}",
                "content_type": "text/cloud-config",
                "filename": "10-packages.yml",
                "merge_type": "list(append)+dict(no_replace,recurse_list)+str(append)"
              },
              {
                "content": "{\"users\":[\"default\",{\"gecos\":\"Ilom User\",\"groups\":\"wheel,users,adm,systemd-journal\",\"name\":\"ilom\",\"passwd\":\"dD/kDJqv.yxxg\",\"selinux-user\":\"staff_u\",\"sudo\":[\"ALL=(ALL) NOPASSWD:ALL\"]},{\"name\":\"domain\",\"uid\":1001}]}",
                "content_type": "text/cloud-config",
                "filename": "20-user.yml",
                "merge_type": "list(append)+dict(no_replace,recurse_list)+str(append)"
              },
              {
                "content": "{\"device_aliases\":{\"disk1\":\"/dev/oracleoci/oraclevdb\",\"disk2\":\"/dev/oracleoci/oraclevdc\",\"disk3\":\"/dev/oracleoci/oraclevdd\"},\"disk_setup\":{\"disk1\":{\"layout\":true,\"overwrite\":true,\"table_type\":\"gpt\"},\"disk2\":{\"layout\":true,\"overwrite\":true,\"table_type\":\"gpt\"},\"disk3\":{\"layout\":true,\"overwrite\":true,\"table_type\":\"gpt\"}},\"mounts\":[[\"/dev/oracleoci/oraclevdb\",\"/opt/middleware\",\"xfs\",\"defaults,_netdev,nofail,x-systemd.device-timeout=30s,x-systemd.makefs\",\"0\",\"2\"],[\"/dev/oracleoci/oraclevdc\",\"/opt/jdk\",\"xfs\",\"defaults,_netdev,nofail,x-systemd.device-timeout=30s,x-systemd.makefs\",\"0\",\"2\"],[\"/dev/oracleoci/oraclevdd\",\"/opt/domains\",\"xfs\",\"defaults,_netdev,nofail,x-systemd.device-timeout=30s,x-systemd.makefs\",\"0\",\"2\"]],\"mounts_default_fields\":[\"None\",\"None\",\"auto\",\"defaults,_netdev,nofail\",\"0\",\"2\"]}",
                "content_type": "text/cloud-config",
                "filename": "40-disk-setup.yml",
                "merge_type": "list(append)+dict(no_replace,recurse_list)+str(append)"
              },
              {
                "content": "#!/usr/bin/env bash\n# Copyright (c) 2024 Oracle Corporation and/or its affiliates.\n# Licensed under the Universal Permissive License v 1.0 as shown at https://oss.oracle.com/licenses/upl\n# shellcheck disable=SC1091\nset -o pipefail\n\nfunction log(){\n    timestamp=$(date +'%Y-%m-%d %H:%M:%S')\n    level=$1\n    message=$2\n    echo \"$timestamp\" [\"${level^^}\"] \"$message\"\n}\n\nfunction run_wls_init() { # Initialize wls worker node\n#  if [[ -f /etc/systemd/system/wls-init.service ]]; then\n#    systemctl --no-block enable --now wls-init.service\n#  elif [[ -f /etc/wls/wls-functions.sh ]] \u0026\u0026 [[ -f /etc/wls/wls-install.sh ]]; then\n#    source /etc/wls/wls-functions.sh\n#  else # Retrieve base64-encoded script content from http, e.g. instance metadata\n#    local wls_init_url='http://169.254.169.254/opc/v2/instance/metadata/wls_init_script'\n#    curl --fail -H \"Authorization: Bearer Oracle\" -L0 \"${wls_init_url}\" \\\n#      | base64 --decode \u003e/var/run/wls-init.sh \u0026\u0026 bash /var/run/wls-init.sh\n#  fi\n enabled_weblogic_ports;\n install_required_libraries;\n configure_coherence_ports;\n}\n\nfunction enabled_weblogic_ports(){\n  log \"info\" \"Opening firewalld ports\"\n\n            log \"info\" \"Running firewall-offline-cmd --add-port=8775/tcp\"\n       if ! firewall-offline-cmd --add-port=\"8775\"/tcp ; then\n                 log \"error\" \"Failure opening port 8775\"\n                 FAILURE='true'\n       fi\n            log \"info\" \"Running firewall-offline-cmd --add-port=8776/tcp\"\n       if ! firewall-offline-cmd --add-port=\"8776\"/tcp ; then\n                 log \"error\" \"Failure opening port 8776\"\n                 FAILURE='true'\n       fi\n            log \"info\" \"Running firewall-offline-cmd --add-port=8876/tcp\"\n       if ! firewall-offline-cmd --add-port=\"8876\"/tcp ; then\n                 log \"error\" \"Failure opening port 8876\"\n                 FAILURE='true'\n       fi\n     }\n\nfunction install_required_libraries() {\n  os_version=$(grep ^VERSION= /etc/os-release | cut -d'\"' -f2 | cut -d\".\" -f1)\n  if [[ \"$os_version\" == \"7\" ]]; then\n      log \"info\" \"Installing compat-libstdc++-33\"\n      if ! yum install -y  compat-libstdc++-33 ; then\n          log \"error\" \"Failed to install compat-libstdc++-33\"\n          FAILURE='true'\n      fi\n  fi\n}\n\nfunction configure_coherence_ports() {\n  log \"info\" \"Opening Coherence fixed ports 32768-60999 tcp and udp\"\n  log \"info\" \"Running firewall-offline-cmd --add-port=32768-60999/tcp\"\n  if ! firewall-offline-cmd --add-port=32768-60999/tcp ; then\n      log \"error\" \"Failure opening tcp ports 32768-60999\"\n      FAILURE='true'\n  fi\n  log \"info\" \"Running firewall-offline-cmd --add-port=32768-60999/udp\"\n  if ! firewall-offline-cmd --add-port=32768-60999/udp ; then\n      log \"error\" \"Failure opening udp ports 32768-60999\"\n      FAILURE='true'\n  fi\n\n  log \"info\" \"Opening Coherence fixed tcp port 7\"\n  log \"info\" \"Running firewall-offline-cmd --add-port=7/tcp\"\n  if ! firewall-offline-cmd --add-port=7/tcp ; then\n      log \"error\" \"Failure opening tcp ports 7\"\n      FAILURE='true'\n  fi\n\n  log \"info\" \"Restarting firewalld\"\n  if ! systemctl restart firewalld ; then\n      log \"error\" \"Failed restarting firewalld\"\n      FAILURE='true'\n  fi\n\n  log \"info\" \"Restarting firewalld\"\n  if ! systemctl restart firewalld ; then\n      log \"error\" \"Failed restarting firewalld\"\n      FAILURE='true'\n  fi\n}\n\n\n\ntime run_wls_init || { echo \"Error in wls startup\" 1\u003e\u00262; exit 1; }",
                "content_type": "text/x-shellscript",
                "filename": "60-wls-network.sh",
                "merge_type": "list(append)+dict(no_replace,recurse_list)+str(append)"
              },
              {
                "content": "#!/usr/bin/env bash\n# Copyright (c) 2024 Oracle Corporation and/or its affiliates.\n# Licensed under the Universal Permissive License v 1.0 as shown at https://oss.domain.com/licenses/upl\n# shellcheck disable=SC1091 # Ignore unresolved file path present on base images\n\nset -o pipefail\n\n#Required vars\n# 1001\n# 1001\n# SSH_PUB_KEY\n# $user\n# $group\n\nFAILURE='false'\n\nGROUP_ID=1001\nUSER_UID=1001\nSSH_PUB_KEY=\"ssh-ed25519 AAAAC3NzaC1lZDI1NTE5AAAAIBWGynOU6M+ioXE8uE0wK583k9Hj3Ol06vd5fpXmGAk/ mia@maquito\n\"\n\nfunction log(){\n    timestamp=$(date +'%Y-%m-%d %H:%M:%S')\n    level=$1\n    message=$2\n    echo \"$timestamp\" [\"${level^^}\"] \"$message\"\n}\n\nfunction change_gid() {\n    new_gid=$1\n    used_by=$2\n    old_gid=$(grep ^\"$used_by\": /etc/group | cut -d \":\" -f 3)\n    log \"info\" \"Running groupmod -g $new_gid $used_by\"\n\n    if ! groupmod -g \"$new_gid\" \"$used_by\" ; then\n        log \"error\" \"Could not change GID for group $used_by\"\n        return 1\n    fi\n    log \"info\" \"Changing ownership of all files owned by group $used_by to new GID $new_gid\"\n    log \"info\" \"Running find / -path /sys -prune -o -path /proc -prune -o -group $old_gid -exec chgrp -h $used_by {} \\;\"\n\n    # the following convoluted and (apparently) superflous line of code is used to mitigate false\n    # failures caused by some temporary files found by find that are deleted before find stats them\n    # GitLab issue #12\n    if ! find / -path /sys -prune -o -path /proc -prune -o -group \"$old_gid\" -print0 |  xargs -0 -i bash -c \"if test -e {}; then chgrp -h $used_by {}; fi\" ; then\n        log \"error\" \"Could not change ownership of all files owned by group $used_by to new GID $new_gid\"\n        return 1\n    fi\n    return 0\n}\n\nfunction shift_gid() {\n    gid=$1\n    used_by=$(grep \"$gid\" /etc/group | cut -d \":\" -f 1)\n    new_gid=$gid\n    available=0\n    while [[ $available -eq 0 ]]; do\n        new_gid=$((new_gid+1));\n        if ! grep -q $new_gid /etc/group; then\n            log \"info\" \"GID $new_gid is available - changing GID for group $used_by\"\n            available=1\n        fi\n    done\n    change_gid \"$new_gid\" \"$used_by\"\n}\n\nfunction change_group_id() {\n    group_name=$1\n    group_gid=$2\n    log \"info\" \"Checking if GID $group_gid is used by a different group\"\n    if grep -q \"$group_gid\" /etc/group; then\n        used_by=$(grep \"$group_gid\" /etc/group | cut -d \":\" -f 1)\n        log \"warn\" \"GID $group_gid is already used by $used_by - shifting GIDs\"\n        if ! shift_gid \"$group_gid\"; then\n            log \"error\" \"Could not shift GID of group $used_by\"\n            log \"error\" \"Failed changing $group_name GID to $group_gid\"\n            return 1\n        else\n            log \"info\" \"Successfully shifted $used_by GID\"\n            log \"info\" \"Changing $group_name GID to $group_gid\"\n        fi\n    else\n        log \"info\" \"GID $group_gid is available - changing $group_name GID to $group_gid\"\n    fi\n    if ! change_gid \"$group_gid\" \"$group_name\"; then\n        log \"error\" \"Failure encountered when trying to change $group_name GID to $group_gid\"\n        return 1\n    fi\n    return 0\n}\n\nfunction create_group() {\n    group_name=$1\n    group_gid=$2\n    log \"info\" \"Checking if GID $group_gid is used by a different group\"\n    if grep -q \"$group_gid\" /etc/group; then\n        used_by=$(grep \"$group_gid\" /etc/group | cut -d \":\" -f 1)\n        log \"warn\" \"GID $group_gid is already used by $used_by - shifting GIDs\"\n        if ! shift_gid \"$group_gid\"; then\n            log \"error\" \"Could not shift GID of group $used_by\"\n            log \"error\" \"Failed creating group $group_name with GID $group_gid\"\n            return 1\n        else\n            log \"info\" \"Successfully shifted $used_by GID\"\n        fi\n    else\n        log \"info\" \"GID $group_gid not used by another group\"\n    fi\n    log \"info\" \"Creating $group_name with GID $group_gid\"\n    log \"info\" \"Running groupadd $group_name -g $group_gid\"\n    if ! groupadd \"$group_name\" -g \"$group_gid\" ; then\n        log \"error\" \"Could not create group $group_name with GID $group_gid\"\n        return 1\n    fi\n    log \"info\" \"Created group $group_name with GID $group_gid\"\n    return 0\n}\n\nfunction change_uid() {\n    new_uid=$1\n    used_by=$2\n    old_uid=$(grep ^\"$used_by\": /etc/passwd | cut -d \":\" -f 3)\n    log \"info\" \"Running usermod -u $new_uid $used_by\"\n\n    if ! usermod -u \"$new_uid\" \"$used_by\" ; then\n        log \"error\" \"Could not change UID for user $used_by\"\n        return 1\n    fi\n    log \"info\" \"Changing ownership of all files owned by user $used_by to new UID $new_uid\"\n    log \"info\" \"Running find / -path /sys -prune -o -path /proc -prune -o -user $old_uid -exec chown -h $used_by {} \\;\"\n    # the following convoluted and (apparently) superflous line of code is used to mitigate false\n    # failures caused by some temporary files found by find that are deleted before find stats them\n    # GitLab issue #12\n    if ! find / -path /sys -prune -o -path /proc -prune -o -user \"$old_uid\" -print0 | xargs -0 -i bash -c \"if test -e {}; then chown -h $used_by {}; fi\" ; then\n        log \"error\" \"Could not change ownership of all files owned by user $used_by to new UID $new_uid\"\n        return 1\n    fi\n    return 0\n}\n\nfunction shift_uid() {\n    uid=$1\n    used_by=$(id -u \"$user_id\" -n)\n    new_uid=$uid\n    available=0\n    while [[ $available -eq 0 ]]; do\n        new_uid=$((new_uid+1));\n        if ! id -u \"$new_uid\" -n \u003e /dev/null 2\u003e\u00261; then\n            log \"info\" \"UID $new_uid is available - changing UID for user $used_by\"\n            available=1\n        fi\n    done\n    change_uid \"$new_uid\" \"$used_by\"\n}\n\nfunction change_user_id() {\n    user_name=$1\n    user_id=$2\n    log \"info\" \"Checking if UID $user_id is used by another user\"\n    if id \"$user_id\" \u003e /dev/null 2\u003e\u00261; then\n        used_by=$(id -u \"$user_id\" -n)\n        log \"warn\" \"UID $user_id used by user $used_by - shifting UIDs\"\n        if ! shift_uid \"$user_id\"; then\n            log \"error\" \"Failures encountered when trying to shift UID\"\n            return 1\n        else\n            log \"info\" \"Successfully shifted user $used_by UID\"\n            log \"info\" \"Changing $user_name UID to $user_id\"\n        fi\n    else\n        log \"info\" \"UID $user_id not used by any other user\"\n    fi\n    log \"info\" \"Changing user $user_name UID to $user_id\"\n    if ! change_uid \"$user_id\" \"$user_name\"; then\n        log \"error\" \"Encountered failures when trying to change user $user_name UID to $user_id\"\n        return 1\n    fi\n    log \"info\" \"Successfully changed user $user_name UID to $user_id\"\n    return 0\n}\n\nfunction create_user() {\n    user_name=$1\n    user_id=$2\n    log \"info\" \"Checking if UID $user_id is used by a another user\"\n    if id \"$user_id\" \u003e /dev/null 2\u003e\u00261; then\n        used_by=$(id -u \"$user_id\" -n)\n        log \"warn\" \"UID $user_id is already used by $used_by - shifting UIDs\"\n        if ! shift_uid \"$user_id\"; then\n            log \"error\" \"Could not shift UID of user $used_by\"\n            return 1\n        else\n            log \"info\" \"Successfully shifted $used_by UID\"\n        fi\n    else\n        log \"info\" \"GID $user_id not used by another user\"\n    fi\n    log \"info\" \"Creating $user_name with UID $user_id\"\n    log \"info\" \"Running useradd -u $user_id $user_name\"\n    if ! useradd -u \"$user_id\" \"$user_name\" ; then\n        log \"error\" \"Could not create user $user_name with UID $user_id\"\n        return 1\n    fi\n    log \"info\" \"Created user $user_name with UID $user_id\"\n    return 0\n}\n\nfunction myexit() {\n    if [[ $FAILURE == 'true' ]]; then\n        echo \"Error restoring wls archives during startup\" 1\u003e\u00262;\n        exit 1\n    else\n        echo \"User setup SUCCESS\" 1\u003e\u00262;\n        exit 0\n    fi\n}\n\n#INIT PROGRAM\n\nif [[ -z \"$GROUP_ID\" ]] || [[ \"z$GROUP_ID\" == \"z\" ]]; then\n    log \"error\" \"GROUP_ID has invalid value: [$GROUP_ID]\"\n    FAILURE='true'\n    myexit\nfi\n\nif [[ -z \"$USER_UID\" ]] || [[ \"z$USER_UID\" == \"z\" ]]; then\n    log \"error\" \"USER_UID has invalid value: [$USER_UID]\"\n    FAILURE='true'\n    myexit\nfi\n\n\nlog \"info\" \"Verifying domain group exists and has proper GID\"\nif grep -q domain /etc/group; then\n    log \"info\" \"domain group exists - checking GID\"\n    if grep domain /etc/group | grep -q \"$GROUP_ID\"; then\n        log \"info\" \"domain has proper GID\"\n    else\n        log \"info\" \"domain exists, but has different GID than on-prem - changing GID\"\n        if ! change_group_id \"domain\" \"$GROUP_ID\"; then\n            FAILURE='true'\n            myexit\n        fi\n    fi\nelse\n    log \"info\" \"domain does not exist - creating with GID $GROUP_ID\"\n    if ! create_group  \"domain\" \"$GROUP_ID\"; then\n        FAILURE='true'\n        myexit\n    fi\nfi\n\nis_domain_valid=\"true\"\nlog \"info\" \"Verifying domain user exists and has proper UID\"\nif grep -q ^domain: /etc/passwd; then\n    log \"info\" \"domain user exists - checking UID\"\n    is_domain_uid=$(grep ^domain: /etc/passwd | cut -d \":\" -f 3)\n    if [[ \"$is_domain_uid\" == \"$USER_UID\" ]]; then\n        log \"info\" \"domain user has proper UID ($USER_UID)\"\n    else\n        log \"warn\" \"domain user has different UID - changing\"\n        if ! change_user_id \"domain\" \"$USER_UID\"; then\n            FAILURE='true'\n            is_domain_valid=\"false\"\n            myexit\n        fi\n    fi\nelse\n    log \"info\" \"User domain does not exist - creating with UID $USER_UID\"\n    if ! create_user \"domain\" \"$USER_UID\"; then\n        FAILURE='true'\n        is_domain_valid=\"false\"\n        myexit\n    fi\nfi\n\nif [[ \"$is_domain_valid\" == \"true\" ]]; then\n    log \"info\" \"Making sure user domain has the proper groups associated\"\n    log \"info\" \"Running usermod domain -g domain domain\"\n    if ! usermod -g domain domain ; then\n        FAILURE='true'\n        log \"error\" \"Failed to associate proper groups to domain user\"\n        myexit\n    else\n        log \"info\" \"Proper groups associated to user domain\"\n    fi\nfi\n\nlog \"info\" \"Creating /home/domain/.ssh directory\"\nif ! mkdir -p /home/domain/.ssh ; then\n    log \"error\" \"Failed creating /home/domain/.ssh directory\"\n    FAILURE='true'\n    myexit\nelse\n    log \"info\" \"Adding ssh public key to 'domain' authorized hosts\"\n    echo \"$SSH_PUB_KEY\" \u003e\u003e /home/domain/.ssh/authorized_keys\nfi\n\nlog \"info\" \"Setting .ssh directory and contents correct permissions\"\nchown -R domain:domain /home/domain/.ssh\nchmod 700 /home/domain/.ssh\nchmod 600 /home/domain/.ssh/authorized_keys\n",
                "content_type": "text/x-shellscript",
                "filename": "65-user-change-id.yml",
                "merge_type": "list(append)+dict(no_replace,recurse_list)+str(append)"
              },
              {
                "content": "#!/usr/bin/env bash\n# Copyright (c) 2024 Oracle Corporation and/or its affiliates.\n# Licensed under the Universal Permissive License v 1.0 as shown at https://oss.oracle.com/licenses/upl\n# shellcheck disable=SC1091\nset -o pipefail\n\n#TEMP_MOUNT_POINT=/home/domain/oss\n#BUCKET_NAME=testdomain\n#USER=domain\n\nfunction log(){\n    timestamp=$(date +'%Y-%m-%d %H:%M:%S')\n    level=$1\n    message=$2\n#    echo \"$timestamp\" [\"${level^^}\"] \"$$message\" | tee -a \"$LOG_FILE\"\n    echo \"$timestamp\" [\"${level^^}\"] \"$message\"\n}\n\n\nfunction configure_ocifs(){\n  log \"info\" \"Checking if ocifs is installed\"\n  log \"info\" \"Running rpm -qa | grep -q ocifs\"\n  if ! rpm -qa | grep -i ocifs; then\n      log \"error\" \"ocifs is not installed - will not mount OCI Object Storage systems\"\n      FAILURE='true'\n  else\n      log \"info\" \"OCIFS installed - configuring mount point OCI file systems\"\n      su -c 'mkdir -p /home/domain/oss' - domain\n      if ! su -c '/usr/bin/ocifs --auth=instance_principal testdomain /home/domain/oss' - domain ; then\n          log \"error\" \"Failed to mount OCI OSS bucket\"\n          FAILURE='true'\n      fi\n  fi\n}\n\ntime configure_ocifs || { echo \"Error configuring ocifs in startup\" 1\u003e\u00262; exit 1; }\n\nfunction restore_archives() {\n    log \"info\" \"Attemting to restore archives...\"\n    chown -R domain:domain /opt/domains\n    chown -R domain:domain /opt/middleware\n    chown -R domain:domain /opt/jdk\n}\n\n\ntime restore_archives || { echo \"Error restoring wls archives during startup\" 1\u003e\u00262; exit 1; }",
                "content_type": "text/x-shellscript",
                "filename": "70-wls-restore.sh",
                "merge_type": "list(append)+dict(no_replace,recurse_list)+str(append)"
              }
            ],
            "rendered": "H4sIAAAAAAAA/+x8a1Pbxtf4e83kO5wupMDE8oU0IXHGmT8lNOVfCBkI/bVPftSz1h7ZWyStsruycQjf/ZldXSzZMhhI+rQzJS9A0rnf9pzVKnsi0hhp98M0xi6ESaB5TKVuhfwS2SsYiCRiVE575OjgaP/H47N3b3ZPfieOuXJ/Ram4iLrQabYfOY8c1y0DPXIK2pJGykfp7keeYDwadmFnwHUJwDLXeKlbl64aYRAoT/JYP3KOeIhzfH5zj1AOMUMKuNKbNI4xYltPGPf0ZiT6EuOAetiQ6CVSYd8AbT1RWuaQRtq171qJkq0Bj1oYjWFA1chZA7ykYRygs0ZZyCOFcoyyz+Me6bSb5l+HOGse7Q+owuc/9MjhaVsfnnaazab5a2/Y65EbDPGGq1gorq0yVGvqjUKM9CvweYARDdGwcTUP8bOIsDkNA3I/K3qBSJjricjnw1ojPnKuSM6HdMm+9lpnH/bI9UNlH0oxMfHzLWX/WgFwRQZCaC9kpPuRcB8+fgTXBxsUAR/gJXot4XGrkq/g/PwV6BFGSwHcqbEFOW+Q3Aike0UYjrmHyrBomWd8GAmJfQMihdB9xhUdBMhI16eBwgYJBTMeoYkW5LpBJCr+GfsG1lekq2WCD3ZSTL0LOkT1z3BSLq0xofC4r8j5wyyw3XYThfKfob2R1KrO0KdJoEnjigzRE4p0yUEgQjhTKImNuSQ2NycjxKBh0RqUhQ01VRpD5v4pEhnRgDSIsQLpEh6IkDRITJWaMNIl7E3r4s3//zRuTi8vh6RBFAY8Si6trUiXKE19v5+YBwkTRqLdw8Pe5u7h4Ra8O36/e3r6nzfd3cNDcn7duMp5MBFSHpEGSTgj3U673bl+oPN+aLuMqwtXoU7if4YL0xLQpwGnyoTxFTEadEiXtBiOW0JSL0Dh8eyvMRuQhgXZXg7iZSBPl4MwUz4MTN/aqsT3igR0KhKdlpMGEWOUE8k15je0KUl9PY2ND4exziltPwD36b1wr01BTCJtUuDjTfZqidg0LYwFOKESSYNc+soYKU0b1ehHqBmOG5HwKQ8al26WGM3UPXbVFYnuPW2r0sOQXqCl0yYNsk3OG0uF8HIh/mQXfz13lnNPM059KwnOc3/0M8J9n2PAbIV6Z3qJRv7LLmBL+c8oPqwcPG+7k0C5EeqJkBdNNbpnOfi/bjv3RDyVfDjSsOltwXZ7+wc4tq6FPSFjIakxAtCItYQErhVQ3+cBpxpV01mDQ+5hpJBBEjGUpk+Bs4iPUSoawHuUIVeKjzGHg7HRCagCNRKTCKiGkdax6rZaQqlmGlRNT4StIEVQrSQOnDWwRvJG6F1A1rj0Tvc67ZcdR6EGV0DMYzT+dRw/iTwrdCCGm1tXDgCAiTGlaRj31jcZ1QhPNh7/7j4O3ccMHv/cfXzUfXy6sWVBAxxj0Fvv2IsQlaJD7K1v20v0RgLIekGNwEeyfmUx/vjjmpwDWc8wiHNdkkQmUX8SqD6PuN7cgitYg4OIa04D/hlhEigwQYQSIsHQWQOYNYWovVaWE9nvlok7Q6lphgTuYdEhGkyAFMrTAbhuJNxBILwLwMjYzN6ZwDwBg4dBleckUJZRroNqqhGcn8P339dB8UhpGgQpTEUYkUgPl5NMWSuENThBLTmOEdIRx0WTPMggTQ3w0twBX4rQBk0DsDlsgmUdeQghasqopinjQHg0gNzo/UQGvQ2D1W21Os9fNref/dDMfrdE7LXG262cUCsn1CqwUxE2UspeIo1pTbCB+zOQ3USPhOSfaVoufkQqUWZJRMA9bANZvyoLck3gvykpgC+ZtuC6DI2+8Lo1prIlk6jk55Exu0lYqHtoaPncyXzM+hMcBGLIvX4spFavHMi805f4KeESWT/gA0klR/Mw7UQSiX1PjFBi5GGOWA7heuJpfgViCIRHviBAjmOMeDQEn0uc0CBgYAGJ40Dpp4xxkkQVDFf4fsAjdL2QgetSxlxDovdiZ+dZS3sxySlxH767FYsYNGLwIItLmP+xwqCUQhIgP1EeJBJBZHoYImBpLCL+tHtweHay39swTcRG/ty44uGqPr+fqs+/gqrP/1JVX9xP1RdfQdUX91C1nBPL88oUeQdAqP44Xct765tDiTH88ev+yenB8bteWhKFciUGSBXCF/ASDS7bIBvg+tvFNWkScP2OWZzSCk3WZ2QJ9HpAdsis6i564iCV0qjtiTCm2g34QGnmPXniPn2aG8CafZqEuVLgTqEOftHeC4ZGBloUdG7gudTa1tg+rxSgpXUqs3VdEdrLIcHnl5iVIni6vfP8hfu8/fLlSzARRCMGCbMReJ8ILpHLA3mlGJ7Dg0UHLoteA72gSm7UBYNaYz5Uscw+d1YsYXdRzEDfSbEV/Z4bDHbu6+SdO7l2594O3bmDtiemCZW6stoWIs66QJmClVbkmwVDlqMsUP7HCXbtOI5j2vVKCw5fvsBV1szvGwbAI9uFW+JJTKDz+vvtV4CXXEPnFTxwUnxmd7Jcb0SjIbqcPWDz6N9psTQtpjsOd5oWzeBl98EhiSQqEYyRWVdBTPUIYonKzBgism058JAOUTmLM+baSbbkw5hK5axBp93uzH6dnv7cf3/2Y/+X/d+dNVg37je/7Vap4xSBajfeNxzn7cnx2fv+wZueRT873T/pn+VXJVI9otTIRbb97FnnJezu7u7uPX33me51gv95c9B592H/mbl38ON/3k6j47PnR0+4+G3/RbLfnvzy7MXTi5c///n0OGg/H7Nnfvxb+Hb3ogUhp/8vpJ8SroVD/pajc5o1/SFn2ToPEOHEXOeMEoWsP5jmjETA0qdZw0XWMwDSTXsu64WivQLSNf0VPM1UqFkbLEIoGLhDWM+YQ0E1HWxsaSsDkhySwEyC+eapUuL2RBIwiITOdIa3B2/AFzIlW2KYY0vUiYwgtULWn5bl3zNkjAJiEqFUIx6D8MH0ZCbilb3NYDCdY2Catwgnln2hxFLj+Dxi0ALX5k9LTRW4sUwiNPmS3Yyl8Mp3M3aZo8DFS/TAGw1lDO5oJsbVNfz3VWbeNVsrfBEEYpI2stFYBIlGZrs3U7ioxEgH0y1QSYzSD0SiwKzNRmc7WHNlQ8WoF3LNhyaWbQZmHPx0UVbgUQs3mIISIYLG0FQ2Oc3M5osksk+t6npENVCJwDBAI88AfVNf7EOlqVZG9DDj8ZbrQzoArlSCsNbZdkoTzz3tSHJDEvOMR7oNXwAuqRwqcNvg8nTjwPWAcB80Kg0uwtV19lKxzu72deLdYvVrhdiyuM7utSu1QY24ryuloa4spHWArFsT3VABOlvV6jLkzN6gY8oDu4a07fVkZNaLjx9hvXgCLn6Cth3CmCj0KChtbmZ/Pulsbb0qnmc1A2NwP80Ky0zCmsm2nIFl45ngLkmTesUkym01pKpgp7ifmZ2JKE2PWRmur2y1Ndvw7Je9Y2/YrihzUnrHGmm7pn6hd2GU4H4aKQV0kcuDKVBg3PdNu69TciRPqty0ZIZIlpt3MV7qkJZFTSH7hMood05FXhpIpGxayF3kgpvGceYtRarxUcR4RaJlobGYnxbfmk/4N0ZBXbtdhNH6zHWWlhYl7ap0KtlrV/68xNYF8WnieaiUnwTBNJUVZ2urYVUj5PzytqJwWUhXxFnIp6rL6jJqBW4ZJ+u/SuKUQoqU6My7s3ZWxMgTSaTRNJ0TU7m1nNrZUeQ1eEU7rFxePYlUZ2n8bw7/Y3PYeLFoYytBMuF6NOeVvyiX75iLxghFrERCj1CW46Su9821XknfpV0/ZaxCwR0u4M46fwNcSet0DijF4Iotlc27u/rr1mnAUmV3IVtfFdKClswNZMmNA1ly00CWHgS6y0RmBmo7ZyVpB5QsGchKcCQHvP88dpb1UobqtxzHKvTzVvks7/aSrzyNpdwyJxXDmJhEdcMY/DuL3WBFkpuxPIrdYRJbNPo3mMRWjK47dQrpAlcuCXXlYJNnmWhE6FsrRVvVApJ8jZkrmc1cSe3MxecrghvBa7AHnKIkCGD79fedW4avssGWtoq3FAy42+yVFLNXcvvslZl45g9zXe7aMoDbejarZwZb6diyVdie0cwzxwpYOPcWi64QFjDXkFWEySWpxnOpETtb1oglFTlva8N+ykvRDQ142qCdzU8rX6F9qmq3wKF+Hiqcbd1nxoBc2ZUbsIqpq+3XFOZdf9NiVyhwk0TlSanqnfzPW8ek/ZJ3itWjfk5aSaRl9W+px1LibDXqN81bBvDb5e3fIHNXHKS+Uv7Oj1Fn6Rh1Q03+mlPP2Z2nnvqkWyXlipFnFny2tS8bf3nraADMBGN66lyGUu5Vm+oMcEme3m3OmU+YJTKvkpD5jLMiydosDKd4mZ7SzFU2bUf2zg56PUjfL8+fuIHK+2SJSgtpzDoJFFDpjfgYFbDE3qu+Zp4RsK+bF0MkJXxmdLIH6uH0bG9v//S0Fr+d2+bacdYO3h18gPcnx29Pdo8cJzvg+RnIev7GkcD5OXz5Yo8VfS7d7fWAfJ47VVTxYg4KI6qAR2MacAZjGiTYhY8FofPUzjVnfFIrOz6viJW/+qyKNbt7q1g5aL1Y+dOVxHLKgfUrSu7bZSR96ZxN0XjJlVZ27DEMYylilOlOR2nvKkOp3bUqM6kjbbrJrKoXGyg56QW68KW0X1Y4sy4ZqxznZb+xSGU4qXwNGCTa4s828OzW44hGICI3lhjOvY6YK+lz7wpy+uQGDZb4Lv/JfDhXdH3uFCrVqMMEKluUrF5G5LyaznZHCnlKPUtpixRWkX2J3CWZfZ5mheqn1Po2iHvEIJCbg9KWvfqYPJuLyT9SlMoOzM1hWSZeispigZsJXN7sqWGzbKMnP91YIZTmfKUw3B7PVtSq8rBZ0NhaFuBZrzJPZBbZhs4smOsDOV86S7FQCH+3OF6IALtBQh4Q63YJWS3g7WJZCL4Q8Ol2x+0qLlHvNtVq0mEhOCxmGh42NWpWhUztI2ojVSUyazZKZU+PMI+S9ENGoEoJj5s24uZeKRQsJ+QOZ1a1FqnZgZwDmW+RlhhqydnaQsY52bUol4Jaey6t6++XWMEQLVmNlL1S2362RiLE7HOwVlOpETAu0dNCTm0J+g7CC8YluHEN6LKFff5lxo1Mlhg0s0JtauwyZmNEjSBOBgH34ALt7thGymMDaPaZBzIYCaWz0SQ71lQ6pUXg9etF8Voz9P4FTtWC+U5RW8Wqutgynn35osAT0tyHODspJyJFnGzb8CTzTzfvCuYlcLyRCcSddnvps+d1zxYkf9BhyJ30s7m0P8Z/P5v7+3w2t/Zh/+h9/+j47N2H/vvjg3cfepVQEEo5az+e7f2y/6H/bvdov6dR6fSZs2bKfy+7+FaHCNdgtVOExTFC+AIaEVwKZP3w+G3/p4PD/UrSrnoWse4bBPv/ASx+/VTegrEgwFX+JUS6oNQtJzIOwf1ES+17+t8N5Eem55/z9Pny09IFa7PAF+zBhQkPAnvTfksLx3sHcDz409SUUy0kHWJ2PFstPVRdWj8qJ+/3Dn46rbDKbWUUTLnFgmc87YnbOU4qAdeDjfq1QSi1AW5W4pxS15VhFSmaau66pmj18i/6+rHkkcdjGsAsam9gsPI3LiUrnp7CIPEuUN/l4xZ7Mn0uqBYPp5ctmXk2WnpUvfzVaVpk+/n2Q7GnUVn4tMZQZxukGUaxYdFsNkn2CqJ+kSl9+H0r3Owb+VtB/2QXNvHSk/tzaiwa6C67LcsP9bvuI+d/AwAA///pSkxXlUgAAA=="
          },
          "sensitive_attributes": []
        }
      ]
    },
    {
      "module": "module.wls.module.wlsservers[0]",
      "mode": "data",
      "type": "oci_core_shapes",
      "name": "wls",
      "provider": "provider[\"registry.terraform.io/oracle/oci\"]",
      "instances": [
        {
          "schema_version": 0,
          "attributes": {
            "availability_domain": null,
            "compartment_id": "ocid1.compartment.oc1..aaaaaaaaedp6oipcdpkx3md6c3ecdfltlq7wl7lb5q2oj4756edqk2lvj5zq",
            "filter": null,
            "id": "CoreShapesDataSource-3886812946",
            "image_id": null,
            "shapes": [
              {
                "baseline_ocpu_utilizations": [],
                "billing_type": "PAID",
                "gpu_description": "",
                "gpus": 0,
                "is_billed_for_stopped_instance": false,
                "is_flexible": false,
                "is_live_migration_supported": false,
                "is_subcore": false,
                "local_disk_description": "",
                "local_disks": 0,
                "local_disks_total_size_in_gbs": 0,
                "max_vnic_attachment_options": [],
                "max_vnic_attachments": 512,
                "memory_in_gbs": 2304,
                "memory_options": [],
                "min_total_baseline_ocpus_required": 0,
                "name": "BM.Standard.E5.192",
                "network_ports": 2,
                "networking_bandwidth_in_gbps": 100,
                "networking_bandwidth_options": [],
                "ocpu_options": [],
                "ocpus": 192,
                "platform_config_options": [
                  {
                    "access_control_service_options": [
                      {
                        "allowed_values": [
                          true,
                          false
                        ],
                        "is_default_enabled": true
                      }
                    ],
                    "input_output_memory_management_unit_options": [
                      {
                        "allowed_values": [
                          true
                        ],
                        "is_default_enabled": true
                      }
                    ],
                    "measured_boot_options": [
                      {
                        "allowed_values": [
                          false
                        ],
                        "is_default_enabled": false
                      }
                    ],
                    "memory_encryption_options": [
                      {
                        "allowed_values": [
                          true,
                          false
                        ],
                        "is_default_enabled": false
                      }
                    ],
                    "numa_nodes_per_socket_platform_options": [
                      {
                        "allowed_values": [
                          "NPS0",
                          "NPS1",
                          "NPS2",
                          "NPS4"
                        ],
                        "default_value": "NPS1"
                      }
                    ],
                    "percentage_of_cores_enabled_options": [
                      {
                        "default_value": 100,
                        "max": 100,
                        "min": 25
                      }
                    ],
                    "secure_boot_options": [
                      {
                        "allowed_values": [
                          true,
                          false
                        ],
                        "is_default_enabled": false
                      }
                    ],
                    "symmetric_multi_threading_options": [
                      {
                        "allowed_values": [
                          true,
                          false
                        ],
                        "is_default_enabled": true
                      }
                    ],
                    "trusted_platform_module_options": [
                      {
                        "allowed_values": [
                          true,
                          false
                        ],
                        "is_default_enabled": false
                      }
                    ],
                    "type": "GENERIC_BM",
                    "virtual_instructions_options": [
                      {
                        "allowed_values": [
                          true,
                          false
                        ],
                        "is_default_enabled": true
                      }
                    ]
                  }
                ],
                "processor_description": "2.3 GHz AMD EPYC™ 9J14 (Genoa)",
                "quota_names": [
                  "standard-e5-core-count",
                  "standard-e5-memory-count"
                ],
                "rdma_bandwidth_in_gbps": 0,
                "rdma_ports": 0,
                "recommended_alternatives": [],
                "resize_compatible_shapes": []
              },
              {
                "baseline_ocpu_utilizations": [],
                "billing_type": "PAID",
                "gpu_description": "",
                "gpus": 0,
                "is_billed_for_stopped_instance": false,
                "is_flexible": false,
                "is_live_migration_supported": false,
                "is_subcore": false,
                "local_disk_description": "",
                "local_disks": 0,
                "local_disks_total_size_in_gbs": 0,
                "max_vnic_attachment_options": [],
                "max_vnic_attachments": 256,
                "memory_in_gbs": 1024,
                "memory_options": [],
                "min_total_baseline_ocpus_required": 0,
                "name": "BM.Standard.A1.160",
                "network_ports": 2,
                "networking_bandwidth_in_gbps": 100,
                "networking_bandwidth_options": [],
                "ocpu_options": [],
                "ocpus": 160,
                "platform_config_options": [],
                "processor_description": "3.0 GHz Ampere® Altra™",
                "quota_names": [
                  "standard-a1-memory-count",
                  "standard-a1-memory-regional-count",
                  "standard-a1-core-count",
                  "standard-a1-core-regional-count"
                ],
                "rdma_bandwidth_in_gbps": 0,
                "rdma_ports": 0,
                "recommended_alternatives": [],
                "resize_compatible_shapes": []
              },
              {
                "baseline_ocpu_utilizations": [],
                "billing_type": "PAID",
                "gpu_description": "",
                "gpus": 0,
                "is_billed_for_stopped_instance": false,
                "is_flexible": false,
                "is_live_migration_supported": false,
                "is_subcore": false,
                "local_disk_description": "",
                "local_disks": 0,
                "local_disks_total_size_in_gbs": 0,
                "max_vnic_attachment_options": [],
                "max_vnic_attachments": 256,
                "memory_in_gbs": 1024,
                "memory_options": [],
                "min_total_baseline_ocpus_required": 0,
                "name": "BM.Standard3.64",
                "network_ports": 2,
                "networking_bandwidth_in_gbps": 100,
                "networking_bandwidth_options": [],
                "ocpu_options": [],
                "ocpus": 64,
                "platform_config_options": [
                  {
                    "access_control_service_options": [],
                    "input_output_memory_management_unit_options": [
                      {
                        "allowed_values": [
                          true,
                          false
                        ],
                        "is_default_enabled": true
                      }
                    ],
                    "measured_boot_options": [],
                    "memory_encryption_options": [],
                    "numa_nodes_per_socket_platform_options": [
                      {
                        "allowed_values": [
                          "NPS1",
                          "NPS2"
                        ],
                        "default_value": "NPS1"
                      }
                    ],
                    "percentage_of_cores_enabled_options": [
                      {
                        "default_value": 100,
                        "max": 100,
                        "min": 1
                      }
                    ],
                    "secure_boot_options": [
                      {
                        "allowed_values": [
                          true,
                          false
                        ],
                        "is_default_enabled": false
                      }
                    ],
                    "symmetric_multi_threading_options": [
                      {
                        "allowed_values": [
                          true,
                          false
                        ],
                        "is_default_enabled": true
                      }
                    ],
                    "trusted_platform_module_options": [
                      {
                        "allowed_values": [
                          true,
                          false
                        ],
                        "is_default_enabled": false
                      }
                    ],
                    "type": "INTEL_ICELAKE_BM",
                    "virtual_instructions_options": []
                  }
                ],
                "processor_description": "2.6 GHz Intel® Xeon® Platinum 8358 (Ice Lake)",
                "quota_names": [
                  "standard3-memory-count",
                  "standard3-core-count"
                ],
                "rdma_bandwidth_in_gbps": 0,
                "rdma_ports": 0,
                "recommended_alternatives": [],
                "resize_compatible_shapes": []
              },
              {
                "baseline_ocpu_utilizations": [],
                "billing_type": "PAID",
                "gpu_description": "",
                "gpus": 0,
                "is_billed_for_stopped_instance": false,
                "is_flexible": false,
                "is_live_migration_supported": false,
                "is_subcore": false,
                "local_disk_description": "",
                "local_disks": 0,
                "local_disks_total_size_in_gbs": 0,
                "max_vnic_attachment_options": [],
                "max_vnic_attachments": 200,
                "memory_in_gbs": 768,
                "memory_options": [],
                "min_total_baseline_ocpus_required": 0,
                "name": "BM.Standard2.52",
                "network_ports": 2,
                "networking_bandwidth_in_gbps": 50,
                "networking_bandwidth_options": [],
                "ocpu_options": [],
                "ocpus": 52,
                "platform_config_options": [
                  {
                    "access_control_service_options": [],
                    "input_output_memory_management_unit_options": [
                      {
                        "allowed_values": [
                          true,
                          false
                        ],
                        "is_default_enabled": true
                      }
                    ],
                    "measured_boot_options": [
                      {
                        "allowed_values": [
                          false
                        ],
                        "is_default_enabled": false
                      }
                    ],
                    "memory_encryption_options": [],
                    "numa_nodes_per_socket_platform_options": [
                      {
                        "allowed_values": [
                          "NPS1",
                          "NPS2"
                        ],
                        "default_value": "NPS1"
                      }
                    ],
                    "percentage_of_cores_enabled_options": [
                      {
                        "default_value": 100,
                        "max": 100,
                        "min": 1
                      }
                    ],
                    "secure_boot_options": [
                      {
                        "allowed_values": [
                          true,
                          false
                        ],
                        "is_default_enabled": false
                      }
                    ],
                    "symmetric_multi_threading_options": [
                      {
                        "allowed_values": [
                          true,
                          false
                        ],
                        "is_default_enabled": true
                      }
                    ],
                    "trusted_platform_module_options": [
                      {
                        "allowed_values": [
                          true,
                          false
                        ],
                        "is_default_enabled": false
                      }
                    ],
                    "type": "INTEL_SKYLAKE_BM",
                    "virtual_instructions_options": []
                  }
                ],
                "processor_description": "2.0 GHz Intel® Xeon® Platinum 8167M (Skylake)",
                "quota_names": [
                  "standard2-core-count"
                ],
                "rdma_bandwidth_in_gbps": 0,
                "rdma_ports": 0,
                "recommended_alternatives": [],
                "resize_compatible_shapes": []
              },
              {
                "baseline_ocpu_utilizations": [],
                "billing_type": "PAID",
                "gpu_description": "",
                "gpus": 0,
                "is_billed_for_stopped_instance": false,
                "is_flexible": false,
                "is_live_migration_supported": false,
                "is_subcore": false,
                "local_disk_description": "",
                "local_disks": 0,
                "local_disks_total_size_in_gbs": 0,
                "max_vnic_attachment_options": [],
                "max_vnic_attachments": 256,
                "memory_in_gbs": 2048,
                "memory_options": [],
                "min_total_baseline_ocpus_required": 0,
                "name": "BM.Standard.E4.128",
                "network_ports": 2,
                "networking_bandwidth_in_gbps": 100,
                "networking_bandwidth_options": [],
                "ocpu_options": [],
                "ocpus": 128,
                "platform_config_options": [
                  {
                    "access_control_service_options": [
                      {
                        "allowed_values": [
                          true,
                          false
                        ],
                        "is_default_enabled": true
                      }
                    ],
                    "input_output_memory_management_unit_options": [
                      {
                        "allowed_values": [
                          true,
                          false
                        ],
                        "is_default_enabled": true
                      }
                    ],
                    "measured_boot_options": [
                      {
                        "allowed_values": [
                          false
                        ],
                        "is_default_enabled": false
                      }
                    ],
                    "memory_encryption_options": [
                      {
                        "allowed_values": [
                          true,
                          false
                        ],
                        "is_default_enabled": false
                      }
                    ],
                    "numa_nodes_per_socket_platform_options": [
                      {
                        "allowed_values": [
                          "NPS0",
                          "NPS1",
                          "NPS2",
                          "NPS4"
                        ],
                        "default_value": "NPS1"
                      }
                    ],
                    "percentage_of_cores_enabled_options": [
                      {
                        "default_value": 100,
                        "max": 100,
                        "min": 1
                      }
                    ],
                    "secure_boot_options": [
                      {
                        "allowed_values": [
                          true,
                          false
                        ],
                        "is_default_enabled": false
                      }
                    ],
                    "symmetric_multi_threading_options": [
                      {
                        "allowed_values": [
                          true,
                          false
                        ],
                        "is_default_enabled": true
                      }
                    ],
                    "trusted_platform_module_options": [
                      {
                        "allowed_values": [
                          true,
                          false
                        ],
                        "is_default_enabled": false
                      }
                    ],
                    "type": "AMD_MILAN_BM",
                    "virtual_instructions_options": [
                      {
                        "allowed_values": [
                          true,
                          false
                        ],
                        "is_default_enabled": true
                      }
                    ]
                  }
                ],
                "processor_description": "2.55 GHz AMD EPYC™ 7J13 (Milan)",
                "quota_names": [
                  "standard-e4-core-count",
                  "standard-e4-memory-count"
                ],
                "rdma_bandwidth_in_gbps": 0,
                "rdma_ports": 0,
                "recommended_alternatives": [],
                "resize_compatible_shapes": []
              },
              {
                "baseline_ocpu_utilizations": [],
                "billing_type": "PAID",
                "gpu_description": "",
                "gpus": 0,
                "is_billed_for_stopped_instance": false,
                "is_flexible": false,
                "is_live_migration_supported": false,
                "is_subcore": false,
                "local_disk_description": "",
                "local_disks": 0,
                "local_disks_total_size_in_gbs": 0,
                "max_vnic_attachment_options": [],
                "max_vnic_attachments": 256,
                "memory_in_gbs": 2048,
                "memory_options": [],
                "min_total_baseline_ocpus_required": 0,
                "name": "BM.Standard.E3.128",
                "network_ports": 2,
                "networking_bandwidth_in_gbps": 100,
                "networking_bandwidth_options": [],
                "ocpu_options": [],
                "ocpus": 128,
                "platform_config_options": [
                  {
                    "access_control_service_options": [
                      {
                        "allowed_values": [
                          true,
                          false
                        ],
                        "is_default_enabled": true
                      }
                    ],
                    "input_output_memory_management_unit_options": [
                      {
                        "allowed_values": [
                          true,
                          false
                        ],
                        "is_default_enabled": true
                      }
                    ],
                    "measured_boot_options": [
                      {
                        "allowed_values": [
                          false
                        ],
                        "is_default_enabled": false
                      }
                    ],
                    "memory_encryption_options": [
                      {
                        "allowed_values": [
                          true,
                          false
                        ],
                        "is_default_enabled": false
                      }
                    ],
                    "numa_nodes_per_socket_platform_options": [
                      {
                        "allowed_values": [
                          "NPS0",
                          "NPS1",
                          "NPS2",
                          "NPS4"
                        ],
                        "default_value": "NPS1"
                      }
                    ],
                    "percentage_of_cores_enabled_options": [
                      {
                        "default_value": 100,
                        "max": 100,
                        "min": 1
                      }
                    ],
                    "secure_boot_options": [
                      {
                        "allowed_values": [
                          true,
                          false
                        ],
                        "is_default_enabled": false
                      }
                    ],
                    "symmetric_multi_threading_options": [
                      {
                        "allowed_values": [
                          true,
                          false
                        ],
                        "is_default_enabled": true
                      }
                    ],
                    "trusted_platform_module_options": [
                      {
                        "allowed_values": [
                          true,
                          false
                        ],
                        "is_default_enabled": false
                      }
                    ],
                    "type": "AMD_ROME_BM",
                    "virtual_instructions_options": [
                      {
                        "allowed_values": [
                          true,
                          false
                        ],
                        "is_default_enabled": true
                      }
                    ]
                  }
                ],
                "processor_description": "2.25 GHz AMD EPYC™ 7742 (Rome)",
                "quota_names": [
                  "standard-e3-core-ad-count",
                  "standard-e3-memory-count"
                ],
                "rdma_bandwidth_in_gbps": 0,
                "rdma_ports": 0,
                "recommended_alternatives": [],
                "resize_compatible_shapes": []
              },
              {
                "baseline_ocpu_utilizations": [],
                "billing_type": "PAID",
                "gpu_description": "",
                "gpus": 0,
                "is_billed_for_stopped_instance": false,
                "is_flexible": false,
                "is_live_migration_supported": false,
                "is_subcore": false,
                "local_disk_description": "",
                "local_disks": 0,
                "local_disks_total_size_in_gbs": 0,
                "max_vnic_attachment_options": [],
                "max_vnic_attachments": 150,
                "memory_in_gbs": 512,
                "memory_options": [],
                "min_total_baseline_ocpus_required": 0,
                "name": "BM.Standard.E2.64",
                "network_ports": 2,
                "networking_bandwidth_in_gbps": 50,
                "networking_bandwidth_options": [],
                "ocpu_options": [],
                "ocpus": 64,
                "platform_config_options": [],
                "processor_description": "2.0 GHz AMD EPYC™ 7551 (Naples)",
                "quota_names": [
                  "standard-e2-core-count"
                ],
                "rdma_bandwidth_in_gbps": 0,
                "rdma_ports": 0,
                "recommended_alternatives": [
                  {
                    "shape_name": "BM.Standard2.52"
                  },
                  {
                    "shape_name": "BM.Standard.E3.128"
                  }
                ],
                "resize_compatible_shapes": []
              },
              {
                "baseline_ocpu_utilizations": [],
                "billing_type": "PAID",
                "gpu_description": "NVIDIA® Tesla® V100",
                "gpus": 8,
                "is_billed_for_stopped_instance": true,
                "is_flexible": false,
                "is_live_migration_supported": false,
                "is_subcore": false,
                "local_disk_description": "",
                "local_disks": 0,
                "local_disks_total_size_in_gbs": 0,
                "max_vnic_attachment_options": [],
                "max_vnic_attachments": 52,
                "memory_in_gbs": 768,
                "memory_options": [],
                "min_total_baseline_ocpus_required": 0,
                "name": "BM.GPU3.8",
                "network_ports": 2,
                "networking_bandwidth_in_gbps": 50,
                "networking_bandwidth_options": [],
                "ocpu_options": [],
                "ocpus": 52,
                "platform_config_options": [],
                "processor_description": "2.0 GHz Intel® Xeon® Platinum 8167M (Skylake)",
                "quota_names": [
                  "default-shape",
                  "gpu3-count"
                ],
                "rdma_bandwidth_in_gbps": 0,
                "rdma_ports": 0,
                "recommended_alternatives": [],
                "resize_compatible_shapes": []
              },
              {
                "baseline_ocpu_utilizations": [],
                "billing_type": "PAID",
                "gpu_description": "",
                "gpus": 0,
                "is_billed_for_stopped_instance": false,
                "is_flexible": false,
                "is_live_migration_supported": false,
                "is_subcore": false,
                "local_disk_description": "",
                "local_disks": 0,
                "local_disks_total_size_in_gbs": 0,
                "max_vnic_attachment_options": [],
                "max_vnic_attachments": 100,
                "memory_in_gbs": 256,
                "memory_options": [],
                "min_total_baseline_ocpus_required": 0,
                "name": "BM.Standard1.36",
                "network_ports": 1,
                "networking_bandwidth_in_gbps": 10,
                "networking_bandwidth_options": [],
                "ocpu_options": [],
                "ocpus": 36,
                "platform_config_options": [],
                "processor_description": "2.3 GHz Intel® Xeon® E5-2699 v3 (Haswell)",
                "quota_names": [
                  "standard1-core-count"
                ],
                "rdma_bandwidth_in_gbps": 0,
                "rdma_ports": 0,
                "recommended_alternatives": [
                  {
                    "shape_name": "BM.Standard2.52"
                  },
                  {
                    "shape_name": "BM.Standard3.64"
                  }
                ],
                "resize_compatible_shapes": []
              },
              {
                "baseline_ocpu_utilizations": [
                  "BASELINE_1_8",
                  "BASELINE_1_2",
                  "BASELINE_1_1"
                ],
                "billing_type": "PAID",
                "gpu_description": "",
                "gpus": 0,
                "is_billed_for_stopped_instance": false,
                "is_flexible": true,
                "is_live_migration_supported": true,
                "is_subcore": true,
                "local_disk_description": "",
                "local_disks": 0,
                "local_disks_total_size_in_gbs": 0,
                "max_vnic_attachment_options": [
                  {
                    "default_per_ocpu": 1,
                    "max": 24,
                    "min": 2
                  }
                ],
                "max_vnic_attachments": 2,
                "memory_in_gbs": 16,
                "memory_options": [
                  {
                    "default_per_ocpu_in_gbs": 16,
                    "max_in_gbs": 1760,
                    "max_per_numa_node_in_gbs": 1024,
                    "max_per_ocpu_in_gbs": 64,
                    "min_in_gbs": 1,
                    "min_per_ocpu_in_gbs": 1
                  }
                ],
                "min_total_baseline_ocpus_required": 0,
                "name": "VM.Standard.E4.Flex",
                "network_ports": 1,
                "networking_bandwidth_in_gbps": 1,
                "networking_bandwidth_options": [
                  {
                    "default_per_ocpu_in_gbps": 1,
                    "max_in_gbps": 40,
                    "min_in_gbps": 1
                  }
                ],
                "ocpu_options": [
                  {
                    "max": 114,
                    "max_per_numa_node": 64,
                    "min": 1
                  }
                ],
                "ocpus": 1,
                "platform_config_options": [
                  {
                    "access_control_service_options": [],
                    "input_output_memory_management_unit_options": [],
                    "measured_boot_options": [
                      {
                        "allowed_values": [
                          true,
                          false
                        ],
                        "is_default_enabled": false
                      }
                    ],
                    "memory_encryption_options": [
                      {
                        "allowed_values": [
                          true,
                          false
                        ],
                        "is_default_enabled": false
                      }
                    ],
                    "numa_nodes_per_socket_platform_options": [],
                    "percentage_of_cores_enabled_options": [],
                    "secure_boot_options": [
                      {
                        "allowed_values": [
                          true,
                          false
                        ],
                        "is_default_enabled": false
                      }
                    ],
                    "symmetric_multi_threading_options": [
                      {
                        "allowed_values": [
                          true,
                          false
                        ],
                        "is_default_enabled": true
                      }
                    ],
                    "trusted_platform_module_options": [
                      {
                        "allowed_values": [
                          true,
                          false
                        ],
                        "is_default_enabled": false
                      }
                    ],
                    "type": "AMD_VM",
                    "virtual_instructions_options": []
                  }
                ],
                "processor_description": "2.55 GHz AMD EPYC™ 7J13 (Milan)",
                "quota_names": [
                  "standard-e4-core-count",
                  "standard-e4-memory-count"
                ],
                "rdma_bandwidth_in_gbps": 0,
                "rdma_ports": 0,
                "recommended_alternatives": [],
                "resize_compatible_shapes": [
                  "VM.Standard1.1",
                  "VM.Standard1.2",
                  "VM.Standard1.4",
                  "VM.Standard1.8",
                  "VM.Standard1.16",
                  "VM.Standard.E2.1",
                  "VM.Standard.E2.2",
                  "VM.Standard.E2.4",
                  "VM.Standard.E2.8",
                  "VM.Standard2.1",
                  "VM.Standard2.2",
                  "VM.Standard2.4",
                  "VM.Standard2.8",
                  "VM.Standard2.16",
                  "VM.Standard2.24",
                  "VM.Standard.E3.Flex",
                  "VM.Standard.E4.Flex",
                  "VM.Standard.E5.Flex",
                  "VM.Standard3.Flex",
                  "VM.Standard.AMD.Generic",
                  "VM.Standard.Intel.Generic",
                  "VM.Standard.x86.Generic"
                ]
              },
              {
                "baseline_ocpu_utilizations": [
                  "BASELINE_1_8",
                  "BASELINE_1_2",
                  "BASELINE_1_1"
                ],
                "billing_type": "PAID",
                "gpu_description": "",
                "gpus": 0,
                "is_billed_for_stopped_instance": false,
                "is_flexible": true,
                "is_live_migration_supported": true,
                "is_subcore": true,
                "local_disk_description": "",
                "local_disks": 0,
                "local_disks_total_size_in_gbs": 0,
                "max_vnic_attachment_options": [
                  {
                    "default_per_ocpu": 1,
                    "max": 24,
                    "min": 2
                  }
                ],
                "max_vnic_attachments": 2,
                "memory_in_gbs": 16,
                "memory_options": [
                  {
                    "default_per_ocpu_in_gbs": 16,
                    "max_in_gbs": 1776,
                    "max_per_numa_node_in_gbs": 1024,
                    "max_per_ocpu_in_gbs": 64,
                    "min_in_gbs": 1,
                    "min_per_ocpu_in_gbs": 1
                  }
                ],
                "min_total_baseline_ocpus_required": 0,
                "name": "VM.Standard.E3.Flex",
                "network_ports": 1,
                "networking_bandwidth_in_gbps": 1,
                "networking_bandwidth_options": [
                  {
                    "default_per_ocpu_in_gbps": 1,
                    "max_in_gbps": 40,
                    "min_in_gbps": 1
                  }
                ],
                "ocpu_options": [
                  {
                    "max": 114,
                    "max_per_numa_node": 64,
                    "min": 1
                  }
                ],
                "ocpus": 1,
                "platform_config_options": [
                  {
                    "access_control_service_options": [],
                    "input_output_memory_management_unit_options": [],
                    "measured_boot_options": [
                      {
                        "allowed_values": [
                          true,
                          false
                        ],
                        "is_default_enabled": false
                      }
                    ],
                    "memory_encryption_options": [
                      {
                        "allowed_values": [
                          true,
                          false
                        ],
                        "is_default_enabled": false
                      }
                    ],
                    "numa_nodes_per_socket_platform_options": [],
                    "percentage_of_cores_enabled_options": [],
                    "secure_boot_options": [
                      {
                        "allowed_values": [
                          true,
                          false
                        ],
                        "is_default_enabled": false
                      }
                    ],
                    "symmetric_multi_threading_options": [
                      {
                        "allowed_values": [
                          true,
                          false
                        ],
                        "is_default_enabled": true
                      }
                    ],
                    "trusted_platform_module_options": [
                      {
                        "allowed_values": [
                          true,
                          false
                        ],
                        "is_default_enabled": false
                      }
                    ],
                    "type": "AMD_VM",
                    "virtual_instructions_options": []
                  }
                ],
                "processor_description": "2.25 GHz AMD EPYC™ 7742 (Rome)",
                "quota_names": [
                  "standard-e3-core-ad-count",
                  "standard-e3-memory-count"
                ],
                "rdma_bandwidth_in_gbps": 0,
                "rdma_ports": 0,
                "recommended_alternatives": [],
                "resize_compatible_shapes": [
                  "VM.Standard1.1",
                  "VM.Standard1.2",
                  "VM.Standard1.4",
                  "VM.Standard1.8",
                  "VM.Standard1.16",
                  "VM.Standard.E2.1",
                  "VM.Standard.E2.2",
                  "VM.Standard.E2.4",
                  "VM.Standard.E2.8",
                  "VM.Standard2.1",
                  "VM.Standard2.2",
                  "VM.Standard2.4",
                  "VM.Standard2.8",
                  "VM.Standard2.16",
                  "VM.Standard2.24",
                  "VM.Standard.E3.Flex",
                  "VM.Standard.E4.Flex",
                  "VM.Standard.E5.Flex",
                  "VM.Standard3.Flex",
                  "VM.Standard.AMD.Generic",
                  "VM.Standard.Intel.Generic",
                  "VM.Standard.x86.Generic"
                ]
              },
              {
                "baseline_ocpu_utilizations": [],
                "billing_type": "LIMITED_FREE",
                "gpu_description": "",
                "gpus": 0,
                "is_billed_for_stopped_instance": false,
                "is_flexible": true,
                "is_live_migration_supported": true,
                "is_subcore": false,
                "local_disk_description": "",
                "local_disks": 0,
                "local_disks_total_size_in_gbs": 0,
                "max_vnic_attachment_options": [
                  {
                    "default_per_ocpu": 1,
                    "max": 24,
                    "min": 2
                  }
                ],
                "max_vnic_attachments": 2,
                "memory_in_gbs": 6,
                "memory_options": [
                  {
                    "default_per_ocpu_in_gbs": 6,
                    "max_in_gbs": 512,
                    "max_per_numa_node_in_gbs": 512,
                    "max_per_ocpu_in_gbs": 64,
                    "min_in_gbs": 1,
                    "min_per_ocpu_in_gbs": 1
                  }
                ],
                "min_total_baseline_ocpus_required": 0,
                "name": "VM.Standard.A1.Flex",
                "network_ports": 1,
                "networking_bandwidth_in_gbps": 1,
                "networking_bandwidth_options": [
                  {
                    "default_per_ocpu_in_gbps": 1,
                    "max_in_gbps": 40,
                    "min_in_gbps": 1
                  }
                ],
                "ocpu_options": [
                  {
                    "max": 80,
                    "max_per_numa_node": 80,
                    "min": 1
                  }
                ],
                "ocpus": 1,
                "platform_config_options": [],
                "processor_description": "3.0 GHz Ampere® Altra™",
                "quota_names": [
                  "standard-a1-memory-count",
                  "standard-a1-memory-regional-count",
                  "standard-a1-core-count",
                  "standard-a1-core-regional-count"
                ],
                "rdma_bandwidth_in_gbps": 0,
                "rdma_ports": 0,
                "recommended_alternatives": [],
                "resize_compatible_shapes": [
                  "VM.Standard.A1.Flex",
                  "VM.Standard.Ampere.Generic"
                ]
              },
              {
                "baseline_ocpu_utilizations": [],
                "billing_type": "PAID",
                "gpu_description": "",
                "gpus": 0,
                "is_billed_for_stopped_instance": false,
                "is_flexible": false,
                "is_live_migration_supported": true,
                "is_subcore": false,
                "local_disk_description": "",
                "local_disks": 0,
                "local_disks_total_size_in_gbs": 0,
                "max_vnic_attachment_options": [],
                "max_vnic_attachments": 2,
                "memory_in_gbs": 15,
                "memory_options": [],
                "min_total_baseline_ocpus_required": 0,
                "name": "VM.Standard2.1",
                "network_ports": 1,
                "networking_bandwidth_in_gbps": 1,
                "networking_bandwidth_options": [],
                "ocpu_options": [],
                "ocpus": 1,
                "platform_config_options": [
                  {
                    "access_control_service_options": [],
                    "input_output_memory_management_unit_options": [],
                    "measured_boot_options": [
                      {
                        "allowed_values": [
                          true,
                          false
                        ],
                        "is_default_enabled": false
                      }
                    ],
                    "memory_encryption_options": [],
                    "numa_nodes_per_socket_platform_options": [],
                    "percentage_of_cores_enabled_options": [],
                    "secure_boot_options": [
                      {
                        "allowed_values": [
                          true,
                          false
                        ],
                        "is_default_enabled": false
                      }
                    ],
                    "symmetric_multi_threading_options": [
                      {
                        "allowed_values": [
                          true,
                          false
                        ],
                        "is_default_enabled": true
                      }
                    ],
                    "trusted_platform_module_options": [
                      {
                        "allowed_values": [
                          true,
                          false
                        ],
                        "is_default_enabled": false
                      }
                    ],
                    "type": "INTEL_VM",
                    "virtual_instructions_options": []
                  }
                ],
                "processor_description": "2.0 GHz Intel® Xeon® Platinum 8167M (Skylake)",
                "quota_names": [
                  "standard2-core-count"
                ],
                "rdma_bandwidth_in_gbps": 0,
                "rdma_ports": 0,
                "recommended_alternatives": [],
                "resize_compatible_shapes": [
                  "VM.Standard1.1",
                  "VM.Standard1.2",
                  "VM.Standard1.4",
                  "VM.Standard1.8",
                  "VM.Standard1.16",
                  "VM.Standard.E2.1",
                  "VM.Standard.E2.2",
                  "VM.Standard.E2.4",
                  "VM.Standard.E2.8",
                  "VM.Standard2.1",
                  "VM.Standard2.2",
                  "VM.Standard2.4",
                  "VM.Standard2.8",
                  "VM.Standard2.16",
                  "VM.Standard2.24",
                  "VM.Standard.E3.Flex",
                  "VM.Standard.E4.Flex",
                  "VM.Standard.E5.Flex",
                  "VM.Standard3.Flex",
                  "VM.Standard.AMD.Generic",
                  "VM.Standard.Intel.Generic",
                  "VM.Standard.x86.Generic"
                ]
              },
              {
                "baseline_ocpu_utilizations": [],
                "billing_type": "PAID",
                "gpu_description": "",
                "gpus": 0,
                "is_billed_for_stopped_instance": false,
                "is_flexible": false,
                "is_live_migration_supported": true,
                "is_subcore": false,
                "local_disk_description": "",
                "local_disks": 0,
                "local_disks_total_size_in_gbs": 0,
                "max_vnic_attachment_options": [],
                "max_vnic_attachments": 2,
                "memory_in_gbs": 30,
                "memory_options": [],
                "min_total_baseline_ocpus_required": 0,
                "name": "VM.Standard2.2",
                "network_ports": 1,
                "networking_bandwidth_in_gbps": 2,
                "networking_bandwidth_options": [],
                "ocpu_options": [],
                "ocpus": 2,
                "platform_config_options": [
                  {
                    "access_control_service_options": [],
                    "input_output_memory_management_unit_options": [],
                    "measured_boot_options": [
                      {
                        "allowed_values": [
                          true,
                          false
                        ],
                        "is_default_enabled": false
                      }
                    ],
                    "memory_encryption_options": [],
                    "numa_nodes_per_socket_platform_options": [],
                    "percentage_of_cores_enabled_options": [],
                    "secure_boot_options": [
                      {
                        "allowed_values": [
                          true,
                          false
                        ],
                        "is_default_enabled": false
                      }
                    ],
                    "symmetric_multi_threading_options": [
                      {
                        "allowed_values": [
                          true,
                          false
                        ],
                        "is_default_enabled": true
                      }
                    ],
                    "trusted_platform_module_options": [
                      {
                        "allowed_values": [
                          true,
                          false
                        ],
                        "is_default_enabled": false
                      }
                    ],
                    "type": "INTEL_VM",
                    "virtual_instructions_options": []
                  }
                ],
                "processor_description": "2.0 GHz Intel® Xeon® Platinum 8167M (Skylake)",
                "quota_names": [
                  "standard2-core-count"
                ],
                "rdma_bandwidth_in_gbps": 0,
                "rdma_ports": 0,
                "recommended_alternatives": [],
                "resize_compatible_shapes": [
                  "VM.Standard1.1",
                  "VM.Standard1.2",
                  "VM.Standard1.4",
                  "VM.Standard1.8",
                  "VM.Standard1.16",
                  "VM.Standard.E2.1",
                  "VM.Standard.E2.2",
                  "VM.Standard.E2.4",
                  "VM.Standard.E2.8",
                  "VM.Standard2.1",
                  "VM.Standard2.2",
                  "VM.Standard2.4",
                  "VM.Standard2.8",
                  "VM.Standard2.16",
                  "VM.Standard2.24",
                  "VM.Standard.E3.Flex",
                  "VM.Standard.E4.Flex",
                  "VM.Standard.E5.Flex",
                  "VM.Standard3.Flex",
                  "VM.Standard.AMD.Generic",
                  "VM.Standard.Intel.Generic",
                  "VM.Standard.x86.Generic"
                ]
              },
              {
                "baseline_ocpu_utilizations": [],
                "billing_type": "PAID",
                "gpu_description": "",
                "gpus": 0,
                "is_billed_for_stopped_instance": false,
                "is_flexible": false,
                "is_live_migration_supported": true,
                "is_subcore": false,
                "local_disk_description": "",
                "local_disks": 0,
                "local_disks_total_size_in_gbs": 0,
                "max_vnic_attachment_options": [],
                "max_vnic_attachments": 4,
                "memory_in_gbs": 60,
                "memory_options": [],
                "min_total_baseline_ocpus_required": 0,
                "name": "VM.Standard2.4",
                "network_ports": 1,
                "networking_bandwidth_in_gbps": 4.099999904632568,
                "networking_bandwidth_options": [],
                "ocpu_options": [],
                "ocpus": 4,
                "platform_config_options": [
                  {
                    "access_control_service_options": [],
                    "input_output_memory_management_unit_options": [],
                    "measured_boot_options": [
                      {
                        "allowed_values": [
                          true,
                          false
                        ],
                        "is_default_enabled": false
                      }
                    ],
                    "memory_encryption_options": [],
                    "numa_nodes_per_socket_platform_options": [],
                    "percentage_of_cores_enabled_options": [],
                    "secure_boot_options": [
                      {
                        "allowed_values": [
                          true,
                          false
                        ],
                        "is_default_enabled": false
                      }
                    ],
                    "symmetric_multi_threading_options": [
                      {
                        "allowed_values": [
                          true,
                          false
                        ],
                        "is_default_enabled": true
                      }
                    ],
                    "trusted_platform_module_options": [
                      {
                        "allowed_values": [
                          true,
                          false
                        ],
                        "is_default_enabled": false
                      }
                    ],
                    "type": "INTEL_VM",
                    "virtual_instructions_options": []
                  }
                ],
                "processor_description": "2.0 GHz Intel® Xeon® Platinum 8167M (Skylake)",
                "quota_names": [
                  "standard2-core-count"
                ],
                "rdma_bandwidth_in_gbps": 0,
                "rdma_ports": 0,
                "recommended_alternatives": [],
                "resize_compatible_shapes": [
                  "VM.Standard1.1",
                  "VM.Standard1.2",
                  "VM.Standard1.4",
                  "VM.Standard1.8",
                  "VM.Standard1.16",
                  "VM.Standard.E2.1",
                  "VM.Standard.E2.2",
                  "VM.Standard.E2.4",
                  "VM.Standard.E2.8",
                  "VM.Standard2.1",
                  "VM.Standard2.2",
                  "VM.Standard2.4",
                  "VM.Standard2.8",
                  "VM.Standard2.16",
                  "VM.Standard2.24",
                  "VM.Standard.E3.Flex",
                  "VM.Standard.E4.Flex",
                  "VM.Standard.E5.Flex",
                  "VM.Standard3.Flex",
                  "VM.Standard.AMD.Generic",
                  "VM.Standard.Intel.Generic",
                  "VM.Standard.x86.Generic"
                ]
              },
              {
                "baseline_ocpu_utilizations": [],
                "billing_type": "PAID",
                "gpu_description": "",
                "gpus": 0,
                "is_billed_for_stopped_instance": false,
                "is_flexible": false,
                "is_live_migration_supported": true,
                "is_subcore": false,
                "local_disk_description": "",
                "local_disks": 0,
                "local_disks_total_size_in_gbs": 0,
                "max_vnic_attachment_options": [],
                "max_vnic_attachments": 8,
                "memory_in_gbs": 120,
                "memory_options": [],
                "min_total_baseline_ocpus_required": 0,
                "name": "VM.Standard2.8",
                "network_ports": 1,
                "networking_bandwidth_in_gbps": 8.199999809265137,
                "networking_bandwidth_options": [],
                "ocpu_options": [],
                "ocpus": 8,
                "platform_config_options": [
                  {
                    "access_control_service_options": [],
                    "input_output_memory_management_unit_options": [],
                    "measured_boot_options": [
                      {
                        "allowed_values": [
                          true,
                          false
                        ],
                        "is_default_enabled": false
                      }
                    ],
                    "memory_encryption_options": [],
                    "numa_nodes_per_socket_platform_options": [],
                    "percentage_of_cores_enabled_options": [],
                    "secure_boot_options": [
                      {
                        "allowed_values": [
                          true,
                          false
                        ],
                        "is_default_enabled": false
                      }
                    ],
                    "symmetric_multi_threading_options": [
                      {
                        "allowed_values": [
                          true,
                          false
                        ],
                        "is_default_enabled": true
                      }
                    ],
                    "trusted_platform_module_options": [
                      {
                        "allowed_values": [
                          true,
                          false
                        ],
                        "is_default_enabled": false
                      }
                    ],
                    "type": "INTEL_VM",
                    "virtual_instructions_options": []
                  }
                ],
                "processor_description": "2.0 GHz Intel® Xeon® Platinum 8167M (Skylake)",
                "quota_names": [
                  "standard2-core-count"
                ],
                "rdma_bandwidth_in_gbps": 0,
                "rdma_ports": 0,
                "recommended_alternatives": [],
                "resize_compatible_shapes": [
                  "VM.Standard1.1",
                  "VM.Standard1.2",
                  "VM.Standard1.4",
                  "VM.Standard1.8",
                  "VM.Standard1.16",
                  "VM.Standard.E2.1",
                  "VM.Standard.E2.2",
                  "VM.Standard.E2.4",
                  "VM.Standard.E2.8",
                  "VM.Standard2.1",
                  "VM.Standard2.2",
                  "VM.Standard2.4",
                  "VM.Standard2.8",
                  "VM.Standard2.16",
                  "VM.Standard2.24",
                  "VM.Standard.E3.Flex",
                  "VM.Standard.E4.Flex",
                  "VM.Standard.E5.Flex",
                  "VM.Standard3.Flex",
                  "VM.Standard.AMD.Generic",
                  "VM.Standard.Intel.Generic",
                  "VM.Standard.x86.Generic"
                ]
              },
              {
                "baseline_ocpu_utilizations": [],
                "billing_type": "PAID",
                "gpu_description": "",
                "gpus": 0,
                "is_billed_for_stopped_instance": false,
                "is_flexible": false,
                "is_live_migration_supported": true,
                "is_subcore": false,
                "local_disk_description": "",
                "local_disks": 0,
                "local_disks_total_size_in_gbs": 0,
                "max_vnic_attachment_options": [],
                "max_vnic_attachments": 16,
                "memory_in_gbs": 240,
                "memory_options": [],
                "min_total_baseline_ocpus_required": 0,
                "name": "VM.Standard2.16",
                "network_ports": 1,
                "networking_bandwidth_in_gbps": 16.399999618530273,
                "networking_bandwidth_options": [],
                "ocpu_options": [],
                "ocpus": 16,
                "platform_config_options": [
                  {
                    "access_control_service_options": [],
                    "input_output_memory_management_unit_options": [],
                    "measured_boot_options": [
                      {
                        "allowed_values": [
                          true,
                          false
                        ],
                        "is_default_enabled": false
                      }
                    ],
                    "memory_encryption_options": [],
                    "numa_nodes_per_socket_platform_options": [],
                    "percentage_of_cores_enabled_options": [],
                    "secure_boot_options": [
                      {
                        "allowed_values": [
                          true,
                          false
                        ],
                        "is_default_enabled": false
                      }
                    ],
                    "symmetric_multi_threading_options": [
                      {
                        "allowed_values": [
                          true,
                          false
                        ],
                        "is_default_enabled": true
                      }
                    ],
                    "trusted_platform_module_options": [
                      {
                        "allowed_values": [
                          true,
                          false
                        ],
                        "is_default_enabled": false
                      }
                    ],
                    "type": "INTEL_VM",
                    "virtual_instructions_options": []
                  }
                ],
                "processor_description": "2.0 GHz Intel® Xeon® Platinum 8167M (Skylake)",
                "quota_names": [
                  "standard2-core-count"
                ],
                "rdma_bandwidth_in_gbps": 0,
                "rdma_ports": 0,
                "recommended_alternatives": [],
                "resize_compatible_shapes": [
                  "VM.Standard1.1",
                  "VM.Standard1.2",
                  "VM.Standard1.4",
                  "VM.Standard1.8",
                  "VM.Standard1.16",
                  "VM.Standard.E2.1",
                  "VM.Standard.E2.2",
                  "VM.Standard.E2.4",
                  "VM.Standard.E2.8",
                  "VM.Standard2.1",
                  "VM.Standard2.2",
                  "VM.Standard2.4",
                  "VM.Standard2.8",
                  "VM.Standard2.16",
                  "VM.Standard2.24",
                  "VM.Standard.E3.Flex",
                  "VM.Standard.E4.Flex",
                  "VM.Standard.E5.Flex",
                  "VM.Standard3.Flex",
                  "VM.Standard.AMD.Generic",
                  "VM.Standard.Intel.Generic",
                  "VM.Standard.x86.Generic"
                ]
              },
              {
                "baseline_ocpu_utilizations": [],
                "billing_type": "PAID",
                "gpu_description": "",
                "gpus": 0,
                "is_billed_for_stopped_instance": false,
                "is_flexible": false,
                "is_live_migration_supported": true,
                "is_subcore": false,
                "local_disk_description": "",
                "local_disks": 0,
                "local_disks_total_size_in_gbs": 0,
                "max_vnic_attachment_options": [],
                "max_vnic_attachments": 24,
                "memory_in_gbs": 320,
                "memory_options": [],
                "min_total_baseline_ocpus_required": 0,
                "name": "VM.Standard2.24",
                "network_ports": 1,
                "networking_bandwidth_in_gbps": 24.600000381469727,
                "networking_bandwidth_options": [],
                "ocpu_options": [],
                "ocpus": 24,
                "platform_config_options": [
                  {
                    "access_control_service_options": [],
                    "input_output_memory_management_unit_options": [],
                    "measured_boot_options": [
                      {
                        "allowed_values": [
                          true,
                          false
                        ],
                        "is_default_enabled": false
                      }
                    ],
                    "memory_encryption_options": [],
                    "numa_nodes_per_socket_platform_options": [],
                    "percentage_of_cores_enabled_options": [],
                    "secure_boot_options": [
                      {
                        "allowed_values": [
                          true,
                          false
                        ],
                        "is_default_enabled": false
                      }
                    ],
                    "symmetric_multi_threading_options": [
                      {
                        "allowed_values": [
                          true,
                          false
                        ],
                        "is_default_enabled": true
                      }
                    ],
                    "trusted_platform_module_options": [
                      {
                        "allowed_values": [
                          true,
                          false
                        ],
                        "is_default_enabled": false
                      }
                    ],
                    "type": "INTEL_VM",
                    "virtual_instructions_options": []
                  }
                ],
                "processor_description": "2.0 GHz Intel® Xeon® Platinum 8167M (Skylake)",
                "quota_names": [
                  "standard2-core-count"
                ],
                "rdma_bandwidth_in_gbps": 0,
                "rdma_ports": 0,
                "recommended_alternatives": [],
                "resize_compatible_shapes": [
                  "VM.Standard1.1",
                  "VM.Standard1.2",
                  "VM.Standard1.4",
                  "VM.Standard1.8",
                  "VM.Standard1.16",
                  "VM.Standard.E2.1",
                  "VM.Standard.E2.2",
                  "VM.Standard.E2.4",
                  "VM.Standard.E2.8",
                  "VM.Standard2.1",
                  "VM.Standard2.2",
                  "VM.Standard2.4",
                  "VM.Standard2.8",
                  "VM.Standard2.16",
                  "VM.Standard2.24",
                  "VM.Standard.E3.Flex",
                  "VM.Standard.E4.Flex",
                  "VM.Standard.E5.Flex",
                  "VM.Standard3.Flex",
                  "VM.Standard.AMD.Generic",
                  "VM.Standard.Intel.Generic",
                  "VM.Standard.x86.Generic"
                ]
              },
              {
                "baseline_ocpu_utilizations": [],
                "billing_type": "PAID",
                "gpu_description": "",
                "gpus": 0,
                "is_billed_for_stopped_instance": false,
                "is_flexible": false,
                "is_live_migration_supported": true,
                "is_subcore": false,
                "local_disk_description": "",
                "local_disks": 0,
                "local_disks_total_size_in_gbs": 0,
                "max_vnic_attachment_options": [],
                "max_vnic_attachments": 2,
                "memory_in_gbs": 8,
                "memory_options": [],
                "min_total_baseline_ocpus_required": 0,
                "name": "VM.Standard.E2.1",
                "network_ports": 1,
                "networking_bandwidth_in_gbps": 0.699999988079071,
                "networking_bandwidth_options": [],
                "ocpu_options": [],
                "ocpus": 1,
                "platform_config_options": [],
                "processor_description": "2.0 GHz AMD EPYC™ 7551 (Naples)",
                "quota_names": [
                  "standard-e2-core-count"
                ],
                "rdma_bandwidth_in_gbps": 0,
                "rdma_ports": 0,
                "recommended_alternatives": [
                  {
                    "shape_name": "VM.Standard2.1"
                  },
                  {
                    "shape_name": "VM.Standard.E3.Flex"
                  }
                ],
                "resize_compatible_shapes": [
                  "VM.Standard1.1",
                  "VM.Standard1.2",
                  "VM.Standard1.4",
                  "VM.Standard1.8",
                  "VM.Standard1.16",
                  "VM.Standard.E2.1",
                  "VM.Standard.E2.2",
                  "VM.Standard.E2.4",
                  "VM.Standard.E2.8",
                  "VM.Standard2.1",
                  "VM.Standard2.2",
                  "VM.Standard2.4",
                  "VM.Standard2.8",
                  "VM.Standard2.16",
                  "VM.Standard2.24",
                  "VM.Standard.E3.Flex",
                  "VM.Standard.E4.Flex",
                  "VM.Standard.E5.Flex",
                  "VM.Standard3.Flex",
                  "VM.Standard.AMD.Generic",
                  "VM.Standard.Intel.Generic",
                  "VM.Standard.x86.Generic"
                ]
              },
              {
                "baseline_ocpu_utilizations": [],
                "billing_type": "PAID",
                "gpu_description": "",
                "gpus": 0,
                "is_billed_for_stopped_instance": false,
                "is_flexible": false,
                "is_live_migration_supported": true,
                "is_subcore": false,
                "local_disk_description": "",
                "local_disks": 0,
                "local_disks_total_size_in_gbs": 0,
                "max_vnic_attachment_options": [],
                "max_vnic_attachments": 2,
                "memory_in_gbs": 16,
                "memory_options": [],
                "min_total_baseline_ocpus_required": 0,
                "name": "VM.Standard.E2.2",
                "network_ports": 1,
                "networking_bandwidth_in_gbps": 1.399999976158142,
                "networking_bandwidth_options": [],
                "ocpu_options": [],
                "ocpus": 2,
                "platform_config_options": [],
                "processor_description": "2.0 GHz AMD EPYC™ 7551 (Naples)",
                "quota_names": [
                  "standard-e2-core-count"
                ],
                "rdma_bandwidth_in_gbps": 0,
                "rdma_ports": 0,
                "recommended_alternatives": [
                  {
                    "shape_name": "VM.Standard2.2"
                  },
                  {
                    "shape_name": "VM.Standard.E3.Flex"
                  }
                ],
                "resize_compatible_shapes": [
                  "VM.Standard1.1",
                  "VM.Standard1.2",
                  "VM.Standard1.4",
                  "VM.Standard1.8",
                  "VM.Standard1.16",
                  "VM.Standard.E2.1",
                  "VM.Standard.E2.2",
                  "VM.Standard.E2.4",
                  "VM.Standard.E2.8",
                  "VM.Standard2.1",
                  "VM.Standard2.2",
                  "VM.Standard2.4",
                  "VM.Standard2.8",
                  "VM.Standard2.16",
                  "VM.Standard2.24",
                  "VM.Standard.E3.Flex",
                  "VM.Standard.E4.Flex",
                  "VM.Standard.E5.Flex",
                  "VM.Standard3.Flex",
                  "VM.Standard.AMD.Generic",
                  "VM.Standard.Intel.Generic",
                  "VM.Standard.x86.Generic"
                ]
              },
              {
                "baseline_ocpu_utilizations": [],
                "billing_type": "PAID",
                "gpu_description": "",
                "gpus": 0,
                "is_billed_for_stopped_instance": false,
                "is_flexible": false,
                "is_live_migration_supported": true,
                "is_subcore": false,
                "local_disk_description": "",
                "local_disks": 0,
                "local_disks_total_size_in_gbs": 0,
                "max_vnic_attachment_options": [],
                "max_vnic_attachments": 4,
                "memory_in_gbs": 32,
                "memory_options": [],
                "min_total_baseline_ocpus_required": 0,
                "name": "VM.Standard.E2.4",
                "network_ports": 1,
                "networking_bandwidth_in_gbps": 2.799999952316284,
                "networking_bandwidth_options": [],
                "ocpu_options": [],
                "ocpus": 4,
                "platform_config_options": [],
                "processor_description": "2.0 GHz AMD EPYC™ 7551 (Naples)",
                "quota_names": [
                  "standard-e2-core-count"
                ],
                "rdma_bandwidth_in_gbps": 0,
                "rdma_ports": 0,
                "recommended_alternatives": [
                  {
                    "shape_name": "VM.Standard2.4"
                  },
                  {
                    "shape_name": "VM.Standard.E3.Flex"
                  }
                ],
                "resize_compatible_shapes": [
                  "VM.Standard1.1",
                  "VM.Standard1.2",
                  "VM.Standard1.4",
                  "VM.Standard1.8",
                  "VM.Standard1.16",
                  "VM.Standard.E2.1",
                  "VM.Standard.E2.2",
                  "VM.Standard.E2.4",
                  "VM.Standard.E2.8",
                  "VM.Standard2.1",
                  "VM.Standard2.2",
                  "VM.Standard2.4",
                  "VM.Standard2.8",
                  "VM.Standard2.16",
                  "VM.Standard2.24",
                  "VM.Standard.E3.Flex",
                  "VM.Standard.E4.Flex",
                  "VM.Standard.E5.Flex",
                  "VM.Standard3.Flex",
                  "VM.Standard.AMD.Generic",
                  "VM.Standard.Intel.Generic",
                  "VM.Standard.x86.Generic"
                ]
              },
              {
                "baseline_ocpu_utilizations": [],
                "billing_type": "PAID",
                "gpu_description": "",
                "gpus": 0,
                "is_billed_for_stopped_instance": false,
                "is_flexible": false,
                "is_live_migration_supported": true,
                "is_subcore": false,
                "local_disk_description": "",
                "local_disks": 0,
                "local_disks_total_size_in_gbs": 0,
                "max_vnic_attachment_options": [],
                "max_vnic_attachments": 8,
                "memory_in_gbs": 64,
                "memory_options": [],
                "min_total_baseline_ocpus_required": 0,
                "name": "VM.Standard.E2.8",
                "network_ports": 1,
                "networking_bandwidth_in_gbps": 5.599999904632568,
                "networking_bandwidth_options": [],
                "ocpu_options": [],
                "ocpus": 8,
                "platform_config_options": [],
                "processor_description": "2.0 GHz AMD EPYC™ 7551 (Naples)",
                "quota_names": [
                  "standard-e2-core-count"
                ],
                "rdma_bandwidth_in_gbps": 0,
                "rdma_ports": 0,
                "recommended_alternatives": [
                  {
                    "shape_name": "VM.Standard2.8"
                  },
                  {
                    "shape_name": "VM.Standard.E3.Flex"
                  }
                ],
                "resize_compatible_shapes": [
                  "VM.Standard1.1",
                  "VM.Standard1.2",
                  "VM.Standard1.4",
                  "VM.Standard1.8",
                  "VM.Standard1.16",
                  "VM.Standard.E2.1",
                  "VM.Standard.E2.2",
                  "VM.Standard.E2.4",
                  "VM.Standard.E2.8",
                  "VM.Standard2.1",
                  "VM.Standard2.2",
                  "VM.Standard2.4",
                  "VM.Standard2.8",
                  "VM.Standard2.16",
                  "VM.Standard2.24",
                  "VM.Standard.E3.Flex",
                  "VM.Standard.E4.Flex",
                  "VM.Standard.E5.Flex",
                  "VM.Standard3.Flex",
                  "VM.Standard.AMD.Generic",
                  "VM.Standard.Intel.Generic",
                  "VM.Standard.x86.Generic"
                ]
              },
              {
                "baseline_ocpu_utilizations": [
                  "BASELINE_1_8",
                  "BASELINE_1_2",
                  "BASELINE_1_1"
                ],
                "billing_type": "PAID",
                "gpu_description": "",
                "gpus": 0,
                "is_billed_for_stopped_instance": false,
                "is_flexible": true,
                "is_live_migration_supported": true,
                "is_subcore": true,
                "local_disk_description": "",
                "local_disks": 0,
                "local_disks_total_size_in_gbs": 0,
                "max_vnic_attachment_options": [
                  {
                    "default_per_ocpu": 1,
                    "max": 24,
                    "min": 2
                  }
                ],
                "max_vnic_attachments": 2,
                "memory_in_gbs": 16,
                "memory_options": [
                  {
                    "default_per_ocpu_in_gbs": 16,
                    "max_in_gbs": 896,
                    "max_per_numa_node_in_gbs": 512,
                    "max_per_ocpu_in_gbs": 64,
                    "min_in_gbs": 1,
                    "min_per_ocpu_in_gbs": 1
                  }
                ],
                "min_total_baseline_ocpus_required": 0,
                "name": "VM.Standard3.Flex",
                "network_ports": 1,
                "networking_bandwidth_in_gbps": 1,
                "networking_bandwidth_options": [
                  {
                    "default_per_ocpu_in_gbps": 1,
                    "max_in_gbps": 40,
                    "min_in_gbps": 1
                  }
                ],
                "ocpu_options": [
                  {
                    "max": 56,
                    "max_per_numa_node": 32,
                    "min": 1
                  }
                ],
                "ocpus": 1,
                "platform_config_options": [
                  {
                    "access_control_service_options": [],
                    "input_output_memory_management_unit_options": [],
                    "measured_boot_options": [
                      {
                        "allowed_values": [
                          true,
                          false
                        ],
                        "is_default_enabled": false
                      }
                    ],
                    "memory_encryption_options": [],
                    "numa_nodes_per_socket_platform_options": [],
                    "percentage_of_cores_enabled_options": [],
                    "secure_boot_options": [
                      {
                        "allowed_values": [
                          true,
                          false
                        ],
                        "is_default_enabled": false
                      }
                    ],
                    "symmetric_multi_threading_options": [
                      {
                        "allowed_values": [
                          true,
                          false
                        ],
                        "is_default_enabled": true
                      }
                    ],
                    "trusted_platform_module_options": [
                      {
                        "allowed_values": [
                          true,
                          false
                        ],
                        "is_default_enabled": false
                      }
                    ],
                    "type": "INTEL_VM",
                    "virtual_instructions_options": []
                  }
                ],
                "processor_description": "2.6 GHz Intel® Xeon® Platinum 8358 (Ice Lake)",
                "quota_names": [
                  "standard3-memory-count",
                  "standard3-core-count"
                ],
                "rdma_bandwidth_in_gbps": 0,
                "rdma_ports": 0,
                "recommended_alternatives": [],
                "resize_compatible_shapes": [
                  "VM.Standard1.1",
                  "VM.Standard1.2",
                  "VM.Standard1.4",
                  "VM.Standard1.8",
                  "VM.Standard1.16",
                  "VM.Standard.E2.1",
                  "VM.Standard.E2.2",
                  "VM.Standard.E2.4",
                  "VM.Standard.E2.8",
                  "VM.Standard2.1",
                  "VM.Standard2.2",
                  "VM.Standard2.4",
                  "VM.Standard2.8",
                  "VM.Standard2.16",
                  "VM.Standard2.24",
                  "VM.Standard.E3.Flex",
                  "VM.Standard.E4.Flex",
                  "VM.Standard.E5.Flex",
                  "VM.Standard3.Flex",
                  "VM.Standard.AMD.Generic",
                  "VM.Standard.Intel.Generic",
                  "VM.Standard.x86.Generic"
                ]
              },
              {
                "baseline_ocpu_utilizations": [],
                "billing_type": "PAID",
                "gpu_description": "NVIDIA® Tesla® V100",
                "gpus": 1,
                "is_billed_for_stopped_instance": true,
                "is_flexible": false,
                "is_live_migration_supported": false,
                "is_subcore": false,
                "local_disk_description": "",
                "local_disks": 0,
                "local_disks_total_size_in_gbs": 0,
                "max_vnic_attachment_options": [],
                "max_vnic_attachments": 6,
                "memory_in_gbs": 90,
                "memory_options": [],
                "min_total_baseline_ocpus_required": 0,
                "name": "VM.GPU3.1",
                "network_ports": 1,
                "networking_bandwidth_in_gbps": 4,
                "networking_bandwidth_options": [],
                "ocpu_options": [],
                "ocpus": 6,
                "platform_config_options": [],
                "processor_description": "2.0 GHz Intel® Xeon® Platinum 8167M (Skylake)",
                "quota_names": [
                  "default-shape",
                  "gpu3-count"
                ],
                "rdma_bandwidth_in_gbps": 0,
                "rdma_ports": 0,
                "recommended_alternatives": [],
                "resize_compatible_shapes": [
                  "VM.GPU3.1",
                  "VM.GPU3.2",
                  "VM.GPU3.4"
                ]
              },
              {
                "baseline_ocpu_utilizations": [],
                "billing_type": "PAID",
                "gpu_description": "NVIDIA® Tesla® V100",
                "gpus": 2,
                "is_billed_for_stopped_instance": true,
                "is_flexible": false,
                "is_live_migration_supported": false,
                "is_subcore": false,
                "local_disk_description": "",
                "local_disks": 0,
                "local_disks_total_size_in_gbs": 0,
                "max_vnic_attachment_options": [],
                "max_vnic_attachments": 12,
                "memory_in_gbs": 180,
                "memory_options": [],
                "min_total_baseline_ocpus_required": 0,
                "name": "VM.GPU3.2",
                "network_ports": 1,
                "networking_bandwidth_in_gbps": 8,
                "networking_bandwidth_options": [],
                "ocpu_options": [],
                "ocpus": 12,
                "platform_config_options": [],
                "processor_description": "2.0 GHz Intel® Xeon® Platinum 8167M (Skylake)",
                "quota_names": [
                  "default-shape",
                  "gpu3-count"
                ],
                "rdma_bandwidth_in_gbps": 0,
                "rdma_ports": 0,
                "recommended_alternatives": [],
                "resize_compatible_shapes": [
                  "VM.GPU3.1",
                  "VM.GPU3.2",
                  "VM.GPU3.4"
                ]
              },
              {
                "baseline_ocpu_utilizations": [],
                "billing_type": "PAID",
                "gpu_description": "NVIDIA® Tesla® V100",
                "gpus": 4,
                "is_billed_for_stopped_instance": true,
                "is_flexible": false,
                "is_live_migration_supported": false,
                "is_subcore": false,
                "local_disk_description": "",
                "local_disks": 0,
                "local_disks_total_size_in_gbs": 0,
                "max_vnic_attachment_options": [],
                "max_vnic_attachments": 24,
                "memory_in_gbs": 360,
                "memory_options": [],
                "min_total_baseline_ocpus_required": 0,
                "name": "VM.GPU3.4",
                "network_ports": 1,
                "networking_bandwidth_in_gbps": 24.600000381469727,
                "networking_bandwidth_options": [],
                "ocpu_options": [],
                "ocpus": 24,
                "platform_config_options": [],
                "processor_description": "2.0 GHz Intel® Xeon® Platinum 8167M (Skylake)",
                "quota_names": [
                  "default-shape",
                  "gpu3-count"
                ],
                "rdma_bandwidth_in_gbps": 0,
                "rdma_ports": 0,
                "recommended_alternatives": [],
                "resize_compatible_shapes": [
                  "VM.GPU3.1",
                  "VM.GPU3.2",
                  "VM.GPU3.4"
                ]
              },
              {
                "baseline_ocpu_utilizations": [],
                "billing_type": "PAID",
                "gpu_description": "",
                "gpus": 0,
                "is_billed_for_stopped_instance": false,
                "is_flexible": false,
                "is_live_migration_supported": true,
                "is_subcore": false,
                "local_disk_description": "",
                "local_disks": 0,
                "local_disks_total_size_in_gbs": 0,
                "max_vnic_attachment_options": [],
                "max_vnic_attachments": 2,
                "memory_in_gbs": 7,
                "memory_options": [],
                "min_total_baseline_ocpus_required": 0,
                "name": "VM.Standard1.1",
                "network_ports": 1,
                "networking_bandwidth_in_gbps": 0.6000000238418579,
                "networking_bandwidth_options": [],
                "ocpu_options": [],
                "ocpus": 1,
                "platform_config_options": [],
                "processor_description": "2.3 GHz Intel® Xeon® E5-2699 v3 (Haswell)",
                "quota_names": [
                  "standard1-core-count"
                ],
                "rdma_bandwidth_in_gbps": 0,
                "rdma_ports": 0,
                "recommended_alternatives": [
                  {
                    "shape_name": "VM.Standard2.1"
                  },
                  {
                    "shape_name": "VM.Standard.E3.Flex"
                  }
                ],
                "resize_compatible_shapes": [
                  "VM.Standard1.1",
                  "VM.Standard1.2",
                  "VM.Standard1.4",
                  "VM.Standard1.8",
                  "VM.Standard1.16",
                  "VM.Standard.E2.1",
                  "VM.Standard.E2.2",
                  "VM.Standard.E2.4",
                  "VM.Standard.E2.8",
                  "VM.Standard2.1",
                  "VM.Standard2.2",
                  "VM.Standard2.4",
                  "VM.Standard2.8",
                  "VM.Standard2.16",
                  "VM.Standard2.24",
                  "VM.Standard.E3.Flex",
                  "VM.Standard.E4.Flex",
                  "VM.Standard.E5.Flex",
                  "VM.Standard3.Flex",
                  "VM.Standard.AMD.Generic",
                  "VM.Standard.Intel.Generic",
                  "VM.Standard.x86.Generic"
                ]
              },
              {
                "baseline_ocpu_utilizations": [],
                "billing_type": "PAID",
                "gpu_description": "",
                "gpus": 0,
                "is_billed_for_stopped_instance": false,
                "is_flexible": false,
                "is_live_migration_supported": true,
                "is_subcore": false,
                "local_disk_description": "",
                "local_disks": 0,
                "local_disks_total_size_in_gbs": 0,
                "max_vnic_attachment_options": [],
                "max_vnic_attachments": 2,
                "memory_in_gbs": 14,
                "memory_options": [],
                "min_total_baseline_ocpus_required": 0,
                "name": "VM.Standard1.2",
                "network_ports": 1,
                "networking_bandwidth_in_gbps": 1.2000000476837158,
                "networking_bandwidth_options": [],
                "ocpu_options": [],
                "ocpus": 2,
                "platform_config_options": [],
                "processor_description": "2.3 GHz Intel® Xeon® E5-2699 v3 (Haswell)",
                "quota_names": [
                  "standard1-core-count"
                ],
                "rdma_bandwidth_in_gbps": 0,
                "rdma_ports": 0,
                "recommended_alternatives": [
                  {
                    "shape_name": "VM.Standard2.2"
                  },
                  {
                    "shape_name": "VM.Standard.E3.Flex"
                  }
                ],
                "resize_compatible_shapes": [
                  "VM.Standard1.1",
                  "VM.Standard1.2",
                  "VM.Standard1.4",
                  "VM.Standard1.8",
                  "VM.Standard1.16",
                  "VM.Standard.E2.1",
                  "VM.Standard.E2.2",
                  "VM.Standard.E2.4",
                  "VM.Standard.E2.8",
                  "VM.Standard2.1",
                  "VM.Standard2.2",
                  "VM.Standard2.4",
                  "VM.Standard2.8",
                  "VM.Standard2.16",
                  "VM.Standard2.24",
                  "VM.Standard.E3.Flex",
                  "VM.Standard.E4.Flex",
                  "VM.Standard.E5.Flex",
                  "VM.Standard3.Flex",
                  "VM.Standard.AMD.Generic",
                  "VM.Standard.Intel.Generic",
                  "VM.Standard.x86.Generic"
                ]
              },
              {
                "baseline_ocpu_utilizations": [],
                "billing_type": "PAID",
                "gpu_description": "",
                "gpus": 0,
                "is_billed_for_stopped_instance": false,
                "is_flexible": false,
                "is_live_migration_supported": true,
                "is_subcore": false,
                "local_disk_description": "",
                "local_disks": 0,
                "local_disks_total_size_in_gbs": 0,
                "max_vnic_attachment_options": [],
                "max_vnic_attachments": 4,
                "memory_in_gbs": 28,
                "memory_options": [],
                "min_total_baseline_ocpus_required": 0,
                "name": "VM.Standard1.4",
                "network_ports": 1,
                "networking_bandwidth_in_gbps": 1.2000000476837158,
                "networking_bandwidth_options": [],
                "ocpu_options": [],
                "ocpus": 4,
                "platform_config_options": [],
                "processor_description": "2.3 GHz Intel® Xeon® E5-2699 v3 (Haswell)",
                "quota_names": [
                  "standard1-core-count"
                ],
                "rdma_bandwidth_in_gbps": 0,
                "rdma_ports": 0,
                "recommended_alternatives": [
                  {
                    "shape_name": "VM.Standard2.4"
                  },
                  {
                    "shape_name": "VM.Standard.E3.Flex"
                  }
                ],
                "resize_compatible_shapes": [
                  "VM.Standard1.1",
                  "VM.Standard1.2",
                  "VM.Standard1.4",
                  "VM.Standard1.8",
                  "VM.Standard1.16",
                  "VM.Standard.E2.1",
                  "VM.Standard.E2.2",
                  "VM.Standard.E2.4",
                  "VM.Standard.E2.8",
                  "VM.Standard2.1",
                  "VM.Standard2.2",
                  "VM.Standard2.4",
                  "VM.Standard2.8",
                  "VM.Standard2.16",
                  "VM.Standard2.24",
                  "VM.Standard.E3.Flex",
                  "VM.Standard.E4.Flex",
                  "VM.Standard.E5.Flex",
                  "VM.Standard3.Flex",
                  "VM.Standard.AMD.Generic",
                  "VM.Standard.Intel.Generic",
                  "VM.Standard.x86.Generic"
                ]
              },
              {
                "baseline_ocpu_utilizations": [],
                "billing_type": "PAID",
                "gpu_description": "",
                "gpus": 0,
                "is_billed_for_stopped_instance": false,
                "is_flexible": false,
                "is_live_migration_supported": true,
                "is_subcore": false,
                "local_disk_description": "",
                "local_disks": 0,
                "local_disks_total_size_in_gbs": 0,
                "max_vnic_attachment_options": [],
                "max_vnic_attachments": 8,
                "memory_in_gbs": 56,
                "memory_options": [],
                "min_total_baseline_ocpus_required": 0,
                "name": "VM.Standard1.8",
                "network_ports": 1,
                "networking_bandwidth_in_gbps": 2.4000000953674316,
                "networking_bandwidth_options": [],
                "ocpu_options": [],
                "ocpus": 8,
                "platform_config_options": [],
                "processor_description": "2.3 GHz Intel® Xeon® E5-2699 v3 (Haswell)",
                "quota_names": [
                  "standard1-core-count"
                ],
                "rdma_bandwidth_in_gbps": 0,
                "rdma_ports": 0,
                "recommended_alternatives": [
                  {
                    "shape_name": "VM.Standard2.8"
                  },
                  {
                    "shape_name": "VM.Standard.E3.Flex"
                  }
                ],
                "resize_compatible_shapes": [
                  "VM.Standard1.1",
                  "VM.Standard1.2",
                  "VM.Standard1.4",
                  "VM.Standard1.8",
                  "VM.Standard1.16",
                  "VM.Standard.E2.1",
                  "VM.Standard.E2.2",
                  "VM.Standard.E2.4",
                  "VM.Standard.E2.8",
                  "VM.Standard2.1",
                  "VM.Standard2.2",
                  "VM.Standard2.4",
                  "VM.Standard2.8",
                  "VM.Standard2.16",
                  "VM.Standard2.24",
                  "VM.Standard.E3.Flex",
                  "VM.Standard.E4.Flex",
                  "VM.Standard.E5.Flex",
                  "VM.Standard3.Flex",
                  "VM.Standard.AMD.Generic",
                  "VM.Standard.Intel.Generic",
                  "VM.Standard.x86.Generic"
                ]
              },
              {
                "baseline_ocpu_utilizations": [],
                "billing_type": "PAID",
                "gpu_description": "",
                "gpus": 0,
                "is_billed_for_stopped_instance": false,
                "is_flexible": false,
                "is_live_migration_supported": true,
                "is_subcore": false,
                "local_disk_description": "",
                "local_disks": 0,
                "local_disks_total_size_in_gbs": 0,
                "max_vnic_attachment_options": [],
                "max_vnic_attachments": 16,
                "memory_in_gbs": 112,
                "memory_options": [],
                "min_total_baseline_ocpus_required": 0,
                "name": "VM.Standard1.16",
                "network_ports": 1,
                "networking_bandwidth_in_gbps": 4.800000190734863,
                "networking_bandwidth_options": [],
                "ocpu_options": [],
                "ocpus": 16,
                "platform_config_options": [],
                "processor_description": "2.3 GHz Intel® Xeon® E5-2699 v3 (Haswell)",
                "quota_names": [
                  "standard1-core-count"
                ],
                "rdma_bandwidth_in_gbps": 0,
                "rdma_ports": 0,
                "recommended_alternatives": [
                  {
                    "shape_name": "VM.Standard2.16"
                  },
                  {
                    "shape_name": "VM.Standard.E3.Flex"
                  }
                ],
                "resize_compatible_shapes": [
                  "VM.Standard1.1",
                  "VM.Standard1.2",
                  "VM.Standard1.4",
                  "VM.Standard1.8",
                  "VM.Standard1.16",
                  "VM.Standard.E2.1",
                  "VM.Standard.E2.2",
                  "VM.Standard.E2.4",
                  "VM.Standard.E2.8",
                  "VM.Standard2.1",
                  "VM.Standard2.2",
                  "VM.Standard2.4",
                  "VM.Standard2.8",
                  "VM.Standard2.16",
                  "VM.Standard2.24",
                  "VM.Standard.E3.Flex",
                  "VM.Standard.E4.Flex",
                  "VM.Standard.E5.Flex",
                  "VM.Standard3.Flex",
                  "VM.Standard.AMD.Generic",
                  "VM.Standard.Intel.Generic",
                  "VM.Standard.x86.Generic"
                ]
              },
              {
                "baseline_ocpu_utilizations": [
                  "BASELINE_1_8",
                  "BASELINE_1_2",
                  "BASELINE_1_1"
                ],
                "billing_type": "PAID",
                "gpu_description": "",
                "gpus": 0,
                "is_billed_for_stopped_instance": false,
                "is_flexible": true,
                "is_live_migration_supported": true,
                "is_subcore": true,
                "local_disk_description": "",
                "local_disks": 0,
                "local_disks_total_size_in_gbs": 0,
                "max_vnic_attachment_options": [
                  {
                    "default_per_ocpu": 1,
                    "max": 24,
                    "min": 2
                  }
                ],
                "max_vnic_attachments": 2,
                "memory_in_gbs": 12,
                "memory_options": [
                  {
                    "default_per_ocpu_in_gbs": 12,
                    "max_in_gbs": 1049,
                    "max_per_numa_node_in_gbs": 1049,
                    "max_per_ocpu_in_gbs": 64,
                    "min_in_gbs": 1,
                    "min_per_ocpu_in_gbs": 1
                  }
                ],
                "min_total_baseline_ocpus_required": 0,
                "name": "VM.Standard.E5.Flex",
                "network_ports": 1,
                "networking_bandwidth_in_gbps": 1,
                "networking_bandwidth_options": [
                  {
                    "default_per_ocpu_in_gbps": 1,
                    "max_in_gbps": 40,
                    "min_in_gbps": 1
                  }
                ],
                "ocpu_options": [
                  {
                    "max": 94,
                    "max_per_numa_node": 94,
                    "min": 1
                  }
                ],
                "ocpus": 1,
                "platform_config_options": [
                  {
                    "access_control_service_options": [],
                    "input_output_memory_management_unit_options": [],
                    "measured_boot_options": [
                      {
                        "allowed_values": [
                          true,
                          false
                        ],
                        "is_default_enabled": false
                      }
                    ],
                    "memory_encryption_options": [],
                    "numa_nodes_per_socket_platform_options": [],
                    "percentage_of_cores_enabled_options": [],
                    "secure_boot_options": [
                      {
                        "allowed_values": [
                          true,
                          false
                        ],
                        "is_default_enabled": false
                      }
                    ],
                    "symmetric_multi_threading_options": [
                      {
                        "allowed_values": [
                          true,
                          false
                        ],
                        "is_default_enabled": true
                      }
                    ],
                    "trusted_platform_module_options": [
                      {
                        "allowed_values": [
                          true,
                          false
                        ],
                        "is_default_enabled": false
                      }
                    ],
                    "type": "AMD_VM",
                    "virtual_instructions_options": []
                  }
                ],
                "processor_description": "2.3 GHz AMD EPYC™ 9J14 (Genoa)",
                "quota_names": [
                  "standard-e5-core-count",
                  "standard-e5-memory-count"
                ],
                "rdma_bandwidth_in_gbps": 0,
                "rdma_ports": 0,
                "recommended_alternatives": [],
                "resize_compatible_shapes": [
                  "VM.Standard1.1",
                  "VM.Standard1.2",
                  "VM.Standard1.4",
                  "VM.Standard1.8",
                  "VM.Standard1.16",
                  "VM.Standard.E2.1",
                  "VM.Standard.E2.2",
                  "VM.Standard.E2.4",
                  "VM.Standard.E2.8",
                  "VM.Standard2.1",
                  "VM.Standard2.2",
                  "VM.Standard2.4",
                  "VM.Standard2.8",
                  "VM.Standard2.16",
                  "VM.Standard2.24",
                  "VM.Standard.E3.Flex",
                  "VM.Standard.E4.Flex",
                  "VM.Standard.E5.Flex",
                  "VM.Standard3.Flex",
                  "VM.Standard.AMD.Generic",
                  "VM.Standard.Intel.Generic",
                  "VM.Standard.x86.Generic"
                ]
              },
              {
                "baseline_ocpu_utilizations": [],
                "billing_type": "PAID",
                "gpu_description": "",
                "gpus": 0,
                "is_billed_for_stopped_instance": false,
                "is_flexible": true,
                "is_live_migration_supported": true,
                "is_subcore": false,
                "local_disk_description": "",
                "local_disks": 0,
                "local_disks_total_size_in_gbs": 0,
                "max_vnic_attachment_options": [
                  {
                    "default_per_ocpu": 1,
                    "max": 24,
                    "min": 2
                  }
                ],
                "max_vnic_attachments": 2,
                "memory_in_gbs": 6,
                "memory_options": [
                  {
                    "default_per_ocpu_in_gbs": 6,
                    "max_in_gbs": 946,
                    "max_per_numa_node_in_gbs": 946,
                    "max_per_ocpu_in_gbs": 64,
                    "min_in_gbs": 1,
                    "min_per_ocpu_in_gbs": 1
                  }
                ],
                "min_total_baseline_ocpus_required": 0,
                "name": "VM.Standard.A2.Flex",
                "network_ports": 1,
                "networking_bandwidth_in_gbps": 0.5,
                "networking_bandwidth_options": [
                  {
                    "default_per_ocpu_in_gbps": 0.5,
                    "max_in_gbps": 99.5999984741211,
                    "min_in_gbps": 1
                  }
                ],
                "ocpu_options": [
                  {
                    "max": 78,
                    "max_per_numa_node": 78,
                    "min": 1
                  }
                ],
                "ocpus": 0.5,
                "platform_config_options": [],
                "processor_description": "3.0 GHz Ampere® AmpereOne™ (Siryn™)",
                "quota_names": [
                  "standard-a2-core-regional-count",
                  "standard-a2-core-count",
                  "standard-a2-memory-regional-count",
                  "standard-a2-memory-count"
                ],
                "rdma_bandwidth_in_gbps": 0,
                "rdma_ports": 0,
                "recommended_alternatives": [],
                "resize_compatible_shapes": [
                  "VM.Standard.A2.Flex"
                ]
              },
              {
                "baseline_ocpu_utilizations": [],
                "billing_type": "PAID",
                "gpu_description": "",
                "gpus": 0,
                "is_billed_for_stopped_instance": false,
                "is_flexible": true,
                "is_live_migration_supported": true,
                "is_subcore": false,
                "local_disk_description": "",
                "local_disks": 0,
                "local_disks_total_size_in_gbs": 0,
                "max_vnic_attachment_options": [
                  {
                    "default_per_ocpu": 0,
                    "max": 24,
                    "min": 2
                  }
                ],
                "max_vnic_attachments": 2,
                "memory_in_gbs": 16,
                "memory_options": [
                  {
                    "default_per_ocpu_in_gbs": 0,
                    "max_in_gbs": 1024,
                    "max_per_numa_node_in_gbs": 1024,
                    "max_per_ocpu_in_gbs": 64,
                    "min_in_gbs": 1,
                    "min_per_ocpu_in_gbs": 1
                  }
                ],
                "min_total_baseline_ocpus_required": 0,
                "name": "VM.Standard.AMD.Generic",
                "network_ports": 0,
                "networking_bandwidth_in_gbps": 0,
                "networking_bandwidth_options": [
                  {
                    "default_per_ocpu_in_gbps": 0,
                    "max_in_gbps": 40,
                    "min_in_gbps": 1
                  }
                ],
                "ocpu_options": [
                  {
                    "max": 64,
                    "max_per_numa_node": 64,
                    "min": 1
                  }
                ],
                "ocpus": 1,
                "platform_config_options": [],
                "processor_description": "AMD processor. VM.Standard.E3 processor generation or later",
                "quota_names": [
                  "standard-amd-generic-core-count",
                  "standard-amd-generic-memory-count"
                ],
                "rdma_bandwidth_in_gbps": 0,
                "rdma_ports": 0,
                "recommended_alternatives": [],
                "resize_compatible_shapes": [
                  "VM.Standard1.1",
                  "VM.Standard1.2",
                  "VM.Standard1.4",
                  "VM.Standard1.8",
                  "VM.Standard1.16",
                  "VM.Standard.E2.1",
                  "VM.Standard.E2.2",
                  "VM.Standard.E2.4",
                  "VM.Standard.E2.8",
                  "VM.Standard2.1",
                  "VM.Standard2.2",
                  "VM.Standard2.4",
                  "VM.Standard2.8",
                  "VM.Standard2.16",
                  "VM.Standard2.24",
                  "VM.Standard.E3.Flex",
                  "VM.Standard.E4.Flex",
                  "VM.Standard.E5.Flex",
                  "VM.Standard3.Flex",
                  "VM.Standard.AMD.Generic",
                  "VM.Standard.Intel.Generic",
                  "VM.Standard.x86.Generic"
                ]
              },
              {
                "baseline_ocpu_utilizations": [],
                "billing_type": "PAID",
                "gpu_description": "",
                "gpus": 0,
                "is_billed_for_stopped_instance": false,
                "is_flexible": true,
                "is_live_migration_supported": true,
                "is_subcore": false,
                "local_disk_description": "",
                "local_disks": 0,
                "local_disks_total_size_in_gbs": 0,
                "max_vnic_attachment_options": [
                  {
                    "default_per_ocpu": 0,
                    "max": 24,
                    "min": 2
                  }
                ],
                "max_vnic_attachments": 2,
                "memory_in_gbs": 6,
                "memory_options": [
                  {
                    "default_per_ocpu_in_gbs": 0,
                    "max_in_gbs": 512,
                    "max_per_numa_node_in_gbs": 512,
                    "max_per_ocpu_in_gbs": 64,
                    "min_in_gbs": 1,
                    "min_per_ocpu_in_gbs": 1
                  }
                ],
                "min_total_baseline_ocpus_required": 0,
                "name": "VM.Standard.Ampere.Generic",
                "network_ports": 0,
                "networking_bandwidth_in_gbps": 0,
                "networking_bandwidth_options": [
                  {
                    "default_per_ocpu_in_gbps": 0,
                    "max_in_gbps": 40,
                    "min_in_gbps": 1
                  }
                ],
                "ocpu_options": [
                  {
                    "max": 80,
                    "max_per_numa_node": 80,
                    "min": 1
                  }
                ],
                "ocpus": 1,
                "platform_config_options": [],
                "processor_description": "Any Ampere processor",
                "quota_names": [
                  "standard-ampere-generic-core-count",
                  "standard-ampere-generic-memory-count"
                ],
                "rdma_bandwidth_in_gbps": 0,
                "rdma_ports": 0,
                "recommended_alternatives": [],
                "resize_compatible_shapes": [
                  "VM.Standard.A1.Flex",
                  "VM.Standard.Ampere.Generic"
                ]
              },
              {
                "baseline_ocpu_utilizations": [],
                "billing_type": "PAID",
                "gpu_description": "",
                "gpus": 0,
                "is_billed_for_stopped_instance": false,
                "is_flexible": true,
                "is_live_migration_supported": true,
                "is_subcore": false,
                "local_disk_description": "",
                "local_disks": 0,
                "local_disks_total_size_in_gbs": 0,
                "max_vnic_attachment_options": [
                  {
                    "default_per_ocpu": 0,
                    "max": 24,
                    "min": 2
                  }
                ],
                "max_vnic_attachments": 2,
                "memory_in_gbs": 16,
                "memory_options": [
                  {
                    "default_per_ocpu_in_gbs": 0,
                    "max_in_gbs": 512,
                    "max_per_numa_node_in_gbs": 512,
                    "max_per_ocpu_in_gbs": 64,
                    "min_in_gbs": 1,
                    "min_per_ocpu_in_gbs": 1
                  }
                ],
                "min_total_baseline_ocpus_required": 0,
                "name": "VM.Standard.Intel.Generic",
                "network_ports": 0,
                "networking_bandwidth_in_gbps": 0,
                "networking_bandwidth_options": [
                  {
                    "default_per_ocpu_in_gbps": 0,
                    "max_in_gbps": 40,
                    "min_in_gbps": 1
                  }
                ],
                "ocpu_options": [
                  {
                    "max": 32,
                    "max_per_numa_node": 32,
                    "min": 1
                  }
                ],
                "ocpus": 1,
                "platform_config_options": [],
                "processor_description": "Intel processor. VM.Standard2 processor generation or later",
                "quota_names": [
                  "standard-intel-generic-core-count",
                  "standard-intel-generic-memory-count"
                ],
                "rdma_bandwidth_in_gbps": 0,
                "rdma_ports": 0,
                "recommended_alternatives": [],
                "resize_compatible_shapes": [
                  "VM.Standard1.1",
                  "VM.Standard1.2",
                  "VM.Standard1.4",
                  "VM.Standard1.8",
                  "VM.Standard1.16",
                  "VM.Standard.E2.1",
                  "VM.Standard.E2.2",
                  "VM.Standard.E2.4",
                  "VM.Standard.E2.8",
                  "VM.Standard2.1",
                  "VM.Standard2.2",
                  "VM.Standard2.4",
                  "VM.Standard2.8",
                  "VM.Standard2.16",
                  "VM.Standard2.24",
                  "VM.Standard.E3.Flex",
                  "VM.Standard.E4.Flex",
                  "VM.Standard.E5.Flex",
                  "VM.Standard3.Flex",
                  "VM.Standard.AMD.Generic",
                  "VM.Standard.Intel.Generic",
                  "VM.Standard.x86.Generic"
                ]
              },
              {
                "baseline_ocpu_utilizations": [],
                "billing_type": "PAID",
                "gpu_description": "",
                "gpus": 0,
                "is_billed_for_stopped_instance": false,
                "is_flexible": true,
                "is_live_migration_supported": true,
                "is_subcore": false,
                "local_disk_description": "",
                "local_disks": 0,
                "local_disks_total_size_in_gbs": 0,
                "max_vnic_attachment_options": [
                  {
                    "default_per_ocpu": 0,
                    "max": 24,
                    "min": 2
                  }
                ],
                "max_vnic_attachments": 2,
                "memory_in_gbs": 16,
                "memory_options": [
                  {
                    "default_per_ocpu_in_gbs": 0,
                    "max_in_gbs": 512,
                    "max_per_numa_node_in_gbs": 512,
                    "max_per_ocpu_in_gbs": 64,
                    "min_in_gbs": 1,
                    "min_per_ocpu_in_gbs": 1
                  }
                ],
                "min_total_baseline_ocpus_required": 0,
                "name": "VM.Standard.x86.Generic",
                "network_ports": 0,
                "networking_bandwidth_in_gbps": 0,
                "networking_bandwidth_options": [
                  {
                    "default_per_ocpu_in_gbps": 0,
                    "max_in_gbps": 40,
                    "min_in_gbps": 1
                  }
                ],
                "ocpu_options": [
                  {
                    "max": 32,
                    "max_per_numa_node": 32,
                    "min": 1
                  }
                ],
                "ocpus": 1,
                "platform_config_options": [],
                "processor_description": "Either an Intel or an AMD processor. VM.Standard2 processor generation or later (Intel) and VM.Standard.E3 processor generation or later (AMD)",
                "quota_names": [
                  "standard-x86-generic-core-count",
                  "standard-x86-generic-memory-count"
                ],
                "rdma_bandwidth_in_gbps": 0,
                "rdma_ports": 0,
                "recommended_alternatives": [],
                "resize_compatible_shapes": [
                  "VM.Standard1.1",
                  "VM.Standard1.2",
                  "VM.Standard1.4",
                  "VM.Standard1.8",
                  "VM.Standard1.16",
                  "VM.Standard.E2.1",
                  "VM.Standard.E2.2",
                  "VM.Standard.E2.4",
                  "VM.Standard.E2.8",
                  "VM.Standard2.1",
                  "VM.Standard2.2",
                  "VM.Standard2.4",
                  "VM.Standard2.8",
                  "VM.Standard2.16",
                  "VM.Standard2.24",
                  "VM.Standard.E3.Flex",
                  "VM.Standard.E4.Flex",
                  "VM.Standard.E5.Flex",
                  "VM.Standard3.Flex",
                  "VM.Standard.AMD.Generic",
                  "VM.Standard.Intel.Generic",
                  "VM.Standard.x86.Generic"
                ]
              },
              {
                "baseline_ocpu_utilizations": [],
                "billing_type": "PAID",
                "gpu_description": "",
                "gpus": 0,
                "is_billed_for_stopped_instance": false,
                "is_flexible": false,
                "is_live_migration_supported": false,
                "is_subcore": false,
                "local_disk_description": "",
                "local_disks": 0,
                "local_disks_total_size_in_gbs": 0,
                "max_vnic_attachment_options": [],
                "max_vnic_attachments": 512,
                "memory_in_gbs": 2304,
                "memory_options": [],
                "min_total_baseline_ocpus_required": 0,
                "name": "BM.Standard.E5.192",
                "network_ports": 2,
                "networking_bandwidth_in_gbps": 100,
                "networking_bandwidth_options": [],
                "ocpu_options": [],
                "ocpus": 192,
                "platform_config_options": [
                  {
                    "access_control_service_options": [
                      {
                        "allowed_values": [
                          true,
                          false
                        ],
                        "is_default_enabled": true
                      }
                    ],
                    "input_output_memory_management_unit_options": [
                      {
                        "allowed_values": [
                          true
                        ],
                        "is_default_enabled": true
                      }
                    ],
                    "measured_boot_options": [
                      {
                        "allowed_values": [
                          false
                        ],
                        "is_default_enabled": false
                      }
                    ],
                    "memory_encryption_options": [
                      {
                        "allowed_values": [
                          true,
                          false
                        ],
                        "is_default_enabled": false
                      }
                    ],
                    "numa_nodes_per_socket_platform_options": [
                      {
                        "allowed_values": [
                          "NPS0",
                          "NPS1",
                          "NPS2",
                          "NPS4"
                        ],
                        "default_value": "NPS1"
                      }
                    ],
                    "percentage_of_cores_enabled_options": [
                      {
                        "default_value": 100,
                        "max": 100,
                        "min": 25
                      }
                    ],
                    "secure_boot_options": [
                      {
                        "allowed_values": [
                          true,
                          false
                        ],
                        "is_default_enabled": false
                      }
                    ],
                    "symmetric_multi_threading_options": [
                      {
                        "allowed_values": [
                          true,
                          false
                        ],
                        "is_default_enabled": true
                      }
                    ],
                    "trusted_platform_module_options": [
                      {
                        "allowed_values": [
                          true,
                          false
                        ],
                        "is_default_enabled": false
                      }
                    ],
                    "type": "GENERIC_BM",
                    "virtual_instructions_options": [
                      {
                        "allowed_values": [
                          true,
                          false
                        ],
                        "is_default_enabled": true
                      }
                    ]
                  }
                ],
                "processor_description": "2.3 GHz AMD EPYC™ 9J14 (Genoa)",
                "quota_names": [
                  "standard-e5-core-count",
                  "standard-e5-memory-count"
                ],
                "rdma_bandwidth_in_gbps": 0,
                "rdma_ports": 0,
                "recommended_alternatives": [],
                "resize_compatible_shapes": []
              },
              {
                "baseline_ocpu_utilizations": [],
                "billing_type": "PAID",
                "gpu_description": "",
                "gpus": 0,
                "is_billed_for_stopped_instance": false,
                "is_flexible": false,
                "is_live_migration_supported": false,
                "is_subcore": false,
                "local_disk_description": "",
                "local_disks": 0,
                "local_disks_total_size_in_gbs": 0,
                "max_vnic_attachment_options": [],
                "max_vnic_attachments": 256,
                "memory_in_gbs": 1024,
                "memory_options": [],
                "min_total_baseline_ocpus_required": 0,
                "name": "BM.Standard.A1.160",
                "network_ports": 2,
                "networking_bandwidth_in_gbps": 100,
                "networking_bandwidth_options": [],
                "ocpu_options": [],
                "ocpus": 160,
                "platform_config_options": [],
                "processor_description": "3.0 GHz Ampere® Altra™",
                "quota_names": [
                  "standard-a1-memory-count",
                  "standard-a1-memory-regional-count",
                  "standard-a1-core-count",
                  "standard-a1-core-regional-count"
                ],
                "rdma_bandwidth_in_gbps": 0,
                "rdma_ports": 0,
                "recommended_alternatives": [],
                "resize_compatible_shapes": []
              },
              {
                "baseline_ocpu_utilizations": [],
                "billing_type": "PAID",
                "gpu_description": "",
                "gpus": 0,
                "is_billed_for_stopped_instance": false,
                "is_flexible": false,
                "is_live_migration_supported": false,
                "is_subcore": false,
                "local_disk_description": "",
                "local_disks": 0,
                "local_disks_total_size_in_gbs": 0,
                "max_vnic_attachment_options": [],
                "max_vnic_attachments": 256,
                "memory_in_gbs": 1024,
                "memory_options": [],
                "min_total_baseline_ocpus_required": 0,
                "name": "BM.Standard3.64",
                "network_ports": 2,
                "networking_bandwidth_in_gbps": 100,
                "networking_bandwidth_options": [],
                "ocpu_options": [],
                "ocpus": 64,
                "platform_config_options": [
                  {
                    "access_control_service_options": [],
                    "input_output_memory_management_unit_options": [
                      {
                        "allowed_values": [
                          true,
                          false
                        ],
                        "is_default_enabled": true
                      }
                    ],
                    "measured_boot_options": [],
                    "memory_encryption_options": [],
                    "numa_nodes_per_socket_platform_options": [
                      {
                        "allowed_values": [
                          "NPS1",
                          "NPS2"
                        ],
                        "default_value": "NPS1"
                      }
                    ],
                    "percentage_of_cores_enabled_options": [
                      {
                        "default_value": 100,
                        "max": 100,
                        "min": 1
                      }
                    ],
                    "secure_boot_options": [
                      {
                        "allowed_values": [
                          true,
                          false
                        ],
                        "is_default_enabled": false
                      }
                    ],
                    "symmetric_multi_threading_options": [
                      {
                        "allowed_values": [
                          true,
                          false
                        ],
                        "is_default_enabled": true
                      }
                    ],
                    "trusted_platform_module_options": [
                      {
                        "allowed_values": [
                          true,
                          false
                        ],
                        "is_default_enabled": false
                      }
                    ],
                    "type": "INTEL_ICELAKE_BM",
                    "virtual_instructions_options": []
                  }
                ],
                "processor_description": "2.6 GHz Intel® Xeon® Platinum 8358 (Ice Lake)",
                "quota_names": [
                  "standard3-memory-count",
                  "standard3-core-count"
                ],
                "rdma_bandwidth_in_gbps": 0,
                "rdma_ports": 0,
                "recommended_alternatives": [],
                "resize_compatible_shapes": []
              },
              {
                "baseline_ocpu_utilizations": [],
                "billing_type": "PAID",
                "gpu_description": "",
                "gpus": 0,
                "is_billed_for_stopped_instance": false,
                "is_flexible": false,
                "is_live_migration_supported": false,
                "is_subcore": false,
                "local_disk_description": "",
                "local_disks": 0,
                "local_disks_total_size_in_gbs": 0,
                "max_vnic_attachment_options": [],
                "max_vnic_attachments": 200,
                "memory_in_gbs": 768,
                "memory_options": [],
                "min_total_baseline_ocpus_required": 0,
                "name": "BM.Standard2.52",
                "network_ports": 2,
                "networking_bandwidth_in_gbps": 50,
                "networking_bandwidth_options": [],
                "ocpu_options": [],
                "ocpus": 52,
                "platform_config_options": [
                  {
                    "access_control_service_options": [],
                    "input_output_memory_management_unit_options": [
                      {
                        "allowed_values": [
                          true,
                          false
                        ],
                        "is_default_enabled": true
                      }
                    ],
                    "measured_boot_options": [
                      {
                        "allowed_values": [
                          false
                        ],
                        "is_default_enabled": false
                      }
                    ],
                    "memory_encryption_options": [],
                    "numa_nodes_per_socket_platform_options": [
                      {
                        "allowed_values": [
                          "NPS1",
                          "NPS2"
                        ],
                        "default_value": "NPS1"
                      }
                    ],
                    "percentage_of_cores_enabled_options": [
                      {
                        "default_value": 100,
                        "max": 100,
                        "min": 1
                      }
                    ],
                    "secure_boot_options": [
                      {
                        "allowed_values": [
                          true,
                          false
                        ],
                        "is_default_enabled": false
                      }
                    ],
                    "symmetric_multi_threading_options": [
                      {
                        "allowed_values": [
                          true,
                          false
                        ],
                        "is_default_enabled": true
                      }
                    ],
                    "trusted_platform_module_options": [
                      {
                        "allowed_values": [
                          true,
                          false
                        ],
                        "is_default_enabled": false
                      }
                    ],
                    "type": "INTEL_SKYLAKE_BM",
                    "virtual_instructions_options": []
                  }
                ],
                "processor_description": "2.0 GHz Intel® Xeon® Platinum 8167M (Skylake)",
                "quota_names": [
                  "standard2-core-count"
                ],
                "rdma_bandwidth_in_gbps": 0,
                "rdma_ports": 0,
                "recommended_alternatives": [],
                "resize_compatible_shapes": []
              },
              {
                "baseline_ocpu_utilizations": [],
                "billing_type": "PAID",
                "gpu_description": "",
                "gpus": 0,
                "is_billed_for_stopped_instance": false,
                "is_flexible": false,
                "is_live_migration_supported": false,
                "is_subcore": false,
                "local_disk_description": "",
                "local_disks": 0,
                "local_disks_total_size_in_gbs": 0,
                "max_vnic_attachment_options": [],
                "max_vnic_attachments": 256,
                "memory_in_gbs": 2048,
                "memory_options": [],
                "min_total_baseline_ocpus_required": 0,
                "name": "BM.Standard.E4.128",
                "network_ports": 2,
                "networking_bandwidth_in_gbps": 100,
                "networking_bandwidth_options": [],
                "ocpu_options": [],
                "ocpus": 128,
                "platform_config_options": [
                  {
                    "access_control_service_options": [
                      {
                        "allowed_values": [
                          true,
                          false
                        ],
                        "is_default_enabled": true
                      }
                    ],
                    "input_output_memory_management_unit_options": [
                      {
                        "allowed_values": [
                          true,
                          false
                        ],
                        "is_default_enabled": true
                      }
                    ],
                    "measured_boot_options": [
                      {
                        "allowed_values": [
                          false
                        ],
                        "is_default_enabled": false
                      }
                    ],
                    "memory_encryption_options": [
                      {
                        "allowed_values": [
                          true,
                          false
                        ],
                        "is_default_enabled": false
                      }
                    ],
                    "numa_nodes_per_socket_platform_options": [
                      {
                        "allowed_values": [
                          "NPS0",
                          "NPS1",
                          "NPS2",
                          "NPS4"
                        ],
                        "default_value": "NPS1"
                      }
                    ],
                    "percentage_of_cores_enabled_options": [
                      {
                        "default_value": 100,
                        "max": 100,
                        "min": 1
                      }
                    ],
                    "secure_boot_options": [
                      {
                        "allowed_values": [
                          true,
                          false
                        ],
                        "is_default_enabled": false
                      }
                    ],
                    "symmetric_multi_threading_options": [
                      {
                        "allowed_values": [
                          true,
                          false
                        ],
                        "is_default_enabled": true
                      }
                    ],
                    "trusted_platform_module_options": [
                      {
                        "allowed_values": [
                          true,
                          false
                        ],
                        "is_default_enabled": false
                      }
                    ],
                    "type": "AMD_MILAN_BM",
                    "virtual_instructions_options": [
                      {
                        "allowed_values": [
                          true,
                          false
                        ],
                        "is_default_enabled": true
                      }
                    ]
                  }
                ],
                "processor_description": "2.55 GHz AMD EPYC™ 7J13 (Milan)",
                "quota_names": [
                  "standard-e4-core-count",
                  "standard-e4-memory-count"
                ],
                "rdma_bandwidth_in_gbps": 0,
                "rdma_ports": 0,
                "recommended_alternatives": [],
                "resize_compatible_shapes": []
              },
              {
                "baseline_ocpu_utilizations": [],
                "billing_type": "PAID",
                "gpu_description": "",
                "gpus": 0,
                "is_billed_for_stopped_instance": false,
                "is_flexible": false,
                "is_live_migration_supported": false,
                "is_subcore": false,
                "local_disk_description": "",
                "local_disks": 0,
                "local_disks_total_size_in_gbs": 0,
                "max_vnic_attachment_options": [],
                "max_vnic_attachments": 256,
                "memory_in_gbs": 2048,
                "memory_options": [],
                "min_total_baseline_ocpus_required": 0,
                "name": "BM.Standard.E3.128",
                "network_ports": 2,
                "networking_bandwidth_in_gbps": 100,
                "networking_bandwidth_options": [],
                "ocpu_options": [],
                "ocpus": 128,
                "platform_config_options": [
                  {
                    "access_control_service_options": [
                      {
                        "allowed_values": [
                          true,
                          false
                        ],
                        "is_default_enabled": true
                      }
                    ],
                    "input_output_memory_management_unit_options": [
                      {
                        "allowed_values": [
                          true,
                          false
                        ],
                        "is_default_enabled": true
                      }
                    ],
                    "measured_boot_options": [
                      {
                        "allowed_values": [
                          false
                        ],
                        "is_default_enabled": false
                      }
                    ],
                    "memory_encryption_options": [
                      {
                        "allowed_values": [
                          true,
                          false
                        ],
                        "is_default_enabled": false
                      }
                    ],
                    "numa_nodes_per_socket_platform_options": [
                      {
                        "allowed_values": [
                          "NPS0",
                          "NPS1",
                          "NPS2",
                          "NPS4"
                        ],
                        "default_value": "NPS1"
                      }
                    ],
                    "percentage_of_cores_enabled_options": [
                      {
                        "default_value": 100,
                        "max": 100,
                        "min": 1
                      }
                    ],
                    "secure_boot_options": [
                      {
                        "allowed_values": [
                          true,
                          false
                        ],
                        "is_default_enabled": false
                      }
                    ],
                    "symmetric_multi_threading_options": [
                      {
                        "allowed_values": [
                          true,
                          false
                        ],
                        "is_default_enabled": true
                      }
                    ],
                    "trusted_platform_module_options": [
                      {
                        "allowed_values": [
                          true,
                          false
                        ],
                        "is_default_enabled": false
                      }
                    ],
                    "type": "AMD_ROME_BM",
                    "virtual_instructions_options": [
                      {
                        "allowed_values": [
                          true,
                          false
                        ],
                        "is_default_enabled": true
                      }
                    ]
                  }
                ],
                "processor_description": "2.25 GHz AMD EPYC™ 7742 (Rome)",
                "quota_names": [
                  "standard-e3-core-ad-count",
                  "standard-e3-memory-count"
                ],
                "rdma_bandwidth_in_gbps": 0,
                "rdma_ports": 0,
                "recommended_alternatives": [],
                "resize_compatible_shapes": []
              },
              {
                "baseline_ocpu_utilizations": [],
                "billing_type": "PAID",
                "gpu_description": "",
                "gpus": 0,
                "is_billed_for_stopped_instance": false,
                "is_flexible": false,
                "is_live_migration_supported": false,
                "is_subcore": false,
                "local_disk_description": "",
                "local_disks": 0,
                "local_disks_total_size_in_gbs": 0,
                "max_vnic_attachment_options": [],
                "max_vnic_attachments": 150,
                "memory_in_gbs": 512,
                "memory_options": [],
                "min_total_baseline_ocpus_required": 0,
                "name": "BM.Standard.E2.64",
                "network_ports": 2,
                "networking_bandwidth_in_gbps": 50,
                "networking_bandwidth_options": [],
                "ocpu_options": [],
                "ocpus": 64,
                "platform_config_options": [],
                "processor_description": "2.0 GHz AMD EPYC™ 7551 (Naples)",
                "quota_names": [
                  "standard-e2-core-count"
                ],
                "rdma_bandwidth_in_gbps": 0,
                "rdma_ports": 0,
                "recommended_alternatives": [
                  {
                    "shape_name": "BM.Standard2.52"
                  },
                  {
                    "shape_name": "BM.Standard.E3.128"
                  }
                ],
                "resize_compatible_shapes": []
              },
              {
                "baseline_ocpu_utilizations": [],
                "billing_type": "PAID",
                "gpu_description": "",
                "gpus": 0,
                "is_billed_for_stopped_instance": false,
                "is_flexible": false,
                "is_live_migration_supported": false,
                "is_subcore": false,
                "local_disk_description": "",
                "local_disks": 0,
                "local_disks_total_size_in_gbs": 0,
                "max_vnic_attachment_options": [],
                "max_vnic_attachments": 100,
                "memory_in_gbs": 256,
                "memory_options": [],
                "min_total_baseline_ocpus_required": 0,
                "name": "BM.Standard1.36",
                "network_ports": 1,
                "networking_bandwidth_in_gbps": 10,
                "networking_bandwidth_options": [],
                "ocpu_options": [],
                "ocpus": 36,
                "platform_config_options": [],
                "processor_description": "2.3 GHz Intel® Xeon® E5-2699 v3 (Haswell)",
                "quota_names": [
                  "standard1-core-count"
                ],
                "rdma_bandwidth_in_gbps": 0,
                "rdma_ports": 0,
                "recommended_alternatives": [
                  {
                    "shape_name": "BM.Standard2.52"
                  },
                  {
                    "shape_name": "BM.Standard3.64"
                  }
                ],
                "resize_compatible_shapes": []
              },
              {
                "baseline_ocpu_utilizations": [
                  "BASELINE_1_8",
                  "BASELINE_1_2",
                  "BASELINE_1_1"
                ],
                "billing_type": "PAID",
                "gpu_description": "",
                "gpus": 0,
                "is_billed_for_stopped_instance": false,
                "is_flexible": true,
                "is_live_migration_supported": true,
                "is_subcore": true,
                "local_disk_description": "",
                "local_disks": 0,
                "local_disks_total_size_in_gbs": 0,
                "max_vnic_attachment_options": [
                  {
                    "default_per_ocpu": 1,
                    "max": 24,
                    "min": 2
                  }
                ],
                "max_vnic_attachments": 2,
                "memory_in_gbs": 16,
                "memory_options": [
                  {
                    "default_per_ocpu_in_gbs": 16,
                    "max_in_gbs": 1760,
                    "max_per_numa_node_in_gbs": 1024,
                    "max_per_ocpu_in_gbs": 64,
                    "min_in_gbs": 1,
                    "min_per_ocpu_in_gbs": 1
                  }
                ],
                "min_total_baseline_ocpus_required": 0,
                "name": "VM.Standard.E4.Flex",
                "network_ports": 1,
                "networking_bandwidth_in_gbps": 1,
                "networking_bandwidth_options": [
                  {
                    "default_per_ocpu_in_gbps": 1,
                    "max_in_gbps": 40,
                    "min_in_gbps": 1
                  }
                ],
                "ocpu_options": [
                  {
                    "max": 114,
                    "max_per_numa_node": 64,
                    "min": 1
                  }
                ],
                "ocpus": 1,
                "platform_config_options": [
                  {
                    "access_control_service_options": [],
                    "input_output_memory_management_unit_options": [],
                    "measured_boot_options": [
                      {
                        "allowed_values": [
                          true,
                          false
                        ],
                        "is_default_enabled": false
                      }
                    ],
                    "memory_encryption_options": [
                      {
                        "allowed_values": [
                          true,
                          false
                        ],
                        "is_default_enabled": false
                      }
                    ],
                    "numa_nodes_per_socket_platform_options": [],
                    "percentage_of_cores_enabled_options": [],
                    "secure_boot_options": [
                      {
                        "allowed_values": [
                          true,
                          false
                        ],
                        "is_default_enabled": false
                      }
                    ],
                    "symmetric_multi_threading_options": [
                      {
                        "allowed_values": [
                          true,
                          false
                        ],
                        "is_default_enabled": true
                      }
                    ],
                    "trusted_platform_module_options": [
                      {
                        "allowed_values": [
                          true,
                          false
                        ],
                        "is_default_enabled": false
                      }
                    ],
                    "type": "AMD_VM",
                    "virtual_instructions_options": []
                  }
                ],
                "processor_description": "2.55 GHz AMD EPYC™ 7J13 (Milan)",
                "quota_names": [
                  "standard-e4-core-count",
                  "standard-e4-memory-count"
                ],
                "rdma_bandwidth_in_gbps": 0,
                "rdma_ports": 0,
                "recommended_alternatives": [],
                "resize_compatible_shapes": [
                  "VM.Standard1.1",
                  "VM.Standard1.2",
                  "VM.Standard1.4",
                  "VM.Standard1.8",
                  "VM.Standard1.16",
                  "VM.Standard.E2.1",
                  "VM.Standard.E2.2",
                  "VM.Standard.E2.4",
                  "VM.Standard.E2.8",
                  "VM.Standard2.1",
                  "VM.Standard2.2",
                  "VM.Standard2.4",
                  "VM.Standard2.8",
                  "VM.Standard2.16",
                  "VM.Standard2.24",
                  "VM.Standard.E3.Flex",
                  "VM.Standard.E4.Flex",
                  "VM.Standard.E5.Flex",
                  "VM.Standard3.Flex",
                  "VM.Standard.AMD.Generic",
                  "VM.Standard.Intel.Generic",
                  "VM.Standard.x86.Generic"
                ]
              },
              {
                "baseline_ocpu_utilizations": [
                  "BASELINE_1_8",
                  "BASELINE_1_2",
                  "BASELINE_1_1"
                ],
                "billing_type": "PAID",
                "gpu_description": "",
                "gpus": 0,
                "is_billed_for_stopped_instance": false,
                "is_flexible": true,
                "is_live_migration_supported": true,
                "is_subcore": true,
                "local_disk_description": "",
                "local_disks": 0,
                "local_disks_total_size_in_gbs": 0,
                "max_vnic_attachment_options": [
                  {
                    "default_per_ocpu": 1,
                    "max": 24,
                    "min": 2
                  }
                ],
                "max_vnic_attachments": 2,
                "memory_in_gbs": 16,
                "memory_options": [
                  {
                    "default_per_ocpu_in_gbs": 16,
                    "max_in_gbs": 1776,
                    "max_per_numa_node_in_gbs": 1024,
                    "max_per_ocpu_in_gbs": 64,
                    "min_in_gbs": 1,
                    "min_per_ocpu_in_gbs": 1
                  }
                ],
                "min_total_baseline_ocpus_required": 0,
                "name": "VM.Standard.E3.Flex",
                "network_ports": 1,
                "networking_bandwidth_in_gbps": 1,
                "networking_bandwidth_options": [
                  {
                    "default_per_ocpu_in_gbps": 1,
                    "max_in_gbps": 40,
                    "min_in_gbps": 1
                  }
                ],
                "ocpu_options": [
                  {
                    "max": 114,
                    "max_per_numa_node": 64,
                    "min": 1
                  }
                ],
                "ocpus": 1,
                "platform_config_options": [
                  {
                    "access_control_service_options": [],
                    "input_output_memory_management_unit_options": [],
                    "measured_boot_options": [
                      {
                        "allowed_values": [
                          true,
                          false
                        ],
                        "is_default_enabled": false
                      }
                    ],
                    "memory_encryption_options": [
                      {
                        "allowed_values": [
                          true,
                          false
                        ],
                        "is_default_enabled": false
                      }
                    ],
                    "numa_nodes_per_socket_platform_options": [],
                    "percentage_of_cores_enabled_options": [],
                    "secure_boot_options": [
                      {
                        "allowed_values": [
                          true,
                          false
                        ],
                        "is_default_enabled": false
                      }
                    ],
                    "symmetric_multi_threading_options": [
                      {
                        "allowed_values": [
                          true,
                          false
                        ],
                        "is_default_enabled": true
                      }
                    ],
                    "trusted_platform_module_options": [
                      {
                        "allowed_values": [
                          true,
                          false
                        ],
                        "is_default_enabled": false
                      }
                    ],
                    "type": "AMD_VM",
                    "virtual_instructions_options": []
                  }
                ],
                "processor_description": "2.25 GHz AMD EPYC™ 7742 (Rome)",
                "quota_names": [
                  "standard-e3-core-ad-count",
                  "standard-e3-memory-count"
                ],
                "rdma_bandwidth_in_gbps": 0,
                "rdma_ports": 0,
                "recommended_alternatives": [],
                "resize_compatible_shapes": [
                  "VM.Standard1.1",
                  "VM.Standard1.2",
                  "VM.Standard1.4",
                  "VM.Standard1.8",
                  "VM.Standard1.16",
                  "VM.Standard.E2.1",
                  "VM.Standard.E2.2",
                  "VM.Standard.E2.4",
                  "VM.Standard.E2.8",
                  "VM.Standard2.1",
                  "VM.Standard2.2",
                  "VM.Standard2.4",
                  "VM.Standard2.8",
                  "VM.Standard2.16",
                  "VM.Standard2.24",
                  "VM.Standard.E3.Flex",
                  "VM.Standard.E4.Flex",
                  "VM.Standard.E5.Flex",
                  "VM.Standard3.Flex",
                  "VM.Standard.AMD.Generic",
                  "VM.Standard.Intel.Generic",
                  "VM.Standard.x86.Generic"
                ]
              },
              {
                "baseline_ocpu_utilizations": [],
                "billing_type": "LIMITED_FREE",
                "gpu_description": "",
                "gpus": 0,
                "is_billed_for_stopped_instance": false,
                "is_flexible": true,
                "is_live_migration_supported": true,
                "is_subcore": false,
                "local_disk_description": "",
                "local_disks": 0,
                "local_disks_total_size_in_gbs": 0,
                "max_vnic_attachment_options": [
                  {
                    "default_per_ocpu": 1,
                    "max": 24,
                    "min": 2
                  }
                ],
                "max_vnic_attachments": 2,
                "memory_in_gbs": 6,
                "memory_options": [
                  {
                    "default_per_ocpu_in_gbs": 6,
                    "max_in_gbs": 512,
                    "max_per_numa_node_in_gbs": 512,
                    "max_per_ocpu_in_gbs": 64,
                    "min_in_gbs": 1,
                    "min_per_ocpu_in_gbs": 1
                  }
                ],
                "min_total_baseline_ocpus_required": 0,
                "name": "VM.Standard.A1.Flex",
                "network_ports": 1,
                "networking_bandwidth_in_gbps": 1,
                "networking_bandwidth_options": [
                  {
                    "default_per_ocpu_in_gbps": 1,
                    "max_in_gbps": 40,
                    "min_in_gbps": 1
                  }
                ],
                "ocpu_options": [
                  {
                    "max": 80,
                    "max_per_numa_node": 80,
                    "min": 1
                  }
                ],
                "ocpus": 1,
                "platform_config_options": [],
                "processor_description": "3.0 GHz Ampere® Altra™",
                "quota_names": [
                  "standard-a1-memory-count",
                  "standard-a1-memory-regional-count",
                  "standard-a1-core-count",
                  "standard-a1-core-regional-count"
                ],
                "rdma_bandwidth_in_gbps": 0,
                "rdma_ports": 0,
                "recommended_alternatives": [],
                "resize_compatible_shapes": [
                  "VM.Standard.A1.Flex",
                  "VM.Standard.Ampere.Generic"
                ]
              },
              {
                "baseline_ocpu_utilizations": [],
                "billing_type": "PAID",
                "gpu_description": "",
                "gpus": 0,
                "is_billed_for_stopped_instance": false,
                "is_flexible": false,
                "is_live_migration_supported": true,
                "is_subcore": false,
                "local_disk_description": "",
                "local_disks": 0,
                "local_disks_total_size_in_gbs": 0,
                "max_vnic_attachment_options": [],
                "max_vnic_attachments": 2,
                "memory_in_gbs": 15,
                "memory_options": [],
                "min_total_baseline_ocpus_required": 0,
                "name": "VM.Standard2.1",
                "network_ports": 1,
                "networking_bandwidth_in_gbps": 1,
                "networking_bandwidth_options": [],
                "ocpu_options": [],
                "ocpus": 1,
                "platform_config_options": [
                  {
                    "access_control_service_options": [],
                    "input_output_memory_management_unit_options": [],
                    "measured_boot_options": [
                      {
                        "allowed_values": [
                          true,
                          false
                        ],
                        "is_default_enabled": false
                      }
                    ],
                    "memory_encryption_options": [],
                    "numa_nodes_per_socket_platform_options": [],
                    "percentage_of_cores_enabled_options": [],
                    "secure_boot_options": [
                      {
                        "allowed_values": [
                          true,
                          false
                        ],
                        "is_default_enabled": false
                      }
                    ],
                    "symmetric_multi_threading_options": [
                      {
                        "allowed_values": [
                          true,
                          false
                        ],
                        "is_default_enabled": true
                      }
                    ],
                    "trusted_platform_module_options": [
                      {
                        "allowed_values": [
                          true,
                          false
                        ],
                        "is_default_enabled": false
                      }
                    ],
                    "type": "INTEL_VM",
                    "virtual_instructions_options": []
                  }
                ],
                "processor_description": "2.0 GHz Intel® Xeon® Platinum 8167M (Skylake)",
                "quota_names": [
                  "standard2-core-count"
                ],
                "rdma_bandwidth_in_gbps": 0,
                "rdma_ports": 0,
                "recommended_alternatives": [],
                "resize_compatible_shapes": [
                  "VM.Standard1.1",
                  "VM.Standard1.2",
                  "VM.Standard1.4",
                  "VM.Standard1.8",
                  "VM.Standard1.16",
                  "VM.Standard.E2.1",
                  "VM.Standard.E2.2",
                  "VM.Standard.E2.4",
                  "VM.Standard.E2.8",
                  "VM.Standard2.1",
                  "VM.Standard2.2",
                  "VM.Standard2.4",
                  "VM.Standard2.8",
                  "VM.Standard2.16",
                  "VM.Standard2.24",
                  "VM.Standard.E3.Flex",
                  "VM.Standard.E4.Flex",
                  "VM.Standard.E5.Flex",
                  "VM.Standard3.Flex",
                  "VM.Standard.AMD.Generic",
                  "VM.Standard.Intel.Generic",
                  "VM.Standard.x86.Generic"
                ]
              },
              {
                "baseline_ocpu_utilizations": [],
                "billing_type": "PAID",
                "gpu_description": "",
                "gpus": 0,
                "is_billed_for_stopped_instance": false,
                "is_flexible": false,
                "is_live_migration_supported": true,
                "is_subcore": false,
                "local_disk_description": "",
                "local_disks": 0,
                "local_disks_total_size_in_gbs": 0,
                "max_vnic_attachment_options": [],
                "max_vnic_attachments": 2,
                "memory_in_gbs": 30,
                "memory_options": [],
                "min_total_baseline_ocpus_required": 0,
                "name": "VM.Standard2.2",
                "network_ports": 1,
                "networking_bandwidth_in_gbps": 2,
                "networking_bandwidth_options": [],
                "ocpu_options": [],
                "ocpus": 2,
                "platform_config_options": [
                  {
                    "access_control_service_options": [],
                    "input_output_memory_management_unit_options": [],
                    "measured_boot_options": [
                      {
                        "allowed_values": [
                          true,
                          false
                        ],
                        "is_default_enabled": false
                      }
                    ],
                    "memory_encryption_options": [],
                    "numa_nodes_per_socket_platform_options": [],
                    "percentage_of_cores_enabled_options": [],
                    "secure_boot_options": [
                      {
                        "allowed_values": [
                          true,
                          false
                        ],
                        "is_default_enabled": false
                      }
                    ],
                    "symmetric_multi_threading_options": [
                      {
                        "allowed_values": [
                          true,
                          false
                        ],
                        "is_default_enabled": true
                      }
                    ],
                    "trusted_platform_module_options": [
                      {
                        "allowed_values": [
                          true,
                          false
                        ],
                        "is_default_enabled": false
                      }
                    ],
                    "type": "INTEL_VM",
                    "virtual_instructions_options": []
                  }
                ],
                "processor_description": "2.0 GHz Intel® Xeon® Platinum 8167M (Skylake)",
                "quota_names": [
                  "standard2-core-count"
                ],
                "rdma_bandwidth_in_gbps": 0,
                "rdma_ports": 0,
                "recommended_alternatives": [],
                "resize_compatible_shapes": [
                  "VM.Standard1.1",
                  "VM.Standard1.2",
                  "VM.Standard1.4",
                  "VM.Standard1.8",
                  "VM.Standard1.16",
                  "VM.Standard.E2.1",
                  "VM.Standard.E2.2",
                  "VM.Standard.E2.4",
                  "VM.Standard.E2.8",
                  "VM.Standard2.1",
                  "VM.Standard2.2",
                  "VM.Standard2.4",
                  "VM.Standard2.8",
                  "VM.Standard2.16",
                  "VM.Standard2.24",
                  "VM.Standard.E3.Flex",
                  "VM.Standard.E4.Flex",
                  "VM.Standard.E5.Flex",
                  "VM.Standard3.Flex",
                  "VM.Standard.AMD.Generic",
                  "VM.Standard.Intel.Generic",
                  "VM.Standard.x86.Generic"
                ]
              },
              {
                "baseline_ocpu_utilizations": [],
                "billing_type": "PAID",
                "gpu_description": "",
                "gpus": 0,
                "is_billed_for_stopped_instance": false,
                "is_flexible": false,
                "is_live_migration_supported": true,
                "is_subcore": false,
                "local_disk_description": "",
                "local_disks": 0,
                "local_disks_total_size_in_gbs": 0,
                "max_vnic_attachment_options": [],
                "max_vnic_attachments": 4,
                "memory_in_gbs": 60,
                "memory_options": [],
                "min_total_baseline_ocpus_required": 0,
                "name": "VM.Standard2.4",
                "network_ports": 1,
                "networking_bandwidth_in_gbps": 4.099999904632568,
                "networking_bandwidth_options": [],
                "ocpu_options": [],
                "ocpus": 4,
                "platform_config_options": [
                  {
                    "access_control_service_options": [],
                    "input_output_memory_management_unit_options": [],
                    "measured_boot_options": [
                      {
                        "allowed_values": [
                          true,
                          false
                        ],
                        "is_default_enabled": false
                      }
                    ],
                    "memory_encryption_options": [],
                    "numa_nodes_per_socket_platform_options": [],
                    "percentage_of_cores_enabled_options": [],
                    "secure_boot_options": [
                      {
                        "allowed_values": [
                          true,
                          false
                        ],
                        "is_default_enabled": false
                      }
                    ],
                    "symmetric_multi_threading_options": [
                      {
                        "allowed_values": [
                          true,
                          false
                        ],
                        "is_default_enabled": true
                      }
                    ],
                    "trusted_platform_module_options": [
                      {
                        "allowed_values": [
                          true,
                          false
                        ],
                        "is_default_enabled": false
                      }
                    ],
                    "type": "INTEL_VM",
                    "virtual_instructions_options": []
                  }
                ],
                "processor_description": "2.0 GHz Intel® Xeon® Platinum 8167M (Skylake)",
                "quota_names": [
                  "standard2-core-count"
                ],
                "rdma_bandwidth_in_gbps": 0,
                "rdma_ports": 0,
                "recommended_alternatives": [],
                "resize_compatible_shapes": [
                  "VM.Standard1.1",
                  "VM.Standard1.2",
                  "VM.Standard1.4",
                  "VM.Standard1.8",
                  "VM.Standard1.16",
                  "VM.Standard.E2.1",
                  "VM.Standard.E2.2",
                  "VM.Standard.E2.4",
                  "VM.Standard.E2.8",
                  "VM.Standard2.1",
                  "VM.Standard2.2",
                  "VM.Standard2.4",
                  "VM.Standard2.8",
                  "VM.Standard2.16",
                  "VM.Standard2.24",
                  "VM.Standard.E3.Flex",
                  "VM.Standard.E4.Flex",
                  "VM.Standard.E5.Flex",
                  "VM.Standard3.Flex",
                  "VM.Standard.AMD.Generic",
                  "VM.Standard.Intel.Generic",
                  "VM.Standard.x86.Generic"
                ]
              },
              {
                "baseline_ocpu_utilizations": [],
                "billing_type": "PAID",
                "gpu_description": "",
                "gpus": 0,
                "is_billed_for_stopped_instance": false,
                "is_flexible": false,
                "is_live_migration_supported": true,
                "is_subcore": false,
                "local_disk_description": "",
                "local_disks": 0,
                "local_disks_total_size_in_gbs": 0,
                "max_vnic_attachment_options": [],
                "max_vnic_attachments": 8,
                "memory_in_gbs": 120,
                "memory_options": [],
                "min_total_baseline_ocpus_required": 0,
                "name": "VM.Standard2.8",
                "network_ports": 1,
                "networking_bandwidth_in_gbps": 8.199999809265137,
                "networking_bandwidth_options": [],
                "ocpu_options": [],
                "ocpus": 8,
                "platform_config_options": [
                  {
                    "access_control_service_options": [],
                    "input_output_memory_management_unit_options": [],
                    "measured_boot_options": [
                      {
                        "allowed_values": [
                          true,
                          false
                        ],
                        "is_default_enabled": false
                      }
                    ],
                    "memory_encryption_options": [],
                    "numa_nodes_per_socket_platform_options": [],
                    "percentage_of_cores_enabled_options": [],
                    "secure_boot_options": [
                      {
                        "allowed_values": [
                          true,
                          false
                        ],
                        "is_default_enabled": false
                      }
                    ],
                    "symmetric_multi_threading_options": [
                      {
                        "allowed_values": [
                          true,
                          false
                        ],
                        "is_default_enabled": true
                      }
                    ],
                    "trusted_platform_module_options": [
                      {
                        "allowed_values": [
                          true,
                          false
                        ],
                        "is_default_enabled": false
                      }
                    ],
                    "type": "INTEL_VM",
                    "virtual_instructions_options": []
                  }
                ],
                "processor_description": "2.0 GHz Intel® Xeon® Platinum 8167M (Skylake)",
                "quota_names": [
                  "standard2-core-count"
                ],
                "rdma_bandwidth_in_gbps": 0,
                "rdma_ports": 0,
                "recommended_alternatives": [],
                "resize_compatible_shapes": [
                  "VM.Standard1.1",
                  "VM.Standard1.2",
                  "VM.Standard1.4",
                  "VM.Standard1.8",
                  "VM.Standard1.16",
                  "VM.Standard.E2.1",
                  "VM.Standard.E2.2",
                  "VM.Standard.E2.4",
                  "VM.Standard.E2.8",
                  "VM.Standard2.1",
                  "VM.Standard2.2",
                  "VM.Standard2.4",
                  "VM.Standard2.8",
                  "VM.Standard2.16",
                  "VM.Standard2.24",
                  "VM.Standard.E3.Flex",
                  "VM.Standard.E4.Flex",
                  "VM.Standard.E5.Flex",
                  "VM.Standard3.Flex",
                  "VM.Standard.AMD.Generic",
                  "VM.Standard.Intel.Generic",
                  "VM.Standard.x86.Generic"
                ]
              },
              {
                "baseline_ocpu_utilizations": [],
                "billing_type": "PAID",
                "gpu_description": "",
                "gpus": 0,
                "is_billed_for_stopped_instance": false,
                "is_flexible": false,
                "is_live_migration_supported": true,
                "is_subcore": false,
                "local_disk_description": "",
                "local_disks": 0,
                "local_disks_total_size_in_gbs": 0,
                "max_vnic_attachment_options": [],
                "max_vnic_attachments": 16,
                "memory_in_gbs": 240,
                "memory_options": [],
                "min_total_baseline_ocpus_required": 0,
                "name": "VM.Standard2.16",
                "network_ports": 1,
                "networking_bandwidth_in_gbps": 16.399999618530273,
                "networking_bandwidth_options": [],
                "ocpu_options": [],
                "ocpus": 16,
                "platform_config_options": [
                  {
                    "access_control_service_options": [],
                    "input_output_memory_management_unit_options": [],
                    "measured_boot_options": [
                      {
                        "allowed_values": [
                          true,
                          false
                        ],
                        "is_default_enabled": false
                      }
                    ],
                    "memory_encryption_options": [],
                    "numa_nodes_per_socket_platform_options": [],
                    "percentage_of_cores_enabled_options": [],
                    "secure_boot_options": [
                      {
                        "allowed_values": [
                          true,
                          false
                        ],
                        "is_default_enabled": false
                      }
                    ],
                    "symmetric_multi_threading_options": [
                      {
                        "allowed_values": [
                          true,
                          false
                        ],
                        "is_default_enabled": true
                      }
                    ],
                    "trusted_platform_module_options": [
                      {
                        "allowed_values": [
                          true,
                          false
                        ],
                        "is_default_enabled": false
                      }
                    ],
                    "type": "INTEL_VM",
                    "virtual_instructions_options": []
                  }
                ],
                "processor_description": "2.0 GHz Intel® Xeon® Platinum 8167M (Skylake)",
                "quota_names": [
                  "standard2-core-count"
                ],
                "rdma_bandwidth_in_gbps": 0,
                "rdma_ports": 0,
                "recommended_alternatives": [],
                "resize_compatible_shapes": [
                  "VM.Standard1.1",
                  "VM.Standard1.2",
                  "VM.Standard1.4",
                  "VM.Standard1.8",
                  "VM.Standard1.16",
                  "VM.Standard.E2.1",
                  "VM.Standard.E2.2",
                  "VM.Standard.E2.4",
                  "VM.Standard.E2.8",
                  "VM.Standard2.1",
                  "VM.Standard2.2",
                  "VM.Standard2.4",
                  "VM.Standard2.8",
                  "VM.Standard2.16",
                  "VM.Standard2.24",
                  "VM.Standard.E3.Flex",
                  "VM.Standard.E4.Flex",
                  "VM.Standard.E5.Flex",
                  "VM.Standard3.Flex",
                  "VM.Standard.AMD.Generic",
                  "VM.Standard.Intel.Generic",
                  "VM.Standard.x86.Generic"
                ]
              },
              {
                "baseline_ocpu_utilizations": [],
                "billing_type": "PAID",
                "gpu_description": "",
                "gpus": 0,
                "is_billed_for_stopped_instance": false,
                "is_flexible": false,
                "is_live_migration_supported": true,
                "is_subcore": false,
                "local_disk_description": "",
                "local_disks": 0,
                "local_disks_total_size_in_gbs": 0,
                "max_vnic_attachment_options": [],
                "max_vnic_attachments": 24,
                "memory_in_gbs": 320,
                "memory_options": [],
                "min_total_baseline_ocpus_required": 0,
                "name": "VM.Standard2.24",
                "network_ports": 1,
                "networking_bandwidth_in_gbps": 24.600000381469727,
                "networking_bandwidth_options": [],
                "ocpu_options": [],
                "ocpus": 24,
                "platform_config_options": [
                  {
                    "access_control_service_options": [],
                    "input_output_memory_management_unit_options": [],
                    "measured_boot_options": [
                      {
                        "allowed_values": [
                          true,
                          false
                        ],
                        "is_default_enabled": false
                      }
                    ],
                    "memory_encryption_options": [],
                    "numa_nodes_per_socket_platform_options": [],
                    "percentage_of_cores_enabled_options": [],
                    "secure_boot_options": [
                      {
                        "allowed_values": [
                          true,
                          false
                        ],
                        "is_default_enabled": false
                      }
                    ],
                    "symmetric_multi_threading_options": [
                      {
                        "allowed_values": [
                          true,
                          false
                        ],
                        "is_default_enabled": true
                      }
                    ],
                    "trusted_platform_module_options": [
                      {
                        "allowed_values": [
                          true,
                          false
                        ],
                        "is_default_enabled": false
                      }
                    ],
                    "type": "INTEL_VM",
                    "virtual_instructions_options": []
                  }
                ],
                "processor_description": "2.0 GHz Intel® Xeon® Platinum 8167M (Skylake)",
                "quota_names": [
                  "standard2-core-count"
                ],
                "rdma_bandwidth_in_gbps": 0,
                "rdma_ports": 0,
                "recommended_alternatives": [],
                "resize_compatible_shapes": [
                  "VM.Standard1.1",
                  "VM.Standard1.2",
                  "VM.Standard1.4",
                  "VM.Standard1.8",
                  "VM.Standard1.16",
                  "VM.Standard.E2.1",
                  "VM.Standard.E2.2",
                  "VM.Standard.E2.4",
                  "VM.Standard.E2.8",
                  "VM.Standard2.1",
                  "VM.Standard2.2",
                  "VM.Standard2.4",
                  "VM.Standard2.8",
                  "VM.Standard2.16",
                  "VM.Standard2.24",
                  "VM.Standard.E3.Flex",
                  "VM.Standard.E4.Flex",
                  "VM.Standard.E5.Flex",
                  "VM.Standard3.Flex",
                  "VM.Standard.AMD.Generic",
                  "VM.Standard.Intel.Generic",
                  "VM.Standard.x86.Generic"
                ]
              },
              {
                "baseline_ocpu_utilizations": [],
                "billing_type": "PAID",
                "gpu_description": "",
                "gpus": 0,
                "is_billed_for_stopped_instance": false,
                "is_flexible": false,
                "is_live_migration_supported": true,
                "is_subcore": false,
                "local_disk_description": "",
                "local_disks": 0,
                "local_disks_total_size_in_gbs": 0,
                "max_vnic_attachment_options": [],
                "max_vnic_attachments": 2,
                "memory_in_gbs": 8,
                "memory_options": [],
                "min_total_baseline_ocpus_required": 0,
                "name": "VM.Standard.E2.1",
                "network_ports": 1,
                "networking_bandwidth_in_gbps": 0.699999988079071,
                "networking_bandwidth_options": [],
                "ocpu_options": [],
                "ocpus": 1,
                "platform_config_options": [],
                "processor_description": "2.0 GHz AMD EPYC™ 7551 (Naples)",
                "quota_names": [
                  "standard-e2-core-count"
                ],
                "rdma_bandwidth_in_gbps": 0,
                "rdma_ports": 0,
                "recommended_alternatives": [
                  {
                    "shape_name": "VM.Standard2.1"
                  },
                  {
                    "shape_name": "VM.Standard.E3.Flex"
                  }
                ],
                "resize_compatible_shapes": [
                  "VM.Standard1.1",
                  "VM.Standard1.2",
                  "VM.Standard1.4",
                  "VM.Standard1.8",
                  "VM.Standard1.16",
                  "VM.Standard.E2.1",
                  "VM.Standard.E2.2",
                  "VM.Standard.E2.4",
                  "VM.Standard.E2.8",
                  "VM.Standard2.1",
                  "VM.Standard2.2",
                  "VM.Standard2.4",
                  "VM.Standard2.8",
                  "VM.Standard2.16",
                  "VM.Standard2.24",
                  "VM.Standard.E3.Flex",
                  "VM.Standard.E4.Flex",
                  "VM.Standard.E5.Flex",
                  "VM.Standard3.Flex",
                  "VM.Standard.AMD.Generic",
                  "VM.Standard.Intel.Generic",
                  "VM.Standard.x86.Generic"
                ]
              },
              {
                "baseline_ocpu_utilizations": [],
                "billing_type": "PAID",
                "gpu_description": "",
                "gpus": 0,
                "is_billed_for_stopped_instance": false,
                "is_flexible": false,
                "is_live_migration_supported": true,
                "is_subcore": false,
                "local_disk_description": "",
                "local_disks": 0,
                "local_disks_total_size_in_gbs": 0,
                "max_vnic_attachment_options": [],
                "max_vnic_attachments": 2,
                "memory_in_gbs": 16,
                "memory_options": [],
                "min_total_baseline_ocpus_required": 0,
                "name": "VM.Standard.E2.2",
                "network_ports": 1,
                "networking_bandwidth_in_gbps": 1.399999976158142,
                "networking_bandwidth_options": [],
                "ocpu_options": [],
                "ocpus": 2,
                "platform_config_options": [],
                "processor_description": "2.0 GHz AMD EPYC™ 7551 (Naples)",
                "quota_names": [
                  "standard-e2-core-count"
                ],
                "rdma_bandwidth_in_gbps": 0,
                "rdma_ports": 0,
                "recommended_alternatives": [
                  {
                    "shape_name": "VM.Standard2.2"
                  },
                  {
                    "shape_name": "VM.Standard.E3.Flex"
                  }
                ],
                "resize_compatible_shapes": [
                  "VM.Standard1.1",
                  "VM.Standard1.2",
                  "VM.Standard1.4",
                  "VM.Standard1.8",
                  "VM.Standard1.16",
                  "VM.Standard.E2.1",
                  "VM.Standard.E2.2",
                  "VM.Standard.E2.4",
                  "VM.Standard.E2.8",
                  "VM.Standard2.1",
                  "VM.Standard2.2",
                  "VM.Standard2.4",
                  "VM.Standard2.8",
                  "VM.Standard2.16",
                  "VM.Standard2.24",
                  "VM.Standard.E3.Flex",
                  "VM.Standard.E4.Flex",
                  "VM.Standard.E5.Flex",
                  "VM.Standard3.Flex",
                  "VM.Standard.AMD.Generic",
                  "VM.Standard.Intel.Generic",
                  "VM.Standard.x86.Generic"
                ]
              },
              {
                "baseline_ocpu_utilizations": [],
                "billing_type": "PAID",
                "gpu_description": "",
                "gpus": 0,
                "is_billed_for_stopped_instance": false,
                "is_flexible": false,
                "is_live_migration_supported": true,
                "is_subcore": false,
                "local_disk_description": "",
                "local_disks": 0,
                "local_disks_total_size_in_gbs": 0,
                "max_vnic_attachment_options": [],
                "max_vnic_attachments": 4,
                "memory_in_gbs": 32,
                "memory_options": [],
                "min_total_baseline_ocpus_required": 0,
                "name": "VM.Standard.E2.4",
                "network_ports": 1,
                "networking_bandwidth_in_gbps": 2.799999952316284,
                "networking_bandwidth_options": [],
                "ocpu_options": [],
                "ocpus": 4,
                "platform_config_options": [],
                "processor_description": "2.0 GHz AMD EPYC™ 7551 (Naples)",
                "quota_names": [
                  "standard-e2-core-count"
                ],
                "rdma_bandwidth_in_gbps": 0,
                "rdma_ports": 0,
                "recommended_alternatives": [
                  {
                    "shape_name": "VM.Standard2.4"
                  },
                  {
                    "shape_name": "VM.Standard.E3.Flex"
                  }
                ],
                "resize_compatible_shapes": [
                  "VM.Standard1.1",
                  "VM.Standard1.2",
                  "VM.Standard1.4",
                  "VM.Standard1.8",
                  "VM.Standard1.16",
                  "VM.Standard.E2.1",
                  "VM.Standard.E2.2",
                  "VM.Standard.E2.4",
                  "VM.Standard.E2.8",
                  "VM.Standard2.1",
                  "VM.Standard2.2",
                  "VM.Standard2.4",
                  "VM.Standard2.8",
                  "VM.Standard2.16",
                  "VM.Standard2.24",
                  "VM.Standard.E3.Flex",
                  "VM.Standard.E4.Flex",
                  "VM.Standard.E5.Flex",
                  "VM.Standard3.Flex",
                  "VM.Standard.AMD.Generic",
                  "VM.Standard.Intel.Generic",
                  "VM.Standard.x86.Generic"
                ]
              },
              {
                "baseline_ocpu_utilizations": [],
                "billing_type": "PAID",
                "gpu_description": "",
                "gpus": 0,
                "is_billed_for_stopped_instance": false,
                "is_flexible": false,
                "is_live_migration_supported": true,
                "is_subcore": false,
                "local_disk_description": "",
                "local_disks": 0,
                "local_disks_total_size_in_gbs": 0,
                "max_vnic_attachment_options": [],
                "max_vnic_attachments": 8,
                "memory_in_gbs": 64,
                "memory_options": [],
                "min_total_baseline_ocpus_required": 0,
                "name": "VM.Standard.E2.8",
                "network_ports": 1,
                "networking_bandwidth_in_gbps": 5.599999904632568,
                "networking_bandwidth_options": [],
                "ocpu_options": [],
                "ocpus": 8,
                "platform_config_options": [],
                "processor_description": "2.0 GHz AMD EPYC™ 7551 (Naples)",
                "quota_names": [
                  "standard-e2-core-count"
                ],
                "rdma_bandwidth_in_gbps": 0,
                "rdma_ports": 0,
                "recommended_alternatives": [
                  {
                    "shape_name": "VM.Standard2.8"
                  },
                  {
                    "shape_name": "VM.Standard.E3.Flex"
                  }
                ],
                "resize_compatible_shapes": [
                  "VM.Standard1.1",
                  "VM.Standard1.2",
                  "VM.Standard1.4",
                  "VM.Standard1.8",
                  "VM.Standard1.16",
                  "VM.Standard.E2.1",
                  "VM.Standard.E2.2",
                  "VM.Standard.E2.4",
                  "VM.Standard.E2.8",
                  "VM.Standard2.1",
                  "VM.Standard2.2",
                  "VM.Standard2.4",
                  "VM.Standard2.8",
                  "VM.Standard2.16",
                  "VM.Standard2.24",
                  "VM.Standard.E3.Flex",
                  "VM.Standard.E4.Flex",
                  "VM.Standard.E5.Flex",
                  "VM.Standard3.Flex",
                  "VM.Standard.AMD.Generic",
                  "VM.Standard.Intel.Generic",
                  "VM.Standard.x86.Generic"
                ]
              },
              {
                "baseline_ocpu_utilizations": [
                  "BASELINE_1_8",
                  "BASELINE_1_2",
                  "BASELINE_1_1"
                ],
                "billing_type": "PAID",
                "gpu_description": "",
                "gpus": 0,
                "is_billed_for_stopped_instance": false,
                "is_flexible": true,
                "is_live_migration_supported": true,
                "is_subcore": true,
                "local_disk_description": "",
                "local_disks": 0,
                "local_disks_total_size_in_gbs": 0,
                "max_vnic_attachment_options": [
                  {
                    "default_per_ocpu": 1,
                    "max": 24,
                    "min": 2
                  }
                ],
                "max_vnic_attachments": 2,
                "memory_in_gbs": 16,
                "memory_options": [
                  {
                    "default_per_ocpu_in_gbs": 16,
                    "max_in_gbs": 896,
                    "max_per_numa_node_in_gbs": 512,
                    "max_per_ocpu_in_gbs": 64,
                    "min_in_gbs": 1,
                    "min_per_ocpu_in_gbs": 1
                  }
                ],
                "min_total_baseline_ocpus_required": 0,
                "name": "VM.Standard3.Flex",
                "network_ports": 1,
                "networking_bandwidth_in_gbps": 1,
                "networking_bandwidth_options": [
                  {
                    "default_per_ocpu_in_gbps": 1,
                    "max_in_gbps": 40,
                    "min_in_gbps": 1
                  }
                ],
                "ocpu_options": [
                  {
                    "max": 56,
                    "max_per_numa_node": 32,
                    "min": 1
                  }
                ],
                "ocpus": 1,
                "platform_config_options": [
                  {
                    "access_control_service_options": [],
                    "input_output_memory_management_unit_options": [],
                    "measured_boot_options": [
                      {
                        "allowed_values": [
                          true,
                          false
                        ],
                        "is_default_enabled": false
                      }
                    ],
                    "memory_encryption_options": [],
                    "numa_nodes_per_socket_platform_options": [],
                    "percentage_of_cores_enabled_options": [],
                    "secure_boot_options": [
                      {
                        "allowed_values": [
                          true,
                          false
                        ],
                        "is_default_enabled": false
                      }
                    ],
                    "symmetric_multi_threading_options": [
                      {
                        "allowed_values": [
                          true,
                          false
                        ],
                        "is_default_enabled": true
                      }
                    ],
                    "trusted_platform_module_options": [
                      {
                        "allowed_values": [
                          true,
                          false
                        ],
                        "is_default_enabled": false
                      }
                    ],
                    "type": "INTEL_VM",
                    "virtual_instructions_options": []
                  }
                ],
                "processor_description": "2.6 GHz Intel® Xeon® Platinum 8358 (Ice Lake)",
                "quota_names": [
                  "standard3-memory-count",
                  "standard3-core-count"
                ],
                "rdma_bandwidth_in_gbps": 0,
                "rdma_ports": 0,
                "recommended_alternatives": [],
                "resize_compatible_shapes": [
                  "VM.Standard1.1",
                  "VM.Standard1.2",
                  "VM.Standard1.4",
                  "VM.Standard1.8",
                  "VM.Standard1.16",
                  "VM.Standard.E2.1",
                  "VM.Standard.E2.2",
                  "VM.Standard.E2.4",
                  "VM.Standard.E2.8",
                  "VM.Standard2.1",
                  "VM.Standard2.2",
                  "VM.Standard2.4",
                  "VM.Standard2.8",
                  "VM.Standard2.16",
                  "VM.Standard2.24",
                  "VM.Standard.E3.Flex",
                  "VM.Standard.E4.Flex",
                  "VM.Standard.E5.Flex",
                  "VM.Standard3.Flex",
                  "VM.Standard.AMD.Generic",
                  "VM.Standard.Intel.Generic",
                  "VM.Standard.x86.Generic"
                ]
              },
              {
                "baseline_ocpu_utilizations": [],
                "billing_type": "PAID",
                "gpu_description": "",
                "gpus": 0,
                "is_billed_for_stopped_instance": false,
                "is_flexible": false,
                "is_live_migration_supported": true,
                "is_subcore": false,
                "local_disk_description": "",
                "local_disks": 0,
                "local_disks_total_size_in_gbs": 0,
                "max_vnic_attachment_options": [],
                "max_vnic_attachments": 2,
                "memory_in_gbs": 7,
                "memory_options": [],
                "min_total_baseline_ocpus_required": 0,
                "name": "VM.Standard1.1",
                "network_ports": 1,
                "networking_bandwidth_in_gbps": 0.6000000238418579,
                "networking_bandwidth_options": [],
                "ocpu_options": [],
                "ocpus": 1,
                "platform_config_options": [],
                "processor_description": "2.3 GHz Intel® Xeon® E5-2699 v3 (Haswell)",
                "quota_names": [
                  "standard1-core-count"
                ],
                "rdma_bandwidth_in_gbps": 0,
                "rdma_ports": 0,
                "recommended_alternatives": [
                  {
                    "shape_name": "VM.Standard2.1"
                  },
                  {
                    "shape_name": "VM.Standard.E3.Flex"
                  }
                ],
                "resize_compatible_shapes": [
                  "VM.Standard1.1",
                  "VM.Standard1.2",
                  "VM.Standard1.4",
                  "VM.Standard1.8",
                  "VM.Standard1.16",
                  "VM.Standard.E2.1",
                  "VM.Standard.E2.2",
                  "VM.Standard.E2.4",
                  "VM.Standard.E2.8",
                  "VM.Standard2.1",
                  "VM.Standard2.2",
                  "VM.Standard2.4",
                  "VM.Standard2.8",
                  "VM.Standard2.16",
                  "VM.Standard2.24",
                  "VM.Standard.E3.Flex",
                  "VM.Standard.E4.Flex",
                  "VM.Standard.E5.Flex",
                  "VM.Standard3.Flex",
                  "VM.Standard.AMD.Generic",
                  "VM.Standard.Intel.Generic",
                  "VM.Standard.x86.Generic"
                ]
              },
              {
                "baseline_ocpu_utilizations": [],
                "billing_type": "PAID",
                "gpu_description": "",
                "gpus": 0,
                "is_billed_for_stopped_instance": false,
                "is_flexible": false,
                "is_live_migration_supported": true,
                "is_subcore": false,
                "local_disk_description": "",
                "local_disks": 0,
                "local_disks_total_size_in_gbs": 0,
                "max_vnic_attachment_options": [],
                "max_vnic_attachments": 2,
                "memory_in_gbs": 14,
                "memory_options": [],
                "min_total_baseline_ocpus_required": 0,
                "name": "VM.Standard1.2",
                "network_ports": 1,
                "networking_bandwidth_in_gbps": 1.2000000476837158,
                "networking_bandwidth_options": [],
                "ocpu_options": [],
                "ocpus": 2,
                "platform_config_options": [],
                "processor_description": "2.3 GHz Intel® Xeon® E5-2699 v3 (Haswell)",
                "quota_names": [
                  "standard1-core-count"
                ],
                "rdma_bandwidth_in_gbps": 0,
                "rdma_ports": 0,
                "recommended_alternatives": [
                  {
                    "shape_name": "VM.Standard2.2"
                  },
                  {
                    "shape_name": "VM.Standard.E3.Flex"
                  }
                ],
                "resize_compatible_shapes": [
                  "VM.Standard1.1",
                  "VM.Standard1.2",
                  "VM.Standard1.4",
                  "VM.Standard1.8",
                  "VM.Standard1.16",
                  "VM.Standard.E2.1",
                  "VM.Standard.E2.2",
                  "VM.Standard.E2.4",
                  "VM.Standard.E2.8",
                  "VM.Standard2.1",
                  "VM.Standard2.2",
                  "VM.Standard2.4",
                  "VM.Standard2.8",
                  "VM.Standard2.16",
                  "VM.Standard2.24",
                  "VM.Standard.E3.Flex",
                  "VM.Standard.E4.Flex",
                  "VM.Standard.E5.Flex",
                  "VM.Standard3.Flex",
                  "VM.Standard.AMD.Generic",
                  "VM.Standard.Intel.Generic",
                  "VM.Standard.x86.Generic"
                ]
              },
              {
                "baseline_ocpu_utilizations": [],
                "billing_type": "PAID",
                "gpu_description": "",
                "gpus": 0,
                "is_billed_for_stopped_instance": false,
                "is_flexible": false,
                "is_live_migration_supported": true,
                "is_subcore": false,
                "local_disk_description": "",
                "local_disks": 0,
                "local_disks_total_size_in_gbs": 0,
                "max_vnic_attachment_options": [],
                "max_vnic_attachments": 4,
                "memory_in_gbs": 28,
                "memory_options": [],
                "min_total_baseline_ocpus_required": 0,
                "name": "VM.Standard1.4",
                "network_ports": 1,
                "networking_bandwidth_in_gbps": 1.2000000476837158,
                "networking_bandwidth_options": [],
                "ocpu_options": [],
                "ocpus": 4,
                "platform_config_options": [],
                "processor_description": "2.3 GHz Intel® Xeon® E5-2699 v3 (Haswell)",
                "quota_names": [
                  "standard1-core-count"
                ],
                "rdma_bandwidth_in_gbps": 0,
                "rdma_ports": 0,
                "recommended_alternatives": [
                  {
                    "shape_name": "VM.Standard2.4"
                  },
                  {
                    "shape_name": "VM.Standard.E3.Flex"
                  }
                ],
                "resize_compatible_shapes": [
                  "VM.Standard1.1",
                  "VM.Standard1.2",
                  "VM.Standard1.4",
                  "VM.Standard1.8",
                  "VM.Standard1.16",
                  "VM.Standard.E2.1",
                  "VM.Standard.E2.2",
                  "VM.Standard.E2.4",
                  "VM.Standard.E2.8",
                  "VM.Standard2.1",
                  "VM.Standard2.2",
                  "VM.Standard2.4",
                  "VM.Standard2.8",
                  "VM.Standard2.16",
                  "VM.Standard2.24",
                  "VM.Standard.E3.Flex",
                  "VM.Standard.E4.Flex",
                  "VM.Standard.E5.Flex",
                  "VM.Standard3.Flex",
                  "VM.Standard.AMD.Generic",
                  "VM.Standard.Intel.Generic",
                  "VM.Standard.x86.Generic"
                ]
              },
              {
                "baseline_ocpu_utilizations": [],
                "billing_type": "PAID",
                "gpu_description": "",
                "gpus": 0,
                "is_billed_for_stopped_instance": false,
                "is_flexible": false,
                "is_live_migration_supported": true,
                "is_subcore": false,
                "local_disk_description": "",
                "local_disks": 0,
                "local_disks_total_size_in_gbs": 0,
                "max_vnic_attachment_options": [],
                "max_vnic_attachments": 8,
                "memory_in_gbs": 56,
                "memory_options": [],
                "min_total_baseline_ocpus_required": 0,
                "name": "VM.Standard1.8",
                "network_ports": 1,
                "networking_bandwidth_in_gbps": 2.4000000953674316,
                "networking_bandwidth_options": [],
                "ocpu_options": [],
                "ocpus": 8,
                "platform_config_options": [],
                "processor_description": "2.3 GHz Intel® Xeon® E5-2699 v3 (Haswell)",
                "quota_names": [
                  "standard1-core-count"
                ],
                "rdma_bandwidth_in_gbps": 0,
                "rdma_ports": 0,
                "recommended_alternatives": [
                  {
                    "shape_name": "VM.Standard2.8"
                  },
                  {
                    "shape_name": "VM.Standard.E3.Flex"
                  }
                ],
                "resize_compatible_shapes": [
                  "VM.Standard1.1",
                  "VM.Standard1.2",
                  "VM.Standard1.4",
                  "VM.Standard1.8",
                  "VM.Standard1.16",
                  "VM.Standard.E2.1",
                  "VM.Standard.E2.2",
                  "VM.Standard.E2.4",
                  "VM.Standard.E2.8",
                  "VM.Standard2.1",
                  "VM.Standard2.2",
                  "VM.Standard2.4",
                  "VM.Standard2.8",
                  "VM.Standard2.16",
                  "VM.Standard2.24",
                  "VM.Standard.E3.Flex",
                  "VM.Standard.E4.Flex",
                  "VM.Standard.E5.Flex",
                  "VM.Standard3.Flex",
                  "VM.Standard.AMD.Generic",
                  "VM.Standard.Intel.Generic",
                  "VM.Standard.x86.Generic"
                ]
              },
              {
                "baseline_ocpu_utilizations": [],
                "billing_type": "PAID",
                "gpu_description": "",
                "gpus": 0,
                "is_billed_for_stopped_instance": false,
                "is_flexible": false,
                "is_live_migration_supported": true,
                "is_subcore": false,
                "local_disk_description": "",
                "local_disks": 0,
                "local_disks_total_size_in_gbs": 0,
                "max_vnic_attachment_options": [],
                "max_vnic_attachments": 16,
                "memory_in_gbs": 112,
                "memory_options": [],
                "min_total_baseline_ocpus_required": 0,
                "name": "VM.Standard1.16",
                "network_ports": 1,
                "networking_bandwidth_in_gbps": 4.800000190734863,
                "networking_bandwidth_options": [],
                "ocpu_options": [],
                "ocpus": 16,
                "platform_config_options": [],
                "processor_description": "2.3 GHz Intel® Xeon® E5-2699 v3 (Haswell)",
                "quota_names": [
                  "standard1-core-count"
                ],
                "rdma_bandwidth_in_gbps": 0,
                "rdma_ports": 0,
                "recommended_alternatives": [
                  {
                    "shape_name": "VM.Standard2.16"
                  },
                  {
                    "shape_name": "VM.Standard.E3.Flex"
                  }
                ],
                "resize_compatible_shapes": [
                  "VM.Standard1.1",
                  "VM.Standard1.2",
                  "VM.Standard1.4",
                  "VM.Standard1.8",
                  "VM.Standard1.16",
                  "VM.Standard.E2.1",
                  "VM.Standard.E2.2",
                  "VM.Standard.E2.4",
                  "VM.Standard.E2.8",
                  "VM.Standard2.1",
                  "VM.Standard2.2",
                  "VM.Standard2.4",
                  "VM.Standard2.8",
                  "VM.Standard2.16",
                  "VM.Standard2.24",
                  "VM.Standard.E3.Flex",
                  "VM.Standard.E4.Flex",
                  "VM.Standard.E5.Flex",
                  "VM.Standard3.Flex",
                  "VM.Standard.AMD.Generic",
                  "VM.Standard.Intel.Generic",
                  "VM.Standard.x86.Generic"
                ]
              },
              {
                "baseline_ocpu_utilizations": [],
                "billing_type": "PAID",
                "gpu_description": "NVIDIA® A10",
                "gpus": 1,
                "is_billed_for_stopped_instance": false,
                "is_flexible": false,
                "is_live_migration_supported": false,
                "is_subcore": false,
                "local_disk_description": "",
                "local_disks": 0,
                "local_disks_total_size_in_gbs": 0,
                "max_vnic_attachment_options": [],
                "max_vnic_attachments": 15,
                "memory_in_gbs": 240,
                "memory_options": [],
                "min_total_baseline_ocpus_required": 0,
                "name": "VM.GPU.A10.1",
                "network_ports": 1,
                "networking_bandwidth_in_gbps": 24,
                "networking_bandwidth_options": [],
                "ocpu_options": [],
                "ocpus": 15,
                "platform_config_options": [],
                "processor_description": "2.6 GHz Intel® Xeon® Platinum 8358 (Ice Lake)",
                "quota_names": [
                  "gpu-a10-count"
                ],
                "rdma_bandwidth_in_gbps": 0,
                "rdma_ports": 0,
                "recommended_alternatives": [],
                "resize_compatible_shapes": [
                  "VM.GPU.A10.1",
                  "VM.GPU.A10.2"
                ]
              },
              {
                "baseline_ocpu_utilizations": [],
                "billing_type": "PAID",
                "gpu_description": "NVIDIA® A10",
                "gpus": 2,
                "is_billed_for_stopped_instance": false,
                "is_flexible": false,
                "is_live_migration_supported": false,
                "is_subcore": false,
                "local_disk_description": "",
                "local_disks": 0,
                "local_disks_total_size_in_gbs": 0,
                "max_vnic_attachment_options": [],
                "max_vnic_attachments": 24,
                "memory_in_gbs": 480,
                "memory_options": [],
                "min_total_baseline_ocpus_required": 0,
                "name": "VM.GPU.A10.2",
                "network_ports": 1,
                "networking_bandwidth_in_gbps": 48,
                "networking_bandwidth_options": [],
                "ocpu_options": [],
                "ocpus": 30,
                "platform_config_options": [],
                "processor_description": "2.6 GHz Intel® Xeon® Platinum 8358 (Ice Lake)",
                "quota_names": [
                  "gpu-a10-count"
                ],
                "rdma_bandwidth_in_gbps": 0,
                "rdma_ports": 0,
                "recommended_alternatives": [],
                "resize_compatible_shapes": [
                  "VM.GPU.A10.1",
                  "VM.GPU.A10.2"
                ]
              },
              {
                "baseline_ocpu_utilizations": [
                  "BASELINE_1_8",
                  "BASELINE_1_2",
                  "BASELINE_1_1"
                ],
                "billing_type": "PAID",
                "gpu_description": "",
                "gpus": 0,
                "is_billed_for_stopped_instance": false,
                "is_flexible": true,
                "is_live_migration_supported": true,
                "is_subcore": true,
                "local_disk_description": "",
                "local_disks": 0,
                "local_disks_total_size_in_gbs": 0,
                "max_vnic_attachment_options": [
                  {
                    "default_per_ocpu": 1,
                    "max": 24,
                    "min": 2
                  }
                ],
                "max_vnic_attachments": 2,
                "memory_in_gbs": 12,
                "memory_options": [
                  {
                    "default_per_ocpu_in_gbs": 12,
                    "max_in_gbs": 1049,
                    "max_per_numa_node_in_gbs": 1049,
                    "max_per_ocpu_in_gbs": 64,
                    "min_in_gbs": 1,
                    "min_per_ocpu_in_gbs": 1
                  }
                ],
                "min_total_baseline_ocpus_required": 0,
                "name": "VM.Standard.E5.Flex",
                "network_ports": 1,
                "networking_bandwidth_in_gbps": 1,
                "networking_bandwidth_options": [
                  {
                    "default_per_ocpu_in_gbps": 1,
                    "max_in_gbps": 40,
                    "min_in_gbps": 1
                  }
                ],
                "ocpu_options": [
                  {
                    "max": 94,
                    "max_per_numa_node": 94,
                    "min": 1
                  }
                ],
                "ocpus": 1,
                "platform_config_options": [
                  {
                    "access_control_service_options": [],
                    "input_output_memory_management_unit_options": [],
                    "measured_boot_options": [
                      {
                        "allowed_values": [
                          true,
                          false
                        ],
                        "is_default_enabled": false
                      }
                    ],
                    "memory_encryption_options": [],
                    "numa_nodes_per_socket_platform_options": [],
                    "percentage_of_cores_enabled_options": [],
                    "secure_boot_options": [
                      {
                        "allowed_values": [
                          true,
                          false
                        ],
                        "is_default_enabled": false
                      }
                    ],
                    "symmetric_multi_threading_options": [
                      {
                        "allowed_values": [
                          true,
                          false
                        ],
                        "is_default_enabled": true
                      }
                    ],
                    "trusted_platform_module_options": [
                      {
                        "allowed_values": [
                          true,
                          false
                        ],
                        "is_default_enabled": false
                      }
                    ],
                    "type": "AMD_VM",
                    "virtual_instructions_options": []
                  }
                ],
                "processor_description": "2.3 GHz AMD EPYC™ 9J14 (Genoa)",
                "quota_names": [
                  "standard-e5-core-count",
                  "standard-e5-memory-count"
                ],
                "rdma_bandwidth_in_gbps": 0,
                "rdma_ports": 0,
                "recommended_alternatives": [],
                "resize_compatible_shapes": [
                  "VM.Standard1.1",
                  "VM.Standard1.2",
                  "VM.Standard1.4",
                  "VM.Standard1.8",
                  "VM.Standard1.16",
                  "VM.Standard.E2.1",
                  "VM.Standard.E2.2",
                  "VM.Standard.E2.4",
                  "VM.Standard.E2.8",
                  "VM.Standard2.1",
                  "VM.Standard2.2",
                  "VM.Standard2.4",
                  "VM.Standard2.8",
                  "VM.Standard2.16",
                  "VM.Standard2.24",
                  "VM.Standard.E3.Flex",
                  "VM.Standard.E4.Flex",
                  "VM.Standard.E5.Flex",
                  "VM.Standard3.Flex",
                  "VM.Standard.AMD.Generic",
                  "VM.Standard.Intel.Generic",
                  "VM.Standard.x86.Generic"
                ]
              },
              {
                "baseline_ocpu_utilizations": [],
                "billing_type": "PAID",
                "gpu_description": "",
                "gpus": 0,
                "is_billed_for_stopped_instance": false,
                "is_flexible": true,
                "is_live_migration_supported": true,
                "is_subcore": false,
                "local_disk_description": "",
                "local_disks": 0,
                "local_disks_total_size_in_gbs": 0,
                "max_vnic_attachment_options": [
                  {
                    "default_per_ocpu": 1,
                    "max": 24,
                    "min": 2
                  }
                ],
                "max_vnic_attachments": 2,
                "memory_in_gbs": 6,
                "memory_options": [
                  {
                    "default_per_ocpu_in_gbs": 6,
                    "max_in_gbs": 946,
                    "max_per_numa_node_in_gbs": 946,
                    "max_per_ocpu_in_gbs": 64,
                    "min_in_gbs": 1,
                    "min_per_ocpu_in_gbs": 1
                  }
                ],
                "min_total_baseline_ocpus_required": 0,
                "name": "VM.Standard.A2.Flex",
                "network_ports": 1,
                "networking_bandwidth_in_gbps": 0.5,
                "networking_bandwidth_options": [
                  {
                    "default_per_ocpu_in_gbps": 0.5,
                    "max_in_gbps": 99.5999984741211,
                    "min_in_gbps": 1
                  }
                ],
                "ocpu_options": [
                  {
                    "max": 78,
                    "max_per_numa_node": 78,
                    "min": 1
                  }
                ],
                "ocpus": 0.5,
                "platform_config_options": [],
                "processor_description": "3.0 GHz Ampere® AmpereOne™ (Siryn™)",
                "quota_names": [
                  "standard-a2-core-regional-count",
                  "standard-a2-core-count",
                  "standard-a2-memory-regional-count",
                  "standard-a2-memory-count"
                ],
                "rdma_bandwidth_in_gbps": 0,
                "rdma_ports": 0,
                "recommended_alternatives": [],
                "resize_compatible_shapes": [
                  "VM.Standard.A2.Flex"
                ]
              },
              {
                "baseline_ocpu_utilizations": [],
                "billing_type": "PAID",
                "gpu_description": "NVIDIA® A10",
                "gpus": 4,
                "is_billed_for_stopped_instance": true,
                "is_flexible": false,
                "is_live_migration_supported": false,
                "is_subcore": false,
                "local_disk_description": "NVMe SSD Storage",
                "local_disks": 2,
                "local_disks_total_size_in_gbs": 7680,
                "max_vnic_attachment_options": [],
                "max_vnic_attachments": 256,
                "memory_in_gbs": 1024,
                "memory_options": [],
                "min_total_baseline_ocpus_required": 0,
                "name": "BM.GPU.A10.4",
                "network_ports": 2,
                "networking_bandwidth_in_gbps": 100,
                "networking_bandwidth_options": [],
                "ocpu_options": [],
                "ocpus": 64,
                "platform_config_options": [],
                "processor_description": "2.6 GHz Intel® Xeon® Platinum 8358 (Ice Lake)",
                "quota_names": [
                  "gpu-a10-count"
                ],
                "rdma_bandwidth_in_gbps": 0,
                "rdma_ports": 0,
                "recommended_alternatives": [],
                "resize_compatible_shapes": []
              },
              {
                "baseline_ocpu_utilizations": [],
                "billing_type": "PAID",
                "gpu_description": "",
                "gpus": 0,
                "is_billed_for_stopped_instance": false,
                "is_flexible": true,
                "is_live_migration_supported": true,
                "is_subcore": false,
                "local_disk_description": "",
                "local_disks": 0,
                "local_disks_total_size_in_gbs": 0,
                "max_vnic_attachment_options": [
                  {
                    "default_per_ocpu": 0,
                    "max": 24,
                    "min": 2
                  }
                ],
                "max_vnic_attachments": 2,
                "memory_in_gbs": 16,
                "memory_options": [
                  {
                    "default_per_ocpu_in_gbs": 0,
                    "max_in_gbs": 1024,
                    "max_per_numa_node_in_gbs": 1024,
                    "max_per_ocpu_in_gbs": 64,
                    "min_in_gbs": 1,
                    "min_per_ocpu_in_gbs": 1
                  }
                ],
                "min_total_baseline_ocpus_required": 0,
                "name": "VM.Standard.AMD.Generic",
                "network_ports": 0,
                "networking_bandwidth_in_gbps": 0,
                "networking_bandwidth_options": [
                  {
                    "default_per_ocpu_in_gbps": 0,
                    "max_in_gbps": 40,
                    "min_in_gbps": 1
                  }
                ],
                "ocpu_options": [
                  {
                    "max": 64,
                    "max_per_numa_node": 64,
                    "min": 1
                  }
                ],
                "ocpus": 1,
                "platform_config_options": [],
                "processor_description": "AMD processor. VM.Standard.E3 processor generation or later",
                "quota_names": [
                  "standard-amd-generic-core-count",
                  "standard-amd-generic-memory-count"
                ],
                "rdma_bandwidth_in_gbps": 0,
                "rdma_ports": 0,
                "recommended_alternatives": [],
                "resize_compatible_shapes": [
                  "VM.Standard1.1",
                  "VM.Standard1.2",
                  "VM.Standard1.4",
                  "VM.Standard1.8",
                  "VM.Standard1.16",
                  "VM.Standard.E2.1",
                  "VM.Standard.E2.2",
                  "VM.Standard.E2.4",
                  "VM.Standard.E2.8",
                  "VM.Standard2.1",
                  "VM.Standard2.2",
                  "VM.Standard2.4",
                  "VM.Standard2.8",
                  "VM.Standard2.16",
                  "VM.Standard2.24",
                  "VM.Standard.E3.Flex",
                  "VM.Standard.E4.Flex",
                  "VM.Standard.E5.Flex",
                  "VM.Standard3.Flex",
                  "VM.Standard.AMD.Generic",
                  "VM.Standard.Intel.Generic",
                  "VM.Standard.x86.Generic"
                ]
              },
              {
                "baseline_ocpu_utilizations": [],
                "billing_type": "PAID",
                "gpu_description": "",
                "gpus": 0,
                "is_billed_for_stopped_instance": false,
                "is_flexible": true,
                "is_live_migration_supported": true,
                "is_subcore": false,
                "local_disk_description": "",
                "local_disks": 0,
                "local_disks_total_size_in_gbs": 0,
                "max_vnic_attachment_options": [
                  {
                    "default_per_ocpu": 0,
                    "max": 24,
                    "min": 2
                  }
                ],
                "max_vnic_attachments": 2,
                "memory_in_gbs": 6,
                "memory_options": [
                  {
                    "default_per_ocpu_in_gbs": 0,
                    "max_in_gbs": 512,
                    "max_per_numa_node_in_gbs": 512,
                    "max_per_ocpu_in_gbs": 64,
                    "min_in_gbs": 1,
                    "min_per_ocpu_in_gbs": 1
                  }
                ],
                "min_total_baseline_ocpus_required": 0,
                "name": "VM.Standard.Ampere.Generic",
                "network_ports": 0,
                "networking_bandwidth_in_gbps": 0,
                "networking_bandwidth_options": [
                  {
                    "default_per_ocpu_in_gbps": 0,
                    "max_in_gbps": 40,
                    "min_in_gbps": 1
                  }
                ],
                "ocpu_options": [
                  {
                    "max": 80,
                    "max_per_numa_node": 80,
                    "min": 1
                  }
                ],
                "ocpus": 1,
                "platform_config_options": [],
                "processor_description": "Any Ampere processor",
                "quota_names": [
                  "standard-ampere-generic-core-count",
                  "standard-ampere-generic-memory-count"
                ],
                "rdma_bandwidth_in_gbps": 0,
                "rdma_ports": 0,
                "recommended_alternatives": [],
                "resize_compatible_shapes": [
                  "VM.Standard.A1.Flex",
                  "VM.Standard.Ampere.Generic"
                ]
              },
              {
                "baseline_ocpu_utilizations": [],
                "billing_type": "PAID",
                "gpu_description": "",
                "gpus": 0,
                "is_billed_for_stopped_instance": false,
                "is_flexible": true,
                "is_live_migration_supported": true,
                "is_subcore": false,
                "local_disk_description": "",
                "local_disks": 0,
                "local_disks_total_size_in_gbs": 0,
                "max_vnic_attachment_options": [
                  {
                    "default_per_ocpu": 0,
                    "max": 24,
                    "min": 2
                  }
                ],
                "max_vnic_attachments": 2,
                "memory_in_gbs": 16,
                "memory_options": [
                  {
                    "default_per_ocpu_in_gbs": 0,
                    "max_in_gbs": 512,
                    "max_per_numa_node_in_gbs": 512,
                    "max_per_ocpu_in_gbs": 64,
                    "min_in_gbs": 1,
                    "min_per_ocpu_in_gbs": 1
                  }
                ],
                "min_total_baseline_ocpus_required": 0,
                "name": "VM.Standard.Intel.Generic",
                "network_ports": 0,
                "networking_bandwidth_in_gbps": 0,
                "networking_bandwidth_options": [
                  {
                    "default_per_ocpu_in_gbps": 0,
                    "max_in_gbps": 40,
                    "min_in_gbps": 1
                  }
                ],
                "ocpu_options": [
                  {
                    "max": 32,
                    "max_per_numa_node": 32,
                    "min": 1
                  }
                ],
                "ocpus": 1,
                "platform_config_options": [],
                "processor_description": "Intel processor. VM.Standard2 processor generation or later",
                "quota_names": [
                  "standard-intel-generic-core-count",
                  "standard-intel-generic-memory-count"
                ],
                "rdma_bandwidth_in_gbps": 0,
                "rdma_ports": 0,
                "recommended_alternatives": [],
                "resize_compatible_shapes": [
                  "VM.Standard1.1",
                  "VM.Standard1.2",
                  "VM.Standard1.4",
                  "VM.Standard1.8",
                  "VM.Standard1.16",
                  "VM.Standard.E2.1",
                  "VM.Standard.E2.2",
                  "VM.Standard.E2.4",
                  "VM.Standard.E2.8",
                  "VM.Standard2.1",
                  "VM.Standard2.2",
                  "VM.Standard2.4",
                  "VM.Standard2.8",
                  "VM.Standard2.16",
                  "VM.Standard2.24",
                  "VM.Standard.E3.Flex",
                  "VM.Standard.E4.Flex",
                  "VM.Standard.E5.Flex",
                  "VM.Standard3.Flex",
                  "VM.Standard.AMD.Generic",
                  "VM.Standard.Intel.Generic",
                  "VM.Standard.x86.Generic"
                ]
              },
              {
                "baseline_ocpu_utilizations": [],
                "billing_type": "PAID",
                "gpu_description": "",
                "gpus": 0,
                "is_billed_for_stopped_instance": false,
                "is_flexible": true,
                "is_live_migration_supported": true,
                "is_subcore": false,
                "local_disk_description": "",
                "local_disks": 0,
                "local_disks_total_size_in_gbs": 0,
                "max_vnic_attachment_options": [
                  {
                    "default_per_ocpu": 0,
                    "max": 24,
                    "min": 2
                  }
                ],
                "max_vnic_attachments": 2,
                "memory_in_gbs": 16,
                "memory_options": [
                  {
                    "default_per_ocpu_in_gbs": 0,
                    "max_in_gbs": 512,
                    "max_per_numa_node_in_gbs": 512,
                    "max_per_ocpu_in_gbs": 64,
                    "min_in_gbs": 1,
                    "min_per_ocpu_in_gbs": 1
                  }
                ],
                "min_total_baseline_ocpus_required": 0,
                "name": "VM.Standard.x86.Generic",
                "network_ports": 0,
                "networking_bandwidth_in_gbps": 0,
                "networking_bandwidth_options": [
                  {
                    "default_per_ocpu_in_gbps": 0,
                    "max_in_gbps": 40,
                    "min_in_gbps": 1
                  }
                ],
                "ocpu_options": [
                  {
                    "max": 32,
                    "max_per_numa_node": 32,
                    "min": 1
                  }
                ],
                "ocpus": 1,
                "platform_config_options": [],
                "processor_description": "Either an Intel or an AMD processor. VM.Standard2 processor generation or later (Intel) and VM.Standard.E3 processor generation or later (AMD)",
                "quota_names": [
                  "standard-x86-generic-core-count",
                  "standard-x86-generic-memory-count"
                ],
                "rdma_bandwidth_in_gbps": 0,
                "rdma_ports": 0,
                "recommended_alternatives": [],
                "resize_compatible_shapes": [
                  "VM.Standard1.1",
                  "VM.Standard1.2",
                  "VM.Standard1.4",
                  "VM.Standard1.8",
                  "VM.Standard1.16",
                  "VM.Standard.E2.1",
                  "VM.Standard.E2.2",
                  "VM.Standard.E2.4",
                  "VM.Standard.E2.8",
                  "VM.Standard2.1",
                  "VM.Standard2.2",
                  "VM.Standard2.4",
                  "VM.Standard2.8",
                  "VM.Standard2.16",
                  "VM.Standard2.24",
                  "VM.Standard.E3.Flex",
                  "VM.Standard.E4.Flex",
                  "VM.Standard.E5.Flex",
                  "VM.Standard3.Flex",
                  "VM.Standard.AMD.Generic",
                  "VM.Standard.Intel.Generic",
                  "VM.Standard.x86.Generic"
                ]
              },
              {
                "baseline_ocpu_utilizations": [],
                "billing_type": "PAID",
                "gpu_description": "",
                "gpus": 0,
                "is_billed_for_stopped_instance": false,
                "is_flexible": false,
                "is_live_migration_supported": false,
                "is_subcore": false,
                "local_disk_description": "",
                "local_disks": 0,
                "local_disks_total_size_in_gbs": 0,
                "max_vnic_attachment_options": [],
                "max_vnic_attachments": 512,
                "memory_in_gbs": 2304,
                "memory_options": [],
                "min_total_baseline_ocpus_required": 0,
                "name": "BM.Standard.E5.192",
                "network_ports": 2,
                "networking_bandwidth_in_gbps": 100,
                "networking_bandwidth_options": [],
                "ocpu_options": [],
                "ocpus": 192,
                "platform_config_options": [
                  {
                    "access_control_service_options": [
                      {
                        "allowed_values": [
                          true,
                          false
                        ],
                        "is_default_enabled": true
                      }
                    ],
                    "input_output_memory_management_unit_options": [
                      {
                        "allowed_values": [
                          true
                        ],
                        "is_default_enabled": true
                      }
                    ],
                    "measured_boot_options": [
                      {
                        "allowed_values": [
                          false
                        ],
                        "is_default_enabled": false
                      }
                    ],
                    "memory_encryption_options": [
                      {
                        "allowed_values": [
                          true,
                          false
                        ],
                        "is_default_enabled": false
                      }
                    ],
                    "numa_nodes_per_socket_platform_options": [
                      {
                        "allowed_values": [
                          "NPS0",
                          "NPS1",
                          "NPS2",
                          "NPS4"
                        ],
                        "default_value": "NPS1"
                      }
                    ],
                    "percentage_of_cores_enabled_options": [
                      {
                        "default_value": 100,
                        "max": 100,
                        "min": 25
                      }
                    ],
                    "secure_boot_options": [
                      {
                        "allowed_values": [
                          true,
                          false
                        ],
                        "is_default_enabled": false
                      }
                    ],
                    "symmetric_multi_threading_options": [
                      {
                        "allowed_values": [
                          true,
                          false
                        ],
                        "is_default_enabled": true
                      }
                    ],
                    "trusted_platform_module_options": [
                      {
                        "allowed_values": [
                          true,
                          false
                        ],
                        "is_default_enabled": false
                      }
                    ],
                    "type": "GENERIC_BM",
                    "virtual_instructions_options": [
                      {
                        "allowed_values": [
                          true,
                          false
                        ],
                        "is_default_enabled": true
                      }
                    ]
                  }
                ],
                "processor_description": "2.3 GHz AMD EPYC™ 9J14 (Genoa)",
                "quota_names": [
                  "standard-e5-core-count",
                  "standard-e5-memory-count"
                ],
                "rdma_bandwidth_in_gbps": 0,
                "rdma_ports": 0,
                "recommended_alternatives": [],
                "resize_compatible_shapes": []
              },
              {
                "baseline_ocpu_utilizations": [],
                "billing_type": "PAID",
                "gpu_description": "",
                "gpus": 0,
                "is_billed_for_stopped_instance": false,
                "is_flexible": false,
                "is_live_migration_supported": false,
                "is_subcore": false,
                "local_disk_description": "",
                "local_disks": 0,
                "local_disks_total_size_in_gbs": 0,
                "max_vnic_attachment_options": [],
                "max_vnic_attachments": 256,
                "memory_in_gbs": 1024,
                "memory_options": [],
                "min_total_baseline_ocpus_required": 0,
                "name": "BM.Standard.A1.160",
                "network_ports": 2,
                "networking_bandwidth_in_gbps": 100,
                "networking_bandwidth_options": [],
                "ocpu_options": [],
                "ocpus": 160,
                "platform_config_options": [],
                "processor_description": "3.0 GHz Ampere® Altra™",
                "quota_names": [
                  "standard-a1-memory-count",
                  "standard-a1-memory-regional-count",
                  "standard-a1-core-count",
                  "standard-a1-core-regional-count"
                ],
                "rdma_bandwidth_in_gbps": 0,
                "rdma_ports": 0,
                "recommended_alternatives": [],
                "resize_compatible_shapes": []
              },
              {
                "baseline_ocpu_utilizations": [],
                "billing_type": "PAID",
                "gpu_description": "",
                "gpus": 0,
                "is_billed_for_stopped_instance": false,
                "is_flexible": false,
                "is_live_migration_supported": false,
                "is_subcore": false,
                "local_disk_description": "",
                "local_disks": 0,
                "local_disks_total_size_in_gbs": 0,
                "max_vnic_attachment_options": [],
                "max_vnic_attachments": 256,
                "memory_in_gbs": 1024,
                "memory_options": [],
                "min_total_baseline_ocpus_required": 0,
                "name": "BM.Standard3.64",
                "network_ports": 2,
                "networking_bandwidth_in_gbps": 100,
                "networking_bandwidth_options": [],
                "ocpu_options": [],
                "ocpus": 64,
                "platform_config_options": [
                  {
                    "access_control_service_options": [],
                    "input_output_memory_management_unit_options": [
                      {
                        "allowed_values": [
                          true,
                          false
                        ],
                        "is_default_enabled": true
                      }
                    ],
                    "measured_boot_options": [],
                    "memory_encryption_options": [],
                    "numa_nodes_per_socket_platform_options": [
                      {
                        "allowed_values": [
                          "NPS1",
                          "NPS2"
                        ],
                        "default_value": "NPS1"
                      }
                    ],
                    "percentage_of_cores_enabled_options": [
                      {
                        "default_value": 100,
                        "max": 100,
                        "min": 1
                      }
                    ],
                    "secure_boot_options": [
                      {
                        "allowed_values": [
                          true,
                          false
                        ],
                        "is_default_enabled": false
                      }
                    ],
                    "symmetric_multi_threading_options": [
                      {
                        "allowed_values": [
                          true,
                          false
                        ],
                        "is_default_enabled": true
                      }
                    ],
                    "trusted_platform_module_options": [
                      {
                        "allowed_values": [
                          true,
                          false
                        ],
                        "is_default_enabled": false
                      }
                    ],
                    "type": "INTEL_ICELAKE_BM",
                    "virtual_instructions_options": []
                  }
                ],
                "processor_description": "2.6 GHz Intel® Xeon® Platinum 8358 (Ice Lake)",
                "quota_names": [
                  "standard3-memory-count",
                  "standard3-core-count"
                ],
                "rdma_bandwidth_in_gbps": 0,
                "rdma_ports": 0,
                "recommended_alternatives": [],
                "resize_compatible_shapes": []
              },
              {
                "baseline_ocpu_utilizations": [],
                "billing_type": "PAID",
                "gpu_description": "",
                "gpus": 0,
                "is_billed_for_stopped_instance": false,
                "is_flexible": false,
                "is_live_migration_supported": false,
                "is_subcore": false,
                "local_disk_description": "",
                "local_disks": 0,
                "local_disks_total_size_in_gbs": 0,
                "max_vnic_attachment_options": [],
                "max_vnic_attachments": 200,
                "memory_in_gbs": 768,
                "memory_options": [],
                "min_total_baseline_ocpus_required": 0,
                "name": "BM.Standard2.52",
                "network_ports": 2,
                "networking_bandwidth_in_gbps": 50,
                "networking_bandwidth_options": [],
                "ocpu_options": [],
                "ocpus": 52,
                "platform_config_options": [
                  {
                    "access_control_service_options": [],
                    "input_output_memory_management_unit_options": [
                      {
                        "allowed_values": [
                          true,
                          false
                        ],
                        "is_default_enabled": true
                      }
                    ],
                    "measured_boot_options": [
                      {
                        "allowed_values": [
                          false
                        ],
                        "is_default_enabled": false
                      }
                    ],
                    "memory_encryption_options": [],
                    "numa_nodes_per_socket_platform_options": [
                      {
                        "allowed_values": [
                          "NPS1",
                          "NPS2"
                        ],
                        "default_value": "NPS1"
                      }
                    ],
                    "percentage_of_cores_enabled_options": [
                      {
                        "default_value": 100,
                        "max": 100,
                        "min": 1
                      }
                    ],
                    "secure_boot_options": [
                      {
                        "allowed_values": [
                          true,
                          false
                        ],
                        "is_default_enabled": false
                      }
                    ],
                    "symmetric_multi_threading_options": [
                      {
                        "allowed_values": [
                          true,
                          false
                        ],
                        "is_default_enabled": true
                      }
                    ],
                    "trusted_platform_module_options": [
                      {
                        "allowed_values": [
                          true,
                          false
                        ],
                        "is_default_enabled": false
                      }
                    ],
                    "type": "INTEL_SKYLAKE_BM",
                    "virtual_instructions_options": []
                  }
                ],
                "processor_description": "2.0 GHz Intel® Xeon® Platinum 8167M (Skylake)",
                "quota_names": [
                  "standard2-core-count"
                ],
                "rdma_bandwidth_in_gbps": 0,
                "rdma_ports": 0,
                "recommended_alternatives": [],
                "resize_compatible_shapes": []
              },
              {
                "baseline_ocpu_utilizations": [],
                "billing_type": "PAID",
                "gpu_description": "",
                "gpus": 0,
                "is_billed_for_stopped_instance": false,
                "is_flexible": false,
                "is_live_migration_supported": false,
                "is_subcore": false,
                "local_disk_description": "",
                "local_disks": 0,
                "local_disks_total_size_in_gbs": 0,
                "max_vnic_attachment_options": [],
                "max_vnic_attachments": 256,
                "memory_in_gbs": 2048,
                "memory_options": [],
                "min_total_baseline_ocpus_required": 0,
                "name": "BM.Standard.E4.128",
                "network_ports": 2,
                "networking_bandwidth_in_gbps": 100,
                "networking_bandwidth_options": [],
                "ocpu_options": [],
                "ocpus": 128,
                "platform_config_options": [
                  {
                    "access_control_service_options": [
                      {
                        "allowed_values": [
                          true,
                          false
                        ],
                        "is_default_enabled": true
                      }
                    ],
                    "input_output_memory_management_unit_options": [
                      {
                        "allowed_values": [
                          true,
                          false
                        ],
                        "is_default_enabled": true
                      }
                    ],
                    "measured_boot_options": [
                      {
                        "allowed_values": [
                          false
                        ],
                        "is_default_enabled": false
                      }
                    ],
                    "memory_encryption_options": [
                      {
                        "allowed_values": [
                          true,
                          false
                        ],
                        "is_default_enabled": false
                      }
                    ],
                    "numa_nodes_per_socket_platform_options": [
                      {
                        "allowed_values": [
                          "NPS0",
                          "NPS1",
                          "NPS2",
                          "NPS4"
                        ],
                        "default_value": "NPS1"
                      }
                    ],
                    "percentage_of_cores_enabled_options": [
                      {
                        "default_value": 100,
                        "max": 100,
                        "min": 1
                      }
                    ],
                    "secure_boot_options": [
                      {
                        "allowed_values": [
                          true,
                          false
                        ],
                        "is_default_enabled": false
                      }
                    ],
                    "symmetric_multi_threading_options": [
                      {
                        "allowed_values": [
                          true,
                          false
                        ],
                        "is_default_enabled": true
                      }
                    ],
                    "trusted_platform_module_options": [
                      {
                        "allowed_values": [
                          true,
                          false
                        ],
                        "is_default_enabled": false
                      }
                    ],
                    "type": "AMD_MILAN_BM",
                    "virtual_instructions_options": [
                      {
                        "allowed_values": [
                          true,
                          false
                        ],
                        "is_default_enabled": true
                      }
                    ]
                  }
                ],
                "processor_description": "2.55 GHz AMD EPYC™ 7J13 (Milan)",
                "quota_names": [
                  "standard-e4-core-count",
                  "standard-e4-memory-count"
                ],
                "rdma_bandwidth_in_gbps": 0,
                "rdma_ports": 0,
                "recommended_alternatives": [],
                "resize_compatible_shapes": []
              },
              {
                "baseline_ocpu_utilizations": [],
                "billing_type": "PAID",
                "gpu_description": "",
                "gpus": 0,
                "is_billed_for_stopped_instance": false,
                "is_flexible": false,
                "is_live_migration_supported": false,
                "is_subcore": false,
                "local_disk_description": "",
                "local_disks": 0,
                "local_disks_total_size_in_gbs": 0,
                "max_vnic_attachment_options": [],
                "max_vnic_attachments": 256,
                "memory_in_gbs": 2048,
                "memory_options": [],
                "min_total_baseline_ocpus_required": 0,
                "name": "BM.Standard.E3.128",
                "network_ports": 2,
                "networking_bandwidth_in_gbps": 100,
                "networking_bandwidth_options": [],
                "ocpu_options": [],
                "ocpus": 128,
                "platform_config_options": [
                  {
                    "access_control_service_options": [
                      {
                        "allowed_values": [
                          true,
                          false
                        ],
                        "is_default_enabled": true
                      }
                    ],
                    "input_output_memory_management_unit_options": [
                      {
                        "allowed_values": [
                          true,
                          false
                        ],
                        "is_default_enabled": true
                      }
                    ],
                    "measured_boot_options": [
                      {
                        "allowed_values": [
                          false
                        ],
                        "is_default_enabled": false
                      }
                    ],
                    "memory_encryption_options": [
                      {
                        "allowed_values": [
                          true,
                          false
                        ],
                        "is_default_enabled": false
                      }
                    ],
                    "numa_nodes_per_socket_platform_options": [
                      {
                        "allowed_values": [
                          "NPS0",
                          "NPS1",
                          "NPS2",
                          "NPS4"
                        ],
                        "default_value": "NPS1"
                      }
                    ],
                    "percentage_of_cores_enabled_options": [
                      {
                        "default_value": 100,
                        "max": 100,
                        "min": 1
                      }
                    ],
                    "secure_boot_options": [
                      {
                        "allowed_values": [
                          true,
                          false
                        ],
                        "is_default_enabled": false
                      }
                    ],
                    "symmetric_multi_threading_options": [
                      {
                        "allowed_values": [
                          true,
                          false
                        ],
                        "is_default_enabled": true
                      }
                    ],
                    "trusted_platform_module_options": [
                      {
                        "allowed_values": [
                          true,
                          false
                        ],
                        "is_default_enabled": false
                      }
                    ],
                    "type": "AMD_ROME_BM",
                    "virtual_instructions_options": [
                      {
                        "allowed_values": [
                          true,
                          false
                        ],
                        "is_default_enabled": true
                      }
                    ]
                  }
                ],
                "processor_description": "2.25 GHz AMD EPYC™ 7742 (Rome)",
                "quota_names": [
                  "standard-e3-core-ad-count",
                  "standard-e3-memory-count"
                ],
                "rdma_bandwidth_in_gbps": 0,
                "rdma_ports": 0,
                "recommended_alternatives": [],
                "resize_compatible_shapes": []
              },
              {
                "baseline_ocpu_utilizations": [],
                "billing_type": "PAID",
                "gpu_description": "",
                "gpus": 0,
                "is_billed_for_stopped_instance": false,
                "is_flexible": false,
                "is_live_migration_supported": false,
                "is_subcore": false,
                "local_disk_description": "",
                "local_disks": 0,
                "local_disks_total_size_in_gbs": 0,
                "max_vnic_attachment_options": [],
                "max_vnic_attachments": 150,
                "memory_in_gbs": 512,
                "memory_options": [],
                "min_total_baseline_ocpus_required": 0,
                "name": "BM.Standard.E2.64",
                "network_ports": 2,
                "networking_bandwidth_in_gbps": 50,
                "networking_bandwidth_options": [],
                "ocpu_options": [],
                "ocpus": 64,
                "platform_config_options": [],
                "processor_description": "2.0 GHz AMD EPYC™ 7551 (Naples)",
                "quota_names": [
                  "standard-e2-core-count"
                ],
                "rdma_bandwidth_in_gbps": 0,
                "rdma_ports": 0,
                "recommended_alternatives": [
                  {
                    "shape_name": "BM.Standard2.52"
                  },
                  {
                    "shape_name": "BM.Standard.E3.128"
                  }
                ],
                "resize_compatible_shapes": []
              },
              {
                "baseline_ocpu_utilizations": [],
                "billing_type": "PAID",
                "gpu_description": "",
                "gpus": 0,
                "is_billed_for_stopped_instance": false,
                "is_flexible": false,
                "is_live_migration_supported": false,
                "is_subcore": false,
                "local_disk_description": "",
                "local_disks": 0,
                "local_disks_total_size_in_gbs": 0,
                "max_vnic_attachment_options": [],
                "max_vnic_attachments": 100,
                "memory_in_gbs": 256,
                "memory_options": [],
                "min_total_baseline_ocpus_required": 0,
                "name": "BM.Standard1.36",
                "network_ports": 1,
                "networking_bandwidth_in_gbps": 10,
                "networking_bandwidth_options": [],
                "ocpu_options": [],
                "ocpus": 36,
                "platform_config_options": [],
                "processor_description": "2.3 GHz Intel® Xeon® E5-2699 v3 (Haswell)",
                "quota_names": [
                  "standard1-core-count"
                ],
                "rdma_bandwidth_in_gbps": 0,
                "rdma_ports": 0,
                "recommended_alternatives": [
                  {
                    "shape_name": "BM.Standard2.52"
                  },
                  {
                    "shape_name": "BM.Standard3.64"
                  }
                ],
                "resize_compatible_shapes": []
              },
              {
                "baseline_ocpu_utilizations": [
                  "BASELINE_1_8",
                  "BASELINE_1_2",
                  "BASELINE_1_1"
                ],
                "billing_type": "PAID",
                "gpu_description": "",
                "gpus": 0,
                "is_billed_for_stopped_instance": false,
                "is_flexible": true,
                "is_live_migration_supported": true,
                "is_subcore": true,
                "local_disk_description": "",
                "local_disks": 0,
                "local_disks_total_size_in_gbs": 0,
                "max_vnic_attachment_options": [
                  {
                    "default_per_ocpu": 1,
                    "max": 24,
                    "min": 2
                  }
                ],
                "max_vnic_attachments": 2,
                "memory_in_gbs": 16,
                "memory_options": [
                  {
                    "default_per_ocpu_in_gbs": 16,
                    "max_in_gbs": 1760,
                    "max_per_numa_node_in_gbs": 1024,
                    "max_per_ocpu_in_gbs": 64,
                    "min_in_gbs": 1,
                    "min_per_ocpu_in_gbs": 1
                  }
                ],
                "min_total_baseline_ocpus_required": 0,
                "name": "VM.Standard.E4.Flex",
                "network_ports": 1,
                "networking_bandwidth_in_gbps": 1,
                "networking_bandwidth_options": [
                  {
                    "default_per_ocpu_in_gbps": 1,
                    "max_in_gbps": 40,
                    "min_in_gbps": 1
                  }
                ],
                "ocpu_options": [
                  {
                    "max": 114,
                    "max_per_numa_node": 64,
                    "min": 1
                  }
                ],
                "ocpus": 1,
                "platform_config_options": [
                  {
                    "access_control_service_options": [],
                    "input_output_memory_management_unit_options": [],
                    "measured_boot_options": [
                      {
                        "allowed_values": [
                          true,
                          false
                        ],
                        "is_default_enabled": false
                      }
                    ],
                    "memory_encryption_options": [
                      {
                        "allowed_values": [
                          true,
                          false
                        ],
                        "is_default_enabled": false
                      }
                    ],
                    "numa_nodes_per_socket_platform_options": [],
                    "percentage_of_cores_enabled_options": [],
                    "secure_boot_options": [
                      {
                        "allowed_values": [
                          true,
                          false
                        ],
                        "is_default_enabled": false
                      }
                    ],
                    "symmetric_multi_threading_options": [
                      {
                        "allowed_values": [
                          true,
                          false
                        ],
                        "is_default_enabled": true
                      }
                    ],
                    "trusted_platform_module_options": [
                      {
                        "allowed_values": [
                          true,
                          false
                        ],
                        "is_default_enabled": false
                      }
                    ],
                    "type": "AMD_VM",
                    "virtual_instructions_options": []
                  }
                ],
                "processor_description": "2.55 GHz AMD EPYC™ 7J13 (Milan)",
                "quota_names": [
                  "standard-e4-core-count",
                  "standard-e4-memory-count"
                ],
                "rdma_bandwidth_in_gbps": 0,
                "rdma_ports": 0,
                "recommended_alternatives": [],
                "resize_compatible_shapes": [
                  "VM.Standard1.1",
                  "VM.Standard1.2",
                  "VM.Standard1.4",
                  "VM.Standard1.8",
                  "VM.Standard1.16",
                  "VM.Standard.E2.1",
                  "VM.Standard.E2.2",
                  "VM.Standard.E2.4",
                  "VM.Standard.E2.8",
                  "VM.Standard2.1",
                  "VM.Standard2.2",
                  "VM.Standard2.4",
                  "VM.Standard2.8",
                  "VM.Standard2.16",
                  "VM.Standard2.24",
                  "VM.Standard.E3.Flex",
                  "VM.Standard.E4.Flex",
                  "VM.Standard.E5.Flex",
                  "VM.Standard3.Flex",
                  "VM.Standard.AMD.Generic",
                  "VM.Standard.Intel.Generic",
                  "VM.Standard.x86.Generic"
                ]
              },
              {
                "baseline_ocpu_utilizations": [
                  "BASELINE_1_8",
                  "BASELINE_1_2",
                  "BASELINE_1_1"
                ],
                "billing_type": "PAID",
                "gpu_description": "",
                "gpus": 0,
                "is_billed_for_stopped_instance": false,
                "is_flexible": true,
                "is_live_migration_supported": true,
                "is_subcore": true,
                "local_disk_description": "",
                "local_disks": 0,
                "local_disks_total_size_in_gbs": 0,
                "max_vnic_attachment_options": [
                  {
                    "default_per_ocpu": 1,
                    "max": 24,
                    "min": 2
                  }
                ],
                "max_vnic_attachments": 2,
                "memory_in_gbs": 16,
                "memory_options": [
                  {
                    "default_per_ocpu_in_gbs": 16,
                    "max_in_gbs": 1776,
                    "max_per_numa_node_in_gbs": 1024,
                    "max_per_ocpu_in_gbs": 64,
                    "min_in_gbs": 1,
                    "min_per_ocpu_in_gbs": 1
                  }
                ],
                "min_total_baseline_ocpus_required": 0,
                "name": "VM.Standard.E3.Flex",
                "network_ports": 1,
                "networking_bandwidth_in_gbps": 1,
                "networking_bandwidth_options": [
                  {
                    "default_per_ocpu_in_gbps": 1,
                    "max_in_gbps": 40,
                    "min_in_gbps": 1
                  }
                ],
                "ocpu_options": [
                  {
                    "max": 114,
                    "max_per_numa_node": 64,
                    "min": 1
                  }
                ],
                "ocpus": 1,
                "platform_config_options": [
                  {
                    "access_control_service_options": [],
                    "input_output_memory_management_unit_options": [],
                    "measured_boot_options": [
                      {
                        "allowed_values": [
                          true,
                          false
                        ],
                        "is_default_enabled": false
                      }
                    ],
                    "memory_encryption_options": [
                      {
                        "allowed_values": [
                          true,
                          false
                        ],
                        "is_default_enabled": false
                      }
                    ],
                    "numa_nodes_per_socket_platform_options": [],
                    "percentage_of_cores_enabled_options": [],
                    "secure_boot_options": [
                      {
                        "allowed_values": [
                          true,
                          false
                        ],
                        "is_default_enabled": false
                      }
                    ],
                    "symmetric_multi_threading_options": [
                      {
                        "allowed_values": [
                          true,
                          false
                        ],
                        "is_default_enabled": true
                      }
                    ],
                    "trusted_platform_module_options": [
                      {
                        "allowed_values": [
                          true,
                          false
                        ],
                        "is_default_enabled": false
                      }
                    ],
                    "type": "AMD_VM",
                    "virtual_instructions_options": []
                  }
                ],
                "processor_description": "2.25 GHz AMD EPYC™ 7742 (Rome)",
                "quota_names": [
                  "standard-e3-core-ad-count",
                  "standard-e3-memory-count"
                ],
                "rdma_bandwidth_in_gbps": 0,
                "rdma_ports": 0,
                "recommended_alternatives": [],
                "resize_compatible_shapes": [
                  "VM.Standard1.1",
                  "VM.Standard1.2",
                  "VM.Standard1.4",
                  "VM.Standard1.8",
                  "VM.Standard1.16",
                  "VM.Standard.E2.1",
                  "VM.Standard.E2.2",
                  "VM.Standard.E2.4",
                  "VM.Standard.E2.8",
                  "VM.Standard2.1",
                  "VM.Standard2.2",
                  "VM.Standard2.4",
                  "VM.Standard2.8",
                  "VM.Standard2.16",
                  "VM.Standard2.24",
                  "VM.Standard.E3.Flex",
                  "VM.Standard.E4.Flex",
                  "VM.Standard.E5.Flex",
                  "VM.Standard3.Flex",
                  "VM.Standard.AMD.Generic",
                  "VM.Standard.Intel.Generic",
                  "VM.Standard.x86.Generic"
                ]
              },
              {
                "baseline_ocpu_utilizations": [],
                "billing_type": "LIMITED_FREE",
                "gpu_description": "",
                "gpus": 0,
                "is_billed_for_stopped_instance": false,
                "is_flexible": true,
                "is_live_migration_supported": true,
                "is_subcore": false,
                "local_disk_description": "",
                "local_disks": 0,
                "local_disks_total_size_in_gbs": 0,
                "max_vnic_attachment_options": [
                  {
                    "default_per_ocpu": 1,
                    "max": 24,
                    "min": 2
                  }
                ],
                "max_vnic_attachments": 2,
                "memory_in_gbs": 6,
                "memory_options": [
                  {
                    "default_per_ocpu_in_gbs": 6,
                    "max_in_gbs": 512,
                    "max_per_numa_node_in_gbs": 512,
                    "max_per_ocpu_in_gbs": 64,
                    "min_in_gbs": 1,
                    "min_per_ocpu_in_gbs": 1
                  }
                ],
                "min_total_baseline_ocpus_required": 0,
                "name": "VM.Standard.A1.Flex",
                "network_ports": 1,
                "networking_bandwidth_in_gbps": 1,
                "networking_bandwidth_options": [
                  {
                    "default_per_ocpu_in_gbps": 1,
                    "max_in_gbps": 40,
                    "min_in_gbps": 1
                  }
                ],
                "ocpu_options": [
                  {
                    "max": 80,
                    "max_per_numa_node": 80,
                    "min": 1
                  }
                ],
                "ocpus": 1,
                "platform_config_options": [],
                "processor_description": "3.0 GHz Ampere® Altra™",
                "quota_names": [
                  "standard-a1-memory-count",
                  "standard-a1-memory-regional-count",
                  "standard-a1-core-count",
                  "standard-a1-core-regional-count"
                ],
                "rdma_bandwidth_in_gbps": 0,
                "rdma_ports": 0,
                "recommended_alternatives": [],
                "resize_compatible_shapes": [
                  "VM.Standard.A1.Flex",
                  "VM.Standard.Ampere.Generic"
                ]
              },
              {
                "baseline_ocpu_utilizations": [],
                "billing_type": "PAID",
                "gpu_description": "",
                "gpus": 0,
                "is_billed_for_stopped_instance": false,
                "is_flexible": false,
                "is_live_migration_supported": true,
                "is_subcore": false,
                "local_disk_description": "",
                "local_disks": 0,
                "local_disks_total_size_in_gbs": 0,
                "max_vnic_attachment_options": [],
                "max_vnic_attachments": 2,
                "memory_in_gbs": 15,
                "memory_options": [],
                "min_total_baseline_ocpus_required": 0,
                "name": "VM.Standard2.1",
                "network_ports": 1,
                "networking_bandwidth_in_gbps": 1,
                "networking_bandwidth_options": [],
                "ocpu_options": [],
                "ocpus": 1,
                "platform_config_options": [
                  {
                    "access_control_service_options": [],
                    "input_output_memory_management_unit_options": [],
                    "measured_boot_options": [
                      {
                        "allowed_values": [
                          true,
                          false
                        ],
                        "is_default_enabled": false
                      }
                    ],
                    "memory_encryption_options": [],
                    "numa_nodes_per_socket_platform_options": [],
                    "percentage_of_cores_enabled_options": [],
                    "secure_boot_options": [
                      {
                        "allowed_values": [
                          true,
                          false
                        ],
                        "is_default_enabled": false
                      }
                    ],
                    "symmetric_multi_threading_options": [
                      {
                        "allowed_values": [
                          true,
                          false
                        ],
                        "is_default_enabled": true
                      }
                    ],
                    "trusted_platform_module_options": [
                      {
                        "allowed_values": [
                          true,
                          false
                        ],
                        "is_default_enabled": false
                      }
                    ],
                    "type": "INTEL_VM",
                    "virtual_instructions_options": []
                  }
                ],
                "processor_description": "2.0 GHz Intel® Xeon® Platinum 8167M (Skylake)",
                "quota_names": [
                  "standard2-core-count"
                ],
                "rdma_bandwidth_in_gbps": 0,
                "rdma_ports": 0,
                "recommended_alternatives": [],
                "resize_compatible_shapes": [
                  "VM.Standard1.1",
                  "VM.Standard1.2",
                  "VM.Standard1.4",
                  "VM.Standard1.8",
                  "VM.Standard1.16",
                  "VM.Standard.E2.1",
                  "VM.Standard.E2.2",
                  "VM.Standard.E2.4",
                  "VM.Standard.E2.8",
                  "VM.Standard2.1",
                  "VM.Standard2.2",
                  "VM.Standard2.4",
                  "VM.Standard2.8",
                  "VM.Standard2.16",
                  "VM.Standard2.24",
                  "VM.Standard.E3.Flex",
                  "VM.Standard.E4.Flex",
                  "VM.Standard.E5.Flex",
                  "VM.Standard3.Flex",
                  "VM.Standard.AMD.Generic",
                  "VM.Standard.Intel.Generic",
                  "VM.Standard.x86.Generic"
                ]
              },
              {
                "baseline_ocpu_utilizations": [],
                "billing_type": "PAID",
                "gpu_description": "",
                "gpus": 0,
                "is_billed_for_stopped_instance": false,
                "is_flexible": false,
                "is_live_migration_supported": true,
                "is_subcore": false,
                "local_disk_description": "",
                "local_disks": 0,
                "local_disks_total_size_in_gbs": 0,
                "max_vnic_attachment_options": [],
                "max_vnic_attachments": 2,
                "memory_in_gbs": 30,
                "memory_options": [],
                "min_total_baseline_ocpus_required": 0,
                "name": "VM.Standard2.2",
                "network_ports": 1,
                "networking_bandwidth_in_gbps": 2,
                "networking_bandwidth_options": [],
                "ocpu_options": [],
                "ocpus": 2,
                "platform_config_options": [
                  {
                    "access_control_service_options": [],
                    "input_output_memory_management_unit_options": [],
                    "measured_boot_options": [
                      {
                        "allowed_values": [
                          true,
                          false
                        ],
                        "is_default_enabled": false
                      }
                    ],
                    "memory_encryption_options": [],
                    "numa_nodes_per_socket_platform_options": [],
                    "percentage_of_cores_enabled_options": [],
                    "secure_boot_options": [
                      {
                        "allowed_values": [
                          true,
                          false
                        ],
                        "is_default_enabled": false
                      }
                    ],
                    "symmetric_multi_threading_options": [
                      {
                        "allowed_values": [
                          true,
                          false
                        ],
                        "is_default_enabled": true
                      }
                    ],
                    "trusted_platform_module_options": [
                      {
                        "allowed_values": [
                          true,
                          false
                        ],
                        "is_default_enabled": false
                      }
                    ],
                    "type": "INTEL_VM",
                    "virtual_instructions_options": []
                  }
                ],
                "processor_description": "2.0 GHz Intel® Xeon® Platinum 8167M (Skylake)",
                "quota_names": [
                  "standard2-core-count"
                ],
                "rdma_bandwidth_in_gbps": 0,
                "rdma_ports": 0,
                "recommended_alternatives": [],
                "resize_compatible_shapes": [
                  "VM.Standard1.1",
                  "VM.Standard1.2",
                  "VM.Standard1.4",
                  "VM.Standard1.8",
                  "VM.Standard1.16",
                  "VM.Standard.E2.1",
                  "VM.Standard.E2.2",
                  "VM.Standard.E2.4",
                  "VM.Standard.E2.8",
                  "VM.Standard2.1",
                  "VM.Standard2.2",
                  "VM.Standard2.4",
                  "VM.Standard2.8",
                  "VM.Standard2.16",
                  "VM.Standard2.24",
                  "VM.Standard.E3.Flex",
                  "VM.Standard.E4.Flex",
                  "VM.Standard.E5.Flex",
                  "VM.Standard3.Flex",
                  "VM.Standard.AMD.Generic",
                  "VM.Standard.Intel.Generic",
                  "VM.Standard.x86.Generic"
                ]
              },
              {
                "baseline_ocpu_utilizations": [],
                "billing_type": "PAID",
                "gpu_description": "",
                "gpus": 0,
                "is_billed_for_stopped_instance": false,
                "is_flexible": false,
                "is_live_migration_supported": true,
                "is_subcore": false,
                "local_disk_description": "",
                "local_disks": 0,
                "local_disks_total_size_in_gbs": 0,
                "max_vnic_attachment_options": [],
                "max_vnic_attachments": 4,
                "memory_in_gbs": 60,
                "memory_options": [],
                "min_total_baseline_ocpus_required": 0,
                "name": "VM.Standard2.4",
                "network_ports": 1,
                "networking_bandwidth_in_gbps": 4.099999904632568,
                "networking_bandwidth_options": [],
                "ocpu_options": [],
                "ocpus": 4,
                "platform_config_options": [
                  {
                    "access_control_service_options": [],
                    "input_output_memory_management_unit_options": [],
                    "measured_boot_options": [
                      {
                        "allowed_values": [
                          true,
                          false
                        ],
                        "is_default_enabled": false
                      }
                    ],
                    "memory_encryption_options": [],
                    "numa_nodes_per_socket_platform_options": [],
                    "percentage_of_cores_enabled_options": [],
                    "secure_boot_options": [
                      {
                        "allowed_values": [
                          true,
                          false
                        ],
                        "is_default_enabled": false
                      }
                    ],
                    "symmetric_multi_threading_options": [
                      {
                        "allowed_values": [
                          true,
                          false
                        ],
                        "is_default_enabled": true
                      }
                    ],
                    "trusted_platform_module_options": [
                      {
                        "allowed_values": [
                          true,
                          false
                        ],
                        "is_default_enabled": false
                      }
                    ],
                    "type": "INTEL_VM",
                    "virtual_instructions_options": []
                  }
                ],
                "processor_description": "2.0 GHz Intel® Xeon® Platinum 8167M (Skylake)",
                "quota_names": [
                  "standard2-core-count"
                ],
                "rdma_bandwidth_in_gbps": 0,
                "rdma_ports": 0,
                "recommended_alternatives": [],
                "resize_compatible_shapes": [
                  "VM.Standard1.1",
                  "VM.Standard1.2",
                  "VM.Standard1.4",
                  "VM.Standard1.8",
                  "VM.Standard1.16",
                  "VM.Standard.E2.1",
                  "VM.Standard.E2.2",
                  "VM.Standard.E2.4",
                  "VM.Standard.E2.8",
                  "VM.Standard2.1",
                  "VM.Standard2.2",
                  "VM.Standard2.4",
                  "VM.Standard2.8",
                  "VM.Standard2.16",
                  "VM.Standard2.24",
                  "VM.Standard.E3.Flex",
                  "VM.Standard.E4.Flex",
                  "VM.Standard.E5.Flex",
                  "VM.Standard3.Flex",
                  "VM.Standard.AMD.Generic",
                  "VM.Standard.Intel.Generic",
                  "VM.Standard.x86.Generic"
                ]
              },
              {
                "baseline_ocpu_utilizations": [],
                "billing_type": "PAID",
                "gpu_description": "",
                "gpus": 0,
                "is_billed_for_stopped_instance": false,
                "is_flexible": false,
                "is_live_migration_supported": true,
                "is_subcore": false,
                "local_disk_description": "",
                "local_disks": 0,
                "local_disks_total_size_in_gbs": 0,
                "max_vnic_attachment_options": [],
                "max_vnic_attachments": 8,
                "memory_in_gbs": 120,
                "memory_options": [],
                "min_total_baseline_ocpus_required": 0,
                "name": "VM.Standard2.8",
                "network_ports": 1,
                "networking_bandwidth_in_gbps": 8.199999809265137,
                "networking_bandwidth_options": [],
                "ocpu_options": [],
                "ocpus": 8,
                "platform_config_options": [
                  {
                    "access_control_service_options": [],
                    "input_output_memory_management_unit_options": [],
                    "measured_boot_options": [
                      {
                        "allowed_values": [
                          true,
                          false
                        ],
                        "is_default_enabled": false
                      }
                    ],
                    "memory_encryption_options": [],
                    "numa_nodes_per_socket_platform_options": [],
                    "percentage_of_cores_enabled_options": [],
                    "secure_boot_options": [
                      {
                        "allowed_values": [
                          true,
                          false
                        ],
                        "is_default_enabled": false
                      }
                    ],
                    "symmetric_multi_threading_options": [
                      {
                        "allowed_values": [
                          true,
                          false
                        ],
                        "is_default_enabled": true
                      }
                    ],
                    "trusted_platform_module_options": [
                      {
                        "allowed_values": [
                          true,
                          false
                        ],
                        "is_default_enabled": false
                      }
                    ],
                    "type": "INTEL_VM",
                    "virtual_instructions_options": []
                  }
                ],
                "processor_description": "2.0 GHz Intel® Xeon® Platinum 8167M (Skylake)",
                "quota_names": [
                  "standard2-core-count"
                ],
                "rdma_bandwidth_in_gbps": 0,
                "rdma_ports": 0,
                "recommended_alternatives": [],
                "resize_compatible_shapes": [
                  "VM.Standard1.1",
                  "VM.Standard1.2",
                  "VM.Standard1.4",
                  "VM.Standard1.8",
                  "VM.Standard1.16",
                  "VM.Standard.E2.1",
                  "VM.Standard.E2.2",
                  "VM.Standard.E2.4",
                  "VM.Standard.E2.8",
                  "VM.Standard2.1",
                  "VM.Standard2.2",
                  "VM.Standard2.4",
                  "VM.Standard2.8",
                  "VM.Standard2.16",
                  "VM.Standard2.24",
                  "VM.Standard.E3.Flex",
                  "VM.Standard.E4.Flex",
                  "VM.Standard.E5.Flex",
                  "VM.Standard3.Flex",
                  "VM.Standard.AMD.Generic",
                  "VM.Standard.Intel.Generic",
                  "VM.Standard.x86.Generic"
                ]
              },
              {
                "baseline_ocpu_utilizations": [],
                "billing_type": "PAID",
                "gpu_description": "",
                "gpus": 0,
                "is_billed_for_stopped_instance": false,
                "is_flexible": false,
                "is_live_migration_supported": true,
                "is_subcore": false,
                "local_disk_description": "",
                "local_disks": 0,
                "local_disks_total_size_in_gbs": 0,
                "max_vnic_attachment_options": [],
                "max_vnic_attachments": 16,
                "memory_in_gbs": 240,
                "memory_options": [],
                "min_total_baseline_ocpus_required": 0,
                "name": "VM.Standard2.16",
                "network_ports": 1,
                "networking_bandwidth_in_gbps": 16.399999618530273,
                "networking_bandwidth_options": [],
                "ocpu_options": [],
                "ocpus": 16,
                "platform_config_options": [
                  {
                    "access_control_service_options": [],
                    "input_output_memory_management_unit_options": [],
                    "measured_boot_options": [
                      {
                        "allowed_values": [
                          true,
                          false
                        ],
                        "is_default_enabled": false
                      }
                    ],
                    "memory_encryption_options": [],
                    "numa_nodes_per_socket_platform_options": [],
                    "percentage_of_cores_enabled_options": [],
                    "secure_boot_options": [
                      {
                        "allowed_values": [
                          true,
                          false
                        ],
                        "is_default_enabled": false
                      }
                    ],
                    "symmetric_multi_threading_options": [
                      {
                        "allowed_values": [
                          true,
                          false
                        ],
                        "is_default_enabled": true
                      }
                    ],
                    "trusted_platform_module_options": [
                      {
                        "allowed_values": [
                          true,
                          false
                        ],
                        "is_default_enabled": false
                      }
                    ],
                    "type": "INTEL_VM",
                    "virtual_instructions_options": []
                  }
                ],
                "processor_description": "2.0 GHz Intel® Xeon® Platinum 8167M (Skylake)",
                "quota_names": [
                  "standard2-core-count"
                ],
                "rdma_bandwidth_in_gbps": 0,
                "rdma_ports": 0,
                "recommended_alternatives": [],
                "resize_compatible_shapes": [
                  "VM.Standard1.1",
                  "VM.Standard1.2",
                  "VM.Standard1.4",
                  "VM.Standard1.8",
                  "VM.Standard1.16",
                  "VM.Standard.E2.1",
                  "VM.Standard.E2.2",
                  "VM.Standard.E2.4",
                  "VM.Standard.E2.8",
                  "VM.Standard2.1",
                  "VM.Standard2.2",
                  "VM.Standard2.4",
                  "VM.Standard2.8",
                  "VM.Standard2.16",
                  "VM.Standard2.24",
                  "VM.Standard.E3.Flex",
                  "VM.Standard.E4.Flex",
                  "VM.Standard.E5.Flex",
                  "VM.Standard3.Flex",
                  "VM.Standard.AMD.Generic",
                  "VM.Standard.Intel.Generic",
                  "VM.Standard.x86.Generic"
                ]
              },
              {
                "baseline_ocpu_utilizations": [],
                "billing_type": "PAID",
                "gpu_description": "",
                "gpus": 0,
                "is_billed_for_stopped_instance": false,
                "is_flexible": false,
                "is_live_migration_supported": true,
                "is_subcore": false,
                "local_disk_description": "",
                "local_disks": 0,
                "local_disks_total_size_in_gbs": 0,
                "max_vnic_attachment_options": [],
                "max_vnic_attachments": 24,
                "memory_in_gbs": 320,
                "memory_options": [],
                "min_total_baseline_ocpus_required": 0,
                "name": "VM.Standard2.24",
                "network_ports": 1,
                "networking_bandwidth_in_gbps": 24.600000381469727,
                "networking_bandwidth_options": [],
                "ocpu_options": [],
                "ocpus": 24,
                "platform_config_options": [
                  {
                    "access_control_service_options": [],
                    "input_output_memory_management_unit_options": [],
                    "measured_boot_options": [
                      {
                        "allowed_values": [
                          true,
                          false
                        ],
                        "is_default_enabled": false
                      }
                    ],
                    "memory_encryption_options": [],
                    "numa_nodes_per_socket_platform_options": [],
                    "percentage_of_cores_enabled_options": [],
                    "secure_boot_options": [
                      {
                        "allowed_values": [
                          true,
                          false
                        ],
                        "is_default_enabled": false
                      }
                    ],
                    "symmetric_multi_threading_options": [
                      {
                        "allowed_values": [
                          true,
                          false
                        ],
                        "is_default_enabled": true
                      }
                    ],
                    "trusted_platform_module_options": [
                      {
                        "allowed_values": [
                          true,
                          false
                        ],
                        "is_default_enabled": false
                      }
                    ],
                    "type": "INTEL_VM",
                    "virtual_instructions_options": []
                  }
                ],
                "processor_description": "2.0 GHz Intel® Xeon® Platinum 8167M (Skylake)",
                "quota_names": [
                  "standard2-core-count"
                ],
                "rdma_bandwidth_in_gbps": 0,
                "rdma_ports": 0,
                "recommended_alternatives": [],
                "resize_compatible_shapes": [
                  "VM.Standard1.1",
                  "VM.Standard1.2",
                  "VM.Standard1.4",
                  "VM.Standard1.8",
                  "VM.Standard1.16",
                  "VM.Standard.E2.1",
                  "VM.Standard.E2.2",
                  "VM.Standard.E2.4",
                  "VM.Standard.E2.8",
                  "VM.Standard2.1",
                  "VM.Standard2.2",
                  "VM.Standard2.4",
                  "VM.Standard2.8",
                  "VM.Standard2.16",
                  "VM.Standard2.24",
                  "VM.Standard.E3.Flex",
                  "VM.Standard.E4.Flex",
                  "VM.Standard.E5.Flex",
                  "VM.Standard3.Flex",
                  "VM.Standard.AMD.Generic",
                  "VM.Standard.Intel.Generic",
                  "VM.Standard.x86.Generic"
                ]
              },
              {
                "baseline_ocpu_utilizations": [],
                "billing_type": "PAID",
                "gpu_description": "",
                "gpus": 0,
                "is_billed_for_stopped_instance": false,
                "is_flexible": false,
                "is_live_migration_supported": true,
                "is_subcore": false,
                "local_disk_description": "",
                "local_disks": 0,
                "local_disks_total_size_in_gbs": 0,
                "max_vnic_attachment_options": [],
                "max_vnic_attachments": 2,
                "memory_in_gbs": 8,
                "memory_options": [],
                "min_total_baseline_ocpus_required": 0,
                "name": "VM.Standard.E2.1",
                "network_ports": 1,
                "networking_bandwidth_in_gbps": 0.699999988079071,
                "networking_bandwidth_options": [],
                "ocpu_options": [],
                "ocpus": 1,
                "platform_config_options": [],
                "processor_description": "2.0 GHz AMD EPYC™ 7551 (Naples)",
                "quota_names": [
                  "standard-e2-core-count"
                ],
                "rdma_bandwidth_in_gbps": 0,
                "rdma_ports": 0,
                "recommended_alternatives": [
                  {
                    "shape_name": "VM.Standard2.1"
                  },
                  {
                    "shape_name": "VM.Standard.E3.Flex"
                  }
                ],
                "resize_compatible_shapes": [
                  "VM.Standard1.1",
                  "VM.Standard1.2",
                  "VM.Standard1.4",
                  "VM.Standard1.8",
                  "VM.Standard1.16",
                  "VM.Standard.E2.1",
                  "VM.Standard.E2.2",
                  "VM.Standard.E2.4",
                  "VM.Standard.E2.8",
                  "VM.Standard2.1",
                  "VM.Standard2.2",
                  "VM.Standard2.4",
                  "VM.Standard2.8",
                  "VM.Standard2.16",
                  "VM.Standard2.24",
                  "VM.Standard.E3.Flex",
                  "VM.Standard.E4.Flex",
                  "VM.Standard.E5.Flex",
                  "VM.Standard3.Flex",
                  "VM.Standard.AMD.Generic",
                  "VM.Standard.Intel.Generic",
                  "VM.Standard.x86.Generic"
                ]
              },
              {
                "baseline_ocpu_utilizations": [],
                "billing_type": "PAID",
                "gpu_description": "",
                "gpus": 0,
                "is_billed_for_stopped_instance": false,
                "is_flexible": false,
                "is_live_migration_supported": true,
                "is_subcore": false,
                "local_disk_description": "",
                "local_disks": 0,
                "local_disks_total_size_in_gbs": 0,
                "max_vnic_attachment_options": [],
                "max_vnic_attachments": 2,
                "memory_in_gbs": 16,
                "memory_options": [],
                "min_total_baseline_ocpus_required": 0,
                "name": "VM.Standard.E2.2",
                "network_ports": 1,
                "networking_bandwidth_in_gbps": 1.399999976158142,
                "networking_bandwidth_options": [],
                "ocpu_options": [],
                "ocpus": 2,
                "platform_config_options": [],
                "processor_description": "2.0 GHz AMD EPYC™ 7551 (Naples)",
                "quota_names": [
                  "standard-e2-core-count"
                ],
                "rdma_bandwidth_in_gbps": 0,
                "rdma_ports": 0,
                "recommended_alternatives": [
                  {
                    "shape_name": "VM.Standard2.2"
                  },
                  {
                    "shape_name": "VM.Standard.E3.Flex"
                  }
                ],
                "resize_compatible_shapes": [
                  "VM.Standard1.1",
                  "VM.Standard1.2",
                  "VM.Standard1.4",
                  "VM.Standard1.8",
                  "VM.Standard1.16",
                  "VM.Standard.E2.1",
                  "VM.Standard.E2.2",
                  "VM.Standard.E2.4",
                  "VM.Standard.E2.8",
                  "VM.Standard2.1",
                  "VM.Standard2.2",
                  "VM.Standard2.4",
                  "VM.Standard2.8",
                  "VM.Standard2.16",
                  "VM.Standard2.24",
                  "VM.Standard.E3.Flex",
                  "VM.Standard.E4.Flex",
                  "VM.Standard.E5.Flex",
                  "VM.Standard3.Flex",
                  "VM.Standard.AMD.Generic",
                  "VM.Standard.Intel.Generic",
                  "VM.Standard.x86.Generic"
                ]
              },
              {
                "baseline_ocpu_utilizations": [],
                "billing_type": "PAID",
                "gpu_description": "",
                "gpus": 0,
                "is_billed_for_stopped_instance": false,
                "is_flexible": false,
                "is_live_migration_supported": true,
                "is_subcore": false,
                "local_disk_description": "",
                "local_disks": 0,
                "local_disks_total_size_in_gbs": 0,
                "max_vnic_attachment_options": [],
                "max_vnic_attachments": 4,
                "memory_in_gbs": 32,
                "memory_options": [],
                "min_total_baseline_ocpus_required": 0,
                "name": "VM.Standard.E2.4",
                "network_ports": 1,
                "networking_bandwidth_in_gbps": 2.799999952316284,
                "networking_bandwidth_options": [],
                "ocpu_options": [],
                "ocpus": 4,
                "platform_config_options": [],
                "processor_description": "2.0 GHz AMD EPYC™ 7551 (Naples)",
                "quota_names": [
                  "standard-e2-core-count"
                ],
                "rdma_bandwidth_in_gbps": 0,
                "rdma_ports": 0,
                "recommended_alternatives": [
                  {
                    "shape_name": "VM.Standard2.4"
                  },
                  {
                    "shape_name": "VM.Standard.E3.Flex"
                  }
                ],
                "resize_compatible_shapes": [
                  "VM.Standard1.1",
                  "VM.Standard1.2",
                  "VM.Standard1.4",
                  "VM.Standard1.8",
                  "VM.Standard1.16",
                  "VM.Standard.E2.1",
                  "VM.Standard.E2.2",
                  "VM.Standard.E2.4",
                  "VM.Standard.E2.8",
                  "VM.Standard2.1",
                  "VM.Standard2.2",
                  "VM.Standard2.4",
                  "VM.Standard2.8",
                  "VM.Standard2.16",
                  "VM.Standard2.24",
                  "VM.Standard.E3.Flex",
                  "VM.Standard.E4.Flex",
                  "VM.Standard.E5.Flex",
                  "VM.Standard3.Flex",
                  "VM.Standard.AMD.Generic",
                  "VM.Standard.Intel.Generic",
                  "VM.Standard.x86.Generic"
                ]
              },
              {
                "baseline_ocpu_utilizations": [],
                "billing_type": "PAID",
                "gpu_description": "",
                "gpus": 0,
                "is_billed_for_stopped_instance": false,
                "is_flexible": false,
                "is_live_migration_supported": true,
                "is_subcore": false,
                "local_disk_description": "",
                "local_disks": 0,
                "local_disks_total_size_in_gbs": 0,
                "max_vnic_attachment_options": [],
                "max_vnic_attachments": 8,
                "memory_in_gbs": 64,
                "memory_options": [],
                "min_total_baseline_ocpus_required": 0,
                "name": "VM.Standard.E2.8",
                "network_ports": 1,
                "networking_bandwidth_in_gbps": 5.599999904632568,
                "networking_bandwidth_options": [],
                "ocpu_options": [],
                "ocpus": 8,
                "platform_config_options": [],
                "processor_description": "2.0 GHz AMD EPYC™ 7551 (Naples)",
                "quota_names": [
                  "standard-e2-core-count"
                ],
                "rdma_bandwidth_in_gbps": 0,
                "rdma_ports": 0,
                "recommended_alternatives": [
                  {
                    "shape_name": "VM.Standard2.8"
                  },
                  {
                    "shape_name": "VM.Standard.E3.Flex"
                  }
                ],
                "resize_compatible_shapes": [
                  "VM.Standard1.1",
                  "VM.Standard1.2",
                  "VM.Standard1.4",
                  "VM.Standard1.8",
                  "VM.Standard1.16",
                  "VM.Standard.E2.1",
                  "VM.Standard.E2.2",
                  "VM.Standard.E2.4",
                  "VM.Standard.E2.8",
                  "VM.Standard2.1",
                  "VM.Standard2.2",
                  "VM.Standard2.4",
                  "VM.Standard2.8",
                  "VM.Standard2.16",
                  "VM.Standard2.24",
                  "VM.Standard.E3.Flex",
                  "VM.Standard.E4.Flex",
                  "VM.Standard.E5.Flex",
                  "VM.Standard3.Flex",
                  "VM.Standard.AMD.Generic",
                  "VM.Standard.Intel.Generic",
                  "VM.Standard.x86.Generic"
                ]
              },
              {
                "baseline_ocpu_utilizations": [
                  "BASELINE_1_8",
                  "BASELINE_1_2",
                  "BASELINE_1_1"
                ],
                "billing_type": "PAID",
                "gpu_description": "",
                "gpus": 0,
                "is_billed_for_stopped_instance": false,
                "is_flexible": true,
                "is_live_migration_supported": true,
                "is_subcore": true,
                "local_disk_description": "",
                "local_disks": 0,
                "local_disks_total_size_in_gbs": 0,
                "max_vnic_attachment_options": [
                  {
                    "default_per_ocpu": 1,
                    "max": 24,
                    "min": 2
                  }
                ],
                "max_vnic_attachments": 2,
                "memory_in_gbs": 16,
                "memory_options": [
                  {
                    "default_per_ocpu_in_gbs": 16,
                    "max_in_gbs": 896,
                    "max_per_numa_node_in_gbs": 512,
                    "max_per_ocpu_in_gbs": 64,
                    "min_in_gbs": 1,
                    "min_per_ocpu_in_gbs": 1
                  }
                ],
                "min_total_baseline_ocpus_required": 0,
                "name": "VM.Standard3.Flex",
                "network_ports": 1,
                "networking_bandwidth_in_gbps": 1,
                "networking_bandwidth_options": [
                  {
                    "default_per_ocpu_in_gbps": 1,
                    "max_in_gbps": 40,
                    "min_in_gbps": 1
                  }
                ],
                "ocpu_options": [
                  {
                    "max": 56,
                    "max_per_numa_node": 32,
                    "min": 1
                  }
                ],
                "ocpus": 1,
                "platform_config_options": [
                  {
                    "access_control_service_options": [],
                    "input_output_memory_management_unit_options": [],
                    "measured_boot_options": [
                      {
                        "allowed_values": [
                          true,
                          false
                        ],
                        "is_default_enabled": false
                      }
                    ],
                    "memory_encryption_options": [],
                    "numa_nodes_per_socket_platform_options": [],
                    "percentage_of_cores_enabled_options": [],
                    "secure_boot_options": [
                      {
                        "allowed_values": [
                          true,
                          false
                        ],
                        "is_default_enabled": false
                      }
                    ],
                    "symmetric_multi_threading_options": [
                      {
                        "allowed_values": [
                          true,
                          false
                        ],
                        "is_default_enabled": true
                      }
                    ],
                    "trusted_platform_module_options": [
                      {
                        "allowed_values": [
                          true,
                          false
                        ],
                        "is_default_enabled": false
                      }
                    ],
                    "type": "INTEL_VM",
                    "virtual_instructions_options": []
                  }
                ],
                "processor_description": "2.6 GHz Intel® Xeon® Platinum 8358 (Ice Lake)",
                "quota_names": [
                  "standard3-memory-count",
                  "standard3-core-count"
                ],
                "rdma_bandwidth_in_gbps": 0,
                "rdma_ports": 0,
                "recommended_alternatives": [],
                "resize_compatible_shapes": [
                  "VM.Standard1.1",
                  "VM.Standard1.2",
                  "VM.Standard1.4",
                  "VM.Standard1.8",
                  "VM.Standard1.16",
                  "VM.Standard.E2.1",
                  "VM.Standard.E2.2",
                  "VM.Standard.E2.4",
                  "VM.Standard.E2.8",
                  "VM.Standard2.1",
                  "VM.Standard2.2",
                  "VM.Standard2.4",
                  "VM.Standard2.8",
                  "VM.Standard2.16",
                  "VM.Standard2.24",
                  "VM.Standard.E3.Flex",
                  "VM.Standard.E4.Flex",
                  "VM.Standard.E5.Flex",
                  "VM.Standard3.Flex",
                  "VM.Standard.AMD.Generic",
                  "VM.Standard.Intel.Generic",
                  "VM.Standard.x86.Generic"
                ]
              },
              {
                "baseline_ocpu_utilizations": [],
                "billing_type": "PAID",
                "gpu_description": "",
                "gpus": 0,
                "is_billed_for_stopped_instance": false,
                "is_flexible": false,
                "is_live_migration_supported": true,
                "is_subcore": false,
                "local_disk_description": "",
                "local_disks": 0,
                "local_disks_total_size_in_gbs": 0,
                "max_vnic_attachment_options": [],
                "max_vnic_attachments": 2,
                "memory_in_gbs": 7,
                "memory_options": [],
                "min_total_baseline_ocpus_required": 0,
                "name": "VM.Standard1.1",
                "network_ports": 1,
                "networking_bandwidth_in_gbps": 0.6000000238418579,
                "networking_bandwidth_options": [],
                "ocpu_options": [],
                "ocpus": 1,
                "platform_config_options": [],
                "processor_description": "2.3 GHz Intel® Xeon® E5-2699 v3 (Haswell)",
                "quota_names": [
                  "standard1-core-count"
                ],
                "rdma_bandwidth_in_gbps": 0,
                "rdma_ports": 0,
                "recommended_alternatives": [
                  {
                    "shape_name": "VM.Standard2.1"
                  },
                  {
                    "shape_name": "VM.Standard.E3.Flex"
                  }
                ],
                "resize_compatible_shapes": [
                  "VM.Standard1.1",
                  "VM.Standard1.2",
                  "VM.Standard1.4",
                  "VM.Standard1.8",
                  "VM.Standard1.16",
                  "VM.Standard.E2.1",
                  "VM.Standard.E2.2",
                  "VM.Standard.E2.4",
                  "VM.Standard.E2.8",
                  "VM.Standard2.1",
                  "VM.Standard2.2",
                  "VM.Standard2.4",
                  "VM.Standard2.8",
                  "VM.Standard2.16",
                  "VM.Standard2.24",
                  "VM.Standard.E3.Flex",
                  "VM.Standard.E4.Flex",
                  "VM.Standard.E5.Flex",
                  "VM.Standard3.Flex",
                  "VM.Standard.AMD.Generic",
                  "VM.Standard.Intel.Generic",
                  "VM.Standard.x86.Generic"
                ]
              },
              {
                "baseline_ocpu_utilizations": [],
                "billing_type": "PAID",
                "gpu_description": "",
                "gpus": 0,
                "is_billed_for_stopped_instance": false,
                "is_flexible": false,
                "is_live_migration_supported": true,
                "is_subcore": false,
                "local_disk_description": "",
                "local_disks": 0,
                "local_disks_total_size_in_gbs": 0,
                "max_vnic_attachment_options": [],
                "max_vnic_attachments": 2,
                "memory_in_gbs": 14,
                "memory_options": [],
                "min_total_baseline_ocpus_required": 0,
                "name": "VM.Standard1.2",
                "network_ports": 1,
                "networking_bandwidth_in_gbps": 1.2000000476837158,
                "networking_bandwidth_options": [],
                "ocpu_options": [],
                "ocpus": 2,
                "platform_config_options": [],
                "processor_description": "2.3 GHz Intel® Xeon® E5-2699 v3 (Haswell)",
                "quota_names": [
                  "standard1-core-count"
                ],
                "rdma_bandwidth_in_gbps": 0,
                "rdma_ports": 0,
                "recommended_alternatives": [
                  {
                    "shape_name": "VM.Standard2.2"
                  },
                  {
                    "shape_name": "VM.Standard.E3.Flex"
                  }
                ],
                "resize_compatible_shapes": [
                  "VM.Standard1.1",
                  "VM.Standard1.2",
                  "VM.Standard1.4",
                  "VM.Standard1.8",
                  "VM.Standard1.16",
                  "VM.Standard.E2.1",
                  "VM.Standard.E2.2",
                  "VM.Standard.E2.4",
                  "VM.Standard.E2.8",
                  "VM.Standard2.1",
                  "VM.Standard2.2",
                  "VM.Standard2.4",
                  "VM.Standard2.8",
                  "VM.Standard2.16",
                  "VM.Standard2.24",
                  "VM.Standard.E3.Flex",
                  "VM.Standard.E4.Flex",
                  "VM.Standard.E5.Flex",
                  "VM.Standard3.Flex",
                  "VM.Standard.AMD.Generic",
                  "VM.Standard.Intel.Generic",
                  "VM.Standard.x86.Generic"
                ]
              },
              {
                "baseline_ocpu_utilizations": [],
                "billing_type": "PAID",
                "gpu_description": "",
                "gpus": 0,
                "is_billed_for_stopped_instance": false,
                "is_flexible": false,
                "is_live_migration_supported": true,
                "is_subcore": false,
                "local_disk_description": "",
                "local_disks": 0,
                "local_disks_total_size_in_gbs": 0,
                "max_vnic_attachment_options": [],
                "max_vnic_attachments": 4,
                "memory_in_gbs": 28,
                "memory_options": [],
                "min_total_baseline_ocpus_required": 0,
                "name": "VM.Standard1.4",
                "network_ports": 1,
                "networking_bandwidth_in_gbps": 1.2000000476837158,
                "networking_bandwidth_options": [],
                "ocpu_options": [],
                "ocpus": 4,
                "platform_config_options": [],
                "processor_description": "2.3 GHz Intel® Xeon® E5-2699 v3 (Haswell)",
                "quota_names": [
                  "standard1-core-count"
                ],
                "rdma_bandwidth_in_gbps": 0,
                "rdma_ports": 0,
                "recommended_alternatives": [
                  {
                    "shape_name": "VM.Standard2.4"
                  },
                  {
                    "shape_name": "VM.Standard.E3.Flex"
                  }
                ],
                "resize_compatible_shapes": [
                  "VM.Standard1.1",
                  "VM.Standard1.2",
                  "VM.Standard1.4",
                  "VM.Standard1.8",
                  "VM.Standard1.16",
                  "VM.Standard.E2.1",
                  "VM.Standard.E2.2",
                  "VM.Standard.E2.4",
                  "VM.Standard.E2.8",
                  "VM.Standard2.1",
                  "VM.Standard2.2",
                  "VM.Standard2.4",
                  "VM.Standard2.8",
                  "VM.Standard2.16",
                  "VM.Standard2.24",
                  "VM.Standard.E3.Flex",
                  "VM.Standard.E4.Flex",
                  "VM.Standard.E5.Flex",
                  "VM.Standard3.Flex",
                  "VM.Standard.AMD.Generic",
                  "VM.Standard.Intel.Generic",
                  "VM.Standard.x86.Generic"
                ]
              },
              {
                "baseline_ocpu_utilizations": [],
                "billing_type": "PAID",
                "gpu_description": "",
                "gpus": 0,
                "is_billed_for_stopped_instance": false,
                "is_flexible": false,
                "is_live_migration_supported": true,
                "is_subcore": false,
                "local_disk_description": "",
                "local_disks": 0,
                "local_disks_total_size_in_gbs": 0,
                "max_vnic_attachment_options": [],
                "max_vnic_attachments": 8,
                "memory_in_gbs": 56,
                "memory_options": [],
                "min_total_baseline_ocpus_required": 0,
                "name": "VM.Standard1.8",
                "network_ports": 1,
                "networking_bandwidth_in_gbps": 2.4000000953674316,
                "networking_bandwidth_options": [],
                "ocpu_options": [],
                "ocpus": 8,
                "platform_config_options": [],
                "processor_description": "2.3 GHz Intel® Xeon® E5-2699 v3 (Haswell)",
                "quota_names": [
                  "standard1-core-count"
                ],
                "rdma_bandwidth_in_gbps": 0,
                "rdma_ports": 0,
                "recommended_alternatives": [
                  {
                    "shape_name": "VM.Standard2.8"
                  },
                  {
                    "shape_name": "VM.Standard.E3.Flex"
                  }
                ],
                "resize_compatible_shapes": [
                  "VM.Standard1.1",
                  "VM.Standard1.2",
                  "VM.Standard1.4",
                  "VM.Standard1.8",
                  "VM.Standard1.16",
                  "VM.Standard.E2.1",
                  "VM.Standard.E2.2",
                  "VM.Standard.E2.4",
                  "VM.Standard.E2.8",
                  "VM.Standard2.1",
                  "VM.Standard2.2",
                  "VM.Standard2.4",
                  "VM.Standard2.8",
                  "VM.Standard2.16",
                  "VM.Standard2.24",
                  "VM.Standard.E3.Flex",
                  "VM.Standard.E4.Flex",
                  "VM.Standard.E5.Flex",
                  "VM.Standard3.Flex",
                  "VM.Standard.AMD.Generic",
                  "VM.Standard.Intel.Generic",
                  "VM.Standard.x86.Generic"
                ]
              },
              {
                "baseline_ocpu_utilizations": [],
                "billing_type": "PAID",
                "gpu_description": "",
                "gpus": 0,
                "is_billed_for_stopped_instance": false,
                "is_flexible": false,
                "is_live_migration_supported": true,
                "is_subcore": false,
                "local_disk_description": "",
                "local_disks": 0,
                "local_disks_total_size_in_gbs": 0,
                "max_vnic_attachment_options": [],
                "max_vnic_attachments": 16,
                "memory_in_gbs": 112,
                "memory_options": [],
                "min_total_baseline_ocpus_required": 0,
                "name": "VM.Standard1.16",
                "network_ports": 1,
                "networking_bandwidth_in_gbps": 4.800000190734863,
                "networking_bandwidth_options": [],
                "ocpu_options": [],
                "ocpus": 16,
                "platform_config_options": [],
                "processor_description": "2.3 GHz Intel® Xeon® E5-2699 v3 (Haswell)",
                "quota_names": [
                  "standard1-core-count"
                ],
                "rdma_bandwidth_in_gbps": 0,
                "rdma_ports": 0,
                "recommended_alternatives": [
                  {
                    "shape_name": "VM.Standard2.16"
                  },
                  {
                    "shape_name": "VM.Standard.E3.Flex"
                  }
                ],
                "resize_compatible_shapes": [
                  "VM.Standard1.1",
                  "VM.Standard1.2",
                  "VM.Standard1.4",
                  "VM.Standard1.8",
                  "VM.Standard1.16",
                  "VM.Standard.E2.1",
                  "VM.Standard.E2.2",
                  "VM.Standard.E2.4",
                  "VM.Standard.E2.8",
                  "VM.Standard2.1",
                  "VM.Standard2.2",
                  "VM.Standard2.4",
                  "VM.Standard2.8",
                  "VM.Standard2.16",
                  "VM.Standard2.24",
                  "VM.Standard.E3.Flex",
                  "VM.Standard.E4.Flex",
                  "VM.Standard.E5.Flex",
                  "VM.Standard3.Flex",
                  "VM.Standard.AMD.Generic",
                  "VM.Standard.Intel.Generic",
                  "VM.Standard.x86.Generic"
                ]
              },
              {
                "baseline_ocpu_utilizations": [
                  "BASELINE_1_8",
                  "BASELINE_1_2",
                  "BASELINE_1_1"
                ],
                "billing_type": "PAID",
                "gpu_description": "",
                "gpus": 0,
                "is_billed_for_stopped_instance": false,
                "is_flexible": true,
                "is_live_migration_supported": true,
                "is_subcore": true,
                "local_disk_description": "",
                "local_disks": 0,
                "local_disks_total_size_in_gbs": 0,
                "max_vnic_attachment_options": [
                  {
                    "default_per_ocpu": 1,
                    "max": 24,
                    "min": 2
                  }
                ],
                "max_vnic_attachments": 2,
                "memory_in_gbs": 12,
                "memory_options": [
                  {
                    "default_per_ocpu_in_gbs": 12,
                    "max_in_gbs": 1049,
                    "max_per_numa_node_in_gbs": 1049,
                    "max_per_ocpu_in_gbs": 64,
                    "min_in_gbs": 1,
                    "min_per_ocpu_in_gbs": 1
                  }
                ],
                "min_total_baseline_ocpus_required": 0,
                "name": "VM.Standard.E5.Flex",
                "network_ports": 1,
                "networking_bandwidth_in_gbps": 1,
                "networking_bandwidth_options": [
                  {
                    "default_per_ocpu_in_gbps": 1,
                    "max_in_gbps": 40,
                    "min_in_gbps": 1
                  }
                ],
                "ocpu_options": [
                  {
                    "max": 94,
                    "max_per_numa_node": 94,
                    "min": 1
                  }
                ],
                "ocpus": 1,
                "platform_config_options": [
                  {
                    "access_control_service_options": [],
                    "input_output_memory_management_unit_options": [],
                    "measured_boot_options": [
                      {
                        "allowed_values": [
                          true,
                          false
                        ],
                        "is_default_enabled": false
                      }
                    ],
                    "memory_encryption_options": [],
                    "numa_nodes_per_socket_platform_options": [],
                    "percentage_of_cores_enabled_options": [],
                    "secure_boot_options": [
                      {
                        "allowed_values": [
                          true,
                          false
                        ],
                        "is_default_enabled": false
                      }
                    ],
                    "symmetric_multi_threading_options": [
                      {
                        "allowed_values": [
                          true,
                          false
                        ],
                        "is_default_enabled": true
                      }
                    ],
                    "trusted_platform_module_options": [
                      {
                        "allowed_values": [
                          true,
                          false
                        ],
                        "is_default_enabled": false
                      }
                    ],
                    "type": "AMD_VM",
                    "virtual_instructions_options": []
                  }
                ],
                "processor_description": "2.3 GHz AMD EPYC™ 9J14 (Genoa)",
                "quota_names": [
                  "standard-e5-core-count",
                  "standard-e5-memory-count"
                ],
                "rdma_bandwidth_in_gbps": 0,
                "rdma_ports": 0,
                "recommended_alternatives": [],
                "resize_compatible_shapes": [
                  "VM.Standard1.1",
                  "VM.Standard1.2",
                  "VM.Standard1.4",
                  "VM.Standard1.8",
                  "VM.Standard1.16",
                  "VM.Standard.E2.1",
                  "VM.Standard.E2.2",
                  "VM.Standard.E2.4",
                  "VM.Standard.E2.8",
                  "VM.Standard2.1",
                  "VM.Standard2.2",
                  "VM.Standard2.4",
                  "VM.Standard2.8",
                  "VM.Standard2.16",
                  "VM.Standard2.24",
                  "VM.Standard.E3.Flex",
                  "VM.Standard.E4.Flex",
                  "VM.Standard.E5.Flex",
                  "VM.Standard3.Flex",
                  "VM.Standard.AMD.Generic",
                  "VM.Standard.Intel.Generic",
                  "VM.Standard.x86.Generic"
                ]
              },
              {
                "baseline_ocpu_utilizations": [],
                "billing_type": "PAID",
                "gpu_description": "",
                "gpus": 0,
                "is_billed_for_stopped_instance": false,
                "is_flexible": true,
                "is_live_migration_supported": true,
                "is_subcore": false,
                "local_disk_description": "",
                "local_disks": 0,
                "local_disks_total_size_in_gbs": 0,
                "max_vnic_attachment_options": [
                  {
                    "default_per_ocpu": 1,
                    "max": 24,
                    "min": 2
                  }
                ],
                "max_vnic_attachments": 2,
                "memory_in_gbs": 6,
                "memory_options": [
                  {
                    "default_per_ocpu_in_gbs": 6,
                    "max_in_gbs": 946,
                    "max_per_numa_node_in_gbs": 946,
                    "max_per_ocpu_in_gbs": 64,
                    "min_in_gbs": 1,
                    "min_per_ocpu_in_gbs": 1
                  }
                ],
                "min_total_baseline_ocpus_required": 0,
                "name": "VM.Standard.A2.Flex",
                "network_ports": 1,
                "networking_bandwidth_in_gbps": 0.5,
                "networking_bandwidth_options": [
                  {
                    "default_per_ocpu_in_gbps": 0.5,
                    "max_in_gbps": 99.5999984741211,
                    "min_in_gbps": 1
                  }
                ],
                "ocpu_options": [
                  {
                    "max": 78,
                    "max_per_numa_node": 78,
                    "min": 1
                  }
                ],
                "ocpus": 0.5,
                "platform_config_options": [],
                "processor_description": "3.0 GHz Ampere® AmpereOne™ (Siryn™)",
                "quota_names": [
                  "standard-a2-core-regional-count",
                  "standard-a2-core-count",
                  "standard-a2-memory-regional-count",
                  "standard-a2-memory-count"
                ],
                "rdma_bandwidth_in_gbps": 0,
                "rdma_ports": 0,
                "recommended_alternatives": [],
                "resize_compatible_shapes": [
                  "VM.Standard.A2.Flex"
                ]
              },
              {
                "baseline_ocpu_utilizations": [],
                "billing_type": "PAID",
                "gpu_description": "",
                "gpus": 0,
                "is_billed_for_stopped_instance": false,
                "is_flexible": true,
                "is_live_migration_supported": true,
                "is_subcore": false,
                "local_disk_description": "",
                "local_disks": 0,
                "local_disks_total_size_in_gbs": 0,
                "max_vnic_attachment_options": [
                  {
                    "default_per_ocpu": 0,
                    "max": 24,
                    "min": 2
                  }
                ],
                "max_vnic_attachments": 2,
                "memory_in_gbs": 16,
                "memory_options": [
                  {
                    "default_per_ocpu_in_gbs": 0,
                    "max_in_gbs": 1024,
                    "max_per_numa_node_in_gbs": 1024,
                    "max_per_ocpu_in_gbs": 64,
                    "min_in_gbs": 1,
                    "min_per_ocpu_in_gbs": 1
                  }
                ],
                "min_total_baseline_ocpus_required": 0,
                "name": "VM.Standard.AMD.Generic",
                "network_ports": 0,
                "networking_bandwidth_in_gbps": 0,
                "networking_bandwidth_options": [
                  {
                    "default_per_ocpu_in_gbps": 0,
                    "max_in_gbps": 40,
                    "min_in_gbps": 1
                  }
                ],
                "ocpu_options": [
                  {
                    "max": 64,
                    "max_per_numa_node": 64,
                    "min": 1
                  }
                ],
                "ocpus": 1,
                "platform_config_options": [],
                "processor_description": "AMD processor. VM.Standard.E3 processor generation or later",
                "quota_names": [
                  "standard-amd-generic-core-count",
                  "standard-amd-generic-memory-count"
                ],
                "rdma_bandwidth_in_gbps": 0,
                "rdma_ports": 0,
                "recommended_alternatives": [],
                "resize_compatible_shapes": [
                  "VM.Standard1.1",
                  "VM.Standard1.2",
                  "VM.Standard1.4",
                  "VM.Standard1.8",
                  "VM.Standard1.16",
                  "VM.Standard.E2.1",
                  "VM.Standard.E2.2",
                  "VM.Standard.E2.4",
                  "VM.Standard.E2.8",
                  "VM.Standard2.1",
                  "VM.Standard2.2",
                  "VM.Standard2.4",
                  "VM.Standard2.8",
                  "VM.Standard2.16",
                  "VM.Standard2.24",
                  "VM.Standard.E3.Flex",
                  "VM.Standard.E4.Flex",
                  "VM.Standard.E5.Flex",
                  "VM.Standard3.Flex",
                  "VM.Standard.AMD.Generic",
                  "VM.Standard.Intel.Generic",
                  "VM.Standard.x86.Generic"
                ]
              },
              {
                "baseline_ocpu_utilizations": [],
                "billing_type": "PAID",
                "gpu_description": "",
                "gpus": 0,
                "is_billed_for_stopped_instance": false,
                "is_flexible": true,
                "is_live_migration_supported": true,
                "is_subcore": false,
                "local_disk_description": "",
                "local_disks": 0,
                "local_disks_total_size_in_gbs": 0,
                "max_vnic_attachment_options": [
                  {
                    "default_per_ocpu": 0,
                    "max": 24,
                    "min": 2
                  }
                ],
                "max_vnic_attachments": 2,
                "memory_in_gbs": 6,
                "memory_options": [
                  {
                    "default_per_ocpu_in_gbs": 0,
                    "max_in_gbs": 512,
                    "max_per_numa_node_in_gbs": 512,
                    "max_per_ocpu_in_gbs": 64,
                    "min_in_gbs": 1,
                    "min_per_ocpu_in_gbs": 1
                  }
                ],
                "min_total_baseline_ocpus_required": 0,
                "name": "VM.Standard.Ampere.Generic",
                "network_ports": 0,
                "networking_bandwidth_in_gbps": 0,
                "networking_bandwidth_options": [
                  {
                    "default_per_ocpu_in_gbps": 0,
                    "max_in_gbps": 40,
                    "min_in_gbps": 1
                  }
                ],
                "ocpu_options": [
                  {
                    "max": 80,
                    "max_per_numa_node": 80,
                    "min": 1
                  }
                ],
                "ocpus": 1,
                "platform_config_options": [],
                "processor_description": "Any Ampere processor",
                "quota_names": [
                  "standard-ampere-generic-core-count",
                  "standard-ampere-generic-memory-count"
                ],
                "rdma_bandwidth_in_gbps": 0,
                "rdma_ports": 0,
                "recommended_alternatives": [],
                "resize_compatible_shapes": [
                  "VM.Standard.A1.Flex",
                  "VM.Standard.Ampere.Generic"
                ]
              },
              {
                "baseline_ocpu_utilizations": [],
                "billing_type": "PAID",
                "gpu_description": "",
                "gpus": 0,
                "is_billed_for_stopped_instance": false,
                "is_flexible": true,
                "is_live_migration_supported": true,
                "is_subcore": false,
                "local_disk_description": "",
                "local_disks": 0,
                "local_disks_total_size_in_gbs": 0,
                "max_vnic_attachment_options": [
                  {
                    "default_per_ocpu": 0,
                    "max": 24,
                    "min": 2
                  }
                ],
                "max_vnic_attachments": 2,
                "memory_in_gbs": 16,
                "memory_options": [
                  {
                    "default_per_ocpu_in_gbs": 0,
                    "max_in_gbs": 512,
                    "max_per_numa_node_in_gbs": 512,
                    "max_per_ocpu_in_gbs": 64,
                    "min_in_gbs": 1,
                    "min_per_ocpu_in_gbs": 1
                  }
                ],
                "min_total_baseline_ocpus_required": 0,
                "name": "VM.Standard.Intel.Generic",
                "network_ports": 0,
                "networking_bandwidth_in_gbps": 0,
                "networking_bandwidth_options": [
                  {
                    "default_per_ocpu_in_gbps": 0,
                    "max_in_gbps": 40,
                    "min_in_gbps": 1
                  }
                ],
                "ocpu_options": [
                  {
                    "max": 32,
                    "max_per_numa_node": 32,
                    "min": 1
                  }
                ],
                "ocpus": 1,
                "platform_config_options": [],
                "processor_description": "Intel processor. VM.Standard2 processor generation or later",
                "quota_names": [
                  "standard-intel-generic-core-count",
                  "standard-intel-generic-memory-count"
                ],
                "rdma_bandwidth_in_gbps": 0,
                "rdma_ports": 0,
                "recommended_alternatives": [],
                "resize_compatible_shapes": [
                  "VM.Standard1.1",
                  "VM.Standard1.2",
                  "VM.Standard1.4",
                  "VM.Standard1.8",
                  "VM.Standard1.16",
                  "VM.Standard.E2.1",
                  "VM.Standard.E2.2",
                  "VM.Standard.E2.4",
                  "VM.Standard.E2.8",
                  "VM.Standard2.1",
                  "VM.Standard2.2",
                  "VM.Standard2.4",
                  "VM.Standard2.8",
                  "VM.Standard2.16",
                  "VM.Standard2.24",
                  "VM.Standard.E3.Flex",
                  "VM.Standard.E4.Flex",
                  "VM.Standard.E5.Flex",
                  "VM.Standard3.Flex",
                  "VM.Standard.AMD.Generic",
                  "VM.Standard.Intel.Generic",
                  "VM.Standard.x86.Generic"
                ]
              },
              {
                "baseline_ocpu_utilizations": [],
                "billing_type": "PAID",
                "gpu_description": "",
                "gpus": 0,
                "is_billed_for_stopped_instance": false,
                "is_flexible": true,
                "is_live_migration_supported": true,
                "is_subcore": false,
                "local_disk_description": "",
                "local_disks": 0,
                "local_disks_total_size_in_gbs": 0,
                "max_vnic_attachment_options": [
                  {
                    "default_per_ocpu": 0,
                    "max": 24,
                    "min": 2
                  }
                ],
                "max_vnic_attachments": 2,
                "memory_in_gbs": 16,
                "memory_options": [
                  {
                    "default_per_ocpu_in_gbs": 0,
                    "max_in_gbs": 512,
                    "max_per_numa_node_in_gbs": 512,
                    "max_per_ocpu_in_gbs": 64,
                    "min_in_gbs": 1,
                    "min_per_ocpu_in_gbs": 1
                  }
                ],
                "min_total_baseline_ocpus_required": 0,
                "name": "VM.Standard.x86.Generic",
                "network_ports": 0,
                "networking_bandwidth_in_gbps": 0,
                "networking_bandwidth_options": [
                  {
                    "default_per_ocpu_in_gbps": 0,
                    "max_in_gbps": 40,
                    "min_in_gbps": 1
                  }
                ],
                "ocpu_options": [
                  {
                    "max": 32,
                    "max_per_numa_node": 32,
                    "min": 1
                  }
                ],
                "ocpus": 1,
                "platform_config_options": [],
                "processor_description": "Either an Intel or an AMD processor. VM.Standard2 processor generation or later (Intel) and VM.Standard.E3 processor generation or later (AMD)",
                "quota_names": [
                  "standard-x86-generic-core-count",
                  "standard-x86-generic-memory-count"
                ],
                "rdma_bandwidth_in_gbps": 0,
                "rdma_ports": 0,
                "recommended_alternatives": [],
                "resize_compatible_shapes": [
                  "VM.Standard1.1",
                  "VM.Standard1.2",
                  "VM.Standard1.4",
                  "VM.Standard1.8",
                  "VM.Standard1.16",
                  "VM.Standard.E2.1",
                  "VM.Standard.E2.2",
                  "VM.Standard.E2.4",
                  "VM.Standard.E2.8",
                  "VM.Standard2.1",
                  "VM.Standard2.2",
                  "VM.Standard2.4",
                  "VM.Standard2.8",
                  "VM.Standard2.16",
                  "VM.Standard2.24",
                  "VM.Standard.E3.Flex",
                  "VM.Standard.E4.Flex",
                  "VM.Standard.E5.Flex",
                  "VM.Standard3.Flex",
                  "VM.Standard.AMD.Generic",
                  "VM.Standard.Intel.Generic",
                  "VM.Standard.x86.Generic"
                ]
              }
            ]
          },
          "sensitive_attributes": []
        }
      ]
    },
    {
      "module": "module.wls.module.wlsservers[0]",
      "mode": "data",
      "type": "oci_identity_fault_domains",
      "name": "all",
      "provider": "provider[\"registry.terraform.io/oracle/oci\"]",
      "instances": [
        {
          "index_key": "1",
          "schema_version": 0,
          "attributes": {
            "availability_domain": "zQRV:US-ASHBURN-AD-1",
            "compartment_id": "ocid1.compartment.oc1..aaaaaaaaedp6oipcdpkx3md6c3ecdfltlq7wl7lb5q2oj4756edqk2lvj5zq",
            "fault_domains": [
              {
                "availability_domain": "zQRV:US-ASHBURN-AD-1",
                "compartment_id": "ocid1.compartment.oc1..aaaaaaaaedp6oipcdpkx3md6c3ecdfltlq7wl7lb5q2oj4756edqk2lvj5zq",
                "id": "ocid1.faultdomain.oc1..aaaaaaaanzhfgivqrgogu2fakbz3vjcknu4xpw45yryxpgpovfm77e4dnw3a",
                "name": "FAULT-DOMAIN-1"
              },
              {
                "availability_domain": "zQRV:US-ASHBURN-AD-1",
                "compartment_id": "ocid1.compartment.oc1..aaaaaaaaedp6oipcdpkx3md6c3ecdfltlq7wl7lb5q2oj4756edqk2lvj5zq",
                "id": "ocid1.faultdomain.oc1..aaaaaaaadckrk4cwlk5gwobyaefqkr6i74xwieqx7p5ww77jbvdxg7hrhwha",
                "name": "FAULT-DOMAIN-2"
              },
              {
                "availability_domain": "zQRV:US-ASHBURN-AD-1",
                "compartment_id": "ocid1.compartment.oc1..aaaaaaaaedp6oipcdpkx3md6c3ecdfltlq7wl7lb5q2oj4756edqk2lvj5zq",
                "id": "ocid1.faultdomain.oc1..aaaaaaaaqf2tvrulzb7ii3rxe7jkbgvph2ydvyq54akybpt2hayjtc3s4t6a",
                "name": "FAULT-DOMAIN-3"
              }
            ],
            "filter": null,
            "id": "IdentityFaultDomainsDataSource-574851599"
          },
          "sensitive_attributes": []
        },
        {
          "index_key": "2",
          "schema_version": 0,
          "attributes": {
            "availability_domain": "zQRV:US-ASHBURN-AD-2",
            "compartment_id": "ocid1.compartment.oc1..aaaaaaaaedp6oipcdpkx3md6c3ecdfltlq7wl7lb5q2oj4756edqk2lvj5zq",
            "fault_domains": [
              {
                "availability_domain": "zQRV:US-ASHBURN-AD-2",
                "compartment_id": "ocid1.compartment.oc1..aaaaaaaaedp6oipcdpkx3md6c3ecdfltlq7wl7lb5q2oj4756edqk2lvj5zq",
                "id": "ocid1.faultdomain.oc1..aaaaaaaasd6ysbecx5b3c2djgw7rdwwp23ukysrz23up4cigvqzcgty3dn6q",
                "name": "FAULT-DOMAIN-1"
              },
              {
                "availability_domain": "zQRV:US-ASHBURN-AD-2",
                "compartment_id": "ocid1.compartment.oc1..aaaaaaaaedp6oipcdpkx3md6c3ecdfltlq7wl7lb5q2oj4756edqk2lvj5zq",
                "id": "ocid1.faultdomain.oc1..aaaaaaaawfg5jr244hhqfrvhw6sjgdak2pqmzv7nxniqkqxfvukczxnd3iba",
                "name": "FAULT-DOMAIN-2"
              },
              {
                "availability_domain": "zQRV:US-ASHBURN-AD-2",
                "compartment_id": "ocid1.compartment.oc1..aaaaaaaaedp6oipcdpkx3md6c3ecdfltlq7wl7lb5q2oj4756edqk2lvj5zq",
                "id": "ocid1.faultdomain.oc1..aaaaaaaas353hxflqhph55cjgxhyjdzjbfrfaeonsyirrgqflgyfdlyw5ydq",
                "name": "FAULT-DOMAIN-3"
              }
            ],
            "filter": null,
            "id": "IdentityFaultDomainsDataSource-1458494192"
          },
          "sensitive_attributes": []
        },
        {
          "index_key": "3",
          "schema_version": 0,
          "attributes": {
            "availability_domain": "zQRV:US-ASHBURN-AD-3",
            "compartment_id": "ocid1.compartment.oc1..aaaaaaaaedp6oipcdpkx3md6c3ecdfltlq7wl7lb5q2oj4756edqk2lvj5zq",
            "fault_domains": [
              {
                "availability_domain": "zQRV:US-ASHBURN-AD-3",
                "compartment_id": "ocid1.compartment.oc1..aaaaaaaaedp6oipcdpkx3md6c3ecdfltlq7wl7lb5q2oj4756edqk2lvj5zq",
                "id": "ocid1.faultdomain.oc1..aaaaaaaairynqhcc2nzv5epqcyjapei2thifdt6omiqnvnlgm2i5np3v43fq",
                "name": "FAULT-DOMAIN-1"
              },
              {
                "availability_domain": "zQRV:US-ASHBURN-AD-3",
                "compartment_id": "ocid1.compartment.oc1..aaaaaaaaedp6oipcdpkx3md6c3ecdfltlq7wl7lb5q2oj4756edqk2lvj5zq",
                "id": "ocid1.faultdomain.oc1..aaaaaaaa25ht33jyysn6g4kjdgfauv2egsok3hhtt5yzlnip5mlbgefnju3a",
                "name": "FAULT-DOMAIN-2"
              },
              {
                "availability_domain": "zQRV:US-ASHBURN-AD-3",
                "compartment_id": "ocid1.compartment.oc1..aaaaaaaaedp6oipcdpkx3md6c3ecdfltlq7wl7lb5q2oj4756edqk2lvj5zq",
                "id": "ocid1.faultdomain.oc1..aaaaaaaaofc6s3wj3whd2bnmflpurvrrpgmzcymggukzbdyj2bcfx3vhtwqa",
                "name": "FAULT-DOMAIN-3"
              }
            ],
            "filter": null,
            "id": "IdentityFaultDomainsDataSource-3428509850"
          },
          "sensitive_attributes": []
        }
      ]
    },
    {
      "module": "module.wls.module.wlsservers[0]",
      "mode": "managed",
      "type": "oci_core_instance",
      "name": "wlsservers",
      "provider": "provider[\"registry.terraform.io/oracle/oci\"]",
      "instances": [
        {
          "index_key": "testdomain-vms-0",
          "schema_version": 0,
          "attributes": {
            "agent_config": [
              {
                "are_all_plugins_disabled": false,
                "is_management_disabled": false,
                "is_monitoring_disabled": false,
                "plugins_config": [
                  {
                    "desired_state": "ENABLED",
                    "name": "Bastion"
                  },
                  {
                    "desired_state": "ENABLED",
                    "name": "Block Volume Management"
                  }
                ]
              }
            ],
            "async": null,
            "availability_config": [
              {
                "is_live_migration_preferred": false,
                "recovery_action": "RESTORE_INSTANCE"
              }
            ],
            "availability_domain": "zQRV:US-ASHBURN-AD-2",
            "boot_volume_id": "ocid1.bootvolume.oc1.iad.abuwcljt2b7io7kyt23dojsfknuiok62xze3bkxbve5hojum7alljwxl2mra",
            "capacity_reservation_id": null,
            "cluster_placement_group_id": null,
            "compartment_id": "ocid1.compartment.oc1..aaaaaaaaedp6oipcdpkx3md6c3ecdfltlq7wl7lb5q2oj4756edqk2lvj5zq",
            "compute_cluster_id": null,
            "create_vnic_details": [
              {
                "assign_ipv6ip": false,
                "assign_private_dns_record": true,
                "assign_public_ip": "false",
                "defined_tags": {
                  "Oracle-Tags.CreatedBy": "oracleidentitycloudservice/julian.ortiz@oracle.com",
                  "Oracle-Tags.CreatedOn": "2024-08-27T03:47:59.239Z"
                },
                "display_name": "testdomain-vms-0",
                "freeform_tags": {},
                "hostname_label": "lakemigcoherence",
                "ipv6address_ipv6subnet_cidr_pair_details": [],
                "nsg_ids": [
                  "ocid1.networksecuritygroup.oc1.iad.aaaaaaaasbjpcx57kxee5nsxxkpszahegcu6art6try5tpi5yqul6pp6acaa",
                  "ocid1.networksecuritygroup.oc1.iad.aaaaaaaatcjfgxnfqjbfqpmmmebkfncmwb4efmvegwlod7byfbfq3mtzeqhq"
                ],
                "private_ip": "10.0.96.183",
                "skip_source_dest_check": false,
                "subnet_id": "ocid1.subnet.oc1.iad.aaaaaaaadehg4ndpgnp7gjo4oqoubmfcihn5wu7xcmwpakodgzetp47mgmha",
                "vlan_id": ""
              }
            ],
            "dedicated_vm_host_id": null,
            "defined_tags": {
              "Oracle-Tags.CreatedBy": "oracleidentitycloudservice/julian.ortiz@oracle.com",
              "Oracle-Tags.CreatedOn": "2024-08-27T03:47:59.042Z"
            },
            "display_name": "testdomain-vms-0",
            "extended_metadata": {},
            "fault_domain": "FAULT-DOMAIN-2",
            "freeform_tags": {},
            "hostname_label": "lakemigcoherence",
            "id": "ocid1.instance.oc1.iad.anuwcljtdoggtjacqajuwvkpmtz6kjgcfsyoet3zrq7qfylhgvnhpbwr4q6a",
            "image": "ocid1.image.oc1.iad.aaaaaaaa6uqjfy73o5jvx47jvuwhpczh4euram4nxy37744agjoymonbhtrq",
            "instance_configuration_id": null,
            "instance_options": [
              {
                "are_legacy_imds_endpoints_disabled": false
              }
            ],
            "ipxe_script": null,
            "is_cross_numa_node": false,
            "is_pv_encryption_in_transit_enabled": null,
            "launch_mode": "PARAVIRTUALIZED",
            "launch_options": [
              {
                "boot_volume_type": "PARAVIRTUALIZED",
                "firmware": "UEFI_64",
                "is_consistent_volume_naming_enabled": true,
                "is_pv_encryption_in_transit_enabled": false,
                "network_type": "PARAVIRTUALIZED",
                "remote_data_volume_type": "PARAVIRTUALIZED"
              }
            ],
            "launch_volume_attachments": [
              {
                "device": "/dev/oracleoci/oraclevdb",
                "display_name": "mw-testdomain-testdomain-vms-0-uyzemt",
                "encryption_in_transit_type": "",
                "is_agent_auto_iscsi_login_enabled": true,
                "is_read_only": false,
                "is_shareable": false,
                "launch_create_volume_details": [
                  {
                    "compartment_id": "ocid1.compartment.oc1..aaaaaaaaedp6oipcdpkx3md6c3ecdfltlq7wl7lb5q2oj4756edqk2lvj5zq",
                    "display_name": "mwi-testdomain-testdomain-vms-0-uyzemt",
                    "kms_key_id": "",
                    "size_in_gbs": "251",
                    "volume_creation_type": "ATTRIBUTES",
                    "vpus_per_gb": ""
                  }
                ],
                "type": "iscsi",
                "use_chap": false,
                "volume_id": ""
              },
              {
                "device": "/dev/oracleoci/oraclevdc",
                "display_name": "jdk-testdomain-testdomain-vms-0-uyzemt",
                "encryption_in_transit_type": "",
                "is_agent_auto_iscsi_login_enabled": true,
                "is_read_only": false,
                "is_shareable": false,
                "launch_create_volume_details": [
                  {
                    "compartment_id": "ocid1.compartment.oc1..aaaaaaaaedp6oipcdpkx3md6c3ecdfltlq7wl7lb5q2oj4756edqk2lvj5zq",
                    "display_name": "jdki-testdomain-testdomain-vms-0-uyzemt",
                    "kms_key_id": "",
                    "size_in_gbs": "102",
                    "volume_creation_type": "ATTRIBUTES",
                    "vpus_per_gb": ""
                  }
                ],
                "type": "iscsi",
                "use_chap": false,
                "volume_id": ""
              },
              {
                "device": "/dev/oracleoci/oraclevdd",
                "display_name": "domain-testdomain-testdomain-vms-0-uyzemt",
                "encryption_in_transit_type": "",
                "is_agent_auto_iscsi_login_enabled": true,
                "is_read_only": false,
                "is_shareable": false,
                "launch_create_volume_details": [
                  {
                    "compartment_id": "ocid1.compartment.oc1..aaaaaaaaedp6oipcdpkx3md6c3ecdfltlq7wl7lb5q2oj4756edqk2lvj5zq",
                    "display_name": "domaini-testdomain-testdomain-vms-0-uyzemt",
                    "kms_key_id": "",
                    "size_in_gbs": "253",
                    "volume_creation_type": "ATTRIBUTES",
                    "vpus_per_gb": ""
                  }
                ],
                "type": "iscsi",
                "use_chap": false,
                "volume_id": ""
              }
            ],
            "metadata": {
              "secondary_vnics": "{}",
              "ssh_authorized_keys": "ssh-ed25519 AAAAC3NzaC1lZDI1NTE5AAAAIBWGynOU6M+ioXE8uE0wK583k9Hj3Ol06vd5fpXmGAk/ mia@maquito\n",
              "user_data": "H4sIAAAAAAAA/+x8a3PbNrPwd87kP2xhp7Ynoi5OYyfKKPO6jpv6rS8ZO+rTnjyuBiKXEmqSYABQsuL4v58BeBEpUbJ8SU4z0+SDTXKx913sLkHv81BhqOwPkwjbEMS+YhEVqhGwK3RfQ5/HoUvFpEOOD48Pfj7tnrzdO/uTWPrK/h2FZDxsQ6vefGI9sWy7CPTEynELGkoPhX0QOtxl4aANu32mCgCGuMIr1biy5RB9XzqCReqJdcwCnKHzh32MYoDpIp9JtUmjCEN365nLHLUZ8p7AyKcO1gQ6sZDY00Bbz6QSGaTmdu2HRixFo8/CBoYj6FM5tNYAr2gQ+WitUTdgoUQxQtFjUYe0mnX9v0WsNYf2+lTizk8dcnTeVEfnrXq9rn/bH3Q6ZIki3jIZccmUEYYqRZ1hgKF6DR7zMaQBajK2YgF+5iHWJ4FP7qdFx+exazs89NigUolPrGuS0SFtcqCcRvfDPrl5KO8Dwcfaf74m74/lANekz7lyApe0PxLmwcePYHtgnMJnfbxCp8EdZkTyJFxcvAY1xHAhgD3RuiAXNZIpgbSviYsj5qDUJBr6GRuEXGBPgwjOVc9lkvZ9dEnbo77EGgm4qy1CY8XJTY0IlOwz9jSsJ0lbiRgfbKSIOpd0gPL7MFLGrVYhd5gnycXDNLDdtGOJ4vuQXnNqRHfRo7GvSO2aDNDhkrTJoc8D6EoUxPhcHOmb4yGiXzPLatQNanIiFQau/TePRUh9UiNaC6RNmM8DUiMRlXLskjZx3zYu3/7/T6P65OpqQGpEos/C+MroirSJVNTzerF+ELtcc7R3dNTZ3Ds62oKT0/d75+f/edveOzoiFze164yGywPKQlIjMXNJu9Vstm4eaLyfmrbL5KUtUcXR92HCJAX0qM+o1G58TbQELdImDRdHDS6o4yN3WPrbyO2TmgHZXgzipCDPF4O4On1omJ7RVYHuNfHphMcqSSc1wkcoxoIpzG4onZJ6ahJpGw4ilWHafsDa5/dae6MTYhwqHQIfl+mrwSNdtLiuj2MqkNTIlSe1kpKwkbVeiMrFUS3kHmV+7cpOA6OemMfsujxWnedNWXgY0Es0eJqkRrbJRW0hE07GxN/u5ben7mbUk4iTX4uDi8wevRRxz2PouyZDnehaopb9MBvYQvpTjA9LBztNe+xLO0Q15uKyLof3TAf/12XnPo8mgg2GCjadLdhubv8Ep8a0sM9FxAXVSgAaug0ugCkJ1POYz6hCWbfW4Ig5GEp0IQ5dFLpOgW7IRigk9eE9ioBJyUaYwcFIywRUghzycQhUwVCpSLYbDS5lPXGqusODhp8skI048q01MEpyhuhcQlq4dM73W81XLUuiAptDxCLU9rUsLw4dw7TPB5tb1xYAgPYxqWgQddY3XaoQnm08/dN+GthPXXj6a/vpcfvp+caWAfVxhH5nvWUuApSSDrCzvm0u0RlyIOs5NgIfyfq1WfHXXzfkAsh6uoJYNwVORBz2xr7ssZCpzS24hjU4DJli1GefEca+BO1EKCDkLlprANOiEJXTSGMi/dnQfqcx1XWTwBzMK0S9EiCBcpQPth1yu+9z5xIw1Dozd8Ywi0CvQ79Mc+xLQyiTQdblEC4u4Mcfq6BYKBX1/QSmxAyPhYOLUSakJcIanKESDEcISYtjow4edCEJDXCS2AFP8MA4TQ2wPqiDIR06CAEq6lJFE8I+d6gPmdJ7sfA7G3pVu9Fo7byqb7/4qZ7+bPDIaYy2GxmiRoaoka9OWNhIMDux0KrVzgb2r0D2YjXkgn2mSbr4GalAkQYRAfuoCWT9usjIDYH/JqgAvqTSgm27qOWFN40RFQ0RhwU7D7XadcBC1UONy2NWamO3N8a+zwfM6UVcKPnagtQ6PYGfYibQ7fmsL6hgqB8mlUgssOfwIQoMHcwWFl24GnkSXz4fAGGhxwmQ0whDFg7AYwLH1PddMIDEsqDwr7jiLA5LK2zueT4L0XYCF2ybuq6tUXRe7u6+aCgnIhkm5sEPt64iehnR6yD1S5j9Z5hBIbggQH6hzI8FAk/l0EjA4Jhf+Mve4VH37KCzoYuIjey5NsXDRd25n6g7jyDqzjcV9eX9RH35CKK+/Laivnp5LwfWyx4qqsHxLa26c79Y3XmEWN355qLey4F3HsGBd76xAzd3W/dx4OZu68EOrHF8W1G37yfq9iOIun1nUYtb9eLtXteeFgCXvVHSYnTWNwcCI/jr94Oz88PTk05SqXFpC/SRSoQv4MQKbHeDbIDtbefXpE7A9lq6Zk4KR7I+RUug0wGyS6bF4LwlDhMutdgODyKqbJ/1pXKdZ8/s588zBRi1T+IgEwrsCVTBz+t7TtHoguI5niU0F2rbKNtjpbpoYfmU6rqqNtrPIMFjV5hWSPB8e3fnpb3TfPXqFWgPoqELsWs88D4eXECXOfJKPjyzDuYNuMh7NfScKJlS5xRqlPlQwVL93Fmw2L2LYBr6ToKtaPdMYbB7XyPv3sm0u/c26O4dpD3TvbFQpSYgZ3HanIoErNAoLGcM3WzJHObvjrEby7IsxQIsTQbgyxe4TmcMB5oAsNAMBwzyOCLQevPj9mvAK6ag9RoeOMB6YQbstjOk4QBt5j5gpv3vEKswxEoGoXcaYsEaHJrXcxCHAiX3R+gaU0FE1RAigRJDBTw00wJgAR2gtOZHX2tn6ZYPIyqktQatZrM1/XF+/mvvfffn3m8Hf1prsK7Nr3+aNziWlTuqeR+4YVnvzk6773uHbztmeff84KzXza4KqDpEyqGN7vaLF61XsLe3t7f//OQz3W/5//P2sHXy4eCFvnf483/eTcLT7s7xM8b/OHgZHzTHv714+fzy1a9/Pz/1mzsj94UX/RG827tsQMDo/wvop5gpbpF/5EQviZregLnpPg8Q4lhfZ4RiiW6vP8kIcd9NnqYFF1lPAUg7qbmMFfLyCkhb11fwPBWhYm8wCwLugj2A9ZQ45FiTeYtJbUVAkkESmHIwWzyVUtw+j30XQq5SmeHd4VvwuEjQFghmqwWqWISQaCGtT4v872s0WgA+DlHIIYuAe6BrMu3x0tx2oT+ZIaCLtxDHhnwuxELleCx0oQG2iZ+GnEiwIxGHqOMlvRkJ7hTvpuRSQ4GNV+iAMxyICOzhlI3rG/jv61S9ayZXeNz3+TgpZMMR92OFrqnedOKiAkPlT7ZAxhEKz+exBL03a5nNvI9J4ypavIApNtC+bCIwpeAlm7IEhxq4/gQkDxAUBjqziUmqNo/HoXlqRFdDqoAKBBd91Pz00dP5xTyUiiqpWQ9SGu+YOqJ9YFLGCGutbavQ8dxTjyRTJNHPWKia8AXgioqBBLsJNkvmmbYDhHmgUCqwEa5v0rMOVXo3pxzu5quP5WKL/Dq91yzlBjlkniqlhqq0kOQBsm5UtCQDtLbK2WXAXHODjijzzR7SNNfjod4vPn6E9fwJ2PgJmqYJc3kuR45pczP99Vlra+t1/jzNGRiB/WmaWKYcVnS2xQgsKk87d4GbxCo6UG7LIWUBW/n9VO0uD5PwmKbh6sxWmbM1zV7ROuaGqYpSIyV3jJK2K/IXOpdaCOYlnpJD57HcnwAFl3meLvdVgo5kQZWplkwXksXqnfeXqkWLvCbnfUxFmBmnxC/1BVJ3kvOdx4Kd+HFqLUnK/pH7eImjRa4xH59mvVEf95Z6QVW5nbvR+tR0BpfiBenKeErRa3b+LMVWOfF57DgopRf7/iThFad7qyZVweTs9rYic6lLl9iZi6eyyaoiagVqKSVjv1LgFFyKFPDMmrOyV8TQ4XGoUBedY525lZiY3pFnOXhFPaycXh2BVKVh/G8Mf7cxrK2Yl7ElJxkzNZyxyjeK5TvGolZC7ishV0MURT+pqn0zqVeSd2HVT123hMEezK2dVv4auBTWSR9Q8MEVSyoTd3e1163dgMHq3gVtdVZIElo805DFSxuyeFlDlpxPvEtHphtq02fFSQUUL2jICnAkA7x/P9ZNaymN9Wu2YyX8Wanczaq9+JG7sYRaaqS8GePjsKoZg397sSVaJJkai63YHTqxeaV/hU5sRe+6U6WQbHDFlFCVDjZZGomahZ7RUrhVTiDxY/Rc8bTniit7LjabEewQ3oA5dxnGvg/bb35s3dJ8FRW2sFS8JWHA3XqvOO+94tt7r1TFU3vo62LVlgLcVrMZOVPYUsWW7sLm6HgWOYbB3Li3aHQFt4CZgqzETMZJ2Z8LhVh3USEWl/i8rQz7JUtFSwrwpEDrznYrj1A+laWbo1DdD+XGNubTbUAm7MoFWEnV5fJrArOmX7bZ5QIs46jYKZWtk/16a5t0ULBOvntU90krsbQo/y20WILcXQ37sn5LA369uP0HRO6KjdQjxe9sG9VN2qglOfkxu57unbue6qBbJeTylmfqfKa0Lyp/cemoAXQHo2vqjIdC7JWL6hRwQZzerc+ZDZgFPK8SkFmPsyLKyigMJniVHB7PRNZlR/rODjodSN4vz564gdL7ZIFScaHVOvYlUOEM2QgluLG5V37NPEVgXjfPu0iCuKtlMt/5wHl3f//g/LxyfTPTzY1lrR2eHH6A92en7872ji0rPXf+Gch69saRwMUFfPlijhV9LtztdIB8njlVVLJiBgpDKoGFI+ozF0bUj7ENH3NEF4meK874JFq2PFZiK3v1WWZrevdWtjLQaraypyuxZRUd63cUzDPbSPLSOe2i8YpJJU3bowlGgkcokklHYXaVLqmcWhWJVKHW1WSa1fMBSoZ6Di98KczLcmNWBWOZ4izvS5NUuibhrwb9WJn10wGeGT0OaQg8tCOBwczriJmUPvOuIMNPlkiwwHbZv9SGM0nXY1YuUoU4LkdpkpKRS7OcZdPpdCTnp1CzFEaksArvC/gu8OyxJCpkL8HWM07cIXoBWe6UJu1V+2R3xif/SpaUJjDL3bKIvOCV+QY3Zbg47Kkgs2jQk51uLCFKYr6UGG73Z8NqWXjYzHFsLXLwtFaZRTL1bI1n6szVjpxtnQVfyJm/mx/PeYAZkJAH+LrZQlZzeLNZ5ozPOXwy7rhdxAXi3SZaRTjMOYdZmbiHCY2KXSEV+5gaT5WxSIuNQtpTQ8y8JPm+GqiU3GG6jFheKwXczRDZg6lWjUYqJpAzILMl0gJFLThbm/M4w7vixVRQqc+Fef39Ai1opAWtkaJVKsvPxpAHmH6l2qhLOQSXCXQUFxOTgn6A4NJlAuyoAnTRxj77MmMpkQUKTbVQGRp7rmt8RA4hivs+c+ASzXRsI6GxATT9+gxdGHKp0tYkPdZUOKVF4M2befYa0+W9S5zIOfWdozKClWUxaTz9IE+Cw4W+D1F6Uo6Hkljp2PAstU87qwpmObCcoXbE3WZz4bOdqmdznD/oMORu8jVvUh/jv1/z/nO+5l37cHD8vnd82j350Ht/enjyoVNyBS6ltfZzd/+3gw+9k73jg45CqZJn1ppO/5304msdIlyD1U4R5scI4QsoRLApkPWj03e9Xw6PDkpBu+pZxKpvEMyfKZn/KLM4gjEgwGT2JUSyoVRtJyIKwP5EC+V78ldQsiPTs89Z8nzxaemctN7gc/Jgw5j5vrlpPvGH0/1DOO3/rXPKueKCDjA9ni0XHqou7B+lk/f7h7+cl0hlutICJtQizlKa5sTtDCUZg+3ARvXewKXcADtNcVah6kpX5SGaSG7bOml1sg+Ne5FgocMi6sPUa5cQWPkbl4IWz8+hHzuXqO7ycYs5mT7jVPOH04uaTC0bLjyqXvwYPkmyvWz8kM80ShufUhiodECarsgHFvV6naSvIKo3mcLfo7gVbvqnO24F/du9NIGXnNyfEWNeQXeZtiw+1G/bT6z/DQAA///iYpTXLE0AAA==",
              "wls-initial-node-labels": "",
              "wls-tenancy-id": "ocid1.tenancy.oc1..aaaaaaaalwkamojx2qgmih3uq52wbxtjyaqqanjwfvcf56n5c2ugmhnefz5q"
            },
            "platform_config": [],
            "preemptible_instance_config": [],
            "preserve_boot_volume": false,
            "preserve_data_volumes_created_at_launch": false,
            "private_ip": "10.0.96.183",
            "public_ip": "",
            "region": "iad",
            "shape": "VM.Standard.E4.Flex",
            "shape_config": [
              {
                "baseline_ocpu_utilization": "",
                "gpu_description": "",
                "gpus": 0,
                "local_disk_description": "",
                "local_disks": 0,
                "local_disks_total_size_in_gbs": 0,
                "max_vnic_attachments": 2,
                "memory_in_gbs": 16,
                "networking_bandwidth_in_gbps": 2,
                "nvmes": 0,
                "ocpus": 2,
                "processor_description": "2.55 GHz AMD EPYC™ 7J13 (Milan)",
                "vcpus": 4
              }
            ],
            "source_details": [
              {
                "boot_volume_size_in_gbs": "50",
                "boot_volume_vpus_per_gb": "10",
                "instance_source_image_filter_details": [],
                "is_preserve_boot_volume_enabled": false,
                "kms_key_id": "",
                "source_id": "ocid1.image.oc1.iad.aaaaaaaa6uqjfy73o5jvx47jvuwhpczh4euram4nxy37744agjoymonbhtrq",
                "source_type": "image"
              }
            ],
            "state": "RUNNING",
            "subnet_id": "ocid1.subnet.oc1.iad.aaaaaaaadehg4ndpgnp7gjo4oqoubmfcihn5wu7xcmwpakodgzetp47mgmha",
            "system_tags": {},
            "time_created": "2024-08-27 03:48:00.075 +0000 UTC",
            "time_maintenance_reboot_due": "",
            "timeouts": null,
            "update_operation_constraint": null
          },
          "sensitive_attributes": [],
          "private": "eyJlMmJmYjczMC1lY2FhLTExZTYtOGY4OC0zNDM2M2JjN2M0YzAiOnsiY3JlYXRlIjoyNzAwMDAwMDAwMDAwLCJkZWxldGUiOjQ1MDAwMDAwMDAwMDAsInVwZGF0ZSI6MjcwMDAwMDAwMDAwMH19",
          "dependencies": [
            "data.oci_identity_region_subscriptions.home",
            "module.wls.data.oci_containerengine_node_pool_option.wls",
            "module.wls.data.oci_core_vcn.oke",
            "module.wls.data.oci_identity_availability_domains.all",
            "module.wls.module.iam.data.oci_identity_tag_namespaces.wls",
            "module.wls.module.iam.data.oci_identity_tags.wls",
            "module.wls.module.iam.oci_identity_dynamic_group.wlsservers",
            "module.wls.module.iam.oci_identity_policy.wlsdomain",
            "module.wls.module.iam.oci_identity_tag.wls",
            "module.wls.module.iam.oci_identity_tag_namespace.wls",
            "module.wls.module.iam.time_sleep.await_iam_resources",
            "module.wls.module.network.oci_core_network_security_group.adminservers",
            "module.wls.module.network.oci_core_network_security_group.wlsservers",
            "module.wls.module.network.oci_core_subnet.wls",
            "module.wls.module.wlsservers.data.cloudinit_config.wlsservers",
            "module.wls.module.wlsservers.data.oci_core_shapes.wls",
            "module.wls.random_string.state_id"
          ]
        },
        {
          "index_key": "testdomain-vms-1",
          "schema_version": 0,
          "attributes": {
            "agent_config": [
              {
                "are_all_plugins_disabled": false,
                "is_management_disabled": false,
                "is_monitoring_disabled": false,
                "plugins_config": [
                  {
                    "desired_state": "ENABLED",
                    "name": "Bastion"
                  },
                  {
                    "desired_state": "ENABLED",
                    "name": "Block Volume Management"
                  }
                ]
              }
            ],
            "async": null,
            "availability_config": [
              {
                "is_live_migration_preferred": false,
                "recovery_action": "RESTORE_INSTANCE"
              }
            ],
            "availability_domain": "zQRV:US-ASHBURN-AD-2",
            "boot_volume_id": "ocid1.bootvolume.oc1.iad.abuwcljtsq5ytihv4o6xuh4ostur4odgujota7ellrqo6qdghaxlp4fbezsa",
            "capacity_reservation_id": null,
            "cluster_placement_group_id": null,
            "compartment_id": "ocid1.compartment.oc1..aaaaaaaaedp6oipcdpkx3md6c3ecdfltlq7wl7lb5q2oj4756edqk2lvj5zq",
            "compute_cluster_id": null,
            "create_vnic_details": [
              {
                "assign_ipv6ip": false,
                "assign_private_dns_record": true,
                "assign_public_ip": "false",
                "defined_tags": {
                  "Oracle-Tags.CreatedBy": "oracleidentitycloudservice/julian.ortiz@oracle.com",
                  "Oracle-Tags.CreatedOn": "2024-08-27T03:47:59.384Z"
                },
                "display_name": "testdomain-vms-1",
                "freeform_tags": {},
                "hostname_label": "lakemigcoherence-2",
                "ipv6address_ipv6subnet_cidr_pair_details": [],
                "nsg_ids": [
                  "ocid1.networksecuritygroup.oc1.iad.aaaaaaaasbjpcx57kxee5nsxxkpszahegcu6art6try5tpi5yqul6pp6acaa"
                ],
                "private_ip": "10.0.111.149",
                "skip_source_dest_check": false,
                "subnet_id": "ocid1.subnet.oc1.iad.aaaaaaaadehg4ndpgnp7gjo4oqoubmfcihn5wu7xcmwpakodgzetp47mgmha",
                "vlan_id": ""
              }
            ],
            "dedicated_vm_host_id": null,
            "defined_tags": {
              "Oracle-Tags.CreatedBy": "oracleidentitycloudservice/julian.ortiz@oracle.com",
              "Oracle-Tags.CreatedOn": "2024-08-27T03:47:59.206Z"
            },
            "display_name": "testdomain-vms-1",
            "extended_metadata": {},
            "fault_domain": "FAULT-DOMAIN-2",
            "freeform_tags": {},
            "hostname_label": "lakemigcoherence-2",
            "id": "ocid1.instance.oc1.iad.anuwcljtdoggtjacoes4tquv7atgpnjhun7ri3zgbtyx6ec22ydgvcn5staq",
            "image": "ocid1.image.oc1.iad.aaaaaaaa6uqjfy73o5jvx47jvuwhpczh4euram4nxy37744agjoymonbhtrq",
            "instance_configuration_id": null,
            "instance_options": [
              {
                "are_legacy_imds_endpoints_disabled": false
              }
            ],
            "ipxe_script": null,
            "is_cross_numa_node": false,
            "is_pv_encryption_in_transit_enabled": null,
            "launch_mode": "PARAVIRTUALIZED",
            "launch_options": [
              {
                "boot_volume_type": "PARAVIRTUALIZED",
                "firmware": "UEFI_64",
                "is_consistent_volume_naming_enabled": true,
                "is_pv_encryption_in_transit_enabled": false,
                "network_type": "PARAVIRTUALIZED",
                "remote_data_volume_type": "PARAVIRTUALIZED"
              }
            ],
            "launch_volume_attachments": [
              {
                "device": "/dev/oracleoci/oraclevdb",
                "display_name": "mw-testdomain-testdomain-vms-1-uyzemt",
                "encryption_in_transit_type": "",
                "is_agent_auto_iscsi_login_enabled": true,
                "is_read_only": false,
                "is_shareable": false,
                "launch_create_volume_details": [
                  {
                    "compartment_id": "ocid1.compartment.oc1..aaaaaaaaedp6oipcdpkx3md6c3ecdfltlq7wl7lb5q2oj4756edqk2lvj5zq",
                    "display_name": "mwi-testdomain-testdomain-vms-1-uyzemt",
                    "kms_key_id": "",
                    "size_in_gbs": "251",
                    "volume_creation_type": "ATTRIBUTES",
                    "vpus_per_gb": ""
                  }
                ],
                "type": "iscsi",
                "use_chap": false,
                "volume_id": ""
              },
              {
                "device": "/dev/oracleoci/oraclevdc",
                "display_name": "jdk-testdomain-testdomain-vms-1-uyzemt",
                "encryption_in_transit_type": "",
                "is_agent_auto_iscsi_login_enabled": true,
                "is_read_only": false,
                "is_shareable": false,
                "launch_create_volume_details": [
                  {
                    "compartment_id": "ocid1.compartment.oc1..aaaaaaaaedp6oipcdpkx3md6c3ecdfltlq7wl7lb5q2oj4756edqk2lvj5zq",
                    "display_name": "jdki-testdomain-testdomain-vms-1-uyzemt",
                    "kms_key_id": "",
                    "size_in_gbs": "102",
                    "volume_creation_type": "ATTRIBUTES",
                    "vpus_per_gb": ""
                  }
                ],
                "type": "iscsi",
                "use_chap": false,
                "volume_id": ""
              },
              {
                "device": "/dev/oracleoci/oraclevdd",
                "display_name": "domain-testdomain-testdomain-vms-1-uyzemt",
                "encryption_in_transit_type": "",
                "is_agent_auto_iscsi_login_enabled": true,
                "is_read_only": false,
                "is_shareable": false,
                "launch_create_volume_details": [
                  {
                    "compartment_id": "ocid1.compartment.oc1..aaaaaaaaedp6oipcdpkx3md6c3ecdfltlq7wl7lb5q2oj4756edqk2lvj5zq",
                    "display_name": "domaini-testdomain-testdomain-vms-1-uyzemt",
                    "kms_key_id": "",
                    "size_in_gbs": "253",
                    "volume_creation_type": "ATTRIBUTES",
                    "vpus_per_gb": ""
                  }
                ],
                "type": "iscsi",
                "use_chap": false,
                "volume_id": ""
              }
            ],
            "metadata": {
              "secondary_vnics": "{}",
              "ssh_authorized_keys": "ssh-ed25519 AAAAC3NzaC1lZDI1NTE5AAAAIBWGynOU6M+ioXE8uE0wK583k9Hj3Ol06vd5fpXmGAk/ mia@maquito\n",
              "user_data": "H4sIAAAAAAAA/+x8a1Pbxtf4e83kO5wupMDE8oU0IXHGmT8lNOVfCBkI/bVPftSz1h7ZWyStsruycQjf/ZldXSzZMhhI+rQzJS9A0rnf9pzVKnsi0hhp98M0xi6ESaB5TKVuhfwS2SsYiCRiVE575OjgaP/H47N3b3ZPfieOuXJ/Ram4iLrQabYfOY8c1y0DPXIK2pJGykfp7keeYDwadmFnwHUJwDLXeKlbl64aYRAoT/JYP3KOeIhzfH5zj1AOMUMKuNKbNI4xYltPGPf0ZiT6EuOAetiQ6CVSYd8AbT1RWuaQRtq171qJkq0Bj1oYjWFA1chZA7ykYRygs0ZZyCOFcoyyz+Me6bSb5l+HOGse7Q+owuc/9MjhaVsfnnaazab5a2/Y65EbDPGGq1gorq0yVGvqjUKM9CvweYARDdGwcTUP8bOIsDkNA3I/K3qBSJjricjnw1ojPnKuSM6HdMm+9lpnH/bI9UNlH0oxMfHzLWX/WgFwRQZCaC9kpPuRcB8+fgTXBxsUAR/gJXot4XGrkq/g/PwV6BFGSwHcqbEFOW+Q3Aike0UYjrmHyrBomWd8GAmJfQMihdB9xhUdBMhI16eBwgYJBTMeoYkW5LpBJCr+GfsG1lekq2WCD3ZSTL0LOkT1z3BSLq0xofC4r8j5wyyw3XYThfKfob2R1KrO0KdJoEnjigzRE4p0yUEgQjhTKImNuSQ2NycjxKBh0RqUhQ01VRpD5v4pEhnRgDSIsQLpEh6IkDRITJWaMNIl7E3r4s3//zRuTi8vh6RBFAY8Si6trUiXKE19v5+YBwkTRqLdw8Pe5u7h4Ra8O36/e3r6nzfd3cNDcn7duMp5MBFSHpEGSTgj3U673bl+oPN+aLuMqwtXoU7if4YL0xLQpwGnyoTxFTEadEiXtBiOW0JSL0Dh8eyvMRuQhgXZXg7iZSBPl4MwUz4MTN/aqsT3igR0KhKdlpMGEWOUE8k15je0KUl9PY2ND4exziltPwD36b1wr01BTCJtUuDjTfZqidg0LYwFOKESSYNc+soYKU0b1ehHqBmOG5HwKQ8al26WGM3UPXbVFYnuPW2r0sOQXqCl0yYNsk3OG0uF8HIh/mQXfz13lnNPM059KwnOc3/0M8J9n2PAbIV6Z3qJRv7LLmBL+c8oPqwcPG+7k0C5EeqJkBdNNbpnOfi/bjv3RDyVfDjSsOltwXZ7+wc4tq6FPSFjIakxAtCItYQErhVQ3+cBpxpV01mDQ+5hpJBBEjGUpk+Bs4iPUSoawHuUIVeKjzGHg7HRCagCNRKTCKiGkdax6rZaQqlmGlRNT4StIEVQrSQOnDWwRvJG6F1A1rj0Tvc67ZcdR6EGV0DMYzT+dRw/iTwrdCCGm1tXDgCAiTGlaRj31jcZ1QhPNh7/7j4O3ccMHv/cfXzUfXy6sWVBAxxj0Fvv2IsQlaJD7K1v20v0RgLIekGNwEeyfmUx/vjjmpwDWc8wiHNdkkQmUX8SqD6PuN7cgitYg4OIa04D/hlhEigwQYQSIsHQWQOYNYWovVaWE9nvlok7Q6lphgTuYdEhGkyAFMrTAbhuJNxBILwLwMjYzN6ZwDwBg4dBleckUJZRroNqqhGcn8P339dB8UhpGgQpTEUYkUgPl5NMWSuENThBLTmOEdIRx0WTPMggTQ3w0twBX4rQBk0DsDlsgmUdeQghasqopinjQHg0gNzo/UQGvQ2D1W21Os9fNref/dDMfrdE7LXG262cUCsn1CqwUxE2UspeIo1pTbCB+zOQ3USPhOSfaVoufkQqUWZJRMA9bANZvyoLck3gvykpgC+ZtuC6DI2+8Lo1prIlk6jk55Exu0lYqHtoaPncyXzM+hMcBGLIvX4spFavHMi805f4KeESWT/gA0klR/Mw7UQSiX1PjFBi5GGOWA7heuJpfgViCIRHviBAjmOMeDQEn0uc0CBgYAGJ40Dpp4xxkkQVDFf4fsAjdL2QgetSxlxDovdiZ+dZS3sxySlxH767FYsYNGLwIItLmP+xwqCUQhIgP1EeJBJBZHoYImBpLCL+tHtweHay39swTcRG/ty44uGqPr+fqs+/gqrP/1JVX9xP1RdfQdUX91C1nBPL88oUeQdAqP44Xct765tDiTH88ev+yenB8bteWhKFciUGSBXCF/ASDS7bIBvg+tvFNWkScP2OWZzSCk3WZ2QJ9HpAdsis6i564iCV0qjtiTCm2g34QGnmPXniPn2aG8CafZqEuVLgTqEOftHeC4ZGBloUdG7gudTa1tg+rxSgpXUqs3VdEdrLIcHnl5iVIni6vfP8hfu8/fLlSzARRCMGCbMReJ8ILpHLA3mlGJ7Dg0UHLoteA72gSm7UBYNaYz5Uscw+d1YsYXdRzEDfSbEV/Z4bDHbu6+SdO7l2594O3bmDtiemCZW6stoWIs66QJmClVbkmwVDlqMsUP7HCXbtOI5j2vVKCw5fvsBV1szvGwbAI9uFW+JJTKDz+vvtV4CXXEPnFTxwUnxmd7Jcb0SjIbqcPWDz6N9psTQtpjsOd5oWzeBl98EhiSQqEYyRWVdBTPUIYonKzBgism058JAOUTmLM+baSbbkw5hK5axBp93uzH6dnv7cf3/2Y/+X/d+dNVg37je/7Vap4xSBajfeNxzn7cnx2fv+wZueRT873T/pn+VXJVI9otTIRbb97FnnJezu7u7uPX33me51gv95c9B592H/mbl38ON/3k6j47PnR0+4+G3/RbLfnvzy7MXTi5c///n0OGg/H7Nnfvxb+Hb3ogUhp/8vpJ8SroVD/pajc5o1/SFn2ToPEOHEXOeMEoWsP5jmjETA0qdZw0XWMwDSTXsu64WivQLSNf0VPM1UqFkbLEIoGLhDWM+YQ0E1HWxsaSsDkhySwEyC+eapUuL2RBIwiITOdIa3B2/AFzIlW2KYY0vUiYwgtULWn5bl3zNkjAJiEqFUIx6D8MH0ZCbilb3NYDCdY2Catwgnln2hxFLj+Dxi0ALX5k9LTRW4sUwiNPmS3Yyl8Mp3M3aZo8DFS/TAGw1lDO5oJsbVNfz3VWbeNVsrfBEEYpI2stFYBIlGZrs3U7ioxEgH0y1QSYzSD0SiwKzNRmc7WHNlQ8WoF3LNhyaWbQZmHPx0UVbgUQs3mIISIYLG0FQ2Oc3M5osksk+t6npENVCJwDBAI88AfVNf7EOlqVZG9DDj8ZbrQzoArlSCsNbZdkoTzz3tSHJDEvOMR7oNXwAuqRwqcNvg8nTjwPWAcB80Kg0uwtV19lKxzu72deLdYvVrhdiyuM7utSu1QY24ryuloa4spHWArFsT3VABOlvV6jLkzN6gY8oDu4a07fVkZNaLjx9hvXgCLn6Cth3CmCj0KChtbmZ/Pulsbb0qnmc1A2NwP80Ky0zCmsm2nIFl45ngLkmTesUkym01pKpgp7ifmZ2JKE2PWRmur2y1Ndvw7Je9Y2/YrihzUnrHGmm7pn6hd2GU4H4aKQV0kcuDKVBg3PdNu69TciRPqty0ZIZIlpt3MV7qkJZFTSH7hMood05FXhpIpGxayF3kgpvGceYtRarxUcR4RaJlobGYnxbfmk/4N0ZBXbtdhNH6zHWWlhYl7ap0KtlrV/68xNYF8WnieaiUnwTBNJUVZ2urYVUj5PzytqJwWUhXxFnIp6rL6jJqBW4ZJ+u/SuKUQoqU6My7s3ZWxMgTSaTRNJ0TU7m1nNrZUeQ1eEU7rFxePYlUZ2n8bw7/Y3PYeLFoYytBMuF6NOeVvyiX75iLxghFrERCj1CW46Su9821XknfpV0/ZaxCwR0u4M46fwNcSet0DijF4Iotlc27u/rr1mnAUmV3IVtfFdKClswNZMmNA1ly00CWHgS6y0RmBmo7ZyVpB5QsGchKcCQHvP88dpb1UobqtxzHKvTzVvks7/aSrzyNpdwyJxXDmJhEdcMY/DuL3WBFkpuxPIrdYRJbNPo3mMRWjK47dQrpAlcuCXXlYJNnmWhE6FsrRVvVApJ8jZkrmc1cSe3MxecrghvBa7AHnKIkCGD79fedW4avssGWtoq3FAy42+yVFLNXcvvslZl45g9zXe7aMoDbejarZwZb6diyVdie0cwzxwpYOPcWi64QFjDXkFWEySWpxnOpETtb1oglFTlva8N+ykvRDQ142qCdzU8rX6F9qmq3wKF+Hiqcbd1nxoBc2ZUbsIqpq+3XFOZdf9NiVyhwk0TlSanqnfzPW8ek/ZJ3itWjfk5aSaRl9W+px1LibDXqN81bBvDb5e3fIHNXHKS+Uv7Oj1Fn6Rh1Q03+mlPP2Z2nnvqkWyXlipFnFny2tS8bf3nraADMBGN66lyGUu5Vm+oMcEme3m3OmU+YJTKvkpD5jLMiydosDKd4mZ7SzFU2bUf2zg56PUjfL8+fuIHK+2SJSgtpzDoJFFDpjfgYFbDE3qu+Zp4RsK+bF0MkJXxmdLIH6uH0bG9v//S0Fr+d2+bacdYO3h18gPcnx29Pdo8cJzvg+RnIev7GkcD5OXz5Yo8VfS7d7fWAfJ47VVTxYg4KI6qAR2MacAZjGiTYhY8FofPUzjVnfFIrOz6viJW/+qyKNbt7q1g5aL1Y+dOVxHLKgfUrSu7bZSR96ZxN0XjJlVZ27DEMYylilOlOR2nvKkOp3bUqM6kjbbrJrKoXGyg56QW68KW0X1Y4sy4ZqxznZb+xSGU4qXwNGCTa4s828OzW44hGICI3lhjOvY6YK+lz7wpy+uQGDZb4Lv/JfDhXdH3uFCrVqMMEKluUrF5G5LyaznZHCnlKPUtpixRWkX2J3CWZfZ5mheqn1Po2iHvEIJCbg9KWvfqYPJuLyT9SlMoOzM1hWSZeispigZsJXN7sqWGzbKMnP91YIZTmfKUw3B7PVtSq8rBZ0NhaFuBZrzJPZBbZhs4smOsDOV86S7FQCH+3OF6IALtBQh4Q63YJWS3g7WJZCL4Q8Ol2x+0qLlHvNtVq0mEhOCxmGh42NWpWhUztI2ojVSUyazZKZU+PMI+S9ENGoEoJj5s24uZeKRQsJ+QOZ1a1FqnZgZwDmW+RlhhqydnaQsY52bUol4Jaey6t6++XWMEQLVmNlL1S2362RiLE7HOwVlOpETAu0dNCTm0J+g7CC8YluHEN6LKFff5lxo1Mlhg0s0JtauwyZmNEjSBOBgH34ALt7thGymMDaPaZBzIYCaWz0SQ71lQ6pUXg9etF8Voz9P4FTtWC+U5RW8Wqutgynn35osAT0tyHODspJyJFnGzb8CTzTzfvCuYlcLyRCcSddnvps+d1zxYkf9BhyJ30s7m0P8Z/P5v7+3w2t/Zh/+h9/+j47N2H/vvjg3cfepVQEEo5az+e7f2y/6H/bvdov6dR6fSZs2bKfy+7+FaHCNdgtVOExTFC+AIaEVwKZP3w+G3/p4PD/UrSrnoWse4bBPv/ASx+/VTegrEgwFX+JUS6oNQtJzIOwf1ES+17+t8N5Eem55/z9Pny09IFa7PAF+zBhQkPAnvTfksLx3sHcDz409SUUy0kHWJ2PFstPVRdWj8qJ+/3Dn46rbDKbWUUTLnFgmc87YnbOU4qAdeDjfq1QSi1AW5W4pxS15VhFSmaau66pmj18i/6+rHkkcdjGsAsam9gsPI3LiUrnp7CIPEuUN/l4xZ7Mn0uqBYPp5ctmXk2WnpUvfzVaVpk+/n2Q7GnUVn4tMZQZxukGUaxYdFsNkn2CqJ+kSl9+H0r3Owb+VtB/2QXNvHSk/tzaiwa6C67LcsP9bvuI+d/AwAA///pSkxXlUgAAA==",
              "wls-initial-node-labels": "",
              "wls-tenancy-id": "ocid1.tenancy.oc1..aaaaaaaalwkamojx2qgmih3uq52wbxtjyaqqanjwfvcf56n5c2ugmhnefz5q"
            },
            "platform_config": [],
            "preemptible_instance_config": [],
            "preserve_boot_volume": false,
            "preserve_data_volumes_created_at_launch": false,
            "private_ip": "10.0.111.149",
            "public_ip": "",
            "region": "iad",
            "shape": "VM.Standard.E4.Flex",
            "shape_config": [
              {
                "baseline_ocpu_utilization": "",
                "gpu_description": "",
                "gpus": 0,
                "local_disk_description": "",
                "local_disks": 0,
                "local_disks_total_size_in_gbs": 0,
                "max_vnic_attachments": 2,
                "memory_in_gbs": 16,
                "networking_bandwidth_in_gbps": 2,
                "nvmes": 0,
                "ocpus": 2,
                "processor_description": "2.55 GHz AMD EPYC™ 7J13 (Milan)",
                "vcpus": 4
              }
            ],
            "source_details": [
              {
                "boot_volume_size_in_gbs": "50",
                "boot_volume_vpus_per_gb": "10",
                "instance_source_image_filter_details": [],
                "is_preserve_boot_volume_enabled": false,
                "kms_key_id": "",
                "source_id": "ocid1.image.oc1.iad.aaaaaaaa6uqjfy73o5jvx47jvuwhpczh4euram4nxy37744agjoymonbhtrq",
                "source_type": "image"
              }
            ],
            "state": "RUNNING",
            "subnet_id": "ocid1.subnet.oc1.iad.aaaaaaaadehg4ndpgnp7gjo4oqoubmfcihn5wu7xcmwpakodgzetp47mgmha",
            "system_tags": {},
            "time_created": "2024-08-27 03:48:00.098 +0000 UTC",
            "time_maintenance_reboot_due": "",
            "timeouts": null,
            "update_operation_constraint": null
          },
          "sensitive_attributes": [],
          "private": "eyJlMmJmYjczMC1lY2FhLTExZTYtOGY4OC0zNDM2M2JjN2M0YzAiOnsiY3JlYXRlIjoyNzAwMDAwMDAwMDAwLCJkZWxldGUiOjQ1MDAwMDAwMDAwMDAsInVwZGF0ZSI6MjcwMDAwMDAwMDAwMH19",
          "dependencies": [
            "data.oci_identity_region_subscriptions.home",
            "module.wls.data.oci_containerengine_node_pool_option.wls",
            "module.wls.data.oci_core_vcn.oke",
            "module.wls.data.oci_identity_availability_domains.all",
            "module.wls.module.iam.data.oci_identity_tag_namespaces.wls",
            "module.wls.module.iam.data.oci_identity_tags.wls",
            "module.wls.module.iam.oci_identity_dynamic_group.wlsservers",
            "module.wls.module.iam.oci_identity_policy.wlsdomain",
            "module.wls.module.iam.oci_identity_tag.wls",
            "module.wls.module.iam.oci_identity_tag_namespace.wls",
            "module.wls.module.iam.time_sleep.await_iam_resources",
            "module.wls.module.network.oci_core_network_security_group.adminservers",
            "module.wls.module.network.oci_core_network_security_group.wlsservers",
            "module.wls.module.network.oci_core_subnet.wls",
            "module.wls.module.wlsservers.data.cloudinit_config.wlsservers",
            "module.wls.module.wlsservers.data.oci_core_shapes.wls",
            "module.wls.random_string.state_id"
          ]
        }
      ]
    }
  ],
  "check_results": [
    {
      "object_kind": "resource",
      "config_addr": "module.wls.module.network.null_resource.validate_subnets",
      "status": "pass",
      "objects": null
    },
    {
      "object_kind": "resource",
      "config_addr": "module.wls.module.network.oci_core_network_security_group_security_rule.wls",
      "status": "pass",
      "objects": null
    },
    {
      "object_kind": "resource",
      "config_addr": "module.wls.module.operator.oci_core_instance.operator",
      "status": "pass",
      "objects": null
    },
    {
      "object_kind": "resource",
      "config_addr": "module.wls.module.operator.data.cloudinit_config.operator",
      "status": "pass",
      "objects": null
    },
    {
      "object_kind": "resource",
      "config_addr": "module.wls.module.bastion.oci_core_instance.bastion",
      "status": "pass",
      "objects": null
    },
    {
      "object_kind": "resource",
      "config_addr": "module.wls.module.wlsservers.oci_core_instance.wlsservers",
      "status": "pass",
      "objects": [
        {
          "object_addr": "module.wls.module.wlsservers[0].oci_core_instance.wlsservers[\"testdomain-vms-1\"]",
          "status": "pass"
        },
        {
          "object_addr": "module.wls.module.wlsservers[0].oci_core_instance.wlsservers[\"testdomain-vms-0\"]",
          "status": "pass"
        }
      ]
    },
    {
      "object_kind": "resource",
      "config_addr": "module.wls.module.wlsservers.data.cloudinit_config.wlsservers",
      "status": "pass",
      "objects": [
        {
          "object_addr": "module.wls.module.wlsservers[0].data.cloudinit_config.wlsservers[\"testdomain-vms-0\"]",
          "status": "pass"
        },
        {
          "object_addr": "module.wls.module.wlsservers[0].data.cloudinit_config.wlsservers[\"testdomain-vms-1\"]",
          "status": "pass"
        }
      ]
    },
    {
      "object_kind": "resource",
      "config_addr": "module.wls.module.network.oci_core_drg_attachment.extra",
      "status": "pass",
      "objects": null
    }
  ]
}
