{
  "version": 4,
  "terraform_version": "1.5.0",
  "serial": 34,
  "lineage": "6228c05b-2bdb-ee8a-987b-78dd658ca9f0",
  "outputs": {
    "adminserver_nsg_id": {
      "value": "",
      "type": "string"
    },
    "joi_lb_backend_to_map": {
      "value": {
        "10.0.111.149-8775": [
          {
            "instance": "10.0.111.149",
            "port": 8775
          }
        ],
        "192.168.0.1-8775": [
          {
            "instance": "192.168.0.1",
            "port": 8775
          }
        ]
      },
      "type": [
        "object",
        {
          "10.0.111.149-8775": [
            "tuple",
            [
              [
                "object",
                {
                  "instance": "string",
                  "port": "number"
                }
              ]
            ]
          ],
          "192.168.0.1-8775": [
            "tuple",
            [
              [
                "object",
                {
                  "instance": "string",
                  "port": "number"
                }
              ]
            ]
          ]
        }
      ]
    },
    "managedserver_nsg_id": {
      "value": "",
      "type": "string"
    },
    "state_id": {
      "value": "ektwqy",
      "type": "string"
    },
    "wls_domain_name": {
      "value": "testdomain",
      "type": "string"
    },
    "wlsserver_image_id": {
      "value": "none",
      "type": "string"
    },
    "wlsserver_pool_ids": {
      "value": [],
      "type": [
        "tuple",
        []
      ]
    },
    "wlsserver_pool_mode": {
      "value": "Instances",
      "type": "string"
    },
    "wlsserver_pool_size": {
      "value": 1,
      "type": "number"
    },
    "wlsserver_shape": {
      "value": "VM.Standard.E4.Flex",
      "type": "string"
    },
    "wlsserver_subnet_id": {
      "value": "",
      "type": "string"
    }
  },
  "resources": [
    {
      "mode": "data",
      "type": "oci_identity_region_subscriptions",
      "name": "home",
      "provider": "provider[\"registry.terraform.io/oracle/oci\"]",
      "instances": [
        {
          "schema_version": 0,
          "attributes": {
            "filter": [
              {
                "name": "is_home_region",
                "regex": false,
                "values": [
                  "true"
                ]
              }
            ],
            "id": "IdentityRegionSubscriptionsDataSource-3236369136",
            "region_subscriptions": [
              {
                "is_home_region": true,
                "region_key": "IAD",
                "region_name": "us-ashburn-1",
                "state": "READY",
                "tenancy_id": ""
              }
            ],
            "tenancy_id": "ocid1.tenancy.oc1..aaaaaaaalwkamojx2qgmih3uq52wbxtjyaqqanjwfvcf56n5c2ugmhnefz5q"
          },
          "sensitive_attributes": []
        }
      ]
    },
    {
      "mode": "data",
      "type": "oci_secrets_secretbundle",
      "name": "ssh_key",
      "provider": "provider[\"registry.terraform.io/oracle/oci\"]",
      "instances": [
        {
          "schema_version": 0,
          "attributes": {
            "id": "SecretsSecretbundleDataSource-1458993438",
            "metadata": {},
            "secret_bundle_content": [
              {
                "content": "LS0tLS1CRUdJTiBPUEVOU1NIIFBSSVZBVEUgS0VZLS0tLS0KYjNCbGJuTnphQzFyWlhrdGRqRUFBQUFBQkc1dmJtVUFBQUFFYm05dVpRQUFBQUFBQUFBQkFBQUNGd0FBQUFkemMyZ3RjbgpOaEFBQUFBd0VBQVFBQUFnRUF4R2pWV0dkbTE2bERaM1RNalgvcFM5YmJCdi9VQ2FzMEJjckZVUWJXUk1SYiswS04vaERQCktmaUJwb0RJTUNLSFNUTk4zSnNwSDgySk5SWThFZFZjVzhjZ2xwcFptV3M5VXFvRmNEd3VUTnl2d2RaNkNIMGlPQXd0VjEKYXBXVnN4YkNMSTZ6UUpYZkZBVSs3Rkp3eWZFYi93RWZRVHlENVVpSFRnZnQzQUcxdWhMYVprcjYweDRBVm5uOS9PLzlydgpIdm40QVJqL2pWVkdJUmZLcDQ3ellKYlVzZU5PY3lOb0c3WHJoRkhHa1NXTXI2ZFh4bHhEbWRsWlpCR2N4ZG5BRlA1T05QClVpdGVwQ3ptbGJnNHVvcWlORjlTVi9vb0kwZlVheEN1QXZoM2hHbEIxTjBiczcvSEFIZyswM1JwQ0FpNTIweVRpdmhhajIKSVpwYmpDa2JwNUVvU3d0ZnRCQzd0RDZjZnF5RE94dUtZd29Dd1c0eWhpak4zUkk2MW1ZODZMaER5dVZOUFVqSEFnK2FmZAp4Yms1VVJkREpkSUdSbUF2dEhLTVBLak5sOEZCUFJLRkNTcTZRS3dCVmZ1Z3JNanlVenFpNCtwcHFyajd3M28vM0d1S2hkCm81RnZKK3ladkR1RlloeDNnaTNnNWRSK20zajBhSDZwVDBZN0VObHlYZjhnVWcyN1F4a1VML3lZbXF1TU8xUkl3Y2FkRmgKTDloVVF0VGNKV05VOVQ3SXRCZGpxY0p3bDlqVFhtU1hsNGIwRGFJVjlxbnNhaGgvQzBZV0JjMmE2N3FwdmdwYlp1NGkyaQpLZk05VXpqTng3TlFpTzZqNXdINFo1LzJmUmk2cWl4R1R2Z0JMWGYzOUhBQ1dIUTBrRjU2TjV3REszWGprZnEyZEJiYVhmClVBQUFkUWlJQkE4b2lBUVBJQUFBQUhjM05vTFhKellRQUFBZ0VBeEdqVldHZG0xNmxEWjNUTWpYL3BTOWJiQnYvVUNhczAKQmNyRlVRYldSTVJiKzBLTi9oRFBLZmlCcG9ESU1DS0hTVE5OM0pzcEg4MkpOUlk4RWRWY1c4Y2dscHBabVdzOVVxb0ZjRAp3dVROeXZ3ZFo2Q0gwaU9Bd3RWMWFwV1ZzeGJDTEk2elFKWGZGQVUrN0ZKd3lmRWIvd0VmUVR5RDVVaUhUZ2Z0M0FHMXVoCkxhWmtyNjB4NEFWbm45L08vOXJ2SHZuNEFSai9qVlZHSVJmS3A0N3pZSmJVc2VOT2N5Tm9HN1hyaEZIR2tTV01yNmRYeGwKeERtZGxaWkJHY3hkbkFGUDVPTlBVaXRlcEN6bWxiZzR1b3FpTkY5U1Yvb29JMGZVYXhDdUF2aDNoR2xCMU4wYnM3L0hBSApnKzAzUnBDQWk1MjB5VGl2aGFqMklacGJqQ2ticDVFb1N3dGZ0QkM3dEQ2Y2ZxeURPeHVLWXdvQ3dXNHloaWpOM1JJNjFtClk4NkxoRHl1Vk5QVWpIQWcrYWZkeGJrNVVSZERKZElHUm1BdnRIS01QS2pObDhGQlBSS0ZDU3E2UUt3QlZmdWdyTWp5VXoKcWk0K3BwcXJqN3czby8zR3VLaGRvNUZ2Sit5WnZEdUZZaHgzZ2kzZzVkUittM2owYUg2cFQwWTdFTmx5WGY4Z1VnMjdReAprVUwveVltcXVNTzFSSXdjYWRGaEw5aFVRdFRjSldOVTlUN0l0QmRqcWNKd2w5alRYbVNYbDRiMERhSVY5cW5zYWhoL0MwCllXQmMyYTY3cXB2Z3BiWnU0aTJpS2ZNOVV6ak54N05RaU82ajV3SDRaNS8yZlJpNnFpeEdUdmdCTFhmMzlIQUNXSFEwa0YKNTZONXdESzNYamtmcTJkQmJhWGZVQUFBQURBUUFCQUFBQ0FDTWlDWCt0eDJTdVgyTkRMay9sWUlyelhPeU1tSlkrTEtrWQprMkVpRXZQc0YvUUMvTGxFc25uMGZPU1d4cmh0aEx1Z1ZMNHdkeE84UlYzY28xUWhVVXNOZkpQVCtsRUtNTWIzcU05aHhICnAxUTI4dCtWaEpZZlNhb1FXdGQ4K0hFM2tmWThkRzRLSVFSSXgrK244NHI3K1NFTlIxVDVDVExiWFhDazFIUjFUZGVDQmQKVWtkbWVMUjA0d3RqRW5rTDVaZ3A2S1h4bmN6ZlF4TXFXVkxOckZWTHhiSW9VZUVncFQvSHMrQlFiRytNUXZVc3Z2TzVqMQpJVzRmbVhlTzZmTzgvRmlhSEpjN01NdTNTR3Zocnl3WEhscTE3bG5VWXBlbEFxZEFMWkJVZDdTVXkzVFROR0JiM3JJRDBHCkVzd3Bqd1RxYWV0UW0zMFNNeXpobXB5Z3dkUlFWVnFmdGhpZkdzK2U4MnNReFdVZFgweW9XcWhkb290SG5qZHlRNkhydk0KTStEL3I4SGJoZEdlUnJ6YmFtYWZFZjhPWCtMcnM1eVErVTBLWUJmQXFJWmlENmE3Z1M1TCtudVN0WWRpbWNvVk1Bclk1RwpQRjFGSWVoNkN2K25GNVN0dVMyTG0va0IrK0JmN3QzVVdPQUZYeGtySXh6R3c2OHZVdWI5QXRKWldmRm1ocEhPME9mLzNjCi9EalZjYjAvRi9DWHgzbGtGQkQvVjkvTVFBUGFzRm96RnRiM3RDbk9VclhOODVJVERPbjZ6S05Ud1A1Vk9paGprS293bU0KTk5IZXE0ei9GUEZDZiswL2o0eWpxMXFWWWtEQjRuNkNwZm1rdkFhS0FoMk9CbUVmOUoxbXJvaEFkQ0Q1MHd2QmJIdDVCWgp3YTY0Y2ZiNU9kRm1OcGNBUEZBQUFCQVFEWkZGcmI1NkR5TThaZmFPUkpGd1FKYWJBb2ZPTEo1R3ZvMzBNQk51MDBIazZvCnBoWmhsaWNLbHU1dDFBUDFIYi96WW5nWWpBdjUxdjVTd1RjUHNUUXNTRUFsYXNmRlBqSkIrakJrTVNQOSs2c3JxVkhQOVQKWUx0ZDk1bmU4bWVMOUtjRHRXdkFMMkM2M0RoVmxUWWZkNS8yaDE0dnYwbC9saFFaandqOWsvYTJCaUFta1puQjBBU1BwYwo5RVI4TFNzeEVPcTNhUlQ2ZVZMMjhMWWE1Yzhsakc2bzVxTUJ5Q2xjVTBIUVYrR294ZVFKRklING9GZzBaa3oweWVGdC9vCmVEbGFxUm5OM3FWUXdHRXlodW4wQ2FRckhtRWxUVDR3dnFFQ0JnUGhUZlYrVGFwNnNOVytCWmZXYW9tV2JSSm1LblF2czEKc04xMk5pcWFyY0w1SEZZWkFBQUJBUURqUTVSY3MybC9BWmEwd2JHZ0VYNkRTMHp3RlBWUTdRVWhxLzkzZmRBcTdQdzRZZQpKVDV3N29wNnpWMWw4N0RtUENKU0c5TEg5Vk5qaFlyVFl3SVFrQkszYjUya25QTXM1eWQrM3FWQjdQQzBUZno1TXZIWVdGCjRQNjJObGM2TWlxUVo5SjIwbDQxWU53UCtwMjlGcTdqOXlHUWxFZ0VHV1Z5ZGhEeGZZcGVJeVYvQ2RHYm1VNUNMZmQxS08KY2hCSTl5YTBLL0hpRFdmNTV5cmplSmE1aDFFbHhZUVRkMEp4SFNQb1RIUzZWb01iRnp3clliQmlJaVloSGUvZzRwdHJwUwplVWpPVjdEelNMRHJWd1ArY1MybFFydFJOS3l6UlU5aGxYRXVrc1dRNGwzSnNKaFdoVzBSZnkxaXFhUzdyRE50RjlBM1MwCkJFa3lPYTUxdkZEdndIQUFBQkFRRGRQb0tPRTJ3UVBsalBlTFQ2eWlNVk1PbkhaZjhld2lkaHVaR1ppUnplZDJnRUNhRXoKZ1RTVXllUy9iaElCV2ZNdkdTMTJveUszOWpoWldva2UrOTBRSTRMYzJSZ09MNXo3T1ZvQlFsOTlvOUZRUnBFU2dkQnlWcgovWURIeTlJaGFkVFhkZzhIL0djZ1F2STlTb213T1djMS9PM0ZTQjRlUk01d3ZCNk9MMWw3UmFGMmxnaWJYQmtYcFd6Vmo2ClN1ODZzMEJyZVVNSlBCZm85MDFSWjBiWm85U0pYckxjWVBRYXlvb1VxeWEvSXFLWUlwMmZFeWNia2hUbFVLVmg0UVF2RnkKRWc0OFU4QStRdkgrMTYyNFBKNW1tOE5GcHRYZGZzRlJBSkg1ZitqZlhtME9nbXpXR2F1R3lhUTBub2hxOFArZy9iaGFCUQpISXRjSGs5clNvOGpBQUFBRTJwdmNuUnBlbWxBYW05eWRHbDZhUzF0WVdNQkFnTUVCUVlICi0tLS0tRU5EIE9QRU5TU0ggUFJJVkFURSBLRVktLS0tLQ==",
                "content_type": "BASE64"
              }
            ],
            "secret_id": "ocid1.vaultsecret.oc1.iad.amaaaaaadoggtjaacge2rlm7z6d54xo5cvtlo26mrptgzubena6obxfhuihq",
            "secret_version_name": null,
            "stage": null,
            "stages": [
              "CURRENT",
              "LATEST"
            ],
            "time_created": "2024-08-15 14:29:55.503 +0000 UTC",
            "time_of_deletion": null,
            "time_of_expiry": null,
            "version_name": null,
            "version_number": "1"
          },
          "sensitive_attributes": []
        }
      ]
    },
    {
      "module": "module.wls",
      "mode": "data",
      "type": "oci_core_vcn",
      "name": "oke",
      "provider": "provider[\"registry.terraform.io/oracle/oci\"]",
      "instances": [
        {
          "index_key": 0,
          "schema_version": 0,
          "attributes": {
            "byoipv6cidr_blocks": [],
            "byoipv6cidr_details": null,
            "cidr_block": "10.0.0.0/16",
            "cidr_blocks": [
              "10.0.0.0/16"
            ],
            "compartment_id": "ocid1.compartment.oc1..aaaaaaaaedp6oipcdpkx3md6c3ecdfltlq7wl7lb5q2oj4756edqk2lvj5zq",
            "default_dhcp_options_id": "ocid1.dhcpoptions.oc1.iad.aaaaaaaani2hbexphz4x3r3vh3antlvqdj3fecdgzdl3yis3alpxh7cxxe2q",
            "default_route_table_id": "ocid1.routetable.oc1.iad.aaaaaaaahsk5epz5ttbav46pzz3paqnyrrjrld7gd5gcyrpv5a5ygb6lmyda",
            "default_security_list_id": "ocid1.securitylist.oc1.iad.aaaaaaaa32evyjvva2yikgnse4qorj26nxocwsruhmt2djjeib2mtouc6wqq",
            "defined_tags": {
              "Oracle-Tags.CreatedBy": "oracleidentitycloudservice/julian.ortiz@oracle.com",
              "Oracle-Tags.CreatedOn": "2024-08-16T03:10:59.872Z"
            },
            "display_name": "wls-paymxu",
            "dns_label": "paymxu",
            "freeform_tags": {
              "role": "network",
              "state_id": "paymxu"
            },
            "id": "ocid1.vcn.oc1.iad.amaaaaaadoggtjaaqfwhkrsz3xrnexcypypm4rsdirq36ur6zisxoulhcf6a",
            "ipv6cidr_blocks": [],
            "ipv6private_cidr_blocks": [],
            "is_ipv6enabled": null,
            "is_oracle_gua_allocation_enabled": null,
            "state": "AVAILABLE",
            "time_created": "2024-08-16 03:11:00.144 +0000 UTC",
            "vcn_domain_name": "paymxu.oraclevcn.com",
            "vcn_id": "ocid1.vcn.oc1.iad.amaaaaaadoggtjaaqfwhkrsz3xrnexcypypm4rsdirq36ur6zisxoulhcf6a"
          },
          "sensitive_attributes": []
        }
      ]
    },
    {
      "module": "module.wls",
      "mode": "data",
      "type": "oci_identity_availability_domains",
      "name": "all",
      "provider": "provider[\"registry.terraform.io/oracle/oci\"]",
      "instances": [
        {
          "schema_version": 0,
          "attributes": {
            "availability_domains": [
              {
                "compartment_id": "ocid1.compartment.oc1..aaaaaaaaedp6oipcdpkx3md6c3ecdfltlq7wl7lb5q2oj4756edqk2lvj5zq",
                "id": "ocid1.availabilitydomain.oc1..aaaaaaaaztunlny6ae4yw2vghp5go2zceaonwp6wiioe3tnh2vlaxjjl2n3a",
                "name": "zQRV:US-ASHBURN-AD-1"
              },
              {
                "compartment_id": "ocid1.compartment.oc1..aaaaaaaaedp6oipcdpkx3md6c3ecdfltlq7wl7lb5q2oj4756edqk2lvj5zq",
                "id": "ocid1.availabilitydomain.oc1..aaaaaaaatrwxaogr7dl4yschqtrmqrdv6uzis3mgbnomiagqrfhcb7mxsfdq",
                "name": "zQRV:US-ASHBURN-AD-2"
              },
              {
                "compartment_id": "ocid1.compartment.oc1..aaaaaaaaedp6oipcdpkx3md6c3ecdfltlq7wl7lb5q2oj4756edqk2lvj5zq",
                "id": "ocid1.availabilitydomain.oc1..aaaaaaaauvt2n7pijol7uqgdnnsoojcukrijtmcltvfwxazmitk235wyohta",
                "name": "zQRV:US-ASHBURN-AD-3"
              }
            ],
            "compartment_id": "ocid1.compartment.oc1..aaaaaaaaedp6oipcdpkx3md6c3ecdfltlq7wl7lb5q2oj4756edqk2lvj5zq",
            "filter": null,
            "id": "IdentityAvailabilityDomainsDataSource-3886812946"
          },
          "sensitive_attributes": []
        }
      ]
    },
    {
      "module": "module.wls",
      "mode": "data",
      "type": "oci_load_balancer_load_balancers",
      "name": "existing_load_balancers_data_source",
      "provider": "provider[\"registry.terraform.io/oracle/oci\"]",
      "instances": [
        {
          "schema_version": 0,
          "attributes": {
            "compartment_id": "ocid1.compartment.oc1..aaaaaaaaedp6oipcdpkx3md6c3ecdfltlq7wl7lb5q2oj4756edqk2lvj5zq",
            "detail": null,
            "display_name": null,
            "filter": null,
            "id": "LoadBalancerLoadBalancersDataSource-3886812946",
            "load_balancers": [
              {
                "compartment_id": "ocid1.compartment.oc1..aaaaaaaaedp6oipcdpkx3md6c3ecdfltlq7wl7lb5q2oj4756edqk2lvj5zq",
                "defined_tags": {
                  "Oracle-Tags.CreatedBy": "oracleidentitycloudservice/julian.ortiz@oracle.com",
                  "Oracle-Tags.CreatedOn": "2024-08-29T13:55:42.562Z"
                },
                "display_name": "testdomain-ektwqy-lb",
                "freeform_tags": {},
                "id": "ocid1.loadbalancer.oc1.iad.aaaaaaaag3eduw4xrkt2wadky5ceqetqy4bhxkd4zpuehcaj7tjy3r2jz7fq",
                "ip_address_details": [
                  {
                    "ip_address": "129.153.152.71",
                    "is_public": true,
                    "reserved_ip": []
                  }
                ],
                "ip_addresses": [
                  "129.153.152.71"
                ],
                "ip_mode": "IPV4",
                "is_delete_protection_enabled": false,
                "is_private": false,
                "is_request_id_enabled": false,
                "network_security_group_ids": [],
                "request_id_header": "",
                "reserved_ips": [],
                "shape": "100Mbps",
                "shape_details": [],
                "state": "ACTIVE",
                "subnet_ids": [
                  "ocid1.subnet.oc1.iad.aaaaaaaabnfuwogcnat3bhpumnv34niqaa4d4hnxuwnmxlvhxv6irjonubea"
                ],
                "system_tags": {},
                "time_created": "2024-08-29 13:55:42.827 +0000 UTC"
              }
            ],
            "state": null
          },
          "sensitive_attributes": []
        }
      ]
    },
    {
      "module": "module.wls",
      "mode": "data",
      "type": "oci_objectstorage_bucket",
      "name": "wls_archives",
      "provider": "provider[\"registry.terraform.io/oracle/oci\"]",
      "instances": [
        {
          "schema_version": 0,
          "attributes": {
            "access_type": "NoPublicAccess",
            "approximate_count": "12",
            "approximate_size": "3817519748",
            "auto_tiering": "Disabled",
            "bucket_id": "ocid1.bucket.oc1.iad.aaaaaaaambfs2mzlvc7zxzeqaklcepp6okktzhx2avecyrmtg4uzptiodgya",
            "compartment_id": "ocid1.compartment.oc1..aaaaaaaaedp6oipcdpkx3md6c3ecdfltlq7wl7lb5q2oj4756edqk2lvj5zq",
            "created_by": "ocid1.user.oc1..aaaaaaaae3orfqjpxwbjwqrqemxlsoowg2nxdhieprul4s5b7y555gimhroa",
            "defined_tags": {
              "Oracle-Tags.CreatedBy": "oracleidentitycloudservice/julian.ortiz@oracle.com",
              "Oracle-Tags.CreatedOn": "2024-08-19T19:48:29.792Z"
            },
            "etag": "f0b401e8-748a-4576-9368-87354615ac1b",
            "freeform_tags": {},
            "id": "2024-08-29 14:13:18.087539 +0000 UTC",
            "is_read_only": false,
            "kms_key_id": null,
            "metadata": {},
            "name": "testdomain",
            "namespace": "idi2cuxxbkto",
            "object_events_enabled": false,
            "object_lifecycle_policy_etag": null,
            "replication_enabled": false,
            "retention_rules": [],
            "storage_tier": "Standard",
            "time_created": "2024-08-19 19:48:29.799 +0000 UTC",
            "versioning": "Disabled"
          },
          "sensitive_attributes": []
        }
      ]
    },
    {
      "module": "module.wls",
      "mode": "data",
      "type": "oci_objectstorage_namespace",
      "name": "oss_namespace",
      "provider": "provider[\"registry.terraform.io/oracle/oci\"]",
      "instances": [
        {
          "schema_version": 0,
          "attributes": {
            "compartment_id": null,
            "id": "ObjectStorageNamespaceDataSource-0",
            "namespace": "idi2cuxxbkto"
          },
          "sensitive_attributes": []
        }
      ]
    },
    {
      "module": "module.wls",
      "mode": "managed",
      "type": "random_string",
      "name": "state_id",
      "provider": "provider[\"registry.terraform.io/hashicorp/random\"]",
      "instances": [
        {
          "schema_version": 2,
          "attributes": {
            "id": "ektwqy",
            "keepers": null,
            "length": 6,
            "lower": true,
            "min_lower": 0,
            "min_numeric": 0,
            "min_special": 0,
            "min_upper": 0,
            "number": false,
            "numeric": false,
            "override_special": null,
            "result": "ektwqy",
            "special": false,
            "upper": false
          },
          "sensitive_attributes": [],
          "create_before_destroy": true
        }
      ]
    },
    {
      "module": "module.wls.module.iam",
      "mode": "data",
      "type": "oci_identity_tag_namespaces",
      "name": "wls",
      "provider": "provider[\"registry.terraform.io/oracle/oci\"].home",
      "instances": [
        {
          "index_key": 0,
          "schema_version": 0,
          "attributes": {
            "compartment_id": "ocid1.compartment.oc1..aaaaaaaaedp6oipcdpkx3md6c3ecdfltlq7wl7lb5q2oj4756edqk2lvj5zq",
            "filter": [
              {
                "name": "name",
                "regex": false,
                "values": [
                  "oke"
                ]
              }
            ],
            "id": "IdentityTagNamespacesDataSource-2195400414",
            "include_subcompartments": null,
            "state": "ACTIVE",
            "tag_namespaces": []
          },
          "sensitive_attributes": []
        }
      ]
    },
    {
      "module": "module.wls.module.load-balancer-backends[0]",
      "mode": "managed",
      "type": "oci_load_balancer_backend",
      "name": "wls_lb_backend",
      "provider": "provider[\"registry.terraform.io/oracle/oci\"]",
      "instances": [
        {
          "index_key": "10.0.111.149-8775",
          "schema_version": 0,
          "attributes": {
            "backendset_name": "testdomain-ektwqy-lb-backendset",
            "backup": false,
            "drain": false,
            "id": "loadBalancers/ocid1.loadbalancer.oc1.iad.aaaaaaaag3eduw4xrkt2wadky5ceqetqy4bhxkd4zpuehcaj7tjy3r2jz7fq/backendSets/testdomain-ektwqy-lb-backendset/backends/10.0.111.149:8775",
            "ip_address": "10.0.111.149",
            "load_balancer_id": "ocid1.loadbalancer.oc1.iad.aaaaaaaag3eduw4xrkt2wadky5ceqetqy4bhxkd4zpuehcaj7tjy3r2jz7fq",
            "max_connections": null,
            "name": "10.0.111.149:8775",
            "offline": false,
            "port": 8775,
            "state": "SUCCEEDED",
            "timeouts": null,
            "weight": 1
          },
          "sensitive_attributes": [],
          "private": "eyJlMmJmYjczMC1lY2FhLTExZTYtOGY4OC0zNDM2M2JjN2M0YzAiOnsiY3JlYXRlIjoxMjAwMDAwMDAwMDAwLCJkZWxldGUiOjEyMDAwMDAwMDAwMDAsInVwZGF0ZSI6MTIwMDAwMDAwMDAwMH19",
          "dependencies": [
            "data.oci_identity_region_subscriptions.home",
            "module.wls.data.oci_containerengine_node_pool_option.wls",
            "module.wls.data.oci_core_vcn.oke",
            "module.wls.data.oci_identity_availability_domains.all",
            "module.wls.module.iam.data.oci_identity_tag_namespaces.wls",
            "module.wls.module.iam.data.oci_identity_tags.wls",
            "module.wls.module.iam.oci_identity_dynamic_group.wlsservers",
            "module.wls.module.iam.oci_identity_policy.wlsdomain",
            "module.wls.module.iam.oci_identity_tag.wls",
            "module.wls.module.iam.oci_identity_tag_namespace.wls",
            "module.wls.module.iam.time_sleep.await_iam_resources",
            "module.wls.module.load-balancer-backends.oci_load_balancer_backend_set.wls_lb_backendset",
            "module.wls.module.load-balancer.oci_load_balancer_load_balancer.wls_loadbalancer",
            "module.wls.module.network.oci_core_network_security_group.adminservers",
            "module.wls.module.network.oci_core_network_security_group.pub_lb",
            "module.wls.module.network.oci_core_network_security_group.wlsservers",
            "module.wls.module.network.oci_core_subnet.wls",
            "module.wls.module.wlsservers.data.cloudinit_config.wlsservers",
            "module.wls.module.wlsservers.data.oci_core_shapes.wls",
            "module.wls.module.wlsservers.data.oci_identity_fault_domains.all",
            "module.wls.module.wlsservers.oci_core_instance.wlsservers",
            "module.wls.random_string.state_id"
          ]
        },
        {
          "index_key": "192.168.0.1-8775",
          "schema_version": 0,
          "attributes": {
            "backendset_name": "testdomain-ektwqy-lb-backendset",
            "backup": false,
            "drain": false,
            "id": "loadBalancers/ocid1.loadbalancer.oc1.iad.aaaaaaaag3eduw4xrkt2wadky5ceqetqy4bhxkd4zpuehcaj7tjy3r2jz7fq/backendSets/testdomain-ektwqy-lb-backendset/backends/192.168.0.1:8775",
            "ip_address": "192.168.0.1",
            "load_balancer_id": "ocid1.loadbalancer.oc1.iad.aaaaaaaag3eduw4xrkt2wadky5ceqetqy4bhxkd4zpuehcaj7tjy3r2jz7fq",
            "max_connections": null,
            "name": "192.168.0.1:8775",
            "offline": false,
            "port": 8775,
            "state": "SUCCEEDED",
            "timeouts": null,
            "weight": 1
          },
          "sensitive_attributes": [],
          "private": "eyJlMmJmYjczMC1lY2FhLTExZTYtOGY4OC0zNDM2M2JjN2M0YzAiOnsiY3JlYXRlIjoxMjAwMDAwMDAwMDAwLCJkZWxldGUiOjEyMDAwMDAwMDAwMDAsInVwZGF0ZSI6MTIwMDAwMDAwMDAwMH19",
          "dependencies": [
            "data.oci_identity_region_subscriptions.home",
            "module.wls.data.oci_containerengine_node_pool_option.wls",
            "module.wls.data.oci_core_vcn.oke",
            "module.wls.data.oci_identity_availability_domains.all",
            "module.wls.module.iam.data.oci_identity_tag_namespaces.wls",
            "module.wls.module.iam.data.oci_identity_tags.wls",
            "module.wls.module.iam.oci_identity_dynamic_group.wlsservers",
            "module.wls.module.iam.oci_identity_policy.wlsdomain",
            "module.wls.module.iam.oci_identity_tag.wls",
            "module.wls.module.iam.oci_identity_tag_namespace.wls",
            "module.wls.module.iam.time_sleep.await_iam_resources",
            "module.wls.module.load-balancer-backends.oci_load_balancer_backend_set.wls_lb_backendset",
            "module.wls.module.load-balancer.oci_load_balancer_load_balancer.wls_loadbalancer",
            "module.wls.module.network.oci_core_network_security_group.adminservers",
            "module.wls.module.network.oci_core_network_security_group.pub_lb",
            "module.wls.module.network.oci_core_network_security_group.wlsservers",
            "module.wls.module.network.oci_core_subnet.wls",
            "module.wls.module.wlsservers.data.cloudinit_config.wlsservers",
            "module.wls.module.wlsservers.data.oci_core_shapes.wls",
            "module.wls.module.wlsservers.data.oci_identity_fault_domains.all",
            "module.wls.module.wlsservers.oci_core_instance.wlsservers",
            "module.wls.random_string.state_id"
          ]
        }
      ]
    },
    {
      "module": "module.wls.module.load-balancer-backends[0]",
      "mode": "managed",
      "type": "oci_load_balancer_backend_set",
      "name": "wls_lb_backendset",
      "provider": "provider[\"registry.terraform.io/oracle/oci\"]",
      "instances": [
        {
          "index_key": 0,
          "schema_version": 0,
          "attributes": {
            "backend": [],
            "backend_max_connections": null,
            "health_checker": [
              {
                "interval_ms": 30000,
                "is_force_plain_text": false,
                "port": 8775,
                "protocol": "HTTP",
                "response_body_regex": ".*",
                "retries": 3,
                "return_code": 404,
                "timeout_in_millis": 3000,
                "url_path": "/"
              }
            ],
            "id": "loadBalancers/ocid1.loadbalancer.oc1.iad.aaaaaaaag3eduw4xrkt2wadky5ceqetqy4bhxkd4zpuehcaj7tjy3r2jz7fq/backendSets/testdomain-ektwqy-lb-backendset",
            "lb_cookie_session_persistence_configuration": [
              {
                "cookie_name": "X-Oracle-BMC-LBS-Route",
                "disable_fallback": false,
                "domain": "",
                "is_http_only": true,
                "is_secure": true,
                "max_age_in_seconds": 0,
                "path": "/"
              }
            ],
            "load_balancer_id": "ocid1.loadbalancer.oc1.iad.aaaaaaaag3eduw4xrkt2wadky5ceqetqy4bhxkd4zpuehcaj7tjy3r2jz7fq",
            "name": "testdomain-ektwqy-lb-backendset",
            "policy": "ROUND_ROBIN",
            "session_persistence_configuration": [],
            "ssl_configuration": [],
            "state": "SUCCEEDED",
            "timeouts": null
          },
          "sensitive_attributes": [],
          "private": "eyJlMmJmYjczMC1lY2FhLTExZTYtOGY4OC0zNDM2M2JjN2M0YzAiOnsiY3JlYXRlIjoxMjAwMDAwMDAwMDAwLCJkZWxldGUiOjEyMDAwMDAwMDAwMDAsInVwZGF0ZSI6MTIwMDAwMDAwMDAwMH19",
          "dependencies": [
            "data.oci_identity_region_subscriptions.home",
            "module.wls.data.oci_containerengine_node_pool_option.wls",
            "module.wls.data.oci_core_vcn.oke",
            "module.wls.data.oci_identity_availability_domains.all",
            "module.wls.module.iam.data.oci_identity_tag_namespaces.wls",
            "module.wls.module.iam.data.oci_identity_tags.wls",
            "module.wls.module.iam.oci_identity_dynamic_group.wlsservers",
            "module.wls.module.iam.oci_identity_policy.wlsdomain",
            "module.wls.module.iam.oci_identity_tag.wls",
            "module.wls.module.iam.oci_identity_tag_namespace.wls",
            "module.wls.module.iam.time_sleep.await_iam_resources",
            "module.wls.module.load-balancer.oci_load_balancer_load_balancer.wls_loadbalancer",
            "module.wls.module.network.oci_core_network_security_group.adminservers",
            "module.wls.module.network.oci_core_network_security_group.pub_lb",
            "module.wls.module.network.oci_core_network_security_group.wlsservers",
            "module.wls.module.network.oci_core_subnet.wls",
            "module.wls.module.wlsservers.data.cloudinit_config.wlsservers",
            "module.wls.module.wlsservers.data.oci_core_shapes.wls",
            "module.wls.module.wlsservers.data.oci_identity_fault_domains.all",
            "module.wls.module.wlsservers.oci_core_instance.wlsservers",
            "module.wls.random_string.state_id"
          ]
        }
      ]
    },
    {
      "module": "module.wls.module.load-balancer-backends[0]",
      "mode": "managed",
      "type": "oci_load_balancer_certificate",
      "name": "demo_certificate",
      "provider": "provider[\"registry.terraform.io/oracle/oci\"]",
      "instances": [
        {
          "index_key": 0,
          "schema_version": 0,
          "attributes": {
            "ca_certificate": null,
            "certificate_name": "testdomain_demo_cert",
            "id": "loadBalancers/ocid1.loadbalancer.oc1.iad.aaaaaaaag3eduw4xrkt2wadky5ceqetqy4bhxkd4zpuehcaj7tjy3r2jz7fq/certificates/testdomain_demo_cert",
            "load_balancer_id": "ocid1.loadbalancer.oc1.iad.aaaaaaaag3eduw4xrkt2wadky5ceqetqy4bhxkd4zpuehcaj7tjy3r2jz7fq",
            "passphrase": null,
            "private_key": "-----BEGIN RSA PRIVATE KEY-----\nMIIJJwIBAAKCAgEAz9kLPrDmoXCmvtO5tFUENrtnso71cKUQbwve9LJFF5gg7TqD\neD2NUI81dBQsWp/Ymd8V5mQpZScu+x1feSkKItdJZfW3gTRtazCBPPtJGiS/Uild\nOEyZnxe3j5a0xrIQ6qDLfvDhiGeP9rMmOmTFCH6Fowk/MaBhNEZYKZqyxDSKNRDD\nAyiG9VPso5Z8LOvoBIKGohfkb9zxR1bZESHRuH7GdzU0QQljaEwrxb0qPRat17h+\ngo+07dun/q4b/Bv0WdtzPMp3PHyYRe+358XyXHSI5cTYVFj6gV6ixlvIQax1r1z9\nlZ+qZUTYm3pID4HDgKscP5JkOnk+KGhOFMem3nTQ5QJn+3kwVS9vjjMO9/tdxZ4o\nbEncqtSuUcl/yGPWLfPUjMZ8ZnB2XpDt6eu7Yh/MuOpout3uaPJCyJJC92DMMz4t\n7GbHNMkP/ZMMhZBOshZetyQ2XUPZgAZgnkZhi4HDv5nchp8UI/RxWRA7Uu7CfHeC\nv3XwCeD1cWPkHDd4aQHsMGpn2fVCpyG1dHgsT+PCCFWAHZIKljFl3GT/bjwfjIG5\nE9oz+duvKo59OMNXekOBnAQ+iXg6SmWA6GoOmsyRLlfRi5Zm8JxyEVeMZO+Wab9b\nVyuoxxEOyYAxJUP/6ZSpFlqxGd8zqXnGFvdHzmpN6pOPGjsrAcb5/635QmUCAwEA\nAQKCAgA07n9Qndh+MKQmYOEgLa5/Ccbk0EdtQnwm640CIAw8b/+iqo4kpvhAFdh1\nEVYiVibhONDo9YUdP5dVWCuiPXNZYB5PGv56pxFehOHE1/HL+KPIlsQovEk7HN0g\nci7jkyF/vydT0qB9DnK5TvJjWJpdCWubE5XGW6OlnmyBW+Y+1WqFDRm8yitketT+\n7Cn/fqx9yYfj69W/LzM7CcEJ/eTc6Vw9q4z9KxjnzM4w83W4TPhEwbVmJpbbJF9q\nGokB8VSPNbXpO16WRty4os3g9qY8KWlbqn+1K1vQantlrKYZI4Rs/m+OFTVdyOSo\n48FKQa+6Ktlszyk7QvkzbSzFWfsColz2rDs7hDNZGvTDiuGf8+ieJEdxzKG6Lq60\nG4w6VWgoR9lRmaAjWTKybDzOcnkxUddgtJ7+VziNjAcoPR289hxBz8zXlL9XoNae\ng/5E9g+k0Z6DAPlXUHpYVBxcF0j7auF27sZOyG+5Q+hLvf+QDqXAMR7NSrLwHqvo\nC7cqh2jg+m3lePc3bobrjE5YNXKnYs+2v82NhpDTzfSWa3uf8j3YOt5a29QaHFrz\n6DwAHQBG40k8xdd3GdEeDwKtxoSHT1/nOj9I4bAcv1ECH92j02t2m4BgRW9XmJvq\n1JVvRDk3LT6luSGvvv5HRjP6/HvnBW8qujyBsgPO6tSMKSewwQKCAQEA2DkORQZ7\nJwPm64RqIa0QuXEBsAN37N3cCtkjbzUvtZLLkJYocDTcRO8g5mmuqrbf0n/IT8Yo\nCqhQqkYlzIdV+TWPOXybJLA6Hyy3hP9HIWTbOki+AEpnDi6Htntxm34s1UUI/27d\nlrHEakWi4d8dSNuBVAS6AMisRXXSeTWLmrCKwQCF7SaOxJJwh8I6SeDbe8mJDIuu\ntp5VIi2Fvm8AScQXrhy3PAAqCcWwOKvUk5KVoE+DTcw8+FFX4pFLjrEuSl/ZPXtS\nLJiDrk76Ldr4S6F8opNQIhzCHEBx3HVLAIXfcgtI1FbalrVDoR7D+Paq1p0Vq/Ao\ntRnwRZ0Tf2lYnQKCAQEA9hWRc+FOQ8XTnhxuZ2ILP7UV8moxArhUgN5+qU9x+M0J\nfEhHRXjyDX6oOUyiVwTB8OP8OwzLHUio8fz/9w/eVOMuXvcWJlfyiAwVg6+qCxS+\nNOf6jzGvr5VsHGiXhWo+/IxtxbHU2901bQDsKw7How1gNMdk/l5jQgs4lXkfKOwv\nEUve5zP5SVENSo8+LArGUnL/VqHUfQYvl5qu8ChhtWe4TiA/Im+5mk8ThKnILa1V\nuETW3PkkBFblUYECiHCxEsFKZO+ADDIG9+1CxbCCQGPSxtcAWkOi6cUOSHcrQZkY\nDjgIPnw5UkeDMmU6QraQnQOA+0QUPfuz7jafVyZyaQKCAQBHCT+p574wDDUibSdd\nFvmmovzV8d3FgQIYwkvE7mlVMvwT7XEtpAA12YYqjM/ooBoakwahRs3C6pdNyawD\nbPcO38zFKy3hONBvi4ZjeGbLDtKDbICXodoHq7vEdPvXBPX/vyV8ndTI/HA2Jdik\ncmOxmwP7MW5WcZc/Xr0eOzw5PwTm8aAOUJuY8y9rOqFhwjD5kzWmXIGy14PKrcAB\n13/1vCm3dxGv8bHd8ge6JqG5NfBYcacGuTHStw6zjd6P65/0qVa6vzg5FIY2jxXc\nWNM4Lb6/vrwV6PLQy09dCV/xtQm68wAjWsGHv9ePKIdj1M49ofALw+Pr07C/fiJ4\nuoh1AoIBAG8/+O3mYbeJ682DFPZwAJ3gg/d/woB0TN+ltqVcYS4Vo8An/PCPaP5o\n0Cx3VLz6TaNVrmYTto+alaYwtpc++UhvHDuagMz83Yxbyi4qcDlqO0M3zLKHx+Ed\nMC73qeiKy8boxYemiZCMRObuj9Y3bFFubpvtuN62VTE6WW5Zv5iEjhLHthHYEU7v\n8Y5Pi8/lXxtPGdhUePe8oC9tosC3wNR9+3h2Y5Rx5fq43R4Qk4ry3dncZTao+3tq\nvWlHZZnBOIw+Dh/rlnvs8fGLtbAhyADMIDH8aRBlm3ULvRVNqqSRTaq/8hotlsx3\nv/w8f0ZBuscBGoJ9mJkc/Y8n6ok/vGECggEAZtZOyUAatAAiab+csXFtGOImrUrw\nZMjZ0uxJxyDEknqPCkexQgH+HvubeGkMotztB1zzkdNbI+O3VZelDcEUEa2oBDZ6\n5Bm1D4wkio6NsvdjJhFHOrOSBHuIxLJVHXhexqP5Hhybyxc8swc+AoD61wSl8wK3\nZetOUdPeSctBqEb99daeNpQr5Z1H26oxS4GInbIJQzH+Qrd9cBQ62b/WpJuERMYv\nW7yfrTj+8laSs5UpIO1h7acM4u5NDMwIsckExTeCTv32piE22FfdcqczI5CDdNv3\nhgasZPnu6IXBTXmB/eohpE5+Y04Y/bFrFPJzwhQyUqNZjll1oO1ASYBheQ==\n-----END RSA PRIVATE KEY-----\n",
            "public_certificate": "-----BEGIN CERTIFICATE-----\nMIIFKDCCAxCgAwIBAgIQd2nXVlwnuQhVgklWuV6y8jANBgkqhkiG9w0BAQsFADA/\nMQ0wCwYDVQQKEwREZW1vMRkwFwYDVQQLExBGT1IgVEVTVElORyBPTkxZMRMwEQYD\nVQQDEwp0ZXN0ZG9tYWluMB4XDTI0MDgyOTAzNTYwMVoXDTI1MDgyOTAzNTYwMVow\nPzENMAsGA1UEChMERGVtbzEZMBcGA1UECxMQRk9SIFRFU1RJTkcgT05MWTETMBEG\nA1UEAxMKdGVzdGRvbWFpbjCCAiIwDQYJKoZIhvcNAQEBBQADggIPADCCAgoCggIB\nAM/ZCz6w5qFwpr7TubRVBDa7Z7KO9XClEG8L3vSyRReYIO06g3g9jVCPNXQULFqf\n2JnfFeZkKWUnLvsdX3kpCiLXSWX1t4E0bWswgTz7SRokv1IpXThMmZ8Xt4+WtMay\nEOqgy37w4Yhnj/azJjpkxQh+haMJPzGgYTRGWCmassQ0ijUQwwMohvVT7KOWfCzr\n6ASChqIX5G/c8UdW2REh0bh+xnc1NEEJY2hMK8W9Kj0Wrde4foKPtO3bp/6uG/wb\n9FnbczzKdzx8mEXvt+fF8lx0iOXE2FRY+oFeosZbyEGsda9c/ZWfqmVE2Jt6SA+B\nw4CrHD+SZDp5PihoThTHpt500OUCZ/t5MFUvb44zDvf7XcWeKGxJ3KrUrlHJf8hj\n1i3z1IzGfGZwdl6Q7enru2IfzLjqaLrd7mjyQsiSQvdgzDM+LexmxzTJD/2TDIWQ\nTrIWXrckNl1D2YAGYJ5GYYuBw7+Z3IafFCP0cVkQO1Luwnx3gr918Ang9XFj5Bw3\neGkB7DBqZ9n1QqchtXR4LE/jwghVgB2SCpYxZdxk/248H4yBuRPaM/nbryqOfTjD\nV3pDgZwEPol4OkplgOhqDprMkS5X0YuWZvCcchFXjGTvlmm/W1crqMcRDsmAMSVD\n/+mUqRZasRnfM6l5xhb3R85qTeqTjxo7KwHG+f+t+UJlAgMBAAGjIDAeMA4GA1Ud\nDwEB/wQEAwIBhjAMBgNVHRMBAf8EAjAAMA0GCSqGSIb3DQEBCwUAA4ICAQB9oELw\n6dFahDf76K7WdLKfXKWkBiV5h+KItW//XXgJUxZXVeH7ZSQj0t7oCG4wRxTjlfv/\ndrVkQUWW4V2ooWduUacwKIU1AAnulgnFYSY1GsYCFhu1U18JcQ2P5tCslIE3mq8p\n3+jl7FRpwzuUSlZ8mvq3iEJ+v6qpkRGRekIsOv4aR72si8H8EyjnHIg7bL9Cbrgz\n80sCn68Eg+W7uRwjWFZy7bhoiH7SSbONu3tyiLdXBw7dX98HW7cS5y1nqIMhLPDI\n9vHLiie6qFY5n6CGAqXbEOx7fCVRva1BixdC8zog4rAiunZ+xYebgtHLt2xn7whx\nqmaKGBhgFUlem5HiFU3e1k/z0iv7MmKbRLtpgwdsfgcsNRAuiyfiSmDcYDXDbRUW\n1bQfvdmh+saFaLjL00BJiCroqllBeQILhwHKqjagFhfLQAi7KICgDpBG4VEPvpkr\ngifyqNKMNRgkLAtLsahxF0QpVYfDq2Kio/zfau9BhuqTaH2f9wfzVPg0VbT3IstX\nQAYpxi+Gc57AR6KEXTLz8uIAgREUCR7KA0JoOPnMYPibG1PcPYchAFoDjo0KgLdP\n1GVY79DaGUXX/+2DHDMM8sVbC8+w3hM5ZpAIUobZEvpwEgsfyMVMPPHkl7yPZeEz\nHRrhelSaVu7P3f+5dA37lhPGduuf1/8umJzn4Q==\n-----END CERTIFICATE-----\n",
            "state": "SUCCEEDED",
            "timeouts": null
          },
          "sensitive_attributes": [
            [
              {
                "type": "get_attr",
                "value": "private_key"
              }
            ]
          ],
          "private": "eyJlMmJmYjczMC1lY2FhLTExZTYtOGY4OC0zNDM2M2JjN2M0YzAiOnsiY3JlYXRlIjoxMjAwMDAwMDAwMDAwLCJkZWxldGUiOjEyMDAwMDAwMDAwMDAsInVwZGF0ZSI6MTIwMDAwMDAwMDAwMH19",
          "dependencies": [
            "module.wls.data.oci_core_vcn.oke",
            "module.wls.module.drg.data.oci_core_drgs.drg_data",
            "module.wls.module.drg.oci_core_drg.drg",
            "module.wls.module.load-balancer-backends.tls_private_key.ss_private_key",
            "module.wls.module.load-balancer-backends.tls_self_signed_cert.demo_cert",
            "module.wls.module.load-balancer.oci_load_balancer_load_balancer.wls_loadbalancer",
            "module.wls.module.network.oci_core_network_security_group.pub_lb",
            "module.wls.module.vcn.data.oci_core_services.all_oci_services",
            "module.wls.module.vcn.module.subnet.data.oci_core_dhcp_options.dhcp_options",
            "module.wls.module.vcn.module.subnet.oci_core_subnet.vcn_subnet",
            "module.wls.module.vcn.oci_core_default_security_list.lockdown",
            "module.wls.module.vcn.oci_core_default_security_list.restore_default",
            "module.wls.module.vcn.oci_core_internet_gateway.ig",
            "module.wls.module.vcn.oci_core_local_peering_gateway.lpg",
            "module.wls.module.vcn.oci_core_nat_gateway.nat_gateway",
            "module.wls.module.vcn.oci_core_route_table.ig",
            "module.wls.module.vcn.oci_core_route_table.nat",
            "module.wls.module.vcn.oci_core_route_table.service_gw",
            "module.wls.module.vcn.oci_core_service_gateway.service_gateway",
            "module.wls.module.vcn.oci_core_vcn.vcn",
            "module.wls.random_string.state_id"
          ],
          "create_before_destroy": true
        }
      ]
    },
    {
      "module": "module.wls.module.load-balancer-backends[0]",
      "mode": "managed",
      "type": "oci_load_balancer_listener",
      "name": "wls_lb_listener_https",
      "provider": "provider[\"registry.terraform.io/oracle/oci\"]",
      "instances": [
        {
          "index_key": 0,
          "schema_version": 0,
          "attributes": {
            "connection_configuration": [
              {
                "backend_tcp_proxy_protocol_version": 0,
                "idle_timeout_in_seconds": "10"
              }
            ],
            "default_backend_set_name": "testdomain-ektwqy-lb-backendset",
            "hostname_names": [],
            "id": "loadBalancers/ocid1.loadbalancer.oc1.iad.aaaaaaaag3eduw4xrkt2wadky5ceqetqy4bhxkd4zpuehcaj7tjy3r2jz7fq/listeners/testdomain-ektwqy_https",
            "load_balancer_id": "ocid1.loadbalancer.oc1.iad.aaaaaaaag3eduw4xrkt2wadky5ceqetqy4bhxkd4zpuehcaj7tjy3r2jz7fq",
            "name": "testdomain-ektwqy_https",
            "path_route_set_name": null,
            "port": 443,
            "protocol": "HTTP",
            "routing_policy_name": null,
            "rule_set_names": [
              "testdomain_SSLHeaders"
            ],
            "ssl_configuration": [
              {
                "certificate_ids": null,
                "certificate_name": "testdomain_demo_cert",
                "cipher_suite_name": "oci-default-ssl-cipher-suite-v1",
                "has_session_resumption": false,
                "protocols": [
                  "TLSv1.2"
                ],
                "server_order_preference": "ENABLED",
                "trusted_certificate_authority_ids": null,
                "verify_depth": 5,
                "verify_peer_certificate": false
              }
            ],
            "state": "SUCCEEDED",
            "timeouts": null
          },
          "sensitive_attributes": [],
          "private": "eyJlMmJmYjczMC1lY2FhLTExZTYtOGY4OC0zNDM2M2JjN2M0YzAiOnsiY3JlYXRlIjoxMjAwMDAwMDAwMDAwLCJkZWxldGUiOjEyMDAwMDAwMDAwMDAsInVwZGF0ZSI6MTIwMDAwMDAwMDAwMH19",
          "dependencies": [
            "data.oci_identity_region_subscriptions.home",
            "module.wls.data.oci_containerengine_node_pool_option.wls",
            "module.wls.data.oci_core_vcn.oke",
            "module.wls.data.oci_identity_availability_domains.all",
            "module.wls.module.iam.data.oci_identity_tag_namespaces.wls",
            "module.wls.module.iam.data.oci_identity_tags.wls",
            "module.wls.module.iam.oci_identity_dynamic_group.wlsservers",
            "module.wls.module.iam.oci_identity_policy.wlsdomain",
            "module.wls.module.iam.oci_identity_tag.wls",
            "module.wls.module.iam.oci_identity_tag_namespace.wls",
            "module.wls.module.iam.time_sleep.await_iam_resources",
            "module.wls.module.load-balancer-backends.oci_load_balancer_backend_set.wls_lb_backendset",
            "module.wls.module.load-balancer-backends.oci_load_balancer_certificate.demo_certificate",
            "module.wls.module.load-balancer-backends.oci_load_balancer_rule_set.SSL_headers",
            "module.wls.module.load-balancer.oci_load_balancer_load_balancer.wls_loadbalancer",
            "module.wls.module.network.oci_core_network_security_group.adminservers",
            "module.wls.module.network.oci_core_network_security_group.pub_lb",
            "module.wls.module.network.oci_core_network_security_group.wlsservers",
            "module.wls.module.network.oci_core_subnet.wls",
            "module.wls.module.wlsservers.data.cloudinit_config.wlsservers",
            "module.wls.module.wlsservers.data.oci_core_shapes.wls",
            "module.wls.module.wlsservers.data.oci_identity_fault_domains.all",
            "module.wls.module.wlsservers.oci_core_instance.wlsservers",
            "module.wls.random_string.state_id"
          ]
        }
      ]
    },
    {
      "module": "module.wls.module.load-balancer-backends[0]",
      "mode": "managed",
      "type": "oci_load_balancer_rule_set",
      "name": "SSL_headers",
      "provider": "provider[\"registry.terraform.io/oracle/oci\"]",
      "instances": [
        {
          "index_key": 0,
          "schema_version": 0,
          "attributes": {
            "id": "loadBalancers/ocid1.loadbalancer.oc1.iad.aaaaaaaag3eduw4xrkt2wadky5ceqetqy4bhxkd4zpuehcaj7tjy3r2jz7fq/ruleSets/testdomain_SSLHeaders",
            "items": [
              {
                "action": "ADD_HTTP_REQUEST_HEADER",
                "allowed_methods": [],
                "are_invalid_characters_allowed": false,
                "conditions": [],
                "default_max_connections": 0,
                "description": "",
                "header": "WL-Proxy-SSL",
                "http_large_header_size_in_kb": 0,
                "ip_max_connections": [],
                "prefix": "",
                "redirect_uri": [],
                "response_code": 0,
                "status_code": 0,
                "suffix": "",
                "value": "true"
              },
              {
                "action": "ADD_HTTP_REQUEST_HEADER",
                "allowed_methods": [],
                "are_invalid_characters_allowed": false,
                "conditions": [],
                "default_max_connections": 0,
                "description": "",
                "header": "is_ssl",
                "http_large_header_size_in_kb": 0,
                "ip_max_connections": [],
                "prefix": "",
                "redirect_uri": [],
                "response_code": 0,
                "status_code": 0,
                "suffix": "",
                "value": "ssl"
              }
            ],
            "load_balancer_id": "ocid1.loadbalancer.oc1.iad.aaaaaaaag3eduw4xrkt2wadky5ceqetqy4bhxkd4zpuehcaj7tjy3r2jz7fq",
            "name": "testdomain_SSLHeaders",
            "state": "SUCCEEDED",
            "timeouts": null
          },
          "sensitive_attributes": [],
          "private": "eyJlMmJmYjczMC1lY2FhLTExZTYtOGY4OC0zNDM2M2JjN2M0YzAiOnsiY3JlYXRlIjoxMjAwMDAwMDAwMDAwLCJkZWxldGUiOjEyMDAwMDAwMDAwMDAsInVwZGF0ZSI6MTIwMDAwMDAwMDAwMH19",
          "dependencies": [
            "module.wls.data.oci_core_vcn.oke",
            "module.wls.module.drg.data.oci_core_drgs.drg_data",
            "module.wls.module.drg.oci_core_drg.drg",
            "module.wls.module.load-balancer.oci_load_balancer_load_balancer.wls_loadbalancer",
            "module.wls.module.network.oci_core_network_security_group.pub_lb",
            "module.wls.module.vcn.data.oci_core_services.all_oci_services",
            "module.wls.module.vcn.module.subnet.data.oci_core_dhcp_options.dhcp_options",
            "module.wls.module.vcn.module.subnet.oci_core_subnet.vcn_subnet",
            "module.wls.module.vcn.oci_core_default_security_list.lockdown",
            "module.wls.module.vcn.oci_core_default_security_list.restore_default",
            "module.wls.module.vcn.oci_core_internet_gateway.ig",
            "module.wls.module.vcn.oci_core_local_peering_gateway.lpg",
            "module.wls.module.vcn.oci_core_nat_gateway.nat_gateway",
            "module.wls.module.vcn.oci_core_route_table.ig",
            "module.wls.module.vcn.oci_core_route_table.nat",
            "module.wls.module.vcn.oci_core_route_table.service_gw",
            "module.wls.module.vcn.oci_core_service_gateway.service_gateway",
            "module.wls.module.vcn.oci_core_vcn.vcn",
            "module.wls.random_string.state_id"
          ]
        }
      ]
    },
    {
      "module": "module.wls.module.load-balancer-backends[0]",
      "mode": "managed",
      "type": "tls_private_key",
      "name": "ss_private_key",
      "provider": "provider[\"registry.terraform.io/hashicorp/tls\"]",
      "instances": [
        {
          "index_key": 0,
          "schema_version": 1,
          "attributes": {
            "algorithm": "RSA",
            "ecdsa_curve": "P224",
            "id": "936ac60ce877cf3f85771584ac0296844de37bb3",
            "private_key_openssh": "-----BEGIN OPENSSH PRIVATE KEY-----\nb3BlbnNzaC1rZXktdjEAAAAABG5vbmUAAAAEbm9uZQAAAAAAAAABAAACFwAAAAdz\nc2gtcnNhAAAAAwEAAQAAAgEAz9kLPrDmoXCmvtO5tFUENrtnso71cKUQbwve9LJF\nF5gg7TqDeD2NUI81dBQsWp/Ymd8V5mQpZScu+x1feSkKItdJZfW3gTRtazCBPPtJ\nGiS/UildOEyZnxe3j5a0xrIQ6qDLfvDhiGeP9rMmOmTFCH6Fowk/MaBhNEZYKZqy\nxDSKNRDDAyiG9VPso5Z8LOvoBIKGohfkb9zxR1bZESHRuH7GdzU0QQljaEwrxb0q\nPRat17h+go+07dun/q4b/Bv0WdtzPMp3PHyYRe+358XyXHSI5cTYVFj6gV6ixlvI\nQax1r1z9lZ+qZUTYm3pID4HDgKscP5JkOnk+KGhOFMem3nTQ5QJn+3kwVS9vjjMO\n9/tdxZ4obEncqtSuUcl/yGPWLfPUjMZ8ZnB2XpDt6eu7Yh/MuOpout3uaPJCyJJC\n92DMMz4t7GbHNMkP/ZMMhZBOshZetyQ2XUPZgAZgnkZhi4HDv5nchp8UI/RxWRA7\nUu7CfHeCv3XwCeD1cWPkHDd4aQHsMGpn2fVCpyG1dHgsT+PCCFWAHZIKljFl3GT/\nbjwfjIG5E9oz+duvKo59OMNXekOBnAQ+iXg6SmWA6GoOmsyRLlfRi5Zm8JxyEVeM\nZO+Wab9bVyuoxxEOyYAxJUP/6ZSpFlqxGd8zqXnGFvdHzmpN6pOPGjsrAcb5/635\nQmUAAAc4koZV8ZKGVfEAAAAHc3NoLXJzYQAAAgEAz9kLPrDmoXCmvtO5tFUENrtn\nso71cKUQbwve9LJFF5gg7TqDeD2NUI81dBQsWp/Ymd8V5mQpZScu+x1feSkKItdJ\nZfW3gTRtazCBPPtJGiS/UildOEyZnxe3j5a0xrIQ6qDLfvDhiGeP9rMmOmTFCH6F\nowk/MaBhNEZYKZqyxDSKNRDDAyiG9VPso5Z8LOvoBIKGohfkb9zxR1bZESHRuH7G\ndzU0QQljaEwrxb0qPRat17h+go+07dun/q4b/Bv0WdtzPMp3PHyYRe+358XyXHSI\n5cTYVFj6gV6ixlvIQax1r1z9lZ+qZUTYm3pID4HDgKscP5JkOnk+KGhOFMem3nTQ\n5QJn+3kwVS9vjjMO9/tdxZ4obEncqtSuUcl/yGPWLfPUjMZ8ZnB2XpDt6eu7Yh/M\nuOpout3uaPJCyJJC92DMMz4t7GbHNMkP/ZMMhZBOshZetyQ2XUPZgAZgnkZhi4HD\nv5nchp8UI/RxWRA7Uu7CfHeCv3XwCeD1cWPkHDd4aQHsMGpn2fVCpyG1dHgsT+PC\nCFWAHZIKljFl3GT/bjwfjIG5E9oz+duvKo59OMNXekOBnAQ+iXg6SmWA6GoOmsyR\nLlfRi5Zm8JxyEVeMZO+Wab9bVyuoxxEOyYAxJUP/6ZSpFlqxGd8zqXnGFvdHzmpN\n6pOPGjsrAcb5/635QmUAAAADAQABAAACADTuf1Cd2H4wpCZg4SAtrn8JxuTQR21C\nfCbrjQIgDDxv/6KqjiSm+EAV2HURViJWJuE40Oj1hR0/l1VYK6I9c1lgHk8a/nqn\nEV6E4cTX8cv4o8iWxCi8STsc3SByLuOTIX+/J1PSoH0OcrlO8mNYml0Ja5sTlcZb\no6WebIFb5j7VaoUNGbzKK2R61P7sKf9+rH3Jh+Pr1b8vMzsJwQn95NzpXD2rjP0r\nGOfMzjDzdbhM+ETBtWYmltskX2oaiQHxVI81tek7XpZG3LiizeD2pjwpaVuqf7Ur\nW9Bqe2WsphkjhGz+b44VNV3I5KjjwUpBr7oq2WzPKTtC+TNtLMVZ+wKiXPasOzuE\nM1ka9MOK4Z/z6J4kR3HMobourrQbjDpVaChH2VGZoCNZMrJsPM5yeTFR12C0nv5X\nOI2MByg9Hbz2HEHPzNeUv1eg1p6D/kT2D6TRnoMA+VdQelhUHFwXSPtq4Xbuxk7I\nb7lD6Eu9/5AOpcAxHs1KsvAeq+gLtyqHaOD6beV49zduhuuMTlg1cqdiz7a/zY2G\nkNPN9JZre5/yPdg63lrb1BocWvPoPAAdAEbjSTzF13cZ0R4PAq3GhIdPX+c6P0jh\nsBy/UQIf3aPTa3abgGBFb1eYm+rUlW9EOTctPqW5Ia++/kdGM/r8e+cFbyq6PIGy\nA87q1IwpJ7DBAAABAGbWTslAGrQAImm/nLFxbRjiJq1K8GTI2dLsSccgxJJ6jwpH\nsUIB/h77m3hpDKLc7Qdc85HTWyPjt1WXpQ3BFBGtqAQ2euQZtQ+MJIqOjbL3YyYR\nRzqzkgR7iMSyVR14Xsaj+R4cm8sXPLMHPgKA+tcEpfMCt2XrTlHT3knLQahG/fXW\nnjaUK+WdR9uqMUuBiJ2yCUMx/kK3fXAUOtm/1qSbhETGL1u8n604/vJWkrOVKSDt\nYe2nDOLuTQzMCLHJBMU3gk799qYhNthX3XKnMyOQg3Tb94YGrGT57uiFwU15gf3q\nIaROfmNOGP2xaxTyc8IUMlKjWY5ZdaDtQEmAYXkAAAEBANg5DkUGeycD5uuEaiGt\nELlxAbADd+zd3ArZI281L7WSy5CWKHA03ETvIOZprqq239J/yE/GKAqoUKpGJcyH\nVfk1jzl8mySwOh8st4T/RyFk2zpIvgBKZw4uh7Z7cZt+LNVFCP9u3ZaxxGpFouHf\nHUjbgVQEugDIrEV10nk1i5qwisEAhe0mjsSScIfCOkng23vJiQyLrraeVSIthb5v\nAEnEF64ctzwAKgnFsDir1JOSlaBPg03MPPhRV+KRS46xLkpf2T17UiyYg65O+i3a\n+EuhfKKTUCIcwhxAcdx1SwCF33ILSNRW2pa1Q6Eew/j2qtadFavwKLUZ8EWdE39p\nWJ0AAAEBAPYVkXPhTkPF054cbmdiCz+1FfJqMQK4VIDefqlPcfjNCXxIR0V48g1+\nqDlMolcEwfDj/DsMyx1IqPH8//cP3lTjLl73FiZX8ogMFYOvqgsUvjTn+o8xr6+V\nbBxol4VqPvyMbcWx1NvdNW0A7CsOx6MNYDTHZP5eY0ILOJV5HyjsLxFL3ucz+UlR\nDUqPPiwKxlJy/1ah1H0GL5earvAoYbVnuE4gPyJvuZpPE4SpyC2tVbhE1tz5JARW\n5VGBAohwsRLBSmTvgAwyBvftQsWwgkBj0sbXAFpDounFDkh3K0GZGA44CD58OVJH\ngzJlOkK2kJ0DgPtEFD37s+42n1cmcmkAAAAAAQID\n-----END OPENSSH PRIVATE KEY-----\n",
            "private_key_pem": "-----BEGIN RSA PRIVATE KEY-----\nMIIJJwIBAAKCAgEAz9kLPrDmoXCmvtO5tFUENrtnso71cKUQbwve9LJFF5gg7TqD\neD2NUI81dBQsWp/Ymd8V5mQpZScu+x1feSkKItdJZfW3gTRtazCBPPtJGiS/Uild\nOEyZnxe3j5a0xrIQ6qDLfvDhiGeP9rMmOmTFCH6Fowk/MaBhNEZYKZqyxDSKNRDD\nAyiG9VPso5Z8LOvoBIKGohfkb9zxR1bZESHRuH7GdzU0QQljaEwrxb0qPRat17h+\ngo+07dun/q4b/Bv0WdtzPMp3PHyYRe+358XyXHSI5cTYVFj6gV6ixlvIQax1r1z9\nlZ+qZUTYm3pID4HDgKscP5JkOnk+KGhOFMem3nTQ5QJn+3kwVS9vjjMO9/tdxZ4o\nbEncqtSuUcl/yGPWLfPUjMZ8ZnB2XpDt6eu7Yh/MuOpout3uaPJCyJJC92DMMz4t\n7GbHNMkP/ZMMhZBOshZetyQ2XUPZgAZgnkZhi4HDv5nchp8UI/RxWRA7Uu7CfHeC\nv3XwCeD1cWPkHDd4aQHsMGpn2fVCpyG1dHgsT+PCCFWAHZIKljFl3GT/bjwfjIG5\nE9oz+duvKo59OMNXekOBnAQ+iXg6SmWA6GoOmsyRLlfRi5Zm8JxyEVeMZO+Wab9b\nVyuoxxEOyYAxJUP/6ZSpFlqxGd8zqXnGFvdHzmpN6pOPGjsrAcb5/635QmUCAwEA\nAQKCAgA07n9Qndh+MKQmYOEgLa5/Ccbk0EdtQnwm640CIAw8b/+iqo4kpvhAFdh1\nEVYiVibhONDo9YUdP5dVWCuiPXNZYB5PGv56pxFehOHE1/HL+KPIlsQovEk7HN0g\nci7jkyF/vydT0qB9DnK5TvJjWJpdCWubE5XGW6OlnmyBW+Y+1WqFDRm8yitketT+\n7Cn/fqx9yYfj69W/LzM7CcEJ/eTc6Vw9q4z9KxjnzM4w83W4TPhEwbVmJpbbJF9q\nGokB8VSPNbXpO16WRty4os3g9qY8KWlbqn+1K1vQantlrKYZI4Rs/m+OFTVdyOSo\n48FKQa+6Ktlszyk7QvkzbSzFWfsColz2rDs7hDNZGvTDiuGf8+ieJEdxzKG6Lq60\nG4w6VWgoR9lRmaAjWTKybDzOcnkxUddgtJ7+VziNjAcoPR289hxBz8zXlL9XoNae\ng/5E9g+k0Z6DAPlXUHpYVBxcF0j7auF27sZOyG+5Q+hLvf+QDqXAMR7NSrLwHqvo\nC7cqh2jg+m3lePc3bobrjE5YNXKnYs+2v82NhpDTzfSWa3uf8j3YOt5a29QaHFrz\n6DwAHQBG40k8xdd3GdEeDwKtxoSHT1/nOj9I4bAcv1ECH92j02t2m4BgRW9XmJvq\n1JVvRDk3LT6luSGvvv5HRjP6/HvnBW8qujyBsgPO6tSMKSewwQKCAQEA2DkORQZ7\nJwPm64RqIa0QuXEBsAN37N3cCtkjbzUvtZLLkJYocDTcRO8g5mmuqrbf0n/IT8Yo\nCqhQqkYlzIdV+TWPOXybJLA6Hyy3hP9HIWTbOki+AEpnDi6Htntxm34s1UUI/27d\nlrHEakWi4d8dSNuBVAS6AMisRXXSeTWLmrCKwQCF7SaOxJJwh8I6SeDbe8mJDIuu\ntp5VIi2Fvm8AScQXrhy3PAAqCcWwOKvUk5KVoE+DTcw8+FFX4pFLjrEuSl/ZPXtS\nLJiDrk76Ldr4S6F8opNQIhzCHEBx3HVLAIXfcgtI1FbalrVDoR7D+Paq1p0Vq/Ao\ntRnwRZ0Tf2lYnQKCAQEA9hWRc+FOQ8XTnhxuZ2ILP7UV8moxArhUgN5+qU9x+M0J\nfEhHRXjyDX6oOUyiVwTB8OP8OwzLHUio8fz/9w/eVOMuXvcWJlfyiAwVg6+qCxS+\nNOf6jzGvr5VsHGiXhWo+/IxtxbHU2901bQDsKw7How1gNMdk/l5jQgs4lXkfKOwv\nEUve5zP5SVENSo8+LArGUnL/VqHUfQYvl5qu8ChhtWe4TiA/Im+5mk8ThKnILa1V\nuETW3PkkBFblUYECiHCxEsFKZO+ADDIG9+1CxbCCQGPSxtcAWkOi6cUOSHcrQZkY\nDjgIPnw5UkeDMmU6QraQnQOA+0QUPfuz7jafVyZyaQKCAQBHCT+p574wDDUibSdd\nFvmmovzV8d3FgQIYwkvE7mlVMvwT7XEtpAA12YYqjM/ooBoakwahRs3C6pdNyawD\nbPcO38zFKy3hONBvi4ZjeGbLDtKDbICXodoHq7vEdPvXBPX/vyV8ndTI/HA2Jdik\ncmOxmwP7MW5WcZc/Xr0eOzw5PwTm8aAOUJuY8y9rOqFhwjD5kzWmXIGy14PKrcAB\n13/1vCm3dxGv8bHd8ge6JqG5NfBYcacGuTHStw6zjd6P65/0qVa6vzg5FIY2jxXc\nWNM4Lb6/vrwV6PLQy09dCV/xtQm68wAjWsGHv9ePKIdj1M49ofALw+Pr07C/fiJ4\nuoh1AoIBAG8/+O3mYbeJ682DFPZwAJ3gg/d/woB0TN+ltqVcYS4Vo8An/PCPaP5o\n0Cx3VLz6TaNVrmYTto+alaYwtpc++UhvHDuagMz83Yxbyi4qcDlqO0M3zLKHx+Ed\nMC73qeiKy8boxYemiZCMRObuj9Y3bFFubpvtuN62VTE6WW5Zv5iEjhLHthHYEU7v\n8Y5Pi8/lXxtPGdhUePe8oC9tosC3wNR9+3h2Y5Rx5fq43R4Qk4ry3dncZTao+3tq\nvWlHZZnBOIw+Dh/rlnvs8fGLtbAhyADMIDH8aRBlm3ULvRVNqqSRTaq/8hotlsx3\nv/w8f0ZBuscBGoJ9mJkc/Y8n6ok/vGECggEAZtZOyUAatAAiab+csXFtGOImrUrw\nZMjZ0uxJxyDEknqPCkexQgH+HvubeGkMotztB1zzkdNbI+O3VZelDcEUEa2oBDZ6\n5Bm1D4wkio6NsvdjJhFHOrOSBHuIxLJVHXhexqP5Hhybyxc8swc+AoD61wSl8wK3\nZetOUdPeSctBqEb99daeNpQr5Z1H26oxS4GInbIJQzH+Qrd9cBQ62b/WpJuERMYv\nW7yfrTj+8laSs5UpIO1h7acM4u5NDMwIsckExTeCTv32piE22FfdcqczI5CDdNv3\nhgasZPnu6IXBTXmB/eohpE5+Y04Y/bFrFPJzwhQyUqNZjll1oO1ASYBheQ==\n-----END RSA PRIVATE KEY-----\n",
            "private_key_pem_pkcs8": "-----BEGIN PRIVATE KEY-----\nMIIJQQIBADANBgkqhkiG9w0BAQEFAASCCSswggknAgEAAoICAQDP2Qs+sOahcKa+\n07m0VQQ2u2eyjvVwpRBvC970skUXmCDtOoN4PY1QjzV0FCxan9iZ3xXmZCllJy77\nHV95KQoi10ll9beBNG1rMIE8+0kaJL9SKV04TJmfF7ePlrTGshDqoMt+8OGIZ4/2\nsyY6ZMUIfoWjCT8xoGE0RlgpmrLENIo1EMMDKIb1U+yjlnws6+gEgoaiF+Rv3PFH\nVtkRIdG4fsZ3NTRBCWNoTCvFvSo9Fq3XuH6Cj7Tt26f+rhv8G/RZ23M8ync8fJhF\n77fnxfJcdIjlxNhUWPqBXqLGW8hBrHWvXP2Vn6plRNibekgPgcOAqxw/kmQ6eT4o\naE4Ux6bedNDlAmf7eTBVL2+OMw73+13FnihsSdyq1K5RyX/IY9Yt89SMxnxmcHZe\nkO3p67tiH8y46mi63e5o8kLIkkL3YMwzPi3sZsc0yQ/9kwyFkE6yFl63JDZdQ9mA\nBmCeRmGLgcO/mdyGnxQj9HFZEDtS7sJ8d4K/dfAJ4PVxY+QcN3hpAewwamfZ9UKn\nIbV0eCxP48IIVYAdkgqWMWXcZP9uPB+MgbkT2jP5268qjn04w1d6Q4GcBD6JeDpK\nZYDoag6azJEuV9GLlmbwnHIRV4xk75Zpv1tXK6jHEQ7JgDElQ//plKkWWrEZ3zOp\necYW90fOak3qk48aOysBxvn/rflCZQIDAQABAoICADTuf1Cd2H4wpCZg4SAtrn8J\nxuTQR21CfCbrjQIgDDxv/6KqjiSm+EAV2HURViJWJuE40Oj1hR0/l1VYK6I9c1lg\nHk8a/nqnEV6E4cTX8cv4o8iWxCi8STsc3SByLuOTIX+/J1PSoH0OcrlO8mNYml0J\na5sTlcZbo6WebIFb5j7VaoUNGbzKK2R61P7sKf9+rH3Jh+Pr1b8vMzsJwQn95Nzp\nXD2rjP0rGOfMzjDzdbhM+ETBtWYmltskX2oaiQHxVI81tek7XpZG3LiizeD2pjwp\naVuqf7UrW9Bqe2WsphkjhGz+b44VNV3I5KjjwUpBr7oq2WzPKTtC+TNtLMVZ+wKi\nXPasOzuEM1ka9MOK4Z/z6J4kR3HMobourrQbjDpVaChH2VGZoCNZMrJsPM5yeTFR\n12C0nv5XOI2MByg9Hbz2HEHPzNeUv1eg1p6D/kT2D6TRnoMA+VdQelhUHFwXSPtq\n4Xbuxk7Ib7lD6Eu9/5AOpcAxHs1KsvAeq+gLtyqHaOD6beV49zduhuuMTlg1cqdi\nz7a/zY2GkNPN9JZre5/yPdg63lrb1BocWvPoPAAdAEbjSTzF13cZ0R4PAq3GhIdP\nX+c6P0jhsBy/UQIf3aPTa3abgGBFb1eYm+rUlW9EOTctPqW5Ia++/kdGM/r8e+cF\nbyq6PIGyA87q1IwpJ7DBAoIBAQDYOQ5FBnsnA+brhGohrRC5cQGwA3fs3dwK2SNv\nNS+1ksuQlihwNNxE7yDmaa6qtt/Sf8hPxigKqFCqRiXMh1X5NY85fJsksDofLLeE\n/0chZNs6SL4ASmcOLoe2e3GbfizVRQj/bt2WscRqRaLh3x1I24FUBLoAyKxFddJ5\nNYuasIrBAIXtJo7EknCHwjpJ4Nt7yYkMi662nlUiLYW+bwBJxBeuHLc8ACoJxbA4\nq9STkpWgT4NNzDz4UVfikUuOsS5KX9k9e1IsmIOuTvot2vhLoXyik1AiHMIcQHHc\ndUsAhd9yC0jUVtqWtUOhHsP49qrWnRWr8Ci1GfBFnRN/aVidAoIBAQD2FZFz4U5D\nxdOeHG5nYgs/tRXyajECuFSA3n6pT3H4zQl8SEdFePINfqg5TKJXBMHw4/w7DMsd\nSKjx/P/3D95U4y5e9xYmV/KIDBWDr6oLFL405/qPMa+vlWwcaJeFaj78jG3FsdTb\n3TVtAOwrDsejDWA0x2T+XmNCCziVeR8o7C8RS97nM/lJUQ1Kjz4sCsZScv9WodR9\nBi+Xmq7wKGG1Z7hOID8ib7maTxOEqcgtrVW4RNbc+SQEVuVRgQKIcLESwUpk74AM\nMgb37ULFsIJAY9LG1wBaQ6LpxQ5IdytBmRgOOAg+fDlSR4MyZTpCtpCdA4D7RBQ9\n+7PuNp9XJnJpAoIBAEcJP6nnvjAMNSJtJ10W+aai/NXx3cWBAhjCS8TuaVUy/BPt\ncS2kADXZhiqMz+igGhqTBqFGzcLql03JrANs9w7fzMUrLeE40G+LhmN4ZssO0oNs\ngJeh2geru8R0+9cE9f+/JXyd1Mj8cDYl2KRyY7GbA/sxblZxlz9evR47PDk/BObx\noA5Qm5jzL2s6oWHCMPmTNaZcgbLXg8qtwAHXf/W8Kbd3Ea/xsd3yB7omobk18Fhx\npwa5MdK3DrON3o/rn/SpVrq/ODkUhjaPFdxY0zgtvr++vBXo8tDLT10JX/G1Cbrz\nACNawYe/148oh2PUzj2h8AvD4+vTsL9+Ini6iHUCggEAbz/47eZht4nrzYMU9nAA\nneCD93/CgHRM36W2pVxhLhWjwCf88I9o/mjQLHdUvPpNo1WuZhO2j5qVpjC2lz75\nSG8cO5qAzPzdjFvKLipwOWo7QzfMsofH4R0wLvep6IrLxujFh6aJkIxE5u6P1jds\nUW5um+243rZVMTpZblm/mISOEse2EdgRTu/xjk+Lz+VfG08Z2FR497ygL22iwLfA\n1H37eHZjlHHl+rjdHhCTivLd2dxlNqj7e2q9aUdlmcE4jD4OH+uWe+zx8Yu1sCHI\nAMwgMfxpEGWbdQu9FU2qpJFNqr/yGi2WzHe//Dx/RkG6xwEagn2YmRz9jyfqiT+8\nYQKCAQBm1k7JQBq0ACJpv5yxcW0Y4iatSvBkyNnS7EnHIMSSeo8KR7FCAf4e+5t4\naQyi3O0HXPOR01sj47dVl6UNwRQRragENnrkGbUPjCSKjo2y92MmEUc6s5IEe4jE\nslUdeF7Go/keHJvLFzyzBz4CgPrXBKXzArdl605R095Jy0GoRv311p42lCvlnUfb\nqjFLgYidsglDMf5Ct31wFDrZv9akm4RExi9bvJ+tOP7yVpKzlSkg7WHtpwzi7k0M\nzAixyQTFN4JO/famITbYV91ypzMjkIN02/eGBqxk+e7ohcFNeYH96iGkTn5jThj9\nsWsU8nPCFDJSo1mOWXWg7UBJgGF5\n-----END PRIVATE KEY-----\n",
            "public_key_fingerprint_md5": "7a:a4:a3:92:1e:c7:47:75:d6:b8:17:8e:e7:99:fa:1f",
            "public_key_fingerprint_sha256": "SHA256:ZazNlG84UoiNn4HtWZ1vjrBCasxqJ6pQHSLrWWtArLc",
            "public_key_openssh": "ssh-rsa AAAAB3NzaC1yc2EAAAADAQABAAACAQDP2Qs+sOahcKa+07m0VQQ2u2eyjvVwpRBvC970skUXmCDtOoN4PY1QjzV0FCxan9iZ3xXmZCllJy77HV95KQoi10ll9beBNG1rMIE8+0kaJL9SKV04TJmfF7ePlrTGshDqoMt+8OGIZ4/2syY6ZMUIfoWjCT8xoGE0RlgpmrLENIo1EMMDKIb1U+yjlnws6+gEgoaiF+Rv3PFHVtkRIdG4fsZ3NTRBCWNoTCvFvSo9Fq3XuH6Cj7Tt26f+rhv8G/RZ23M8ync8fJhF77fnxfJcdIjlxNhUWPqBXqLGW8hBrHWvXP2Vn6plRNibekgPgcOAqxw/kmQ6eT4oaE4Ux6bedNDlAmf7eTBVL2+OMw73+13FnihsSdyq1K5RyX/IY9Yt89SMxnxmcHZekO3p67tiH8y46mi63e5o8kLIkkL3YMwzPi3sZsc0yQ/9kwyFkE6yFl63JDZdQ9mABmCeRmGLgcO/mdyGnxQj9HFZEDtS7sJ8d4K/dfAJ4PVxY+QcN3hpAewwamfZ9UKnIbV0eCxP48IIVYAdkgqWMWXcZP9uPB+MgbkT2jP5268qjn04w1d6Q4GcBD6JeDpKZYDoag6azJEuV9GLlmbwnHIRV4xk75Zpv1tXK6jHEQ7JgDElQ//plKkWWrEZ3zOpecYW90fOak3qk48aOysBxvn/rflCZQ==\n",
            "public_key_pem": "-----BEGIN PUBLIC KEY-----\nMIICIjANBgkqhkiG9w0BAQEFAAOCAg8AMIICCgKCAgEAz9kLPrDmoXCmvtO5tFUE\nNrtnso71cKUQbwve9LJFF5gg7TqDeD2NUI81dBQsWp/Ymd8V5mQpZScu+x1feSkK\nItdJZfW3gTRtazCBPPtJGiS/UildOEyZnxe3j5a0xrIQ6qDLfvDhiGeP9rMmOmTF\nCH6Fowk/MaBhNEZYKZqyxDSKNRDDAyiG9VPso5Z8LOvoBIKGohfkb9zxR1bZESHR\nuH7GdzU0QQljaEwrxb0qPRat17h+go+07dun/q4b/Bv0WdtzPMp3PHyYRe+358Xy\nXHSI5cTYVFj6gV6ixlvIQax1r1z9lZ+qZUTYm3pID4HDgKscP5JkOnk+KGhOFMem\n3nTQ5QJn+3kwVS9vjjMO9/tdxZ4obEncqtSuUcl/yGPWLfPUjMZ8ZnB2XpDt6eu7\nYh/MuOpout3uaPJCyJJC92DMMz4t7GbHNMkP/ZMMhZBOshZetyQ2XUPZgAZgnkZh\ni4HDv5nchp8UI/RxWRA7Uu7CfHeCv3XwCeD1cWPkHDd4aQHsMGpn2fVCpyG1dHgs\nT+PCCFWAHZIKljFl3GT/bjwfjIG5E9oz+duvKo59OMNXekOBnAQ+iXg6SmWA6GoO\nmsyRLlfRi5Zm8JxyEVeMZO+Wab9bVyuoxxEOyYAxJUP/6ZSpFlqxGd8zqXnGFvdH\nzmpN6pOPGjsrAcb5/635QmUCAwEAAQ==\n-----END PUBLIC KEY-----\n",
            "rsa_bits": 4096
          },
          "sensitive_attributes": [],
          "create_before_destroy": true
        }
      ]
    },
    {
      "module": "module.wls.module.load-balancer-backends[0]",
      "mode": "managed",
      "type": "tls_self_signed_cert",
      "name": "demo_cert",
      "provider": "provider[\"registry.terraform.io/hashicorp/tls\"]",
      "instances": [
        {
          "index_key": 0,
          "schema_version": 0,
          "attributes": {
            "allowed_uses": [
              "digital_signature",
              "cert_signing",
              "crl_signing"
            ],
            "cert_pem": "-----BEGIN CERTIFICATE-----\nMIIFKDCCAxCgAwIBAgIQd2nXVlwnuQhVgklWuV6y8jANBgkqhkiG9w0BAQsFADA/\nMQ0wCwYDVQQKEwREZW1vMRkwFwYDVQQLExBGT1IgVEVTVElORyBPTkxZMRMwEQYD\nVQQDEwp0ZXN0ZG9tYWluMB4XDTI0MDgyOTAzNTYwMVoXDTI1MDgyOTAzNTYwMVow\nPzENMAsGA1UEChMERGVtbzEZMBcGA1UECxMQRk9SIFRFU1RJTkcgT05MWTETMBEG\nA1UEAxMKdGVzdGRvbWFpbjCCAiIwDQYJKoZIhvcNAQEBBQADggIPADCCAgoCggIB\nAM/ZCz6w5qFwpr7TubRVBDa7Z7KO9XClEG8L3vSyRReYIO06g3g9jVCPNXQULFqf\n2JnfFeZkKWUnLvsdX3kpCiLXSWX1t4E0bWswgTz7SRokv1IpXThMmZ8Xt4+WtMay\nEOqgy37w4Yhnj/azJjpkxQh+haMJPzGgYTRGWCmassQ0ijUQwwMohvVT7KOWfCzr\n6ASChqIX5G/c8UdW2REh0bh+xnc1NEEJY2hMK8W9Kj0Wrde4foKPtO3bp/6uG/wb\n9FnbczzKdzx8mEXvt+fF8lx0iOXE2FRY+oFeosZbyEGsda9c/ZWfqmVE2Jt6SA+B\nw4CrHD+SZDp5PihoThTHpt500OUCZ/t5MFUvb44zDvf7XcWeKGxJ3KrUrlHJf8hj\n1i3z1IzGfGZwdl6Q7enru2IfzLjqaLrd7mjyQsiSQvdgzDM+LexmxzTJD/2TDIWQ\nTrIWXrckNl1D2YAGYJ5GYYuBw7+Z3IafFCP0cVkQO1Luwnx3gr918Ang9XFj5Bw3\neGkB7DBqZ9n1QqchtXR4LE/jwghVgB2SCpYxZdxk/248H4yBuRPaM/nbryqOfTjD\nV3pDgZwEPol4OkplgOhqDprMkS5X0YuWZvCcchFXjGTvlmm/W1crqMcRDsmAMSVD\n/+mUqRZasRnfM6l5xhb3R85qTeqTjxo7KwHG+f+t+UJlAgMBAAGjIDAeMA4GA1Ud\nDwEB/wQEAwIBhjAMBgNVHRMBAf8EAjAAMA0GCSqGSIb3DQEBCwUAA4ICAQB9oELw\n6dFahDf76K7WdLKfXKWkBiV5h+KItW//XXgJUxZXVeH7ZSQj0t7oCG4wRxTjlfv/\ndrVkQUWW4V2ooWduUacwKIU1AAnulgnFYSY1GsYCFhu1U18JcQ2P5tCslIE3mq8p\n3+jl7FRpwzuUSlZ8mvq3iEJ+v6qpkRGRekIsOv4aR72si8H8EyjnHIg7bL9Cbrgz\n80sCn68Eg+W7uRwjWFZy7bhoiH7SSbONu3tyiLdXBw7dX98HW7cS5y1nqIMhLPDI\n9vHLiie6qFY5n6CGAqXbEOx7fCVRva1BixdC8zog4rAiunZ+xYebgtHLt2xn7whx\nqmaKGBhgFUlem5HiFU3e1k/z0iv7MmKbRLtpgwdsfgcsNRAuiyfiSmDcYDXDbRUW\n1bQfvdmh+saFaLjL00BJiCroqllBeQILhwHKqjagFhfLQAi7KICgDpBG4VEPvpkr\ngifyqNKMNRgkLAtLsahxF0QpVYfDq2Kio/zfau9BhuqTaH2f9wfzVPg0VbT3IstX\nQAYpxi+Gc57AR6KEXTLz8uIAgREUCR7KA0JoOPnMYPibG1PcPYchAFoDjo0KgLdP\n1GVY79DaGUXX/+2DHDMM8sVbC8+w3hM5ZpAIUobZEvpwEgsfyMVMPPHkl7yPZeEz\nHRrhelSaVu7P3f+5dA37lhPGduuf1/8umJzn4Q==\n-----END CERTIFICATE-----\n",
            "dns_names": null,
            "early_renewal_hours": 0,
            "id": "158727690228758549914486492203291947762",
            "ip_addresses": null,
            "is_ca_certificate": false,
            "key_algorithm": "RSA",
            "private_key_pem": "-----BEGIN RSA PRIVATE KEY-----\nMIIJJwIBAAKCAgEAz9kLPrDmoXCmvtO5tFUENrtnso71cKUQbwve9LJFF5gg7TqD\neD2NUI81dBQsWp/Ymd8V5mQpZScu+x1feSkKItdJZfW3gTRtazCBPPtJGiS/Uild\nOEyZnxe3j5a0xrIQ6qDLfvDhiGeP9rMmOmTFCH6Fowk/MaBhNEZYKZqyxDSKNRDD\nAyiG9VPso5Z8LOvoBIKGohfkb9zxR1bZESHRuH7GdzU0QQljaEwrxb0qPRat17h+\ngo+07dun/q4b/Bv0WdtzPMp3PHyYRe+358XyXHSI5cTYVFj6gV6ixlvIQax1r1z9\nlZ+qZUTYm3pID4HDgKscP5JkOnk+KGhOFMem3nTQ5QJn+3kwVS9vjjMO9/tdxZ4o\nbEncqtSuUcl/yGPWLfPUjMZ8ZnB2XpDt6eu7Yh/MuOpout3uaPJCyJJC92DMMz4t\n7GbHNMkP/ZMMhZBOshZetyQ2XUPZgAZgnkZhi4HDv5nchp8UI/RxWRA7Uu7CfHeC\nv3XwCeD1cWPkHDd4aQHsMGpn2fVCpyG1dHgsT+PCCFWAHZIKljFl3GT/bjwfjIG5\nE9oz+duvKo59OMNXekOBnAQ+iXg6SmWA6GoOmsyRLlfRi5Zm8JxyEVeMZO+Wab9b\nVyuoxxEOyYAxJUP/6ZSpFlqxGd8zqXnGFvdHzmpN6pOPGjsrAcb5/635QmUCAwEA\nAQKCAgA07n9Qndh+MKQmYOEgLa5/Ccbk0EdtQnwm640CIAw8b/+iqo4kpvhAFdh1\nEVYiVibhONDo9YUdP5dVWCuiPXNZYB5PGv56pxFehOHE1/HL+KPIlsQovEk7HN0g\nci7jkyF/vydT0qB9DnK5TvJjWJpdCWubE5XGW6OlnmyBW+Y+1WqFDRm8yitketT+\n7Cn/fqx9yYfj69W/LzM7CcEJ/eTc6Vw9q4z9KxjnzM4w83W4TPhEwbVmJpbbJF9q\nGokB8VSPNbXpO16WRty4os3g9qY8KWlbqn+1K1vQantlrKYZI4Rs/m+OFTVdyOSo\n48FKQa+6Ktlszyk7QvkzbSzFWfsColz2rDs7hDNZGvTDiuGf8+ieJEdxzKG6Lq60\nG4w6VWgoR9lRmaAjWTKybDzOcnkxUddgtJ7+VziNjAcoPR289hxBz8zXlL9XoNae\ng/5E9g+k0Z6DAPlXUHpYVBxcF0j7auF27sZOyG+5Q+hLvf+QDqXAMR7NSrLwHqvo\nC7cqh2jg+m3lePc3bobrjE5YNXKnYs+2v82NhpDTzfSWa3uf8j3YOt5a29QaHFrz\n6DwAHQBG40k8xdd3GdEeDwKtxoSHT1/nOj9I4bAcv1ECH92j02t2m4BgRW9XmJvq\n1JVvRDk3LT6luSGvvv5HRjP6/HvnBW8qujyBsgPO6tSMKSewwQKCAQEA2DkORQZ7\nJwPm64RqIa0QuXEBsAN37N3cCtkjbzUvtZLLkJYocDTcRO8g5mmuqrbf0n/IT8Yo\nCqhQqkYlzIdV+TWPOXybJLA6Hyy3hP9HIWTbOki+AEpnDi6Htntxm34s1UUI/27d\nlrHEakWi4d8dSNuBVAS6AMisRXXSeTWLmrCKwQCF7SaOxJJwh8I6SeDbe8mJDIuu\ntp5VIi2Fvm8AScQXrhy3PAAqCcWwOKvUk5KVoE+DTcw8+FFX4pFLjrEuSl/ZPXtS\nLJiDrk76Ldr4S6F8opNQIhzCHEBx3HVLAIXfcgtI1FbalrVDoR7D+Paq1p0Vq/Ao\ntRnwRZ0Tf2lYnQKCAQEA9hWRc+FOQ8XTnhxuZ2ILP7UV8moxArhUgN5+qU9x+M0J\nfEhHRXjyDX6oOUyiVwTB8OP8OwzLHUio8fz/9w/eVOMuXvcWJlfyiAwVg6+qCxS+\nNOf6jzGvr5VsHGiXhWo+/IxtxbHU2901bQDsKw7How1gNMdk/l5jQgs4lXkfKOwv\nEUve5zP5SVENSo8+LArGUnL/VqHUfQYvl5qu8ChhtWe4TiA/Im+5mk8ThKnILa1V\nuETW3PkkBFblUYECiHCxEsFKZO+ADDIG9+1CxbCCQGPSxtcAWkOi6cUOSHcrQZkY\nDjgIPnw5UkeDMmU6QraQnQOA+0QUPfuz7jafVyZyaQKCAQBHCT+p574wDDUibSdd\nFvmmovzV8d3FgQIYwkvE7mlVMvwT7XEtpAA12YYqjM/ooBoakwahRs3C6pdNyawD\nbPcO38zFKy3hONBvi4ZjeGbLDtKDbICXodoHq7vEdPvXBPX/vyV8ndTI/HA2Jdik\ncmOxmwP7MW5WcZc/Xr0eOzw5PwTm8aAOUJuY8y9rOqFhwjD5kzWmXIGy14PKrcAB\n13/1vCm3dxGv8bHd8ge6JqG5NfBYcacGuTHStw6zjd6P65/0qVa6vzg5FIY2jxXc\nWNM4Lb6/vrwV6PLQy09dCV/xtQm68wAjWsGHv9ePKIdj1M49ofALw+Pr07C/fiJ4\nuoh1AoIBAG8/+O3mYbeJ682DFPZwAJ3gg/d/woB0TN+ltqVcYS4Vo8An/PCPaP5o\n0Cx3VLz6TaNVrmYTto+alaYwtpc++UhvHDuagMz83Yxbyi4qcDlqO0M3zLKHx+Ed\nMC73qeiKy8boxYemiZCMRObuj9Y3bFFubpvtuN62VTE6WW5Zv5iEjhLHthHYEU7v\n8Y5Pi8/lXxtPGdhUePe8oC9tosC3wNR9+3h2Y5Rx5fq43R4Qk4ry3dncZTao+3tq\nvWlHZZnBOIw+Dh/rlnvs8fGLtbAhyADMIDH8aRBlm3ULvRVNqqSRTaq/8hotlsx3\nv/w8f0ZBuscBGoJ9mJkc/Y8n6ok/vGECggEAZtZOyUAatAAiab+csXFtGOImrUrw\nZMjZ0uxJxyDEknqPCkexQgH+HvubeGkMotztB1zzkdNbI+O3VZelDcEUEa2oBDZ6\n5Bm1D4wkio6NsvdjJhFHOrOSBHuIxLJVHXhexqP5Hhybyxc8swc+AoD61wSl8wK3\nZetOUdPeSctBqEb99daeNpQr5Z1H26oxS4GInbIJQzH+Qrd9cBQ62b/WpJuERMYv\nW7yfrTj+8laSs5UpIO1h7acM4u5NDMwIsckExTeCTv32piE22FfdcqczI5CDdNv3\nhgasZPnu6IXBTXmB/eohpE5+Y04Y/bFrFPJzwhQyUqNZjll1oO1ASYBheQ==\n-----END RSA PRIVATE KEY-----\n",
            "ready_for_renewal": false,
            "set_authority_key_id": false,
            "set_subject_key_id": false,
            "subject": [
              {
                "common_name": "testdomain",
                "country": null,
                "locality": null,
                "organization": "Demo",
                "organizational_unit": "FOR TESTING ONLY",
                "postal_code": null,
                "province": null,
                "serial_number": null,
                "street_address": null
              }
            ],
            "uris": null,
            "validity_end_time": "2025-08-28T23:56:01.394742-04:00",
            "validity_period_hours": 8760,
            "validity_start_time": "2024-08-28T23:56:01.394742-04:00"
          },
          "sensitive_attributes": [
            [
              {
                "type": "get_attr",
                "value": "private_key_pem"
              }
            ]
          ],
          "dependencies": [
            "module.wls.module.load-balancer-backends.tls_private_key.ss_private_key"
          ],
          "create_before_destroy": true
        }
      ]
    },
    {
      "module": "module.wls.module.load-balancer[0]",
      "mode": "managed",
      "type": "oci_load_balancer_load_balancer",
      "name": "wls_loadbalancer",
      "provider": "provider[\"registry.terraform.io/oracle/oci\"]",
      "instances": [
        {
          "schema_version": 0,
          "attributes": {
            "compartment_id": "ocid1.compartment.oc1..aaaaaaaaedp6oipcdpkx3md6c3ecdfltlq7wl7lb5q2oj4756edqk2lvj5zq",
            "defined_tags": {
              "Oracle-Tags.CreatedBy": "oracleidentitycloudservice/julian.ortiz@oracle.com",
              "Oracle-Tags.CreatedOn": "2024-08-29T13:55:42.562Z"
            },
            "display_name": "testdomain-ektwqy-lb",
            "freeform_tags": {},
            "id": "ocid1.loadbalancer.oc1.iad.aaaaaaaag3eduw4xrkt2wadky5ceqetqy4bhxkd4zpuehcaj7tjy3r2jz7fq",
            "ip_address_details": [
              {
                "ip_address": "129.153.152.71",
                "is_public": true,
                "reserved_ip": []
              }
            ],
            "ip_addresses": [
              "129.153.152.71"
            ],
            "ip_mode": "IPV4",
            "is_delete_protection_enabled": null,
            "is_private": false,
            "is_request_id_enabled": null,
            "network_security_group_ids": [],
            "request_id_header": null,
            "reserved_ips": [],
            "shape": "100Mbps",
            "shape_details": [],
            "state": "ACTIVE",
            "subnet_ids": [
              "ocid1.subnet.oc1.iad.aaaaaaaabnfuwogcnat3bhpumnv34niqaa4d4hnxuwnmxlvhxv6irjonubea"
            ],
            "system_tags": {},
            "time_created": "2024-08-29 13:55:42.827 +0000 UTC",
            "timeouts": null
          },
          "sensitive_attributes": [],
          "private": "eyJlMmJmYjczMC1lY2FhLTExZTYtOGY4OC0zNDM2M2JjN2M0YzAiOnsiY3JlYXRlIjoxMjAwMDAwMDAwMDAwLCJkZWxldGUiOjEyMDAwMDAwMDAwMDAsInVwZGF0ZSI6MTIwMDAwMDAwMDAwMH19",
          "dependencies": [
            "module.wls.data.oci_core_vcn.oke",
            "module.wls.module.drg.data.oci_core_drgs.drg_data",
            "module.wls.module.drg.oci_core_drg.drg",
            "module.wls.module.network.oci_core_network_security_group.pub_lb",
            "module.wls.module.vcn.data.oci_core_services.all_oci_services",
            "module.wls.module.vcn.module.subnet.data.oci_core_dhcp_options.dhcp_options",
            "module.wls.module.vcn.module.subnet.oci_core_subnet.vcn_subnet",
            "module.wls.module.vcn.oci_core_default_security_list.lockdown",
            "module.wls.module.vcn.oci_core_default_security_list.restore_default",
            "module.wls.module.vcn.oci_core_internet_gateway.ig",
            "module.wls.module.vcn.oci_core_local_peering_gateway.lpg",
            "module.wls.module.vcn.oci_core_nat_gateway.nat_gateway",
            "module.wls.module.vcn.oci_core_route_table.ig",
            "module.wls.module.vcn.oci_core_route_table.nat",
            "module.wls.module.vcn.oci_core_route_table.service_gw",
            "module.wls.module.vcn.oci_core_service_gateway.service_gateway",
            "module.wls.module.vcn.oci_core_vcn.vcn",
            "module.wls.random_string.state_id"
          ],
          "create_before_destroy": true
        }
      ]
    },
    {
      "module": "module.wls.module.network",
      "mode": "data",
      "type": "oci_core_services",
      "name": "all_oci_services",
      "provider": "provider[\"registry.terraform.io/oracle/oci\"]",
      "instances": [
        {
          "schema_version": 0,
          "attributes": {
            "filter": [
              {
                "name": "name",
                "regex": true,
                "values": [
                  "All .* Services In Oracle Services Network"
                ]
              }
            ],
            "id": "CoreServicesDataSource-0",
            "services": [
              {
                "cidr_block": "all-iad-services-in-oracle-services-network",
                "description": "All IAD Services In Oracle Services Network",
                "id": "ocid1.service.oc1.iad.aaaaaaaam4zfmy2rjue6fmglumm3czgisxzrnvrwqeodtztg7hwa272mlfna",
                "name": "All IAD Services In Oracle Services Network"
              }
            ]
          },
          "sensitive_attributes": []
        }
      ]
    }
  ],
  "check_results": [
    {
      "object_kind": "resource",
      "config_addr": "module.wls.module.load-balancer.oci_load_balancer_load_balancer.wls_loadbalancer",
      "status": "pass",
      "objects": [
        {
          "object_addr": "module.wls.module.load-balancer[0].oci_load_balancer_load_balancer.wls_loadbalancer",
          "status": "pass"
        }
      ]
    },
    {
      "object_kind": "resource",
      "config_addr": "module.wls.module.wlsservers.data.cloudinit_config.wlsservers",
      "status": "pass",
      "objects": null
    },
    {
      "object_kind": "resource",
      "config_addr": "module.wls.module.network.null_resource.validate_subnets",
      "status": "pass",
      "objects": null
    },
    {
      "object_kind": "resource",
      "config_addr": "module.wls.module.wlsservers.oci_core_instance.wlsservers",
      "status": "pass",
      "objects": null
    },
    {
      "object_kind": "resource",
      "config_addr": "module.wls.module.network.oci_core_network_security_group_security_rule.wls",
      "status": "pass",
      "objects": null
    },
    {
      "object_kind": "resource",
      "config_addr": "module.wls.module.network.oci_core_drg_attachment.extra",
      "status": "pass",
      "objects": null
    },
    {
      "object_kind": "resource",
      "config_addr": "module.wls.module.bastion.oci_core_instance.bastion",
      "status": "pass",
      "objects": null
    },
    {
      "object_kind": "resource",
      "config_addr": "module.wls.module.operator.oci_core_instance.operator",
      "status": "pass",
      "objects": null
    },
    {
      "object_kind": "resource",
      "config_addr": "module.wls.module.operator.data.cloudinit_config.operator",
      "status": "pass",
      "objects": null
    }
  ]
}
